{
  "version": 4,
  "terraform_version": "1.14.8",
  "serial": 59,
  "lineage": "0989ba70-70d9-c9c7-27bd-3b08dc51d291",
  "outputs": {
    "flink_rest_url": {
      "value": "http://poc-pipeline-rest.traitement.svc:8081",
      "type": "string"
    },
    "kafka_bootstrap": {
      "value": "payments-cluster-kafka-bootstrap.ingestion.svc:9092",
      "type": "string"
    },
    "minio_bucket": {
      "value": "rt-payments",
      "type": "string"
    },
    "minio_endpoint": {
      "value": "http://minio.stockage.svc:9000",
      "type": "string"
    }
  },
  "resources": [
    {
      "mode": "managed",
      "type": "helm_release",
      "name": "flink_operator",
      "provider": "provider[\"registry.terraform.io/hashicorp/helm\"]",
      "instances": [
        {
          "schema_version": 1,
          "attributes": {
            "atomic": false,
            "chart": "flink-kubernetes-operator",
            "cleanup_on_fail": false,
            "create_namespace": false,
            "dependency_update": false,
            "description": null,
            "devel": null,
            "disable_crd_hooks": false,
            "disable_openapi_validation": false,
            "disable_webhooks": false,
            "force_update": false,
            "id": "flink-kubernetes-operator",
            "keyring": null,
            "lint": false,
            "manifest": null,
            "max_history": 0,
            "metadata": [
              {
                "app_version": "1.8.0",
                "chart": "flink-kubernetes-operator",
                "first_deployed": 1776437417,
                "last_deployed": 1776437417,
                "name": "flink-kubernetes-operator",
                "namespace": "traitement",
                "notes": "",
                "revision": 1,
                "values": "{\"operatorPod\":{\"resources\":{\"requests\":{\"cpu\":\"100m\",\"memory\":\"256Mi\"}}},\"webhook\":{\"create\":false}}",
                "version": "1.8.0"
              }
            ],
            "name": "flink-kubernetes-operator",
            "namespace": "traitement",
            "pass_credentials": false,
            "postrender": [],
            "recreate_pods": false,
            "render_subchart_notes": true,
            "replace": false,
            "repository": "https://archive.apache.org/dist/flink/flink-kubernetes-operator-1.8.0/",
            "repository_ca_file": null,
            "repository_cert_file": null,
            "repository_key_file": null,
            "repository_password": null,
            "repository_username": null,
            "reset_values": false,
            "reuse_values": false,
            "set": [
              {
                "name": "operatorPod.resources.requests.cpu",
                "type": "",
                "value": "100m"
              },
              {
                "name": "operatorPod.resources.requests.memory",
                "type": "",
                "value": "256Mi"
              },
              {
                "name": "webhook.create",
                "type": "",
                "value": "false"
              }
            ],
            "set_list": [],
            "set_sensitive": [],
            "skip_crds": false,
            "status": "deployed",
            "timeout": 300,
            "upgrade_install": null,
            "values": null,
            "verify": false,
            "version": "1.8.0",
            "wait": true,
            "wait_for_jobs": false
          },
          "sensitive_attributes": [
            [
              {
                "type": "get_attr",
                "value": "repository_password"
              }
            ]
          ],
          "identity_schema_version": 0,
          "private": "eyJzY2hlbWFfdmVyc2lvbiI6IjEifQ==",
          "dependencies": [
            "kubernetes_namespace.traitement"
          ]
        }
      ]
    },
    {
      "mode": "managed",
      "type": "helm_release",
      "name": "minio",
      "provider": "provider[\"registry.terraform.io/hashicorp/helm\"]",
      "instances": [
        {
          "schema_version": 1,
          "attributes": {
            "atomic": false,
            "chart": "minio",
            "cleanup_on_fail": false,
            "create_namespace": false,
            "dependency_update": false,
            "description": null,
            "devel": null,
            "disable_crd_hooks": false,
            "disable_openapi_validation": false,
            "disable_webhooks": false,
            "force_update": false,
            "id": "minio",
            "keyring": null,
            "lint": false,
            "manifest": null,
            "max_history": 0,
            "metadata": [
              {
                "app_version": "RELEASE.2024-12-18T13-15-44Z",
                "chart": "minio",
                "first_deployed": 1776437418,
                "last_deployed": 1776437418,
                "name": "minio",
                "namespace": "stockage",
                "notes": "\nMinIO can be accessed via port 9000 on the following DNS name from within your cluster:\nminio.stockage.cluster.local\n\nTo access MinIO from localhost, run the below commands:\n\n  1. export POD_NAME=$(kubectl get pods --namespace stockage -l \"release=minio\" -o jsonpath=\"{.items[0].metadata.name}\")\n\n  2. kubectl port-forward $POD_NAME 9000 --namespace stockage\n\nRead more about port forwarding here: http://kubernetes.io/docs/user-guide/kubectl/kubectl_port-forward/\n\nYou can now access MinIO server on http://localhost:9000. Follow the below steps to connect to MinIO server with mc client:\n\n  1. Download the MinIO mc client - https://min.io/docs/minio/linux/reference/minio-mc.html#quickstart\n\n  2. export MC_HOST_minio-local=http://$(kubectl get secret --namespace stockage minio -o jsonpath=\"{.data.rootUser}\" | base64 --decode):$(kubectl get secret --namespace stockage minio -o jsonpath=\"{.data.rootPassword}\" | base64 --decode)@localhost:9000\n\n  3. mc ls minio-local\n\n\n",
                "revision": 1,
                "values": "{\"buckets\":[{\"name\":\"rt-payments\",\"policy\":\"none\",\"purge\":false}],\"mode\":\"standalone\",\"persistence\":{\"enabled\":false},\"resources\":{\"requests\":{\"cpu\":\"100m\",\"memory\":\"256Mi\"}},\"rootPassword\":\"minioadmin\",\"rootUser\":\"minioadmin\",\"service\":{\"type\":\"ClusterIP\"}}",
                "version": "5.4.0"
              }
            ],
            "name": "minio",
            "namespace": "stockage",
            "pass_credentials": false,
            "postrender": [],
            "recreate_pods": false,
            "render_subchart_notes": true,
            "replace": false,
            "repository": "https://charts.min.io/",
            "repository_ca_file": null,
            "repository_cert_file": null,
            "repository_key_file": null,
            "repository_password": null,
            "repository_username": null,
            "reset_values": false,
            "reuse_values": false,
            "set": [
              {
                "name": "buckets[0].name",
                "type": "",
                "value": "rt-payments"
              },
              {
                "name": "buckets[0].policy",
                "type": "",
                "value": "none"
              },
              {
                "name": "buckets[0].purge",
                "type": "",
                "value": "false"
              },
              {
                "name": "mode",
                "type": "",
                "value": "standalone"
              },
              {
                "name": "persistence.enabled",
                "type": "",
                "value": "false"
              },
              {
                "name": "resources.requests.cpu",
                "type": "",
                "value": "100m"
              },
              {
                "name": "resources.requests.memory",
                "type": "",
                "value": "256Mi"
              },
              {
                "name": "rootPassword",
                "type": "",
                "value": "minioadmin"
              },
              {
                "name": "rootUser",
                "type": "",
                "value": "minioadmin"
              },
              {
                "name": "service.type",
                "type": "",
                "value": "ClusterIP"
              }
            ],
            "set_list": [],
            "set_sensitive": [],
            "skip_crds": false,
            "status": "deployed",
            "timeout": 300,
            "upgrade_install": null,
            "values": null,
            "verify": false,
            "version": "5.4.0",
            "wait": true,
            "wait_for_jobs": false
          },
          "sensitive_attributes": [
            [
              {
                "type": "get_attr",
                "value": "repository_password"
              }
            ]
          ],
          "identity_schema_version": 0,
          "private": "eyJzY2hlbWFfdmVyc2lvbiI6IjEifQ==",
          "dependencies": [
            "kubernetes_namespace.stockage"
          ]
        }
      ]
    },
    {
      "mode": "managed",
      "type": "helm_release",
      "name": "strimzi_operator",
      "provider": "provider[\"registry.terraform.io/hashicorp/helm\"]",
      "instances": [
        {
          "status": "tainted",
          "schema_version": 1,
          "attributes": {
            "atomic": false,
            "chart": "strimzi-kafka-operator",
            "cleanup_on_fail": false,
            "create_namespace": false,
            "dependency_update": false,
            "description": null,
            "devel": null,
            "disable_crd_hooks": false,
            "disable_openapi_validation": false,
            "disable_webhooks": false,
            "force_update": false,
            "id": "strimzi-kafka-operator",
            "keyring": null,
            "lint": false,
            "manifest": null,
            "max_history": 0,
            "metadata": [
              {
                "app_version": "0.40.0",
                "chart": "strimzi-kafka-operator",
                "first_deployed": 1776438074,
                "last_deployed": 1776438074,
                "name": "strimzi-kafka-operator",
                "namespace": "ingestion",
                "notes": "Thank you for installing strimzi-kafka-operator-0.40.0\n\nTo create a Kafka cluster refer to the following documentation.\n\nhttps://strimzi.io/docs/operators/latest/deploying.html#deploying-cluster-operator-helm-chart-str\n",
                "revision": 1,
                "values": "{\"resources\":{\"requests\":{\"cpu\":\"100m\",\"memory\":\"256Mi\"}},\"watchNamespaces\":[\"ingestion\"]}",
                "version": "0.40.0"
              }
            ],
            "name": "strimzi-kafka-operator",
            "namespace": "ingestion",
            "pass_credentials": false,
            "postrender": [],
            "recreate_pods": false,
            "render_subchart_notes": true,
            "replace": false,
            "repository": "https://strimzi.io/charts/",
            "repository_ca_file": null,
            "repository_cert_file": null,
            "repository_key_file": null,
            "repository_password": null,
            "repository_username": null,
            "reset_values": false,
            "reuse_values": false,
            "set": [
              {
                "name": "resources.requests.cpu",
                "type": "",
                "value": "100m"
              },
              {
                "name": "resources.requests.memory",
                "type": "",
                "value": "256Mi"
              },
              {
                "name": "watchNamespaces",
                "type": "",
                "value": "{ingestion}"
              }
            ],
            "set_list": [],
            "set_sensitive": [],
            "skip_crds": false,
            "status": "failed",
            "timeout": 300,
            "upgrade_install": null,
            "values": null,
            "verify": false,
            "version": "0.40.0",
            "wait": true,
            "wait_for_jobs": true
          },
          "sensitive_attributes": [
            [
              {
                "type": "get_attr",
                "value": "repository_password"
              }
            ]
          ],
          "identity_schema_version": 0,
          "private": "eyJzY2hlbWFfdmVyc2lvbiI6IjEifQ==",
          "dependencies": [
            "kubernetes_namespace.ingestion"
          ]
        }
      ]
    },
    {
      "mode": "managed",
      "type": "kubernetes_config_map",
      "name": "flink_config",
      "provider": "provider[\"registry.terraform.io/hashicorp/kubernetes\"]",
      "instances": [
        {
          "schema_version": 0,
          "attributes": {
            "binary_data": {},
            "data": {
              "flink.checkpointing.interval": "60000",
              "flink.state.backend": "rocksdb",
              "kafka.bootstrap.servers": "payments-cluster-kafka-bootstrap.ingestion.svc:9092",
              "kafka.topic.dlq": "payments.dlq",
              "kafka.topic.input": "payments",
              "minio.bucket": "rt-payments",
              "minio.endpoint": "http://minio.stockage.svc:9000"
            },
            "id": "traitement/flink-pipeline-config",
            "immutable": false,
            "metadata": [
              {
                "annotations": {},
                "generate_name": "",
                "generation": 0,
                "labels": {},
                "name": "flink-pipeline-config",
                "namespace": "traitement",
                "resource_version": "97174",
                "uid": "76374f3c-0ef2-44df-8e9a-e60536a0e950"
              }
            ]
          },
          "sensitive_attributes": [],
          "identity_schema_version": 1,
          "identity": {
            "api_version": "v1",
            "kind": "ConfigMap",
            "name": "flink-pipeline-config",
            "namespace": "traitement"
          },
          "private": "bnVsbA==",
          "dependencies": [
            "kubernetes_namespace.traitement"
          ]
        }
      ]
    },
    {
      "mode": "managed",
      "type": "kubernetes_manifest",
      "name": "flink_deployment",
      "provider": "provider[\"registry.terraform.io/hashicorp/kubernetes\"]",
      "instances": [
        {
          "schema_version": 1,
          "attributes": {
            "computed_fields": null,
            "field_manager": [],
            "manifest": {
              "value": {
                "apiVersion": "flink.apache.org/v1beta1",
                "kind": "FlinkDeployment",
                "metadata": {
                  "name": "poc-pipeline",
                  "namespace": "traitement"
                },
                "spec": {
                  "flinkConfiguration": {
                    "execution.checkpointing.interval": "60s",
                    "execution.checkpointing.min-pause": "30s",
                    "execution.checkpointing.mode": "EXACTLY_ONCE",
                    "restart-strategy": "exponential-delay",
                    "restart-strategy.exponential-delay.initial-backoff": "1s",
                    "restart-strategy.exponential-delay.max-backoff": "5min",
                    "state.backend": "rocksdb",
                    "state.checkpoints.dir": "file:///tmp/flink-checkpoints",
                    "taskmanager.numberOfTaskSlots": "4"
                  },
                  "flinkVersion": "v1_18",
                  "image": "flink:1.18-scala_2.12",
                  "imagePullPolicy": "IfNotPresent",
                  "jobManager": {
                    "replicas": 1,
                    "resource": {
                      "cpu": 0.5,
                      "memory": "1024m"
                    }
                  },
                  "mode": "standalone",
                  "serviceAccount": "flink",
                  "taskManager": {
                    "replicas": 2,
                    "resource": {
                      "cpu": 1,
                      "memory": "1024m"
                    }
                  }
                }
              },
              "type": [
                "object",
                {
                  "apiVersion": "string",
                  "kind": "string",
                  "metadata": [
                    "object",
                    {
                      "name": "string",
                      "namespace": "string"
                    }
                  ],
                  "spec": [
                    "object",
                    {
                      "flinkConfiguration": [
                        "object",
                        {
                          "execution.checkpointing.interval": "string",
                          "execution.checkpointing.min-pause": "string",
                          "execution.checkpointing.mode": "string",
                          "restart-strategy": "string",
                          "restart-strategy.exponential-delay.initial-backoff": "string",
                          "restart-strategy.exponential-delay.max-backoff": "string",
                          "state.backend": "string",
                          "state.checkpoints.dir": "string",
                          "taskmanager.numberOfTaskSlots": "string"
                        }
                      ],
                      "flinkVersion": "string",
                      "image": "string",
                      "imagePullPolicy": "string",
                      "jobManager": [
                        "object",
                        {
                          "replicas": "number",
                          "resource": [
                            "object",
                            {
                              "cpu": "number",
                              "memory": "string"
                            }
                          ]
                        }
                      ],
                      "mode": "string",
                      "serviceAccount": "string",
                      "taskManager": [
                        "object",
                        {
                          "replicas": "number",
                          "resource": [
                            "object",
                            {
                              "cpu": "number",
                              "memory": "string"
                            }
                          ]
                        }
                      ]
                    }
                  ]
                }
              ]
            },
            "object": {
              "value": {
                "apiVersion": "flink.apache.org/v1beta1",
                "kind": "FlinkDeployment",
                "metadata": {
                  "annotations": null,
                  "creationTimestamp": null,
                  "deletionGracePeriodSeconds": null,
                  "deletionTimestamp": null,
                  "finalizers": [
                    "flinkdeployments.flink.apache.org/finalizer"
                  ],
                  "generateName": null,
                  "generation": null,
                  "labels": null,
                  "managedFields": null,
                  "name": "poc-pipeline",
                  "namespace": "traitement",
                  "ownerReferences": null,
                  "resourceVersion": null,
                  "selfLink": null,
                  "uid": null
                },
                "spec": {
                  "flinkConfiguration": {
                    "execution.checkpointing.interval": "60s",
                    "execution.checkpointing.min-pause": "30s",
                    "execution.checkpointing.mode": "EXACTLY_ONCE",
                    "restart-strategy": "exponential-delay",
                    "restart-strategy.exponential-delay.initial-backoff": "1s",
                    "restart-strategy.exponential-delay.max-backoff": "5min",
                    "state.backend": "rocksdb",
                    "state.checkpoints.dir": "file:///tmp/flink-checkpoints",
                    "taskmanager.numberOfTaskSlots": "4"
                  },
                  "flinkVersion": "v1_18",
                  "image": "flink:1.18-scala_2.12",
                  "imagePullPolicy": "IfNotPresent",
                  "ingress": {
                    "annotations": null,
                    "className": null,
                    "labels": null,
                    "template": null,
                    "tls": null
                  },
                  "job": {
                    "allowNonRestoredState": null,
                    "args": null,
                    "checkpointTriggerNonce": null,
                    "entryClass": null,
                    "initialSavepointPath": null,
                    "jarURI": null,
                    "parallelism": null,
                    "savepointRedeployNonce": null,
                    "savepointTriggerNonce": null,
                    "state": null,
                    "upgradeMode": null
                  },
                  "jobManager": {
                    "podTemplate": {
                      "apiVersion": null,
                      "kind": null,
                      "metadata": {
                        "annotations": null,
                        "creationTimestamp": null,
                        "deletionGracePeriodSeconds": null,
                        "deletionTimestamp": null,
                        "finalizers": null,
                        "generateName": null,
                        "generation": null,
                        "labels": null,
                        "managedFields": null,
                        "name": null,
                        "namespace": null,
                        "ownerReferences": null,
                        "resourceVersion": null,
                        "selfLink": null,
                        "uid": null
                      },
                      "spec": {
                        "activeDeadlineSeconds": null,
                        "affinity": {
                          "nodeAffinity": {
                            "preferredDuringSchedulingIgnoredDuringExecution": null,
                            "requiredDuringSchedulingIgnoredDuringExecution": {
                              "nodeSelectorTerms": null
                            }
                          },
                          "podAffinity": {
                            "preferredDuringSchedulingIgnoredDuringExecution": null,
                            "requiredDuringSchedulingIgnoredDuringExecution": null
                          },
                          "podAntiAffinity": {
                            "preferredDuringSchedulingIgnoredDuringExecution": null,
                            "requiredDuringSchedulingIgnoredDuringExecution": null
                          }
                        },
                        "automountServiceAccountToken": null,
                        "containers": null,
                        "dnsConfig": {
                          "nameservers": null,
                          "options": null,
                          "searches": null
                        },
                        "dnsPolicy": null,
                        "enableServiceLinks": null,
                        "ephemeralContainers": null,
                        "hostAliases": null,
                        "hostIPC": null,
                        "hostNetwork": null,
                        "hostPID": null,
                        "hostUsers": null,
                        "hostname": null,
                        "imagePullSecrets": null,
                        "initContainers": null,
                        "nodeName": null,
                        "nodeSelector": null,
                        "os": {
                          "name": null
                        },
                        "overhead": null,
                        "preemptionPolicy": null,
                        "priority": null,
                        "priorityClassName": null,
                        "readinessGates": null,
                        "resourceClaims": null,
                        "restartPolicy": null,
                        "runtimeClassName": null,
                        "schedulerName": null,
                        "schedulingGates": null,
                        "securityContext": {
                          "fsGroup": null,
                          "fsGroupChangePolicy": null,
                          "runAsGroup": null,
                          "runAsNonRoot": null,
                          "runAsUser": null,
                          "seLinuxOptions": {
                            "level": null,
                            "role": null,
                            "type": null,
                            "user": null
                          },
                          "seccompProfile": {
                            "localhostProfile": null,
                            "type": null
                          },
                          "supplementalGroups": null,
                          "sysctls": null,
                          "windowsOptions": {
                            "gmsaCredentialSpec": null,
                            "gmsaCredentialSpecName": null,
                            "hostProcess": null,
                            "runAsUserName": null
                          }
                        },
                        "serviceAccount": null,
                        "serviceAccountName": null,
                        "setHostnameAsFQDN": null,
                        "shareProcessNamespace": null,
                        "subdomain": null,
                        "terminationGracePeriodSeconds": null,
                        "tolerations": null,
                        "topologySpreadConstraints": null,
                        "volumes": null
                      },
                      "status": {
                        "conditions": null,
                        "containerStatuses": null,
                        "ephemeralContainerStatuses": null,
                        "hostIP": null,
                        "initContainerStatuses": null,
                        "message": null,
                        "nominatedNodeName": null,
                        "phase": null,
                        "podIP": null,
                        "podIPs": null,
                        "qosClass": null,
                        "reason": null,
                        "resize": null,
                        "startTime": null
                      }
                    },
                    "replicas": 1,
                    "resource": {
                      "cpu": 0.5,
                      "ephemeralStorage": null,
                      "memory": "1024m"
                    }
                  },
                  "logConfiguration": null,
                  "mode": "standalone",
                  "podTemplate": {
                    "apiVersion": null,
                    "kind": null,
                    "metadata": {
                      "annotations": null,
                      "creationTimestamp": null,
                      "deletionGracePeriodSeconds": null,
                      "deletionTimestamp": null,
                      "finalizers": null,
                      "generateName": null,
                      "generation": null,
                      "labels": null,
                      "managedFields": null,
                      "name": null,
                      "namespace": null,
                      "ownerReferences": null,
                      "resourceVersion": null,
                      "selfLink": null,
                      "uid": null
                    },
                    "spec": {
                      "activeDeadlineSeconds": null,
                      "affinity": {
                        "nodeAffinity": {
                          "preferredDuringSchedulingIgnoredDuringExecution": null,
                          "requiredDuringSchedulingIgnoredDuringExecution": {
                            "nodeSelectorTerms": null
                          }
                        },
                        "podAffinity": {
                          "preferredDuringSchedulingIgnoredDuringExecution": null,
                          "requiredDuringSchedulingIgnoredDuringExecution": null
                        },
                        "podAntiAffinity": {
                          "preferredDuringSchedulingIgnoredDuringExecution": null,
                          "requiredDuringSchedulingIgnoredDuringExecution": null
                        }
                      },
                      "automountServiceAccountToken": null,
                      "containers": null,
                      "dnsConfig": {
                        "nameservers": null,
                        "options": null,
                        "searches": null
                      },
                      "dnsPolicy": null,
                      "enableServiceLinks": null,
                      "ephemeralContainers": null,
                      "hostAliases": null,
                      "hostIPC": null,
                      "hostNetwork": null,
                      "hostPID": null,
                      "hostUsers": null,
                      "hostname": null,
                      "imagePullSecrets": null,
                      "initContainers": null,
                      "nodeName": null,
                      "nodeSelector": null,
                      "os": {
                        "name": null
                      },
                      "overhead": null,
                      "preemptionPolicy": null,
                      "priority": null,
                      "priorityClassName": null,
                      "readinessGates": null,
                      "resourceClaims": null,
                      "restartPolicy": null,
                      "runtimeClassName": null,
                      "schedulerName": null,
                      "schedulingGates": null,
                      "securityContext": {
                        "fsGroup": null,
                        "fsGroupChangePolicy": null,
                        "runAsGroup": null,
                        "runAsNonRoot": null,
                        "runAsUser": null,
                        "seLinuxOptions": {
                          "level": null,
                          "role": null,
                          "type": null,
                          "user": null
                        },
                        "seccompProfile": {
                          "localhostProfile": null,
                          "type": null
                        },
                        "supplementalGroups": null,
                        "sysctls": null,
                        "windowsOptions": {
                          "gmsaCredentialSpec": null,
                          "gmsaCredentialSpecName": null,
                          "hostProcess": null,
                          "runAsUserName": null
                        }
                      },
                      "serviceAccount": null,
                      "serviceAccountName": null,
                      "setHostnameAsFQDN": null,
                      "shareProcessNamespace": null,
                      "subdomain": null,
                      "terminationGracePeriodSeconds": null,
                      "tolerations": null,
                      "topologySpreadConstraints": null,
                      "volumes": null
                    },
                    "status": {
                      "conditions": null,
                      "containerStatuses": null,
                      "ephemeralContainerStatuses": null,
                      "hostIP": null,
                      "initContainerStatuses": null,
                      "message": null,
                      "nominatedNodeName": null,
                      "phase": null,
                      "podIP": null,
                      "podIPs": null,
                      "qosClass": null,
                      "reason": null,
                      "resize": null,
                      "startTime": null
                    }
                  },
                  "restartNonce": null,
                  "serviceAccount": "flink",
                  "taskManager": {
                    "podTemplate": {
                      "apiVersion": null,
                      "kind": null,
                      "metadata": {
                        "annotations": null,
                        "creationTimestamp": null,
                        "deletionGracePeriodSeconds": null,
                        "deletionTimestamp": null,
                        "finalizers": null,
                        "generateName": null,
                        "generation": null,
                        "labels": null,
                        "managedFields": null,
                        "name": null,
                        "namespace": null,
                        "ownerReferences": null,
                        "resourceVersion": null,
                        "selfLink": null,
                        "uid": null
                      },
                      "spec": {
                        "activeDeadlineSeconds": null,
                        "affinity": {
                          "nodeAffinity": {
                            "preferredDuringSchedulingIgnoredDuringExecution": null,
                            "requiredDuringSchedulingIgnoredDuringExecution": {
                              "nodeSelectorTerms": null
                            }
                          },
                          "podAffinity": {
                            "preferredDuringSchedulingIgnoredDuringExecution": null,
                            "requiredDuringSchedulingIgnoredDuringExecution": null
                          },
                          "podAntiAffinity": {
                            "preferredDuringSchedulingIgnoredDuringExecution": null,
                            "requiredDuringSchedulingIgnoredDuringExecution": null
                          }
                        },
                        "automountServiceAccountToken": null,
                        "containers": null,
                        "dnsConfig": {
                          "nameservers": null,
                          "options": null,
                          "searches": null
                        },
                        "dnsPolicy": null,
                        "enableServiceLinks": null,
                        "ephemeralContainers": null,
                        "hostAliases": null,
                        "hostIPC": null,
                        "hostNetwork": null,
                        "hostPID": null,
                        "hostUsers": null,
                        "hostname": null,
                        "imagePullSecrets": null,
                        "initContainers": null,
                        "nodeName": null,
                        "nodeSelector": null,
                        "os": {
                          "name": null
                        },
                        "overhead": null,
                        "preemptionPolicy": null,
                        "priority": null,
                        "priorityClassName": null,
                        "readinessGates": null,
                        "resourceClaims": null,
                        "restartPolicy": null,
                        "runtimeClassName": null,
                        "schedulerName": null,
                        "schedulingGates": null,
                        "securityContext": {
                          "fsGroup": null,
                          "fsGroupChangePolicy": null,
                          "runAsGroup": null,
                          "runAsNonRoot": null,
                          "runAsUser": null,
                          "seLinuxOptions": {
                            "level": null,
                            "role": null,
                            "type": null,
                            "user": null
                          },
                          "seccompProfile": {
                            "localhostProfile": null,
                            "type": null
                          },
                          "supplementalGroups": null,
                          "sysctls": null,
                          "windowsOptions": {
                            "gmsaCredentialSpec": null,
                            "gmsaCredentialSpecName": null,
                            "hostProcess": null,
                            "runAsUserName": null
                          }
                        },
                        "serviceAccount": null,
                        "serviceAccountName": null,
                        "setHostnameAsFQDN": null,
                        "shareProcessNamespace": null,
                        "subdomain": null,
                        "terminationGracePeriodSeconds": null,
                        "tolerations": null,
                        "topologySpreadConstraints": null,
                        "volumes": null
                      },
                      "status": {
                        "conditions": null,
                        "containerStatuses": null,
                        "ephemeralContainerStatuses": null,
                        "hostIP": null,
                        "initContainerStatuses": null,
                        "message": null,
                        "nominatedNodeName": null,
                        "phase": null,
                        "podIP": null,
                        "podIPs": null,
                        "qosClass": null,
                        "reason": null,
                        "resize": null,
                        "startTime": null
                      }
                    },
                    "replicas": 2,
                    "resource": {
                      "cpu": 1,
                      "ephemeralStorage": null,
                      "memory": "1024m"
                    }
                  }
                }
              },
              "type": [
                "object",
                {
                  "apiVersion": "string",
                  "kind": "string",
                  "metadata": [
                    "object",
                    {
                      "annotations": [
                        "map",
                        "string"
                      ],
                      "creationTimestamp": "string",
                      "deletionGracePeriodSeconds": "number",
                      "deletionTimestamp": "string",
                      "finalizers": [
                        "list",
                        "string"
                      ],
                      "generateName": "string",
                      "generation": "number",
                      "labels": [
                        "map",
                        "string"
                      ],
                      "managedFields": [
                        "tuple",
                        [
                          [
                            "object",
                            {
                              "apiVersion": "string",
                              "fieldsType": "string",
                              "fieldsV1": "dynamic",
                              "manager": "string",
                              "operation": "string",
                              "subresource": "string",
                              "time": "string"
                            }
                          ]
                        ]
                      ],
                      "name": "string",
                      "namespace": "string",
                      "ownerReferences": [
                        "list",
                        [
                          "object",
                          {
                            "apiVersion": "string",
                            "blockOwnerDeletion": "bool",
                            "controller": "bool",
                            "kind": "string",
                            "name": "string",
                            "uid": "string"
                          }
                        ]
                      ],
                      "resourceVersion": "string",
                      "selfLink": "string",
                      "uid": "string"
                    }
                  ],
                  "spec": [
                    "object",
                    {
                      "flinkConfiguration": [
                        "map",
                        "string"
                      ],
                      "flinkVersion": "string",
                      "image": "string",
                      "imagePullPolicy": "string",
                      "ingress": [
                        "object",
                        {
                          "annotations": [
                            "map",
                            "string"
                          ],
                          "className": "string",
                          "labels": [
                            "map",
                            "string"
                          ],
                          "template": "string",
                          "tls": [
                            "list",
                            [
                              "object",
                              {
                                "hosts": [
                                  "list",
                                  "string"
                                ],
                                "secretName": "string"
                              }
                            ]
                          ]
                        }
                      ],
                      "job": [
                        "object",
                        {
                          "allowNonRestoredState": "bool",
                          "args": [
                            "list",
                            "string"
                          ],
                          "checkpointTriggerNonce": "number",
                          "entryClass": "string",
                          "initialSavepointPath": "string",
                          "jarURI": "string",
                          "parallelism": "number",
                          "savepointRedeployNonce": "number",
                          "savepointTriggerNonce": "number",
                          "state": "string",
                          "upgradeMode": "string"
                        }
                      ],
                      "jobManager": [
                        "object",
                        {
                          "podTemplate": [
                            "object",
                            {
                              "apiVersion": "string",
                              "kind": "string",
                              "metadata": [
                                "object",
                                {
                                  "annotations": [
                                    "map",
                                    "string"
                                  ],
                                  "creationTimestamp": "string",
                                  "deletionGracePeriodSeconds": "number",
                                  "deletionTimestamp": "string",
                                  "finalizers": [
                                    "list",
                                    "string"
                                  ],
                                  "generateName": "string",
                                  "generation": "number",
                                  "labels": [
                                    "map",
                                    "string"
                                  ],
                                  "managedFields": [
                                    "tuple",
                                    [
                                      [
                                        "object",
                                        {
                                          "apiVersion": "string",
                                          "fieldsType": "string",
                                          "fieldsV1": "dynamic",
                                          "manager": "string",
                                          "operation": "string",
                                          "subresource": "string",
                                          "time": "string"
                                        }
                                      ]
                                    ]
                                  ],
                                  "name": "string",
                                  "namespace": "string",
                                  "ownerReferences": [
                                    "list",
                                    [
                                      "object",
                                      {
                                        "apiVersion": "string",
                                        "blockOwnerDeletion": "bool",
                                        "controller": "bool",
                                        "kind": "string",
                                        "name": "string",
                                        "uid": "string"
                                      }
                                    ]
                                  ],
                                  "resourceVersion": "string",
                                  "selfLink": "string",
                                  "uid": "string"
                                }
                              ],
                              "spec": [
                                "object",
                                {
                                  "activeDeadlineSeconds": "number",
                                  "affinity": [
                                    "object",
                                    {
                                      "nodeAffinity": [
                                        "object",
                                        {
                                          "preferredDuringSchedulingIgnoredDuringExecution": [
                                            "list",
                                            [
                                              "object",
                                              {
                                                "preference": [
                                                  "object",
                                                  {
                                                    "matchExpressions": [
                                                      "list",
                                                      [
                                                        "object",
                                                        {
                                                          "key": "string",
                                                          "operator": "string",
                                                          "values": [
                                                            "list",
                                                            "string"
                                                          ]
                                                        }
                                                      ]
                                                    ],
                                                    "matchFields": [
                                                      "list",
                                                      [
                                                        "object",
                                                        {
                                                          "key": "string",
                                                          "operator": "string",
                                                          "values": [
                                                            "list",
                                                            "string"
                                                          ]
                                                        }
                                                      ]
                                                    ]
                                                  }
                                                ],
                                                "weight": "number"
                                              }
                                            ]
                                          ],
                                          "requiredDuringSchedulingIgnoredDuringExecution": [
                                            "object",
                                            {
                                              "nodeSelectorTerms": [
                                                "list",
                                                [
                                                  "object",
                                                  {
                                                    "matchExpressions": [
                                                      "list",
                                                      [
                                                        "object",
                                                        {
                                                          "key": "string",
                                                          "operator": "string",
                                                          "values": [
                                                            "list",
                                                            "string"
                                                          ]
                                                        }
                                                      ]
                                                    ],
                                                    "matchFields": [
                                                      "list",
                                                      [
                                                        "object",
                                                        {
                                                          "key": "string",
                                                          "operator": "string",
                                                          "values": [
                                                            "list",
                                                            "string"
                                                          ]
                                                        }
                                                      ]
                                                    ]
                                                  }
                                                ]
                                              ]
                                            }
                                          ]
                                        }
                                      ],
                                      "podAffinity": [
                                        "object",
                                        {
                                          "preferredDuringSchedulingIgnoredDuringExecution": [
                                            "list",
                                            [
                                              "object",
                                              {
                                                "podAffinityTerm": [
                                                  "object",
                                                  {
                                                    "labelSelector": [
                                                      "object",
                                                      {
                                                        "matchExpressions": [
                                                          "list",
                                                          [
                                                            "object",
                                                            {
                                                              "key": "string",
                                                              "operator": "string",
                                                              "values": [
                                                                "list",
                                                                "string"
                                                              ]
                                                            }
                                                          ]
                                                        ],
                                                        "matchLabels": [
                                                          "map",
                                                          "string"
                                                        ]
                                                      }
                                                    ],
                                                    "namespaceSelector": [
                                                      "object",
                                                      {
                                                        "matchExpressions": [
                                                          "list",
                                                          [
                                                            "object",
                                                            {
                                                              "key": "string",
                                                              "operator": "string",
                                                              "values": [
                                                                "list",
                                                                "string"
                                                              ]
                                                            }
                                                          ]
                                                        ],
                                                        "matchLabels": [
                                                          "map",
                                                          "string"
                                                        ]
                                                      }
                                                    ],
                                                    "namespaces": [
                                                      "list",
                                                      "string"
                                                    ],
                                                    "topologyKey": "string"
                                                  }
                                                ],
                                                "weight": "number"
                                              }
                                            ]
                                          ],
                                          "requiredDuringSchedulingIgnoredDuringExecution": [
                                            "list",
                                            [
                                              "object",
                                              {
                                                "labelSelector": [
                                                  "object",
                                                  {
                                                    "matchExpressions": [
                                                      "list",
                                                      [
                                                        "object",
                                                        {
                                                          "key": "string",
                                                          "operator": "string",
                                                          "values": [
                                                            "list",
                                                            "string"
                                                          ]
                                                        }
                                                      ]
                                                    ],
                                                    "matchLabels": [
                                                      "map",
                                                      "string"
                                                    ]
                                                  }
                                                ],
                                                "namespaceSelector": [
                                                  "object",
                                                  {
                                                    "matchExpressions": [
                                                      "list",
                                                      [
                                                        "object",
                                                        {
                                                          "key": "string",
                                                          "operator": "string",
                                                          "values": [
                                                            "list",
                                                            "string"
                                                          ]
                                                        }
                                                      ]
                                                    ],
                                                    "matchLabels": [
                                                      "map",
                                                      "string"
                                                    ]
                                                  }
                                                ],
                                                "namespaces": [
                                                  "list",
                                                  "string"
                                                ],
                                                "topologyKey": "string"
                                              }
                                            ]
                                          ]
                                        }
                                      ],
                                      "podAntiAffinity": [
                                        "object",
                                        {
                                          "preferredDuringSchedulingIgnoredDuringExecution": [
                                            "list",
                                            [
                                              "object",
                                              {
                                                "podAffinityTerm": [
                                                  "object",
                                                  {
                                                    "labelSelector": [
                                                      "object",
                                                      {
                                                        "matchExpressions": [
                                                          "list",
                                                          [
                                                            "object",
                                                            {
                                                              "key": "string",
                                                              "operator": "string",
                                                              "values": [
                                                                "list",
                                                                "string"
                                                              ]
                                                            }
                                                          ]
                                                        ],
                                                        "matchLabels": [
                                                          "map",
                                                          "string"
                                                        ]
                                                      }
                                                    ],
                                                    "namespaceSelector": [
                                                      "object",
                                                      {
                                                        "matchExpressions": [
                                                          "list",
                                                          [
                                                            "object",
                                                            {
                                                              "key": "string",
                                                              "operator": "string",
                                                              "values": [
                                                                "list",
                                                                "string"
                                                              ]
                                                            }
                                                          ]
                                                        ],
                                                        "matchLabels": [
                                                          "map",
                                                          "string"
                                                        ]
                                                      }
                                                    ],
                                                    "namespaces": [
                                                      "list",
                                                      "string"
                                                    ],
                                                    "topologyKey": "string"
                                                  }
                                                ],
                                                "weight": "number"
                                              }
                                            ]
                                          ],
                                          "requiredDuringSchedulingIgnoredDuringExecution": [
                                            "list",
                                            [
                                              "object",
                                              {
                                                "labelSelector": [
                                                  "object",
                                                  {
                                                    "matchExpressions": [
                                                      "list",
                                                      [
                                                        "object",
                                                        {
                                                          "key": "string",
                                                          "operator": "string",
                                                          "values": [
                                                            "list",
                                                            "string"
                                                          ]
                                                        }
                                                      ]
                                                    ],
                                                    "matchLabels": [
                                                      "map",
                                                      "string"
                                                    ]
                                                  }
                                                ],
                                                "namespaceSelector": [
                                                  "object",
                                                  {
                                                    "matchExpressions": [
                                                      "list",
                                                      [
                                                        "object",
                                                        {
                                                          "key": "string",
                                                          "operator": "string",
                                                          "values": [
                                                            "list",
                                                            "string"
                                                          ]
                                                        }
                                                      ]
                                                    ],
                                                    "matchLabels": [
                                                      "map",
                                                      "string"
                                                    ]
                                                  }
                                                ],
                                                "namespaces": [
                                                  "list",
                                                  "string"
                                                ],
                                                "topologyKey": "string"
                                              }
                                            ]
                                          ]
                                        }
                                      ]
                                    }
                                  ],
                                  "automountServiceAccountToken": "bool",
                                  "containers": [
                                    "list",
                                    [
                                      "object",
                                      {
                                        "args": [
                                          "list",
                                          "string"
                                        ],
                                        "command": [
                                          "list",
                                          "string"
                                        ],
                                        "env": [
                                          "list",
                                          [
                                            "object",
                                            {
                                              "name": "string",
                                              "value": "string",
                                              "valueFrom": [
                                                "object",
                                                {
                                                  "configMapKeyRef": [
                                                    "object",
                                                    {
                                                      "key": "string",
                                                      "name": "string",
                                                      "optional": "bool"
                                                    }
                                                  ],
                                                  "fieldRef": [
                                                    "object",
                                                    {
                                                      "apiVersion": "string",
                                                      "fieldPath": "string"
                                                    }
                                                  ],
                                                  "resourceFieldRef": [
                                                    "object",
                                                    {
                                                      "containerName": "string",
                                                      "divisor": "string",
                                                      "resource": "string"
                                                    }
                                                  ],
                                                  "secretKeyRef": [
                                                    "object",
                                                    {
                                                      "key": "string",
                                                      "name": "string",
                                                      "optional": "bool"
                                                    }
                                                  ]
                                                }
                                              ]
                                            }
                                          ]
                                        ],
                                        "envFrom": [
                                          "list",
                                          [
                                            "object",
                                            {
                                              "configMapRef": [
                                                "object",
                                                {
                                                  "name": "string",
                                                  "optional": "bool"
                                                }
                                              ],
                                              "prefix": "string",
                                              "secretRef": [
                                                "object",
                                                {
                                                  "name": "string",
                                                  "optional": "bool"
                                                }
                                              ]
                                            }
                                          ]
                                        ],
                                        "image": "string",
                                        "imagePullPolicy": "string",
                                        "lifecycle": [
                                          "object",
                                          {
                                            "postStart": [
                                              "object",
                                              {
                                                "exec": [
                                                  "object",
                                                  {
                                                    "command": [
                                                      "list",
                                                      "string"
                                                    ]
                                                  }
                                                ],
                                                "httpGet": [
                                                  "object",
                                                  {
                                                    "host": "string",
                                                    "httpHeaders": [
                                                      "list",
                                                      [
                                                        "object",
                                                        {
                                                          "name": "string",
                                                          "value": "string"
                                                        }
                                                      ]
                                                    ],
                                                    "path": "string",
                                                    "port": "string",
                                                    "scheme": "string"
                                                  }
                                                ],
                                                "tcpSocket": [
                                                  "object",
                                                  {
                                                    "host": "string",
                                                    "port": "string"
                                                  }
                                                ]
                                              }
                                            ],
                                            "preStop": [
                                              "object",
                                              {
                                                "exec": [
                                                  "object",
                                                  {
                                                    "command": [
                                                      "list",
                                                      "string"
                                                    ]
                                                  }
                                                ],
                                                "httpGet": [
                                                  "object",
                                                  {
                                                    "host": "string",
                                                    "httpHeaders": [
                                                      "list",
                                                      [
                                                        "object",
                                                        {
                                                          "name": "string",
                                                          "value": "string"
                                                        }
                                                      ]
                                                    ],
                                                    "path": "string",
                                                    "port": "string",
                                                    "scheme": "string"
                                                  }
                                                ],
                                                "tcpSocket": [
                                                  "object",
                                                  {
                                                    "host": "string",
                                                    "port": "string"
                                                  }
                                                ]
                                              }
                                            ]
                                          }
                                        ],
                                        "livenessProbe": [
                                          "object",
                                          {
                                            "exec": [
                                              "object",
                                              {
                                                "command": [
                                                  "list",
                                                  "string"
                                                ]
                                              }
                                            ],
                                            "failureThreshold": "number",
                                            "grpc": [
                                              "object",
                                              {
                                                "port": "number",
                                                "service": "string"
                                              }
                                            ],
                                            "httpGet": [
                                              "object",
                                              {
                                                "host": "string",
                                                "httpHeaders": [
                                                  "list",
                                                  [
                                                    "object",
                                                    {
                                                      "name": "string",
                                                      "value": "string"
                                                    }
                                                  ]
                                                ],
                                                "path": "string",
                                                "port": "string",
                                                "scheme": "string"
                                              }
                                            ],
                                            "initialDelaySeconds": "number",
                                            "periodSeconds": "number",
                                            "successThreshold": "number",
                                            "tcpSocket": [
                                              "object",
                                              {
                                                "host": "string",
                                                "port": "string"
                                              }
                                            ],
                                            "terminationGracePeriodSeconds": "number",
                                            "timeoutSeconds": "number"
                                          }
                                        ],
                                        "name": "string",
                                        "ports": [
                                          "list",
                                          [
                                            "object",
                                            {
                                              "containerPort": "number",
                                              "hostIP": "string",
                                              "hostPort": "number",
                                              "name": "string",
                                              "protocol": "string"
                                            }
                                          ]
                                        ],
                                        "readinessProbe": [
                                          "object",
                                          {
                                            "exec": [
                                              "object",
                                              {
                                                "command": [
                                                  "list",
                                                  "string"
                                                ]
                                              }
                                            ],
                                            "failureThreshold": "number",
                                            "grpc": [
                                              "object",
                                              {
                                                "port": "number",
                                                "service": "string"
                                              }
                                            ],
                                            "httpGet": [
                                              "object",
                                              {
                                                "host": "string",
                                                "httpHeaders": [
                                                  "list",
                                                  [
                                                    "object",
                                                    {
                                                      "name": "string",
                                                      "value": "string"
                                                    }
                                                  ]
                                                ],
                                                "path": "string",
                                                "port": "string",
                                                "scheme": "string"
                                              }
                                            ],
                                            "initialDelaySeconds": "number",
                                            "periodSeconds": "number",
                                            "successThreshold": "number",
                                            "tcpSocket": [
                                              "object",
                                              {
                                                "host": "string",
                                                "port": "string"
                                              }
                                            ],
                                            "terminationGracePeriodSeconds": "number",
                                            "timeoutSeconds": "number"
                                          }
                                        ],
                                        "resizePolicy": [
                                          "list",
                                          [
                                            "object",
                                            {
                                              "resourceName": "string",
                                              "restartPolicy": "string"
                                            }
                                          ]
                                        ],
                                        "resources": [
                                          "object",
                                          {
                                            "claims": [
                                              "list",
                                              [
                                                "object",
                                                {
                                                  "name": "string"
                                                }
                                              ]
                                            ],
                                            "limits": [
                                              "map",
                                              "string"
                                            ],
                                            "requests": [
                                              "map",
                                              "string"
                                            ]
                                          }
                                        ],
                                        "securityContext": [
                                          "object",
                                          {
                                            "allowPrivilegeEscalation": "bool",
                                            "capabilities": [
                                              "object",
                                              {
                                                "add": [
                                                  "list",
                                                  "string"
                                                ],
                                                "drop": [
                                                  "list",
                                                  "string"
                                                ]
                                              }
                                            ],
                                            "privileged": "bool",
                                            "procMount": "string",
                                            "readOnlyRootFilesystem": "bool",
                                            "runAsGroup": "number",
                                            "runAsNonRoot": "bool",
                                            "runAsUser": "number",
                                            "seLinuxOptions": [
                                              "object",
                                              {
                                                "level": "string",
                                                "role": "string",
                                                "type": "string",
                                                "user": "string"
                                              }
                                            ],
                                            "seccompProfile": [
                                              "object",
                                              {
                                                "localhostProfile": "string",
                                                "type": "string"
                                              }
                                            ],
                                            "windowsOptions": [
                                              "object",
                                              {
                                                "gmsaCredentialSpec": "string",
                                                "gmsaCredentialSpecName": "string",
                                                "hostProcess": "bool",
                                                "runAsUserName": "string"
                                              }
                                            ]
                                          }
                                        ],
                                        "startupProbe": [
                                          "object",
                                          {
                                            "exec": [
                                              "object",
                                              {
                                                "command": [
                                                  "list",
                                                  "string"
                                                ]
                                              }
                                            ],
                                            "failureThreshold": "number",
                                            "grpc": [
                                              "object",
                                              {
                                                "port": "number",
                                                "service": "string"
                                              }
                                            ],
                                            "httpGet": [
                                              "object",
                                              {
                                                "host": "string",
                                                "httpHeaders": [
                                                  "list",
                                                  [
                                                    "object",
                                                    {
                                                      "name": "string",
                                                      "value": "string"
                                                    }
                                                  ]
                                                ],
                                                "path": "string",
                                                "port": "string",
                                                "scheme": "string"
                                              }
                                            ],
                                            "initialDelaySeconds": "number",
                                            "periodSeconds": "number",
                                            "successThreshold": "number",
                                            "tcpSocket": [
                                              "object",
                                              {
                                                "host": "string",
                                                "port": "string"
                                              }
                                            ],
                                            "terminationGracePeriodSeconds": "number",
                                            "timeoutSeconds": "number"
                                          }
                                        ],
                                        "stdin": "bool",
                                        "stdinOnce": "bool",
                                        "terminationMessagePath": "string",
                                        "terminationMessagePolicy": "string",
                                        "tty": "bool",
                                        "volumeDevices": [
                                          "list",
                                          [
                                            "object",
                                            {
                                              "devicePath": "string",
                                              "name": "string"
                                            }
                                          ]
                                        ],
                                        "volumeMounts": [
                                          "list",
                                          [
                                            "object",
                                            {
                                              "mountPath": "string",
                                              "mountPropagation": "string",
                                              "name": "string",
                                              "readOnly": "bool",
                                              "subPath": "string",
                                              "subPathExpr": "string"
                                            }
                                          ]
                                        ],
                                        "workingDir": "string"
                                      }
                                    ]
                                  ],
                                  "dnsConfig": [
                                    "object",
                                    {
                                      "nameservers": [
                                        "list",
                                        "string"
                                      ],
                                      "options": [
                                        "list",
                                        [
                                          "object",
                                          {
                                            "name": "string",
                                            "value": "string"
                                          }
                                        ]
                                      ],
                                      "searches": [
                                        "list",
                                        "string"
                                      ]
                                    }
                                  ],
                                  "dnsPolicy": "string",
                                  "enableServiceLinks": "bool",
                                  "ephemeralContainers": [
                                    "list",
                                    [
                                      "object",
                                      {
                                        "args": [
                                          "list",
                                          "string"
                                        ],
                                        "command": [
                                          "list",
                                          "string"
                                        ],
                                        "env": [
                                          "list",
                                          [
                                            "object",
                                            {
                                              "name": "string",
                                              "value": "string",
                                              "valueFrom": [
                                                "object",
                                                {
                                                  "configMapKeyRef": [
                                                    "object",
                                                    {
                                                      "key": "string",
                                                      "name": "string",
                                                      "optional": "bool"
                                                    }
                                                  ],
                                                  "fieldRef": [
                                                    "object",
                                                    {
                                                      "apiVersion": "string",
                                                      "fieldPath": "string"
                                                    }
                                                  ],
                                                  "resourceFieldRef": [
                                                    "object",
                                                    {
                                                      "containerName": "string",
                                                      "divisor": "string",
                                                      "resource": "string"
                                                    }
                                                  ],
                                                  "secretKeyRef": [
                                                    "object",
                                                    {
                                                      "key": "string",
                                                      "name": "string",
                                                      "optional": "bool"
                                                    }
                                                  ]
                                                }
                                              ]
                                            }
                                          ]
                                        ],
                                        "envFrom": [
                                          "list",
                                          [
                                            "object",
                                            {
                                              "configMapRef": [
                                                "object",
                                                {
                                                  "name": "string",
                                                  "optional": "bool"
                                                }
                                              ],
                                              "prefix": "string",
                                              "secretRef": [
                                                "object",
                                                {
                                                  "name": "string",
                                                  "optional": "bool"
                                                }
                                              ]
                                            }
                                          ]
                                        ],
                                        "image": "string",
                                        "imagePullPolicy": "string",
                                        "lifecycle": [
                                          "object",
                                          {
                                            "postStart": [
                                              "object",
                                              {
                                                "exec": [
                                                  "object",
                                                  {
                                                    "command": [
                                                      "list",
                                                      "string"
                                                    ]
                                                  }
                                                ],
                                                "httpGet": [
                                                  "object",
                                                  {
                                                    "host": "string",
                                                    "httpHeaders": [
                                                      "list",
                                                      [
                                                        "object",
                                                        {
                                                          "name": "string",
                                                          "value": "string"
                                                        }
                                                      ]
                                                    ],
                                                    "path": "string",
                                                    "port": "string",
                                                    "scheme": "string"
                                                  }
                                                ],
                                                "tcpSocket": [
                                                  "object",
                                                  {
                                                    "host": "string",
                                                    "port": "string"
                                                  }
                                                ]
                                              }
                                            ],
                                            "preStop": [
                                              "object",
                                              {
                                                "exec": [
                                                  "object",
                                                  {
                                                    "command": [
                                                      "list",
                                                      "string"
                                                    ]
                                                  }
                                                ],
                                                "httpGet": [
                                                  "object",
                                                  {
                                                    "host": "string",
                                                    "httpHeaders": [
                                                      "list",
                                                      [
                                                        "object",
                                                        {
                                                          "name": "string",
                                                          "value": "string"
                                                        }
                                                      ]
                                                    ],
                                                    "path": "string",
                                                    "port": "string",
                                                    "scheme": "string"
                                                  }
                                                ],
                                                "tcpSocket": [
                                                  "object",
                                                  {
                                                    "host": "string",
                                                    "port": "string"
                                                  }
                                                ]
                                              }
                                            ]
                                          }
                                        ],
                                        "livenessProbe": [
                                          "object",
                                          {
                                            "exec": [
                                              "object",
                                              {
                                                "command": [
                                                  "list",
                                                  "string"
                                                ]
                                              }
                                            ],
                                            "failureThreshold": "number",
                                            "grpc": [
                                              "object",
                                              {
                                                "port": "number",
                                                "service": "string"
                                              }
                                            ],
                                            "httpGet": [
                                              "object",
                                              {
                                                "host": "string",
                                                "httpHeaders": [
                                                  "list",
                                                  [
                                                    "object",
                                                    {
                                                      "name": "string",
                                                      "value": "string"
                                                    }
                                                  ]
                                                ],
                                                "path": "string",
                                                "port": "string",
                                                "scheme": "string"
                                              }
                                            ],
                                            "initialDelaySeconds": "number",
                                            "periodSeconds": "number",
                                            "successThreshold": "number",
                                            "tcpSocket": [
                                              "object",
                                              {
                                                "host": "string",
                                                "port": "string"
                                              }
                                            ],
                                            "terminationGracePeriodSeconds": "number",
                                            "timeoutSeconds": "number"
                                          }
                                        ],
                                        "name": "string",
                                        "ports": [
                                          "list",
                                          [
                                            "object",
                                            {
                                              "containerPort": "number",
                                              "hostIP": "string",
                                              "hostPort": "number",
                                              "name": "string",
                                              "protocol": "string"
                                            }
                                          ]
                                        ],
                                        "readinessProbe": [
                                          "object",
                                          {
                                            "exec": [
                                              "object",
                                              {
                                                "command": [
                                                  "list",
                                                  "string"
                                                ]
                                              }
                                            ],
                                            "failureThreshold": "number",
                                            "grpc": [
                                              "object",
                                              {
                                                "port": "number",
                                                "service": "string"
                                              }
                                            ],
                                            "httpGet": [
                                              "object",
                                              {
                                                "host": "string",
                                                "httpHeaders": [
                                                  "list",
                                                  [
                                                    "object",
                                                    {
                                                      "name": "string",
                                                      "value": "string"
                                                    }
                                                  ]
                                                ],
                                                "path": "string",
                                                "port": "string",
                                                "scheme": "string"
                                              }
                                            ],
                                            "initialDelaySeconds": "number",
                                            "periodSeconds": "number",
                                            "successThreshold": "number",
                                            "tcpSocket": [
                                              "object",
                                              {
                                                "host": "string",
                                                "port": "string"
                                              }
                                            ],
                                            "terminationGracePeriodSeconds": "number",
                                            "timeoutSeconds": "number"
                                          }
                                        ],
                                        "resizePolicy": [
                                          "list",
                                          [
                                            "object",
                                            {
                                              "resourceName": "string",
                                              "restartPolicy": "string"
                                            }
                                          ]
                                        ],
                                        "resources": [
                                          "object",
                                          {
                                            "claims": [
                                              "list",
                                              [
                                                "object",
                                                {
                                                  "name": "string"
                                                }
                                              ]
                                            ],
                                            "limits": [
                                              "map",
                                              "string"
                                            ],
                                            "requests": [
                                              "map",
                                              "string"
                                            ]
                                          }
                                        ],
                                        "securityContext": [
                                          "object",
                                          {
                                            "allowPrivilegeEscalation": "bool",
                                            "capabilities": [
                                              "object",
                                              {
                                                "add": [
                                                  "list",
                                                  "string"
                                                ],
                                                "drop": [
                                                  "list",
                                                  "string"
                                                ]
                                              }
                                            ],
                                            "privileged": "bool",
                                            "procMount": "string",
                                            "readOnlyRootFilesystem": "bool",
                                            "runAsGroup": "number",
                                            "runAsNonRoot": "bool",
                                            "runAsUser": "number",
                                            "seLinuxOptions": [
                                              "object",
                                              {
                                                "level": "string",
                                                "role": "string",
                                                "type": "string",
                                                "user": "string"
                                              }
                                            ],
                                            "seccompProfile": [
                                              "object",
                                              {
                                                "localhostProfile": "string",
                                                "type": "string"
                                              }
                                            ],
                                            "windowsOptions": [
                                              "object",
                                              {
                                                "gmsaCredentialSpec": "string",
                                                "gmsaCredentialSpecName": "string",
                                                "hostProcess": "bool",
                                                "runAsUserName": "string"
                                              }
                                            ]
                                          }
                                        ],
                                        "startupProbe": [
                                          "object",
                                          {
                                            "exec": [
                                              "object",
                                              {
                                                "command": [
                                                  "list",
                                                  "string"
                                                ]
                                              }
                                            ],
                                            "failureThreshold": "number",
                                            "grpc": [
                                              "object",
                                              {
                                                "port": "number",
                                                "service": "string"
                                              }
                                            ],
                                            "httpGet": [
                                              "object",
                                              {
                                                "host": "string",
                                                "httpHeaders": [
                                                  "list",
                                                  [
                                                    "object",
                                                    {
                                                      "name": "string",
                                                      "value": "string"
                                                    }
                                                  ]
                                                ],
                                                "path": "string",
                                                "port": "string",
                                                "scheme": "string"
                                              }
                                            ],
                                            "initialDelaySeconds": "number",
                                            "periodSeconds": "number",
                                            "successThreshold": "number",
                                            "tcpSocket": [
                                              "object",
                                              {
                                                "host": "string",
                                                "port": "string"
                                              }
                                            ],
                                            "terminationGracePeriodSeconds": "number",
                                            "timeoutSeconds": "number"
                                          }
                                        ],
                                        "stdin": "bool",
                                        "stdinOnce": "bool",
                                        "targetContainerName": "string",
                                        "terminationMessagePath": "string",
                                        "terminationMessagePolicy": "string",
                                        "tty": "bool",
                                        "volumeDevices": [
                                          "list",
                                          [
                                            "object",
                                            {
                                              "devicePath": "string",
                                              "name": "string"
                                            }
                                          ]
                                        ],
                                        "volumeMounts": [
                                          "list",
                                          [
                                            "object",
                                            {
                                              "mountPath": "string",
                                              "mountPropagation": "string",
                                              "name": "string",
                                              "readOnly": "bool",
                                              "subPath": "string",
                                              "subPathExpr": "string"
                                            }
                                          ]
                                        ],
                                        "workingDir": "string"
                                      }
                                    ]
                                  ],
                                  "hostAliases": [
                                    "list",
                                    [
                                      "object",
                                      {
                                        "hostnames": [
                                          "list",
                                          "string"
                                        ],
                                        "ip": "string"
                                      }
                                    ]
                                  ],
                                  "hostIPC": "bool",
                                  "hostNetwork": "bool",
                                  "hostPID": "bool",
                                  "hostUsers": "bool",
                                  "hostname": "string",
                                  "imagePullSecrets": [
                                    "list",
                                    [
                                      "object",
                                      {
                                        "name": "string"
                                      }
                                    ]
                                  ],
                                  "initContainers": [
                                    "list",
                                    [
                                      "object",
                                      {
                                        "args": [
                                          "list",
                                          "string"
                                        ],
                                        "command": [
                                          "list",
                                          "string"
                                        ],
                                        "env": [
                                          "list",
                                          [
                                            "object",
                                            {
                                              "name": "string",
                                              "value": "string",
                                              "valueFrom": [
                                                "object",
                                                {
                                                  "configMapKeyRef": [
                                                    "object",
                                                    {
                                                      "key": "string",
                                                      "name": "string",
                                                      "optional": "bool"
                                                    }
                                                  ],
                                                  "fieldRef": [
                                                    "object",
                                                    {
                                                      "apiVersion": "string",
                                                      "fieldPath": "string"
                                                    }
                                                  ],
                                                  "resourceFieldRef": [
                                                    "object",
                                                    {
                                                      "containerName": "string",
                                                      "divisor": "string",
                                                      "resource": "string"
                                                    }
                                                  ],
                                                  "secretKeyRef": [
                                                    "object",
                                                    {
                                                      "key": "string",
                                                      "name": "string",
                                                      "optional": "bool"
                                                    }
                                                  ]
                                                }
                                              ]
                                            }
                                          ]
                                        ],
                                        "envFrom": [
                                          "list",
                                          [
                                            "object",
                                            {
                                              "configMapRef": [
                                                "object",
                                                {
                                                  "name": "string",
                                                  "optional": "bool"
                                                }
                                              ],
                                              "prefix": "string",
                                              "secretRef": [
                                                "object",
                                                {
                                                  "name": "string",
                                                  "optional": "bool"
                                                }
                                              ]
                                            }
                                          ]
                                        ],
                                        "image": "string",
                                        "imagePullPolicy": "string",
                                        "lifecycle": [
                                          "object",
                                          {
                                            "postStart": [
                                              "object",
                                              {
                                                "exec": [
                                                  "object",
                                                  {
                                                    "command": [
                                                      "list",
                                                      "string"
                                                    ]
                                                  }
                                                ],
                                                "httpGet": [
                                                  "object",
                                                  {
                                                    "host": "string",
                                                    "httpHeaders": [
                                                      "list",
                                                      [
                                                        "object",
                                                        {
                                                          "name": "string",
                                                          "value": "string"
                                                        }
                                                      ]
                                                    ],
                                                    "path": "string",
                                                    "port": "string",
                                                    "scheme": "string"
                                                  }
                                                ],
                                                "tcpSocket": [
                                                  "object",
                                                  {
                                                    "host": "string",
                                                    "port": "string"
                                                  }
                                                ]
                                              }
                                            ],
                                            "preStop": [
                                              "object",
                                              {
                                                "exec": [
                                                  "object",
                                                  {
                                                    "command": [
                                                      "list",
                                                      "string"
                                                    ]
                                                  }
                                                ],
                                                "httpGet": [
                                                  "object",
                                                  {
                                                    "host": "string",
                                                    "httpHeaders": [
                                                      "list",
                                                      [
                                                        "object",
                                                        {
                                                          "name": "string",
                                                          "value": "string"
                                                        }
                                                      ]
                                                    ],
                                                    "path": "string",
                                                    "port": "string",
                                                    "scheme": "string"
                                                  }
                                                ],
                                                "tcpSocket": [
                                                  "object",
                                                  {
                                                    "host": "string",
                                                    "port": "string"
                                                  }
                                                ]
                                              }
                                            ]
                                          }
                                        ],
                                        "livenessProbe": [
                                          "object",
                                          {
                                            "exec": [
                                              "object",
                                              {
                                                "command": [
                                                  "list",
                                                  "string"
                                                ]
                                              }
                                            ],
                                            "failureThreshold": "number",
                                            "grpc": [
                                              "object",
                                              {
                                                "port": "number",
                                                "service": "string"
                                              }
                                            ],
                                            "httpGet": [
                                              "object",
                                              {
                                                "host": "string",
                                                "httpHeaders": [
                                                  "list",
                                                  [
                                                    "object",
                                                    {
                                                      "name": "string",
                                                      "value": "string"
                                                    }
                                                  ]
                                                ],
                                                "path": "string",
                                                "port": "string",
                                                "scheme": "string"
                                              }
                                            ],
                                            "initialDelaySeconds": "number",
                                            "periodSeconds": "number",
                                            "successThreshold": "number",
                                            "tcpSocket": [
                                              "object",
                                              {
                                                "host": "string",
                                                "port": "string"
                                              }
                                            ],
                                            "terminationGracePeriodSeconds": "number",
                                            "timeoutSeconds": "number"
                                          }
                                        ],
                                        "name": "string",
                                        "ports": [
                                          "list",
                                          [
                                            "object",
                                            {
                                              "containerPort": "number",
                                              "hostIP": "string",
                                              "hostPort": "number",
                                              "name": "string",
                                              "protocol": "string"
                                            }
                                          ]
                                        ],
                                        "readinessProbe": [
                                          "object",
                                          {
                                            "exec": [
                                              "object",
                                              {
                                                "command": [
                                                  "list",
                                                  "string"
                                                ]
                                              }
                                            ],
                                            "failureThreshold": "number",
                                            "grpc": [
                                              "object",
                                              {
                                                "port": "number",
                                                "service": "string"
                                              }
                                            ],
                                            "httpGet": [
                                              "object",
                                              {
                                                "host": "string",
                                                "httpHeaders": [
                                                  "list",
                                                  [
                                                    "object",
                                                    {
                                                      "name": "string",
                                                      "value": "string"
                                                    }
                                                  ]
                                                ],
                                                "path": "string",
                                                "port": "string",
                                                "scheme": "string"
                                              }
                                            ],
                                            "initialDelaySeconds": "number",
                                            "periodSeconds": "number",
                                            "successThreshold": "number",
                                            "tcpSocket": [
                                              "object",
                                              {
                                                "host": "string",
                                                "port": "string"
                                              }
                                            ],
                                            "terminationGracePeriodSeconds": "number",
                                            "timeoutSeconds": "number"
                                          }
                                        ],
                                        "resizePolicy": [
                                          "list",
                                          [
                                            "object",
                                            {
                                              "resourceName": "string",
                                              "restartPolicy": "string"
                                            }
                                          ]
                                        ],
                                        "resources": [
                                          "object",
                                          {
                                            "claims": [
                                              "list",
                                              [
                                                "object",
                                                {
                                                  "name": "string"
                                                }
                                              ]
                                            ],
                                            "limits": [
                                              "map",
                                              "string"
                                            ],
                                            "requests": [
                                              "map",
                                              "string"
                                            ]
                                          }
                                        ],
                                        "securityContext": [
                                          "object",
                                          {
                                            "allowPrivilegeEscalation": "bool",
                                            "capabilities": [
                                              "object",
                                              {
                                                "add": [
                                                  "list",
                                                  "string"
                                                ],
                                                "drop": [
                                                  "list",
                                                  "string"
                                                ]
                                              }
                                            ],
                                            "privileged": "bool",
                                            "procMount": "string",
                                            "readOnlyRootFilesystem": "bool",
                                            "runAsGroup": "number",
                                            "runAsNonRoot": "bool",
                                            "runAsUser": "number",
                                            "seLinuxOptions": [
                                              "object",
                                              {
                                                "level": "string",
                                                "role": "string",
                                                "type": "string",
                                                "user": "string"
                                              }
                                            ],
                                            "seccompProfile": [
                                              "object",
                                              {
                                                "localhostProfile": "string",
                                                "type": "string"
                                              }
                                            ],
                                            "windowsOptions": [
                                              "object",
                                              {
                                                "gmsaCredentialSpec": "string",
                                                "gmsaCredentialSpecName": "string",
                                                "hostProcess": "bool",
                                                "runAsUserName": "string"
                                              }
                                            ]
                                          }
                                        ],
                                        "startupProbe": [
                                          "object",
                                          {
                                            "exec": [
                                              "object",
                                              {
                                                "command": [
                                                  "list",
                                                  "string"
                                                ]
                                              }
                                            ],
                                            "failureThreshold": "number",
                                            "grpc": [
                                              "object",
                                              {
                                                "port": "number",
                                                "service": "string"
                                              }
                                            ],
                                            "httpGet": [
                                              "object",
                                              {
                                                "host": "string",
                                                "httpHeaders": [
                                                  "list",
                                                  [
                                                    "object",
                                                    {
                                                      "name": "string",
                                                      "value": "string"
                                                    }
                                                  ]
                                                ],
                                                "path": "string",
                                                "port": "string",
                                                "scheme": "string"
                                              }
                                            ],
                                            "initialDelaySeconds": "number",
                                            "periodSeconds": "number",
                                            "successThreshold": "number",
                                            "tcpSocket": [
                                              "object",
                                              {
                                                "host": "string",
                                                "port": "string"
                                              }
                                            ],
                                            "terminationGracePeriodSeconds": "number",
                                            "timeoutSeconds": "number"
                                          }
                                        ],
                                        "stdin": "bool",
                                        "stdinOnce": "bool",
                                        "terminationMessagePath": "string",
                                        "terminationMessagePolicy": "string",
                                        "tty": "bool",
                                        "volumeDevices": [
                                          "list",
                                          [
                                            "object",
                                            {
                                              "devicePath": "string",
                                              "name": "string"
                                            }
                                          ]
                                        ],
                                        "volumeMounts": [
                                          "list",
                                          [
                                            "object",
                                            {
                                              "mountPath": "string",
                                              "mountPropagation": "string",
                                              "name": "string",
                                              "readOnly": "bool",
                                              "subPath": "string",
                                              "subPathExpr": "string"
                                            }
                                          ]
                                        ],
                                        "workingDir": "string"
                                      }
                                    ]
                                  ],
                                  "nodeName": "string",
                                  "nodeSelector": [
                                    "map",
                                    "string"
                                  ],
                                  "os": [
                                    "object",
                                    {
                                      "name": "string"
                                    }
                                  ],
                                  "overhead": [
                                    "map",
                                    "string"
                                  ],
                                  "preemptionPolicy": "string",
                                  "priority": "number",
                                  "priorityClassName": "string",
                                  "readinessGates": [
                                    "list",
                                    [
                                      "object",
                                      {
                                        "conditionType": "string"
                                      }
                                    ]
                                  ],
                                  "resourceClaims": [
                                    "list",
                                    [
                                      "object",
                                      {
                                        "name": "string",
                                        "source": [
                                          "object",
                                          {
                                            "resourceClaimName": "string",
                                            "resourceClaimTemplateName": "string"
                                          }
                                        ]
                                      }
                                    ]
                                  ],
                                  "restartPolicy": "string",
                                  "runtimeClassName": "string",
                                  "schedulerName": "string",
                                  "schedulingGates": [
                                    "list",
                                    [
                                      "object",
                                      {
                                        "name": "string"
                                      }
                                    ]
                                  ],
                                  "securityContext": [
                                    "object",
                                    {
                                      "fsGroup": "number",
                                      "fsGroupChangePolicy": "string",
                                      "runAsGroup": "number",
                                      "runAsNonRoot": "bool",
                                      "runAsUser": "number",
                                      "seLinuxOptions": [
                                        "object",
                                        {
                                          "level": "string",
                                          "role": "string",
                                          "type": "string",
                                          "user": "string"
                                        }
                                      ],
                                      "seccompProfile": [
                                        "object",
                                        {
                                          "localhostProfile": "string",
                                          "type": "string"
                                        }
                                      ],
                                      "supplementalGroups": [
                                        "list",
                                        "number"
                                      ],
                                      "sysctls": [
                                        "list",
                                        [
                                          "object",
                                          {
                                            "name": "string",
                                            "value": "string"
                                          }
                                        ]
                                      ],
                                      "windowsOptions": [
                                        "object",
                                        {
                                          "gmsaCredentialSpec": "string",
                                          "gmsaCredentialSpecName": "string",
                                          "hostProcess": "bool",
                                          "runAsUserName": "string"
                                        }
                                      ]
                                    }
                                  ],
                                  "serviceAccount": "string",
                                  "serviceAccountName": "string",
                                  "setHostnameAsFQDN": "bool",
                                  "shareProcessNamespace": "bool",
                                  "subdomain": "string",
                                  "terminationGracePeriodSeconds": "number",
                                  "tolerations": [
                                    "list",
                                    [
                                      "object",
                                      {
                                        "effect": "string",
                                        "key": "string",
                                        "operator": "string",
                                        "tolerationSeconds": "number",
                                        "value": "string"
                                      }
                                    ]
                                  ],
                                  "topologySpreadConstraints": [
                                    "list",
                                    [
                                      "object",
                                      {
                                        "labelSelector": [
                                          "object",
                                          {
                                            "matchExpressions": [
                                              "list",
                                              [
                                                "object",
                                                {
                                                  "key": "string",
                                                  "operator": "string",
                                                  "values": [
                                                    "list",
                                                    "string"
                                                  ]
                                                }
                                              ]
                                            ],
                                            "matchLabels": [
                                              "map",
                                              "string"
                                            ]
                                          }
                                        ],
                                        "matchLabelKeys": [
                                          "list",
                                          "string"
                                        ],
                                        "maxSkew": "number",
                                        "minDomains": "number",
                                        "nodeAffinityPolicy": "string",
                                        "nodeTaintsPolicy": "string",
                                        "topologyKey": "string",
                                        "whenUnsatisfiable": "string"
                                      }
                                    ]
                                  ],
                                  "volumes": [
                                    "tuple",
                                    [
                                      [
                                        "object",
                                        {
                                          "awsElasticBlockStore": [
                                            "object",
                                            {
                                              "fsType": "string",
                                              "partition": "number",
                                              "readOnly": "bool",
                                              "volumeID": "string"
                                            }
                                          ],
                                          "azureDisk": [
                                            "object",
                                            {
                                              "cachingMode": "string",
                                              "diskName": "string",
                                              "diskURI": "string",
                                              "fsType": "string",
                                              "kind": "string",
                                              "readOnly": "bool"
                                            }
                                          ],
                                          "azureFile": [
                                            "object",
                                            {
                                              "readOnly": "bool",
                                              "secretName": "string",
                                              "shareName": "string"
                                            }
                                          ],
                                          "cephfs": [
                                            "object",
                                            {
                                              "monitors": [
                                                "list",
                                                "string"
                                              ],
                                              "path": "string",
                                              "readOnly": "bool",
                                              "secretFile": "string",
                                              "secretRef": [
                                                "object",
                                                {
                                                  "name": "string"
                                                }
                                              ],
                                              "user": "string"
                                            }
                                          ],
                                          "cinder": [
                                            "object",
                                            {
                                              "fsType": "string",
                                              "readOnly": "bool",
                                              "secretRef": [
                                                "object",
                                                {
                                                  "name": "string"
                                                }
                                              ],
                                              "volumeID": "string"
                                            }
                                          ],
                                          "configMap": [
                                            "object",
                                            {
                                              "defaultMode": "number",
                                              "items": [
                                                "list",
                                                [
                                                  "object",
                                                  {
                                                    "key": "string",
                                                    "mode": "number",
                                                    "path": "string"
                                                  }
                                                ]
                                              ],
                                              "name": "string",
                                              "optional": "bool"
                                            }
                                          ],
                                          "csi": [
                                            "object",
                                            {
                                              "driver": "string",
                                              "fsType": "string",
                                              "nodePublishSecretRef": [
                                                "object",
                                                {
                                                  "name": "string"
                                                }
                                              ],
                                              "readOnly": "bool",
                                              "volumeAttributes": [
                                                "map",
                                                "string"
                                              ]
                                            }
                                          ],
                                          "downwardAPI": [
                                            "object",
                                            {
                                              "defaultMode": "number",
                                              "items": [
                                                "list",
                                                [
                                                  "object",
                                                  {
                                                    "fieldRef": [
                                                      "object",
                                                      {
                                                        "apiVersion": "string",
                                                        "fieldPath": "string"
                                                      }
                                                    ],
                                                    "mode": "number",
                                                    "path": "string",
                                                    "resourceFieldRef": [
                                                      "object",
                                                      {
                                                        "containerName": "string",
                                                        "divisor": "string",
                                                        "resource": "string"
                                                      }
                                                    ]
                                                  }
                                                ]
                                              ]
                                            }
                                          ],
                                          "emptyDir": [
                                            "object",
                                            {
                                              "medium": "string",
                                              "sizeLimit": "string"
                                            }
                                          ],
                                          "ephemeral": [
                                            "object",
                                            {
                                              "volumeClaimTemplate": [
                                                "object",
                                                {
                                                  "metadata": [
                                                    "object",
                                                    {
                                                      "annotations": [
                                                        "map",
                                                        "string"
                                                      ],
                                                      "creationTimestamp": "string",
                                                      "deletionGracePeriodSeconds": "number",
                                                      "deletionTimestamp": "string",
                                                      "finalizers": [
                                                        "list",
                                                        "string"
                                                      ],
                                                      "generateName": "string",
                                                      "generation": "number",
                                                      "labels": [
                                                        "map",
                                                        "string"
                                                      ],
                                                      "managedFields": [
                                                        "tuple",
                                                        [
                                                          [
                                                            "object",
                                                            {
                                                              "apiVersion": "string",
                                                              "fieldsType": "string",
                                                              "fieldsV1": "dynamic",
                                                              "manager": "string",
                                                              "operation": "string",
                                                              "subresource": "string",
                                                              "time": "string"
                                                            }
                                                          ]
                                                        ]
                                                      ],
                                                      "name": "string",
                                                      "namespace": "string",
                                                      "ownerReferences": [
                                                        "list",
                                                        [
                                                          "object",
                                                          {
                                                            "apiVersion": "string",
                                                            "blockOwnerDeletion": "bool",
                                                            "controller": "bool",
                                                            "kind": "string",
                                                            "name": "string",
                                                            "uid": "string"
                                                          }
                                                        ]
                                                      ],
                                                      "resourceVersion": "string",
                                                      "selfLink": "string",
                                                      "uid": "string"
                                                    }
                                                  ],
                                                  "spec": [
                                                    "object",
                                                    {
                                                      "accessModes": [
                                                        "list",
                                                        "string"
                                                      ],
                                                      "dataSource": [
                                                        "object",
                                                        {
                                                          "apiGroup": "string",
                                                          "kind": "string",
                                                          "name": "string"
                                                        }
                                                      ],
                                                      "dataSourceRef": [
                                                        "object",
                                                        {
                                                          "apiGroup": "string",
                                                          "kind": "string",
                                                          "name": "string",
                                                          "namespace": "string"
                                                        }
                                                      ],
                                                      "resources": [
                                                        "object",
                                                        {
                                                          "claims": [
                                                            "list",
                                                            [
                                                              "object",
                                                              {
                                                                "name": "string"
                                                              }
                                                            ]
                                                          ],
                                                          "limits": [
                                                            "map",
                                                            "string"
                                                          ],
                                                          "requests": [
                                                            "map",
                                                            "string"
                                                          ]
                                                        }
                                                      ],
                                                      "selector": [
                                                        "object",
                                                        {
                                                          "matchExpressions": [
                                                            "list",
                                                            [
                                                              "object",
                                                              {
                                                                "key": "string",
                                                                "operator": "string",
                                                                "values": [
                                                                  "list",
                                                                  "string"
                                                                ]
                                                              }
                                                            ]
                                                          ],
                                                          "matchLabels": [
                                                            "map",
                                                            "string"
                                                          ]
                                                        }
                                                      ],
                                                      "storageClassName": "string",
                                                      "volumeMode": "string",
                                                      "volumeName": "string"
                                                    }
                                                  ]
                                                }
                                              ]
                                            }
                                          ],
                                          "fc": [
                                            "object",
                                            {
                                              "fsType": "string",
                                              "lun": "number",
                                              "readOnly": "bool",
                                              "targetWWNs": [
                                                "list",
                                                "string"
                                              ],
                                              "wwids": [
                                                "list",
                                                "string"
                                              ]
                                            }
                                          ],
                                          "flexVolume": [
                                            "object",
                                            {
                                              "driver": "string",
                                              "fsType": "string",
                                              "options": [
                                                "map",
                                                "string"
                                              ],
                                              "readOnly": "bool",
                                              "secretRef": [
                                                "object",
                                                {
                                                  "name": "string"
                                                }
                                              ]
                                            }
                                          ],
                                          "flocker": [
                                            "object",
                                            {
                                              "datasetName": "string",
                                              "datasetUUID": "string"
                                            }
                                          ],
                                          "gcePersistentDisk": [
                                            "object",
                                            {
                                              "fsType": "string",
                                              "partition": "number",
                                              "pdName": "string",
                                              "readOnly": "bool"
                                            }
                                          ],
                                          "gitRepo": [
                                            "object",
                                            {
                                              "directory": "string",
                                              "repository": "string",
                                              "revision": "string"
                                            }
                                          ],
                                          "glusterfs": [
                                            "object",
                                            {
                                              "endpoints": "string",
                                              "path": "string",
                                              "readOnly": "bool"
                                            }
                                          ],
                                          "hostPath": [
                                            "object",
                                            {
                                              "path": "string",
                                              "type": "string"
                                            }
                                          ],
                                          "iscsi": [
                                            "object",
                                            {
                                              "chapAuthDiscovery": "bool",
                                              "chapAuthSession": "bool",
                                              "fsType": "string",
                                              "initiatorName": "string",
                                              "iqn": "string",
                                              "iscsiInterface": "string",
                                              "lun": "number",
                                              "portals": [
                                                "list",
                                                "string"
                                              ],
                                              "readOnly": "bool",
                                              "secretRef": [
                                                "object",
                                                {
                                                  "name": "string"
                                                }
                                              ],
                                              "targetPortal": "string"
                                            }
                                          ],
                                          "name": "string",
                                          "nfs": [
                                            "object",
                                            {
                                              "path": "string",
                                              "readOnly": "bool",
                                              "server": "string"
                                            }
                                          ],
                                          "persistentVolumeClaim": [
                                            "object",
                                            {
                                              "claimName": "string",
                                              "readOnly": "bool"
                                            }
                                          ],
                                          "photonPersistentDisk": [
                                            "object",
                                            {
                                              "fsType": "string",
                                              "pdID": "string"
                                            }
                                          ],
                                          "portworxVolume": [
                                            "object",
                                            {
                                              "fsType": "string",
                                              "readOnly": "bool",
                                              "volumeID": "string"
                                            }
                                          ],
                                          "projected": [
                                            "object",
                                            {
                                              "defaultMode": "number",
                                              "sources": [
                                                "list",
                                                [
                                                  "object",
                                                  {
                                                    "configMap": [
                                                      "object",
                                                      {
                                                        "items": [
                                                          "list",
                                                          [
                                                            "object",
                                                            {
                                                              "key": "string",
                                                              "mode": "number",
                                                              "path": "string"
                                                            }
                                                          ]
                                                        ],
                                                        "name": "string",
                                                        "optional": "bool"
                                                      }
                                                    ],
                                                    "downwardAPI": [
                                                      "object",
                                                      {
                                                        "items": [
                                                          "list",
                                                          [
                                                            "object",
                                                            {
                                                              "fieldRef": [
                                                                "object",
                                                                {
                                                                  "apiVersion": "string",
                                                                  "fieldPath": "string"
                                                                }
                                                              ],
                                                              "mode": "number",
                                                              "path": "string",
                                                              "resourceFieldRef": [
                                                                "object",
                                                                {
                                                                  "containerName": "string",
                                                                  "divisor": "string",
                                                                  "resource": "string"
                                                                }
                                                              ]
                                                            }
                                                          ]
                                                        ]
                                                      }
                                                    ],
                                                    "secret": [
                                                      "object",
                                                      {
                                                        "items": [
                                                          "list",
                                                          [
                                                            "object",
                                                            {
                                                              "key": "string",
                                                              "mode": "number",
                                                              "path": "string"
                                                            }
                                                          ]
                                                        ],
                                                        "name": "string",
                                                        "optional": "bool"
                                                      }
                                                    ],
                                                    "serviceAccountToken": [
                                                      "object",
                                                      {
                                                        "audience": "string",
                                                        "expirationSeconds": "number",
                                                        "path": "string"
                                                      }
                                                    ]
                                                  }
                                                ]
                                              ]
                                            }
                                          ],
                                          "quobyte": [
                                            "object",
                                            {
                                              "group": "string",
                                              "readOnly": "bool",
                                              "registry": "string",
                                              "tenant": "string",
                                              "user": "string",
                                              "volume": "string"
                                            }
                                          ],
                                          "rbd": [
                                            "object",
                                            {
                                              "fsType": "string",
                                              "image": "string",
                                              "keyring": "string",
                                              "monitors": [
                                                "list",
                                                "string"
                                              ],
                                              "pool": "string",
                                              "readOnly": "bool",
                                              "secretRef": [
                                                "object",
                                                {
                                                  "name": "string"
                                                }
                                              ],
                                              "user": "string"
                                            }
                                          ],
                                          "scaleIO": [
                                            "object",
                                            {
                                              "fsType": "string",
                                              "gateway": "string",
                                              "protectionDomain": "string",
                                              "readOnly": "bool",
                                              "secretRef": [
                                                "object",
                                                {
                                                  "name": "string"
                                                }
                                              ],
                                              "sslEnabled": "bool",
                                              "storageMode": "string",
                                              "storagePool": "string",
                                              "system": "string",
                                              "volumeName": "string"
                                            }
                                          ],
                                          "secret": [
                                            "object",
                                            {
                                              "defaultMode": "number",
                                              "items": [
                                                "list",
                                                [
                                                  "object",
                                                  {
                                                    "key": "string",
                                                    "mode": "number",
                                                    "path": "string"
                                                  }
                                                ]
                                              ],
                                              "optional": "bool",
                                              "secretName": "string"
                                            }
                                          ],
                                          "storageos": [
                                            "object",
                                            {
                                              "fsType": "string",
                                              "readOnly": "bool",
                                              "secretRef": [
                                                "object",
                                                {
                                                  "name": "string"
                                                }
                                              ],
                                              "volumeName": "string",
                                              "volumeNamespace": "string"
                                            }
                                          ],
                                          "vsphereVolume": [
                                            "object",
                                            {
                                              "fsType": "string",
                                              "storagePolicyID": "string",
                                              "storagePolicyName": "string",
                                              "volumePath": "string"
                                            }
                                          ]
                                        }
                                      ]
                                    ]
                                  ]
                                }
                              ],
                              "status": [
                                "object",
                                {
                                  "conditions": [
                                    "list",
                                    [
                                      "object",
                                      {
                                        "lastProbeTime": "string",
                                        "lastTransitionTime": "string",
                                        "message": "string",
                                        "reason": "string",
                                        "status": "string",
                                        "type": "string"
                                      }
                                    ]
                                  ],
                                  "containerStatuses": [
                                    "list",
                                    [
                                      "object",
                                      {
                                        "allocatedResources": [
                                          "map",
                                          "string"
                                        ],
                                        "containerID": "string",
                                        "image": "string",
                                        "imageID": "string",
                                        "lastState": [
                                          "object",
                                          {
                                            "running": [
                                              "object",
                                              {
                                                "startedAt": "string"
                                              }
                                            ],
                                            "terminated": [
                                              "object",
                                              {
                                                "containerID": "string",
                                                "exitCode": "number",
                                                "finishedAt": "string",
                                                "message": "string",
                                                "reason": "string",
                                                "signal": "number",
                                                "startedAt": "string"
                                              }
                                            ],
                                            "waiting": [
                                              "object",
                                              {
                                                "message": "string",
                                                "reason": "string"
                                              }
                                            ]
                                          }
                                        ],
                                        "name": "string",
                                        "ready": "bool",
                                        "resources": [
                                          "object",
                                          {
                                            "claims": [
                                              "list",
                                              [
                                                "object",
                                                {
                                                  "name": "string"
                                                }
                                              ]
                                            ],
                                            "limits": [
                                              "map",
                                              "string"
                                            ],
                                            "requests": [
                                              "map",
                                              "string"
                                            ]
                                          }
                                        ],
                                        "restartCount": "number",
                                        "started": "bool",
                                        "state": [
                                          "object",
                                          {
                                            "running": [
                                              "object",
                                              {
                                                "startedAt": "string"
                                              }
                                            ],
                                            "terminated": [
                                              "object",
                                              {
                                                "containerID": "string",
                                                "exitCode": "number",
                                                "finishedAt": "string",
                                                "message": "string",
                                                "reason": "string",
                                                "signal": "number",
                                                "startedAt": "string"
                                              }
                                            ],
                                            "waiting": [
                                              "object",
                                              {
                                                "message": "string",
                                                "reason": "string"
                                              }
                                            ]
                                          }
                                        ]
                                      }
                                    ]
                                  ],
                                  "ephemeralContainerStatuses": [
                                    "list",
                                    [
                                      "object",
                                      {
                                        "allocatedResources": [
                                          "map",
                                          "string"
                                        ],
                                        "containerID": "string",
                                        "image": "string",
                                        "imageID": "string",
                                        "lastState": [
                                          "object",
                                          {
                                            "running": [
                                              "object",
                                              {
                                                "startedAt": "string"
                                              }
                                            ],
                                            "terminated": [
                                              "object",
                                              {
                                                "containerID": "string",
                                                "exitCode": "number",
                                                "finishedAt": "string",
                                                "message": "string",
                                                "reason": "string",
                                                "signal": "number",
                                                "startedAt": "string"
                                              }
                                            ],
                                            "waiting": [
                                              "object",
                                              {
                                                "message": "string",
                                                "reason": "string"
                                              }
                                            ]
                                          }
                                        ],
                                        "name": "string",
                                        "ready": "bool",
                                        "resources": [
                                          "object",
                                          {
                                            "claims": [
                                              "list",
                                              [
                                                "object",
                                                {
                                                  "name": "string"
                                                }
                                              ]
                                            ],
                                            "limits": [
                                              "map",
                                              "string"
                                            ],
                                            "requests": [
                                              "map",
                                              "string"
                                            ]
                                          }
                                        ],
                                        "restartCount": "number",
                                        "started": "bool",
                                        "state": [
                                          "object",
                                          {
                                            "running": [
                                              "object",
                                              {
                                                "startedAt": "string"
                                              }
                                            ],
                                            "terminated": [
                                              "object",
                                              {
                                                "containerID": "string",
                                                "exitCode": "number",
                                                "finishedAt": "string",
                                                "message": "string",
                                                "reason": "string",
                                                "signal": "number",
                                                "startedAt": "string"
                                              }
                                            ],
                                            "waiting": [
                                              "object",
                                              {
                                                "message": "string",
                                                "reason": "string"
                                              }
                                            ]
                                          }
                                        ]
                                      }
                                    ]
                                  ],
                                  "hostIP": "string",
                                  "initContainerStatuses": [
                                    "list",
                                    [
                                      "object",
                                      {
                                        "allocatedResources": [
                                          "map",
                                          "string"
                                        ],
                                        "containerID": "string",
                                        "image": "string",
                                        "imageID": "string",
                                        "lastState": [
                                          "object",
                                          {
                                            "running": [
                                              "object",
                                              {
                                                "startedAt": "string"
                                              }
                                            ],
                                            "terminated": [
                                              "object",
                                              {
                                                "containerID": "string",
                                                "exitCode": "number",
                                                "finishedAt": "string",
                                                "message": "string",
                                                "reason": "string",
                                                "signal": "number",
                                                "startedAt": "string"
                                              }
                                            ],
                                            "waiting": [
                                              "object",
                                              {
                                                "message": "string",
                                                "reason": "string"
                                              }
                                            ]
                                          }
                                        ],
                                        "name": "string",
                                        "ready": "bool",
                                        "resources": [
                                          "object",
                                          {
                                            "claims": [
                                              "list",
                                              [
                                                "object",
                                                {
                                                  "name": "string"
                                                }
                                              ]
                                            ],
                                            "limits": [
                                              "map",
                                              "string"
                                            ],
                                            "requests": [
                                              "map",
                                              "string"
                                            ]
                                          }
                                        ],
                                        "restartCount": "number",
                                        "started": "bool",
                                        "state": [
                                          "object",
                                          {
                                            "running": [
                                              "object",
                                              {
                                                "startedAt": "string"
                                              }
                                            ],
                                            "terminated": [
                                              "object",
                                              {
                                                "containerID": "string",
                                                "exitCode": "number",
                                                "finishedAt": "string",
                                                "message": "string",
                                                "reason": "string",
                                                "signal": "number",
                                                "startedAt": "string"
                                              }
                                            ],
                                            "waiting": [
                                              "object",
                                              {
                                                "message": "string",
                                                "reason": "string"
                                              }
                                            ]
                                          }
                                        ]
                                      }
                                    ]
                                  ],
                                  "message": "string",
                                  "nominatedNodeName": "string",
                                  "phase": "string",
                                  "podIP": "string",
                                  "podIPs": [
                                    "list",
                                    [
                                      "object",
                                      {
                                        "ip": "string"
                                      }
                                    ]
                                  ],
                                  "qosClass": "string",
                                  "reason": "string",
                                  "resize": "string",
                                  "startTime": "string"
                                }
                              ]
                            }
                          ],
                          "replicas": "number",
                          "resource": [
                            "object",
                            {
                              "cpu": "number",
                              "ephemeralStorage": "string",
                              "memory": "string"
                            }
                          ]
                        }
                      ],
                      "logConfiguration": [
                        "map",
                        "string"
                      ],
                      "mode": "string",
                      "podTemplate": [
                        "object",
                        {
                          "apiVersion": "string",
                          "kind": "string",
                          "metadata": [
                            "object",
                            {
                              "annotations": [
                                "map",
                                "string"
                              ],
                              "creationTimestamp": "string",
                              "deletionGracePeriodSeconds": "number",
                              "deletionTimestamp": "string",
                              "finalizers": [
                                "list",
                                "string"
                              ],
                              "generateName": "string",
                              "generation": "number",
                              "labels": [
                                "map",
                                "string"
                              ],
                              "managedFields": [
                                "tuple",
                                [
                                  [
                                    "object",
                                    {
                                      "apiVersion": "string",
                                      "fieldsType": "string",
                                      "fieldsV1": "dynamic",
                                      "manager": "string",
                                      "operation": "string",
                                      "subresource": "string",
                                      "time": "string"
                                    }
                                  ]
                                ]
                              ],
                              "name": "string",
                              "namespace": "string",
                              "ownerReferences": [
                                "list",
                                [
                                  "object",
                                  {
                                    "apiVersion": "string",
                                    "blockOwnerDeletion": "bool",
                                    "controller": "bool",
                                    "kind": "string",
                                    "name": "string",
                                    "uid": "string"
                                  }
                                ]
                              ],
                              "resourceVersion": "string",
                              "selfLink": "string",
                              "uid": "string"
                            }
                          ],
                          "spec": [
                            "object",
                            {
                              "activeDeadlineSeconds": "number",
                              "affinity": [
                                "object",
                                {
                                  "nodeAffinity": [
                                    "object",
                                    {
                                      "preferredDuringSchedulingIgnoredDuringExecution": [
                                        "list",
                                        [
                                          "object",
                                          {
                                            "preference": [
                                              "object",
                                              {
                                                "matchExpressions": [
                                                  "list",
                                                  [
                                                    "object",
                                                    {
                                                      "key": "string",
                                                      "operator": "string",
                                                      "values": [
                                                        "list",
                                                        "string"
                                                      ]
                                                    }
                                                  ]
                                                ],
                                                "matchFields": [
                                                  "list",
                                                  [
                                                    "object",
                                                    {
                                                      "key": "string",
                                                      "operator": "string",
                                                      "values": [
                                                        "list",
                                                        "string"
                                                      ]
                                                    }
                                                  ]
                                                ]
                                              }
                                            ],
                                            "weight": "number"
                                          }
                                        ]
                                      ],
                                      "requiredDuringSchedulingIgnoredDuringExecution": [
                                        "object",
                                        {
                                          "nodeSelectorTerms": [
                                            "list",
                                            [
                                              "object",
                                              {
                                                "matchExpressions": [
                                                  "list",
                                                  [
                                                    "object",
                                                    {
                                                      "key": "string",
                                                      "operator": "string",
                                                      "values": [
                                                        "list",
                                                        "string"
                                                      ]
                                                    }
                                                  ]
                                                ],
                                                "matchFields": [
                                                  "list",
                                                  [
                                                    "object",
                                                    {
                                                      "key": "string",
                                                      "operator": "string",
                                                      "values": [
                                                        "list",
                                                        "string"
                                                      ]
                                                    }
                                                  ]
                                                ]
                                              }
                                            ]
                                          ]
                                        }
                                      ]
                                    }
                                  ],
                                  "podAffinity": [
                                    "object",
                                    {
                                      "preferredDuringSchedulingIgnoredDuringExecution": [
                                        "list",
                                        [
                                          "object",
                                          {
                                            "podAffinityTerm": [
                                              "object",
                                              {
                                                "labelSelector": [
                                                  "object",
                                                  {
                                                    "matchExpressions": [
                                                      "list",
                                                      [
                                                        "object",
                                                        {
                                                          "key": "string",
                                                          "operator": "string",
                                                          "values": [
                                                            "list",
                                                            "string"
                                                          ]
                                                        }
                                                      ]
                                                    ],
                                                    "matchLabels": [
                                                      "map",
                                                      "string"
                                                    ]
                                                  }
                                                ],
                                                "namespaceSelector": [
                                                  "object",
                                                  {
                                                    "matchExpressions": [
                                                      "list",
                                                      [
                                                        "object",
                                                        {
                                                          "key": "string",
                                                          "operator": "string",
                                                          "values": [
                                                            "list",
                                                            "string"
                                                          ]
                                                        }
                                                      ]
                                                    ],
                                                    "matchLabels": [
                                                      "map",
                                                      "string"
                                                    ]
                                                  }
                                                ],
                                                "namespaces": [
                                                  "list",
                                                  "string"
                                                ],
                                                "topologyKey": "string"
                                              }
                                            ],
                                            "weight": "number"
                                          }
                                        ]
                                      ],
                                      "requiredDuringSchedulingIgnoredDuringExecution": [
                                        "list",
                                        [
                                          "object",
                                          {
                                            "labelSelector": [
                                              "object",
                                              {
                                                "matchExpressions": [
                                                  "list",
                                                  [
                                                    "object",
                                                    {
                                                      "key": "string",
                                                      "operator": "string",
                                                      "values": [
                                                        "list",
                                                        "string"
                                                      ]
                                                    }
                                                  ]
                                                ],
                                                "matchLabels": [
                                                  "map",
                                                  "string"
                                                ]
                                              }
                                            ],
                                            "namespaceSelector": [
                                              "object",
                                              {
                                                "matchExpressions": [
                                                  "list",
                                                  [
                                                    "object",
                                                    {
                                                      "key": "string",
                                                      "operator": "string",
                                                      "values": [
                                                        "list",
                                                        "string"
                                                      ]
                                                    }
                                                  ]
                                                ],
                                                "matchLabels": [
                                                  "map",
                                                  "string"
                                                ]
                                              }
                                            ],
                                            "namespaces": [
                                              "list",
                                              "string"
                                            ],
                                            "topologyKey": "string"
                                          }
                                        ]
                                      ]
                                    }
                                  ],
                                  "podAntiAffinity": [
                                    "object",
                                    {
                                      "preferredDuringSchedulingIgnoredDuringExecution": [
                                        "list",
                                        [
                                          "object",
                                          {
                                            "podAffinityTerm": [
                                              "object",
                                              {
                                                "labelSelector": [
                                                  "object",
                                                  {
                                                    "matchExpressions": [
                                                      "list",
                                                      [
                                                        "object",
                                                        {
                                                          "key": "string",
                                                          "operator": "string",
                                                          "values": [
                                                            "list",
                                                            "string"
                                                          ]
                                                        }
                                                      ]
                                                    ],
                                                    "matchLabels": [
                                                      "map",
                                                      "string"
                                                    ]
                                                  }
                                                ],
                                                "namespaceSelector": [
                                                  "object",
                                                  {
                                                    "matchExpressions": [
                                                      "list",
                                                      [
                                                        "object",
                                                        {
                                                          "key": "string",
                                                          "operator": "string",
                                                          "values": [
                                                            "list",
                                                            "string"
                                                          ]
                                                        }
                                                      ]
                                                    ],
                                                    "matchLabels": [
                                                      "map",
                                                      "string"
                                                    ]
                                                  }
                                                ],
                                                "namespaces": [
                                                  "list",
                                                  "string"
                                                ],
                                                "topologyKey": "string"
                                              }
                                            ],
                                            "weight": "number"
                                          }
                                        ]
                                      ],
                                      "requiredDuringSchedulingIgnoredDuringExecution": [
                                        "list",
                                        [
                                          "object",
                                          {
                                            "labelSelector": [
                                              "object",
                                              {
                                                "matchExpressions": [
                                                  "list",
                                                  [
                                                    "object",
                                                    {
                                                      "key": "string",
                                                      "operator": "string",
                                                      "values": [
                                                        "list",
                                                        "string"
                                                      ]
                                                    }
                                                  ]
                                                ],
                                                "matchLabels": [
                                                  "map",
                                                  "string"
                                                ]
                                              }
                                            ],
                                            "namespaceSelector": [
                                              "object",
                                              {
                                                "matchExpressions": [
                                                  "list",
                                                  [
                                                    "object",
                                                    {
                                                      "key": "string",
                                                      "operator": "string",
                                                      "values": [
                                                        "list",
                                                        "string"
                                                      ]
                                                    }
                                                  ]
                                                ],
                                                "matchLabels": [
                                                  "map",
                                                  "string"
                                                ]
                                              }
                                            ],
                                            "namespaces": [
                                              "list",
                                              "string"
                                            ],
                                            "topologyKey": "string"
                                          }
                                        ]
                                      ]
                                    }
                                  ]
                                }
                              ],
                              "automountServiceAccountToken": "bool",
                              "containers": [
                                "list",
                                [
                                  "object",
                                  {
                                    "args": [
                                      "list",
                                      "string"
                                    ],
                                    "command": [
                                      "list",
                                      "string"
                                    ],
                                    "env": [
                                      "list",
                                      [
                                        "object",
                                        {
                                          "name": "string",
                                          "value": "string",
                                          "valueFrom": [
                                            "object",
                                            {
                                              "configMapKeyRef": [
                                                "object",
                                                {
                                                  "key": "string",
                                                  "name": "string",
                                                  "optional": "bool"
                                                }
                                              ],
                                              "fieldRef": [
                                                "object",
                                                {
                                                  "apiVersion": "string",
                                                  "fieldPath": "string"
                                                }
                                              ],
                                              "resourceFieldRef": [
                                                "object",
                                                {
                                                  "containerName": "string",
                                                  "divisor": "string",
                                                  "resource": "string"
                                                }
                                              ],
                                              "secretKeyRef": [
                                                "object",
                                                {
                                                  "key": "string",
                                                  "name": "string",
                                                  "optional": "bool"
                                                }
                                              ]
                                            }
                                          ]
                                        }
                                      ]
                                    ],
                                    "envFrom": [
                                      "list",
                                      [
                                        "object",
                                        {
                                          "configMapRef": [
                                            "object",
                                            {
                                              "name": "string",
                                              "optional": "bool"
                                            }
                                          ],
                                          "prefix": "string",
                                          "secretRef": [
                                            "object",
                                            {
                                              "name": "string",
                                              "optional": "bool"
                                            }
                                          ]
                                        }
                                      ]
                                    ],
                                    "image": "string",
                                    "imagePullPolicy": "string",
                                    "lifecycle": [
                                      "object",
                                      {
                                        "postStart": [
                                          "object",
                                          {
                                            "exec": [
                                              "object",
                                              {
                                                "command": [
                                                  "list",
                                                  "string"
                                                ]
                                              }
                                            ],
                                            "httpGet": [
                                              "object",
                                              {
                                                "host": "string",
                                                "httpHeaders": [
                                                  "list",
                                                  [
                                                    "object",
                                                    {
                                                      "name": "string",
                                                      "value": "string"
                                                    }
                                                  ]
                                                ],
                                                "path": "string",
                                                "port": "string",
                                                "scheme": "string"
                                              }
                                            ],
                                            "tcpSocket": [
                                              "object",
                                              {
                                                "host": "string",
                                                "port": "string"
                                              }
                                            ]
                                          }
                                        ],
                                        "preStop": [
                                          "object",
                                          {
                                            "exec": [
                                              "object",
                                              {
                                                "command": [
                                                  "list",
                                                  "string"
                                                ]
                                              }
                                            ],
                                            "httpGet": [
                                              "object",
                                              {
                                                "host": "string",
                                                "httpHeaders": [
                                                  "list",
                                                  [
                                                    "object",
                                                    {
                                                      "name": "string",
                                                      "value": "string"
                                                    }
                                                  ]
                                                ],
                                                "path": "string",
                                                "port": "string",
                                                "scheme": "string"
                                              }
                                            ],
                                            "tcpSocket": [
                                              "object",
                                              {
                                                "host": "string",
                                                "port": "string"
                                              }
                                            ]
                                          }
                                        ]
                                      }
                                    ],
                                    "livenessProbe": [
                                      "object",
                                      {
                                        "exec": [
                                          "object",
                                          {
                                            "command": [
                                              "list",
                                              "string"
                                            ]
                                          }
                                        ],
                                        "failureThreshold": "number",
                                        "grpc": [
                                          "object",
                                          {
                                            "port": "number",
                                            "service": "string"
                                          }
                                        ],
                                        "httpGet": [
                                          "object",
                                          {
                                            "host": "string",
                                            "httpHeaders": [
                                              "list",
                                              [
                                                "object",
                                                {
                                                  "name": "string",
                                                  "value": "string"
                                                }
                                              ]
                                            ],
                                            "path": "string",
                                            "port": "string",
                                            "scheme": "string"
                                          }
                                        ],
                                        "initialDelaySeconds": "number",
                                        "periodSeconds": "number",
                                        "successThreshold": "number",
                                        "tcpSocket": [
                                          "object",
                                          {
                                            "host": "string",
                                            "port": "string"
                                          }
                                        ],
                                        "terminationGracePeriodSeconds": "number",
                                        "timeoutSeconds": "number"
                                      }
                                    ],
                                    "name": "string",
                                    "ports": [
                                      "list",
                                      [
                                        "object",
                                        {
                                          "containerPort": "number",
                                          "hostIP": "string",
                                          "hostPort": "number",
                                          "name": "string",
                                          "protocol": "string"
                                        }
                                      ]
                                    ],
                                    "readinessProbe": [
                                      "object",
                                      {
                                        "exec": [
                                          "object",
                                          {
                                            "command": [
                                              "list",
                                              "string"
                                            ]
                                          }
                                        ],
                                        "failureThreshold": "number",
                                        "grpc": [
                                          "object",
                                          {
                                            "port": "number",
                                            "service": "string"
                                          }
                                        ],
                                        "httpGet": [
                                          "object",
                                          {
                                            "host": "string",
                                            "httpHeaders": [
                                              "list",
                                              [
                                                "object",
                                                {
                                                  "name": "string",
                                                  "value": "string"
                                                }
                                              ]
                                            ],
                                            "path": "string",
                                            "port": "string",
                                            "scheme": "string"
                                          }
                                        ],
                                        "initialDelaySeconds": "number",
                                        "periodSeconds": "number",
                                        "successThreshold": "number",
                                        "tcpSocket": [
                                          "object",
                                          {
                                            "host": "string",
                                            "port": "string"
                                          }
                                        ],
                                        "terminationGracePeriodSeconds": "number",
                                        "timeoutSeconds": "number"
                                      }
                                    ],
                                    "resizePolicy": [
                                      "list",
                                      [
                                        "object",
                                        {
                                          "resourceName": "string",
                                          "restartPolicy": "string"
                                        }
                                      ]
                                    ],
                                    "resources": [
                                      "object",
                                      {
                                        "claims": [
                                          "list",
                                          [
                                            "object",
                                            {
                                              "name": "string"
                                            }
                                          ]
                                        ],
                                        "limits": [
                                          "map",
                                          "string"
                                        ],
                                        "requests": [
                                          "map",
                                          "string"
                                        ]
                                      }
                                    ],
                                    "securityContext": [
                                      "object",
                                      {
                                        "allowPrivilegeEscalation": "bool",
                                        "capabilities": [
                                          "object",
                                          {
                                            "add": [
                                              "list",
                                              "string"
                                            ],
                                            "drop": [
                                              "list",
                                              "string"
                                            ]
                                          }
                                        ],
                                        "privileged": "bool",
                                        "procMount": "string",
                                        "readOnlyRootFilesystem": "bool",
                                        "runAsGroup": "number",
                                        "runAsNonRoot": "bool",
                                        "runAsUser": "number",
                                        "seLinuxOptions": [
                                          "object",
                                          {
                                            "level": "string",
                                            "role": "string",
                                            "type": "string",
                                            "user": "string"
                                          }
                                        ],
                                        "seccompProfile": [
                                          "object",
                                          {
                                            "localhostProfile": "string",
                                            "type": "string"
                                          }
                                        ],
                                        "windowsOptions": [
                                          "object",
                                          {
                                            "gmsaCredentialSpec": "string",
                                            "gmsaCredentialSpecName": "string",
                                            "hostProcess": "bool",
                                            "runAsUserName": "string"
                                          }
                                        ]
                                      }
                                    ],
                                    "startupProbe": [
                                      "object",
                                      {
                                        "exec": [
                                          "object",
                                          {
                                            "command": [
                                              "list",
                                              "string"
                                            ]
                                          }
                                        ],
                                        "failureThreshold": "number",
                                        "grpc": [
                                          "object",
                                          {
                                            "port": "number",
                                            "service": "string"
                                          }
                                        ],
                                        "httpGet": [
                                          "object",
                                          {
                                            "host": "string",
                                            "httpHeaders": [
                                              "list",
                                              [
                                                "object",
                                                {
                                                  "name": "string",
                                                  "value": "string"
                                                }
                                              ]
                                            ],
                                            "path": "string",
                                            "port": "string",
                                            "scheme": "string"
                                          }
                                        ],
                                        "initialDelaySeconds": "number",
                                        "periodSeconds": "number",
                                        "successThreshold": "number",
                                        "tcpSocket": [
                                          "object",
                                          {
                                            "host": "string",
                                            "port": "string"
                                          }
                                        ],
                                        "terminationGracePeriodSeconds": "number",
                                        "timeoutSeconds": "number"
                                      }
                                    ],
                                    "stdin": "bool",
                                    "stdinOnce": "bool",
                                    "terminationMessagePath": "string",
                                    "terminationMessagePolicy": "string",
                                    "tty": "bool",
                                    "volumeDevices": [
                                      "list",
                                      [
                                        "object",
                                        {
                                          "devicePath": "string",
                                          "name": "string"
                                        }
                                      ]
                                    ],
                                    "volumeMounts": [
                                      "list",
                                      [
                                        "object",
                                        {
                                          "mountPath": "string",
                                          "mountPropagation": "string",
                                          "name": "string",
                                          "readOnly": "bool",
                                          "subPath": "string",
                                          "subPathExpr": "string"
                                        }
                                      ]
                                    ],
                                    "workingDir": "string"
                                  }
                                ]
                              ],
                              "dnsConfig": [
                                "object",
                                {
                                  "nameservers": [
                                    "list",
                                    "string"
                                  ],
                                  "options": [
                                    "list",
                                    [
                                      "object",
                                      {
                                        "name": "string",
                                        "value": "string"
                                      }
                                    ]
                                  ],
                                  "searches": [
                                    "list",
                                    "string"
                                  ]
                                }
                              ],
                              "dnsPolicy": "string",
                              "enableServiceLinks": "bool",
                              "ephemeralContainers": [
                                "list",
                                [
                                  "object",
                                  {
                                    "args": [
                                      "list",
                                      "string"
                                    ],
                                    "command": [
                                      "list",
                                      "string"
                                    ],
                                    "env": [
                                      "list",
                                      [
                                        "object",
                                        {
                                          "name": "string",
                                          "value": "string",
                                          "valueFrom": [
                                            "object",
                                            {
                                              "configMapKeyRef": [
                                                "object",
                                                {
                                                  "key": "string",
                                                  "name": "string",
                                                  "optional": "bool"
                                                }
                                              ],
                                              "fieldRef": [
                                                "object",
                                                {
                                                  "apiVersion": "string",
                                                  "fieldPath": "string"
                                                }
                                              ],
                                              "resourceFieldRef": [
                                                "object",
                                                {
                                                  "containerName": "string",
                                                  "divisor": "string",
                                                  "resource": "string"
                                                }
                                              ],
                                              "secretKeyRef": [
                                                "object",
                                                {
                                                  "key": "string",
                                                  "name": "string",
                                                  "optional": "bool"
                                                }
                                              ]
                                            }
                                          ]
                                        }
                                      ]
                                    ],
                                    "envFrom": [
                                      "list",
                                      [
                                        "object",
                                        {
                                          "configMapRef": [
                                            "object",
                                            {
                                              "name": "string",
                                              "optional": "bool"
                                            }
                                          ],
                                          "prefix": "string",
                                          "secretRef": [
                                            "object",
                                            {
                                              "name": "string",
                                              "optional": "bool"
                                            }
                                          ]
                                        }
                                      ]
                                    ],
                                    "image": "string",
                                    "imagePullPolicy": "string",
                                    "lifecycle": [
                                      "object",
                                      {
                                        "postStart": [
                                          "object",
                                          {
                                            "exec": [
                                              "object",
                                              {
                                                "command": [
                                                  "list",
                                                  "string"
                                                ]
                                              }
                                            ],
                                            "httpGet": [
                                              "object",
                                              {
                                                "host": "string",
                                                "httpHeaders": [
                                                  "list",
                                                  [
                                                    "object",
                                                    {
                                                      "name": "string",
                                                      "value": "string"
                                                    }
                                                  ]
                                                ],
                                                "path": "string",
                                                "port": "string",
                                                "scheme": "string"
                                              }
                                            ],
                                            "tcpSocket": [
                                              "object",
                                              {
                                                "host": "string",
                                                "port": "string"
                                              }
                                            ]
                                          }
                                        ],
                                        "preStop": [
                                          "object",
                                          {
                                            "exec": [
                                              "object",
                                              {
                                                "command": [
                                                  "list",
                                                  "string"
                                                ]
                                              }
                                            ],
                                            "httpGet": [
                                              "object",
                                              {
                                                "host": "string",
                                                "httpHeaders": [
                                                  "list",
                                                  [
                                                    "object",
                                                    {
                                                      "name": "string",
                                                      "value": "string"
                                                    }
                                                  ]
                                                ],
                                                "path": "string",
                                                "port": "string",
                                                "scheme": "string"
                                              }
                                            ],
                                            "tcpSocket": [
                                              "object",
                                              {
                                                "host": "string",
                                                "port": "string"
                                              }
                                            ]
                                          }
                                        ]
                                      }
                                    ],
                                    "livenessProbe": [
                                      "object",
                                      {
                                        "exec": [
                                          "object",
                                          {
                                            "command": [
                                              "list",
                                              "string"
                                            ]
                                          }
                                        ],
                                        "failureThreshold": "number",
                                        "grpc": [
                                          "object",
                                          {
                                            "port": "number",
                                            "service": "string"
                                          }
                                        ],
                                        "httpGet": [
                                          "object",
                                          {
                                            "host": "string",
                                            "httpHeaders": [
                                              "list",
                                              [
                                                "object",
                                                {
                                                  "name": "string",
                                                  "value": "string"
                                                }
                                              ]
                                            ],
                                            "path": "string",
                                            "port": "string",
                                            "scheme": "string"
                                          }
                                        ],
                                        "initialDelaySeconds": "number",
                                        "periodSeconds": "number",
                                        "successThreshold": "number",
                                        "tcpSocket": [
                                          "object",
                                          {
                                            "host": "string",
                                            "port": "string"
                                          }
                                        ],
                                        "terminationGracePeriodSeconds": "number",
                                        "timeoutSeconds": "number"
                                      }
                                    ],
                                    "name": "string",
                                    "ports": [
                                      "list",
                                      [
                                        "object",
                                        {
                                          "containerPort": "number",
                                          "hostIP": "string",
                                          "hostPort": "number",
                                          "name": "string",
                                          "protocol": "string"
                                        }
                                      ]
                                    ],
                                    "readinessProbe": [
                                      "object",
                                      {
                                        "exec": [
                                          "object",
                                          {
                                            "command": [
                                              "list",
                                              "string"
                                            ]
                                          }
                                        ],
                                        "failureThreshold": "number",
                                        "grpc": [
                                          "object",
                                          {
                                            "port": "number",
                                            "service": "string"
                                          }
                                        ],
                                        "httpGet": [
                                          "object",
                                          {
                                            "host": "string",
                                            "httpHeaders": [
                                              "list",
                                              [
                                                "object",
                                                {
                                                  "name": "string",
                                                  "value": "string"
                                                }
                                              ]
                                            ],
                                            "path": "string",
                                            "port": "string",
                                            "scheme": "string"
                                          }
                                        ],
                                        "initialDelaySeconds": "number",
                                        "periodSeconds": "number",
                                        "successThreshold": "number",
                                        "tcpSocket": [
                                          "object",
                                          {
                                            "host": "string",
                                            "port": "string"
                                          }
                                        ],
                                        "terminationGracePeriodSeconds": "number",
                                        "timeoutSeconds": "number"
                                      }
                                    ],
                                    "resizePolicy": [
                                      "list",
                                      [
                                        "object",
                                        {
                                          "resourceName": "string",
                                          "restartPolicy": "string"
                                        }
                                      ]
                                    ],
                                    "resources": [
                                      "object",
                                      {
                                        "claims": [
                                          "list",
                                          [
                                            "object",
                                            {
                                              "name": "string"
                                            }
                                          ]
                                        ],
                                        "limits": [
                                          "map",
                                          "string"
                                        ],
                                        "requests": [
                                          "map",
                                          "string"
                                        ]
                                      }
                                    ],
                                    "securityContext": [
                                      "object",
                                      {
                                        "allowPrivilegeEscalation": "bool",
                                        "capabilities": [
                                          "object",
                                          {
                                            "add": [
                                              "list",
                                              "string"
                                            ],
                                            "drop": [
                                              "list",
                                              "string"
                                            ]
                                          }
                                        ],
                                        "privileged": "bool",
                                        "procMount": "string",
                                        "readOnlyRootFilesystem": "bool",
                                        "runAsGroup": "number",
                                        "runAsNonRoot": "bool",
                                        "runAsUser": "number",
                                        "seLinuxOptions": [
                                          "object",
                                          {
                                            "level": "string",
                                            "role": "string",
                                            "type": "string",
                                            "user": "string"
                                          }
                                        ],
                                        "seccompProfile": [
                                          "object",
                                          {
                                            "localhostProfile": "string",
                                            "type": "string"
                                          }
                                        ],
                                        "windowsOptions": [
                                          "object",
                                          {
                                            "gmsaCredentialSpec": "string",
                                            "gmsaCredentialSpecName": "string",
                                            "hostProcess": "bool",
                                            "runAsUserName": "string"
                                          }
                                        ]
                                      }
                                    ],
                                    "startupProbe": [
                                      "object",
                                      {
                                        "exec": [
                                          "object",
                                          {
                                            "command": [
                                              "list",
                                              "string"
                                            ]
                                          }
                                        ],
                                        "failureThreshold": "number",
                                        "grpc": [
                                          "object",
                                          {
                                            "port": "number",
                                            "service": "string"
                                          }
                                        ],
                                        "httpGet": [
                                          "object",
                                          {
                                            "host": "string",
                                            "httpHeaders": [
                                              "list",
                                              [
                                                "object",
                                                {
                                                  "name": "string",
                                                  "value": "string"
                                                }
                                              ]
                                            ],
                                            "path": "string",
                                            "port": "string",
                                            "scheme": "string"
                                          }
                                        ],
                                        "initialDelaySeconds": "number",
                                        "periodSeconds": "number",
                                        "successThreshold": "number",
                                        "tcpSocket": [
                                          "object",
                                          {
                                            "host": "string",
                                            "port": "string"
                                          }
                                        ],
                                        "terminationGracePeriodSeconds": "number",
                                        "timeoutSeconds": "number"
                                      }
                                    ],
                                    "stdin": "bool",
                                    "stdinOnce": "bool",
                                    "targetContainerName": "string",
                                    "terminationMessagePath": "string",
                                    "terminationMessagePolicy": "string",
                                    "tty": "bool",
                                    "volumeDevices": [
                                      "list",
                                      [
                                        "object",
                                        {
                                          "devicePath": "string",
                                          "name": "string"
                                        }
                                      ]
                                    ],
                                    "volumeMounts": [
                                      "list",
                                      [
                                        "object",
                                        {
                                          "mountPath": "string",
                                          "mountPropagation": "string",
                                          "name": "string",
                                          "readOnly": "bool",
                                          "subPath": "string",
                                          "subPathExpr": "string"
                                        }
                                      ]
                                    ],
                                    "workingDir": "string"
                                  }
                                ]
                              ],
                              "hostAliases": [
                                "list",
                                [
                                  "object",
                                  {
                                    "hostnames": [
                                      "list",
                                      "string"
                                    ],
                                    "ip": "string"
                                  }
                                ]
                              ],
                              "hostIPC": "bool",
                              "hostNetwork": "bool",
                              "hostPID": "bool",
                              "hostUsers": "bool",
                              "hostname": "string",
                              "imagePullSecrets": [
                                "list",
                                [
                                  "object",
                                  {
                                    "name": "string"
                                  }
                                ]
                              ],
                              "initContainers": [
                                "list",
                                [
                                  "object",
                                  {
                                    "args": [
                                      "list",
                                      "string"
                                    ],
                                    "command": [
                                      "list",
                                      "string"
                                    ],
                                    "env": [
                                      "list",
                                      [
                                        "object",
                                        {
                                          "name": "string",
                                          "value": "string",
                                          "valueFrom": [
                                            "object",
                                            {
                                              "configMapKeyRef": [
                                                "object",
                                                {
                                                  "key": "string",
                                                  "name": "string",
                                                  "optional": "bool"
                                                }
                                              ],
                                              "fieldRef": [
                                                "object",
                                                {
                                                  "apiVersion": "string",
                                                  "fieldPath": "string"
                                                }
                                              ],
                                              "resourceFieldRef": [
                                                "object",
                                                {
                                                  "containerName": "string",
                                                  "divisor": "string",
                                                  "resource": "string"
                                                }
                                              ],
                                              "secretKeyRef": [
                                                "object",
                                                {
                                                  "key": "string",
                                                  "name": "string",
                                                  "optional": "bool"
                                                }
                                              ]
                                            }
                                          ]
                                        }
                                      ]
                                    ],
                                    "envFrom": [
                                      "list",
                                      [
                                        "object",
                                        {
                                          "configMapRef": [
                                            "object",
                                            {
                                              "name": "string",
                                              "optional": "bool"
                                            }
                                          ],
                                          "prefix": "string",
                                          "secretRef": [
                                            "object",
                                            {
                                              "name": "string",
                                              "optional": "bool"
                                            }
                                          ]
                                        }
                                      ]
                                    ],
                                    "image": "string",
                                    "imagePullPolicy": "string",
                                    "lifecycle": [
                                      "object",
                                      {
                                        "postStart": [
                                          "object",
                                          {
                                            "exec": [
                                              "object",
                                              {
                                                "command": [
                                                  "list",
                                                  "string"
                                                ]
                                              }
                                            ],
                                            "httpGet": [
                                              "object",
                                              {
                                                "host": "string",
                                                "httpHeaders": [
                                                  "list",
                                                  [
                                                    "object",
                                                    {
                                                      "name": "string",
                                                      "value": "string"
                                                    }
                                                  ]
                                                ],
                                                "path": "string",
                                                "port": "string",
                                                "scheme": "string"
                                              }
                                            ],
                                            "tcpSocket": [
                                              "object",
                                              {
                                                "host": "string",
                                                "port": "string"
                                              }
                                            ]
                                          }
                                        ],
                                        "preStop": [
                                          "object",
                                          {
                                            "exec": [
                                              "object",
                                              {
                                                "command": [
                                                  "list",
                                                  "string"
                                                ]
                                              }
                                            ],
                                            "httpGet": [
                                              "object",
                                              {
                                                "host": "string",
                                                "httpHeaders": [
                                                  "list",
                                                  [
                                                    "object",
                                                    {
                                                      "name": "string",
                                                      "value": "string"
                                                    }
                                                  ]
                                                ],
                                                "path": "string",
                                                "port": "string",
                                                "scheme": "string"
                                              }
                                            ],
                                            "tcpSocket": [
                                              "object",
                                              {
                                                "host": "string",
                                                "port": "string"
                                              }
                                            ]
                                          }
                                        ]
                                      }
                                    ],
                                    "livenessProbe": [
                                      "object",
                                      {
                                        "exec": [
                                          "object",
                                          {
                                            "command": [
                                              "list",
                                              "string"
                                            ]
                                          }
                                        ],
                                        "failureThreshold": "number",
                                        "grpc": [
                                          "object",
                                          {
                                            "port": "number",
                                            "service": "string"
                                          }
                                        ],
                                        "httpGet": [
                                          "object",
                                          {
                                            "host": "string",
                                            "httpHeaders": [
                                              "list",
                                              [
                                                "object",
                                                {
                                                  "name": "string",
                                                  "value": "string"
                                                }
                                              ]
                                            ],
                                            "path": "string",
                                            "port": "string",
                                            "scheme": "string"
                                          }
                                        ],
                                        "initialDelaySeconds": "number",
                                        "periodSeconds": "number",
                                        "successThreshold": "number",
                                        "tcpSocket": [
                                          "object",
                                          {
                                            "host": "string",
                                            "port": "string"
                                          }
                                        ],
                                        "terminationGracePeriodSeconds": "number",
                                        "timeoutSeconds": "number"
                                      }
                                    ],
                                    "name": "string",
                                    "ports": [
                                      "list",
                                      [
                                        "object",
                                        {
                                          "containerPort": "number",
                                          "hostIP": "string",
                                          "hostPort": "number",
                                          "name": "string",
                                          "protocol": "string"
                                        }
                                      ]
                                    ],
                                    "readinessProbe": [
                                      "object",
                                      {
                                        "exec": [
                                          "object",
                                          {
                                            "command": [
                                              "list",
                                              "string"
                                            ]
                                          }
                                        ],
                                        "failureThreshold": "number",
                                        "grpc": [
                                          "object",
                                          {
                                            "port": "number",
                                            "service": "string"
                                          }
                                        ],
                                        "httpGet": [
                                          "object",
                                          {
                                            "host": "string",
                                            "httpHeaders": [
                                              "list",
                                              [
                                                "object",
                                                {
                                                  "name": "string",
                                                  "value": "string"
                                                }
                                              ]
                                            ],
                                            "path": "string",
                                            "port": "string",
                                            "scheme": "string"
                                          }
                                        ],
                                        "initialDelaySeconds": "number",
                                        "periodSeconds": "number",
                                        "successThreshold": "number",
                                        "tcpSocket": [
                                          "object",
                                          {
                                            "host": "string",
                                            "port": "string"
                                          }
                                        ],
                                        "terminationGracePeriodSeconds": "number",
                                        "timeoutSeconds": "number"
                                      }
                                    ],
                                    "resizePolicy": [
                                      "list",
                                      [
                                        "object",
                                        {
                                          "resourceName": "string",
                                          "restartPolicy": "string"
                                        }
                                      ]
                                    ],
                                    "resources": [
                                      "object",
                                      {
                                        "claims": [
                                          "list",
                                          [
                                            "object",
                                            {
                                              "name": "string"
                                            }
                                          ]
                                        ],
                                        "limits": [
                                          "map",
                                          "string"
                                        ],
                                        "requests": [
                                          "map",
                                          "string"
                                        ]
                                      }
                                    ],
                                    "securityContext": [
                                      "object",
                                      {
                                        "allowPrivilegeEscalation": "bool",
                                        "capabilities": [
                                          "object",
                                          {
                                            "add": [
                                              "list",
                                              "string"
                                            ],
                                            "drop": [
                                              "list",
                                              "string"
                                            ]
                                          }
                                        ],
                                        "privileged": "bool",
                                        "procMount": "string",
                                        "readOnlyRootFilesystem": "bool",
                                        "runAsGroup": "number",
                                        "runAsNonRoot": "bool",
                                        "runAsUser": "number",
                                        "seLinuxOptions": [
                                          "object",
                                          {
                                            "level": "string",
                                            "role": "string",
                                            "type": "string",
                                            "user": "string"
                                          }
                                        ],
                                        "seccompProfile": [
                                          "object",
                                          {
                                            "localhostProfile": "string",
                                            "type": "string"
                                          }
                                        ],
                                        "windowsOptions": [
                                          "object",
                                          {
                                            "gmsaCredentialSpec": "string",
                                            "gmsaCredentialSpecName": "string",
                                            "hostProcess": "bool",
                                            "runAsUserName": "string"
                                          }
                                        ]
                                      }
                                    ],
                                    "startupProbe": [
                                      "object",
                                      {
                                        "exec": [
                                          "object",
                                          {
                                            "command": [
                                              "list",
                                              "string"
                                            ]
                                          }
                                        ],
                                        "failureThreshold": "number",
                                        "grpc": [
                                          "object",
                                          {
                                            "port": "number",
                                            "service": "string"
                                          }
                                        ],
                                        "httpGet": [
                                          "object",
                                          {
                                            "host": "string",
                                            "httpHeaders": [
                                              "list",
                                              [
                                                "object",
                                                {
                                                  "name": "string",
                                                  "value": "string"
                                                }
                                              ]
                                            ],
                                            "path": "string",
                                            "port": "string",
                                            "scheme": "string"
                                          }
                                        ],
                                        "initialDelaySeconds": "number",
                                        "periodSeconds": "number",
                                        "successThreshold": "number",
                                        "tcpSocket": [
                                          "object",
                                          {
                                            "host": "string",
                                            "port": "string"
                                          }
                                        ],
                                        "terminationGracePeriodSeconds": "number",
                                        "timeoutSeconds": "number"
                                      }
                                    ],
                                    "stdin": "bool",
                                    "stdinOnce": "bool",
                                    "terminationMessagePath": "string",
                                    "terminationMessagePolicy": "string",
                                    "tty": "bool",
                                    "volumeDevices": [
                                      "list",
                                      [
                                        "object",
                                        {
                                          "devicePath": "string",
                                          "name": "string"
                                        }
                                      ]
                                    ],
                                    "volumeMounts": [
                                      "list",
                                      [
                                        "object",
                                        {
                                          "mountPath": "string",
                                          "mountPropagation": "string",
                                          "name": "string",
                                          "readOnly": "bool",
                                          "subPath": "string",
                                          "subPathExpr": "string"
                                        }
                                      ]
                                    ],
                                    "workingDir": "string"
                                  }
                                ]
                              ],
                              "nodeName": "string",
                              "nodeSelector": [
                                "map",
                                "string"
                              ],
                              "os": [
                                "object",
                                {
                                  "name": "string"
                                }
                              ],
                              "overhead": [
                                "map",
                                "string"
                              ],
                              "preemptionPolicy": "string",
                              "priority": "number",
                              "priorityClassName": "string",
                              "readinessGates": [
                                "list",
                                [
                                  "object",
                                  {
                                    "conditionType": "string"
                                  }
                                ]
                              ],
                              "resourceClaims": [
                                "list",
                                [
                                  "object",
                                  {
                                    "name": "string",
                                    "source": [
                                      "object",
                                      {
                                        "resourceClaimName": "string",
                                        "resourceClaimTemplateName": "string"
                                      }
                                    ]
                                  }
                                ]
                              ],
                              "restartPolicy": "string",
                              "runtimeClassName": "string",
                              "schedulerName": "string",
                              "schedulingGates": [
                                "list",
                                [
                                  "object",
                                  {
                                    "name": "string"
                                  }
                                ]
                              ],
                              "securityContext": [
                                "object",
                                {
                                  "fsGroup": "number",
                                  "fsGroupChangePolicy": "string",
                                  "runAsGroup": "number",
                                  "runAsNonRoot": "bool",
                                  "runAsUser": "number",
                                  "seLinuxOptions": [
                                    "object",
                                    {
                                      "level": "string",
                                      "role": "string",
                                      "type": "string",
                                      "user": "string"
                                    }
                                  ],
                                  "seccompProfile": [
                                    "object",
                                    {
                                      "localhostProfile": "string",
                                      "type": "string"
                                    }
                                  ],
                                  "supplementalGroups": [
                                    "list",
                                    "number"
                                  ],
                                  "sysctls": [
                                    "list",
                                    [
                                      "object",
                                      {
                                        "name": "string",
                                        "value": "string"
                                      }
                                    ]
                                  ],
                                  "windowsOptions": [
                                    "object",
                                    {
                                      "gmsaCredentialSpec": "string",
                                      "gmsaCredentialSpecName": "string",
                                      "hostProcess": "bool",
                                      "runAsUserName": "string"
                                    }
                                  ]
                                }
                              ],
                              "serviceAccount": "string",
                              "serviceAccountName": "string",
                              "setHostnameAsFQDN": "bool",
                              "shareProcessNamespace": "bool",
                              "subdomain": "string",
                              "terminationGracePeriodSeconds": "number",
                              "tolerations": [
                                "list",
                                [
                                  "object",
                                  {
                                    "effect": "string",
                                    "key": "string",
                                    "operator": "string",
                                    "tolerationSeconds": "number",
                                    "value": "string"
                                  }
                                ]
                              ],
                              "topologySpreadConstraints": [
                                "list",
                                [
                                  "object",
                                  {
                                    "labelSelector": [
                                      "object",
                                      {
                                        "matchExpressions": [
                                          "list",
                                          [
                                            "object",
                                            {
                                              "key": "string",
                                              "operator": "string",
                                              "values": [
                                                "list",
                                                "string"
                                              ]
                                            }
                                          ]
                                        ],
                                        "matchLabels": [
                                          "map",
                                          "string"
                                        ]
                                      }
                                    ],
                                    "matchLabelKeys": [
                                      "list",
                                      "string"
                                    ],
                                    "maxSkew": "number",
                                    "minDomains": "number",
                                    "nodeAffinityPolicy": "string",
                                    "nodeTaintsPolicy": "string",
                                    "topologyKey": "string",
                                    "whenUnsatisfiable": "string"
                                  }
                                ]
                              ],
                              "volumes": [
                                "tuple",
                                [
                                  [
                                    "object",
                                    {
                                      "awsElasticBlockStore": [
                                        "object",
                                        {
                                          "fsType": "string",
                                          "partition": "number",
                                          "readOnly": "bool",
                                          "volumeID": "string"
                                        }
                                      ],
                                      "azureDisk": [
                                        "object",
                                        {
                                          "cachingMode": "string",
                                          "diskName": "string",
                                          "diskURI": "string",
                                          "fsType": "string",
                                          "kind": "string",
                                          "readOnly": "bool"
                                        }
                                      ],
                                      "azureFile": [
                                        "object",
                                        {
                                          "readOnly": "bool",
                                          "secretName": "string",
                                          "shareName": "string"
                                        }
                                      ],
                                      "cephfs": [
                                        "object",
                                        {
                                          "monitors": [
                                            "list",
                                            "string"
                                          ],
                                          "path": "string",
                                          "readOnly": "bool",
                                          "secretFile": "string",
                                          "secretRef": [
                                            "object",
                                            {
                                              "name": "string"
                                            }
                                          ],
                                          "user": "string"
                                        }
                                      ],
                                      "cinder": [
                                        "object",
                                        {
                                          "fsType": "string",
                                          "readOnly": "bool",
                                          "secretRef": [
                                            "object",
                                            {
                                              "name": "string"
                                            }
                                          ],
                                          "volumeID": "string"
                                        }
                                      ],
                                      "configMap": [
                                        "object",
                                        {
                                          "defaultMode": "number",
                                          "items": [
                                            "list",
                                            [
                                              "object",
                                              {
                                                "key": "string",
                                                "mode": "number",
                                                "path": "string"
                                              }
                                            ]
                                          ],
                                          "name": "string",
                                          "optional": "bool"
                                        }
                                      ],
                                      "csi": [
                                        "object",
                                        {
                                          "driver": "string",
                                          "fsType": "string",
                                          "nodePublishSecretRef": [
                                            "object",
                                            {
                                              "name": "string"
                                            }
                                          ],
                                          "readOnly": "bool",
                                          "volumeAttributes": [
                                            "map",
                                            "string"
                                          ]
                                        }
                                      ],
                                      "downwardAPI": [
                                        "object",
                                        {
                                          "defaultMode": "number",
                                          "items": [
                                            "list",
                                            [
                                              "object",
                                              {
                                                "fieldRef": [
                                                  "object",
                                                  {
                                                    "apiVersion": "string",
                                                    "fieldPath": "string"
                                                  }
                                                ],
                                                "mode": "number",
                                                "path": "string",
                                                "resourceFieldRef": [
                                                  "object",
                                                  {
                                                    "containerName": "string",
                                                    "divisor": "string",
                                                    "resource": "string"
                                                  }
                                                ]
                                              }
                                            ]
                                          ]
                                        }
                                      ],
                                      "emptyDir": [
                                        "object",
                                        {
                                          "medium": "string",
                                          "sizeLimit": "string"
                                        }
                                      ],
                                      "ephemeral": [
                                        "object",
                                        {
                                          "volumeClaimTemplate": [
                                            "object",
                                            {
                                              "metadata": [
                                                "object",
                                                {
                                                  "annotations": [
                                                    "map",
                                                    "string"
                                                  ],
                                                  "creationTimestamp": "string",
                                                  "deletionGracePeriodSeconds": "number",
                                                  "deletionTimestamp": "string",
                                                  "finalizers": [
                                                    "list",
                                                    "string"
                                                  ],
                                                  "generateName": "string",
                                                  "generation": "number",
                                                  "labels": [
                                                    "map",
                                                    "string"
                                                  ],
                                                  "managedFields": [
                                                    "tuple",
                                                    [
                                                      [
                                                        "object",
                                                        {
                                                          "apiVersion": "string",
                                                          "fieldsType": "string",
                                                          "fieldsV1": "dynamic",
                                                          "manager": "string",
                                                          "operation": "string",
                                                          "subresource": "string",
                                                          "time": "string"
                                                        }
                                                      ]
                                                    ]
                                                  ],
                                                  "name": "string",
                                                  "namespace": "string",
                                                  "ownerReferences": [
                                                    "list",
                                                    [
                                                      "object",
                                                      {
                                                        "apiVersion": "string",
                                                        "blockOwnerDeletion": "bool",
                                                        "controller": "bool",
                                                        "kind": "string",
                                                        "name": "string",
                                                        "uid": "string"
                                                      }
                                                    ]
                                                  ],
                                                  "resourceVersion": "string",
                                                  "selfLink": "string",
                                                  "uid": "string"
                                                }
                                              ],
                                              "spec": [
                                                "object",
                                                {
                                                  "accessModes": [
                                                    "list",
                                                    "string"
                                                  ],
                                                  "dataSource": [
                                                    "object",
                                                    {
                                                      "apiGroup": "string",
                                                      "kind": "string",
                                                      "name": "string"
                                                    }
                                                  ],
                                                  "dataSourceRef": [
                                                    "object",
                                                    {
                                                      "apiGroup": "string",
                                                      "kind": "string",
                                                      "name": "string",
                                                      "namespace": "string"
                                                    }
                                                  ],
                                                  "resources": [
                                                    "object",
                                                    {
                                                      "claims": [
                                                        "list",
                                                        [
                                                          "object",
                                                          {
                                                            "name": "string"
                                                          }
                                                        ]
                                                      ],
                                                      "limits": [
                                                        "map",
                                                        "string"
                                                      ],
                                                      "requests": [
                                                        "map",
                                                        "string"
                                                      ]
                                                    }
                                                  ],
                                                  "selector": [
                                                    "object",
                                                    {
                                                      "matchExpressions": [
                                                        "list",
                                                        [
                                                          "object",
                                                          {
                                                            "key": "string",
                                                            "operator": "string",
                                                            "values": [
                                                              "list",
                                                              "string"
                                                            ]
                                                          }
                                                        ]
                                                      ],
                                                      "matchLabels": [
                                                        "map",
                                                        "string"
                                                      ]
                                                    }
                                                  ],
                                                  "storageClassName": "string",
                                                  "volumeMode": "string",
                                                  "volumeName": "string"
                                                }
                                              ]
                                            }
                                          ]
                                        }
                                      ],
                                      "fc": [
                                        "object",
                                        {
                                          "fsType": "string",
                                          "lun": "number",
                                          "readOnly": "bool",
                                          "targetWWNs": [
                                            "list",
                                            "string"
                                          ],
                                          "wwids": [
                                            "list",
                                            "string"
                                          ]
                                        }
                                      ],
                                      "flexVolume": [
                                        "object",
                                        {
                                          "driver": "string",
                                          "fsType": "string",
                                          "options": [
                                            "map",
                                            "string"
                                          ],
                                          "readOnly": "bool",
                                          "secretRef": [
                                            "object",
                                            {
                                              "name": "string"
                                            }
                                          ]
                                        }
                                      ],
                                      "flocker": [
                                        "object",
                                        {
                                          "datasetName": "string",
                                          "datasetUUID": "string"
                                        }
                                      ],
                                      "gcePersistentDisk": [
                                        "object",
                                        {
                                          "fsType": "string",
                                          "partition": "number",
                                          "pdName": "string",
                                          "readOnly": "bool"
                                        }
                                      ],
                                      "gitRepo": [
                                        "object",
                                        {
                                          "directory": "string",
                                          "repository": "string",
                                          "revision": "string"
                                        }
                                      ],
                                      "glusterfs": [
                                        "object",
                                        {
                                          "endpoints": "string",
                                          "path": "string",
                                          "readOnly": "bool"
                                        }
                                      ],
                                      "hostPath": [
                                        "object",
                                        {
                                          "path": "string",
                                          "type": "string"
                                        }
                                      ],
                                      "iscsi": [
                                        "object",
                                        {
                                          "chapAuthDiscovery": "bool",
                                          "chapAuthSession": "bool",
                                          "fsType": "string",
                                          "initiatorName": "string",
                                          "iqn": "string",
                                          "iscsiInterface": "string",
                                          "lun": "number",
                                          "portals": [
                                            "list",
                                            "string"
                                          ],
                                          "readOnly": "bool",
                                          "secretRef": [
                                            "object",
                                            {
                                              "name": "string"
                                            }
                                          ],
                                          "targetPortal": "string"
                                        }
                                      ],
                                      "name": "string",
                                      "nfs": [
                                        "object",
                                        {
                                          "path": "string",
                                          "readOnly": "bool",
                                          "server": "string"
                                        }
                                      ],
                                      "persistentVolumeClaim": [
                                        "object",
                                        {
                                          "claimName": "string",
                                          "readOnly": "bool"
                                        }
                                      ],
                                      "photonPersistentDisk": [
                                        "object",
                                        {
                                          "fsType": "string",
                                          "pdID": "string"
                                        }
                                      ],
                                      "portworxVolume": [
                                        "object",
                                        {
                                          "fsType": "string",
                                          "readOnly": "bool",
                                          "volumeID": "string"
                                        }
                                      ],
                                      "projected": [
                                        "object",
                                        {
                                          "defaultMode": "number",
                                          "sources": [
                                            "list",
                                            [
                                              "object",
                                              {
                                                "configMap": [
                                                  "object",
                                                  {
                                                    "items": [
                                                      "list",
                                                      [
                                                        "object",
                                                        {
                                                          "key": "string",
                                                          "mode": "number",
                                                          "path": "string"
                                                        }
                                                      ]
                                                    ],
                                                    "name": "string",
                                                    "optional": "bool"
                                                  }
                                                ],
                                                "downwardAPI": [
                                                  "object",
                                                  {
                                                    "items": [
                                                      "list",
                                                      [
                                                        "object",
                                                        {
                                                          "fieldRef": [
                                                            "object",
                                                            {
                                                              "apiVersion": "string",
                                                              "fieldPath": "string"
                                                            }
                                                          ],
                                                          "mode": "number",
                                                          "path": "string",
                                                          "resourceFieldRef": [
                                                            "object",
                                                            {
                                                              "containerName": "string",
                                                              "divisor": "string",
                                                              "resource": "string"
                                                            }
                                                          ]
                                                        }
                                                      ]
                                                    ]
                                                  }
                                                ],
                                                "secret": [
                                                  "object",
                                                  {
                                                    "items": [
                                                      "list",
                                                      [
                                                        "object",
                                                        {
                                                          "key": "string",
                                                          "mode": "number",
                                                          "path": "string"
                                                        }
                                                      ]
                                                    ],
                                                    "name": "string",
                                                    "optional": "bool"
                                                  }
                                                ],
                                                "serviceAccountToken": [
                                                  "object",
                                                  {
                                                    "audience": "string",
                                                    "expirationSeconds": "number",
                                                    "path": "string"
                                                  }
                                                ]
                                              }
                                            ]
                                          ]
                                        }
                                      ],
                                      "quobyte": [
                                        "object",
                                        {
                                          "group": "string",
                                          "readOnly": "bool",
                                          "registry": "string",
                                          "tenant": "string",
                                          "user": "string",
                                          "volume": "string"
                                        }
                                      ],
                                      "rbd": [
                                        "object",
                                        {
                                          "fsType": "string",
                                          "image": "string",
                                          "keyring": "string",
                                          "monitors": [
                                            "list",
                                            "string"
                                          ],
                                          "pool": "string",
                                          "readOnly": "bool",
                                          "secretRef": [
                                            "object",
                                            {
                                              "name": "string"
                                            }
                                          ],
                                          "user": "string"
                                        }
                                      ],
                                      "scaleIO": [
                                        "object",
                                        {
                                          "fsType": "string",
                                          "gateway": "string",
                                          "protectionDomain": "string",
                                          "readOnly": "bool",
                                          "secretRef": [
                                            "object",
                                            {
                                              "name": "string"
                                            }
                                          ],
                                          "sslEnabled": "bool",
                                          "storageMode": "string",
                                          "storagePool": "string",
                                          "system": "string",
                                          "volumeName": "string"
                                        }
                                      ],
                                      "secret": [
                                        "object",
                                        {
                                          "defaultMode": "number",
                                          "items": [
                                            "list",
                                            [
                                              "object",
                                              {
                                                "key": "string",
                                                "mode": "number",
                                                "path": "string"
                                              }
                                            ]
                                          ],
                                          "optional": "bool",
                                          "secretName": "string"
                                        }
                                      ],
                                      "storageos": [
                                        "object",
                                        {
                                          "fsType": "string",
                                          "readOnly": "bool",
                                          "secretRef": [
                                            "object",
                                            {
                                              "name": "string"
                                            }
                                          ],
                                          "volumeName": "string",
                                          "volumeNamespace": "string"
                                        }
                                      ],
                                      "vsphereVolume": [
                                        "object",
                                        {
                                          "fsType": "string",
                                          "storagePolicyID": "string",
                                          "storagePolicyName": "string",
                                          "volumePath": "string"
                                        }
                                      ]
                                    }
                                  ]
                                ]
                              ]
                            }
                          ],
                          "status": [
                            "object",
                            {
                              "conditions": [
                                "list",
                                [
                                  "object",
                                  {
                                    "lastProbeTime": "string",
                                    "lastTransitionTime": "string",
                                    "message": "string",
                                    "reason": "string",
                                    "status": "string",
                                    "type": "string"
                                  }
                                ]
                              ],
                              "containerStatuses": [
                                "list",
                                [
                                  "object",
                                  {
                                    "allocatedResources": [
                                      "map",
                                      "string"
                                    ],
                                    "containerID": "string",
                                    "image": "string",
                                    "imageID": "string",
                                    "lastState": [
                                      "object",
                                      {
                                        "running": [
                                          "object",
                                          {
                                            "startedAt": "string"
                                          }
                                        ],
                                        "terminated": [
                                          "object",
                                          {
                                            "containerID": "string",
                                            "exitCode": "number",
                                            "finishedAt": "string",
                                            "message": "string",
                                            "reason": "string",
                                            "signal": "number",
                                            "startedAt": "string"
                                          }
                                        ],
                                        "waiting": [
                                          "object",
                                          {
                                            "message": "string",
                                            "reason": "string"
                                          }
                                        ]
                                      }
                                    ],
                                    "name": "string",
                                    "ready": "bool",
                                    "resources": [
                                      "object",
                                      {
                                        "claims": [
                                          "list",
                                          [
                                            "object",
                                            {
                                              "name": "string"
                                            }
                                          ]
                                        ],
                                        "limits": [
                                          "map",
                                          "string"
                                        ],
                                        "requests": [
                                          "map",
                                          "string"
                                        ]
                                      }
                                    ],
                                    "restartCount": "number",
                                    "started": "bool",
                                    "state": [
                                      "object",
                                      {
                                        "running": [
                                          "object",
                                          {
                                            "startedAt": "string"
                                          }
                                        ],
                                        "terminated": [
                                          "object",
                                          {
                                            "containerID": "string",
                                            "exitCode": "number",
                                            "finishedAt": "string",
                                            "message": "string",
                                            "reason": "string",
                                            "signal": "number",
                                            "startedAt": "string"
                                          }
                                        ],
                                        "waiting": [
                                          "object",
                                          {
                                            "message": "string",
                                            "reason": "string"
                                          }
                                        ]
                                      }
                                    ]
                                  }
                                ]
                              ],
                              "ephemeralContainerStatuses": [
                                "list",
                                [
                                  "object",
                                  {
                                    "allocatedResources": [
                                      "map",
                                      "string"
                                    ],
                                    "containerID": "string",
                                    "image": "string",
                                    "imageID": "string",
                                    "lastState": [
                                      "object",
                                      {
                                        "running": [
                                          "object",
                                          {
                                            "startedAt": "string"
                                          }
                                        ],
                                        "terminated": [
                                          "object",
                                          {
                                            "containerID": "string",
                                            "exitCode": "number",
                                            "finishedAt": "string",
                                            "message": "string",
                                            "reason": "string",
                                            "signal": "number",
                                            "startedAt": "string"
                                          }
                                        ],
                                        "waiting": [
                                          "object",
                                          {
                                            "message": "string",
                                            "reason": "string"
                                          }
                                        ]
                                      }
                                    ],
                                    "name": "string",
                                    "ready": "bool",
                                    "resources": [
                                      "object",
                                      {
                                        "claims": [
                                          "list",
                                          [
                                            "object",
                                            {
                                              "name": "string"
                                            }
                                          ]
                                        ],
                                        "limits": [
                                          "map",
                                          "string"
                                        ],
                                        "requests": [
                                          "map",
                                          "string"
                                        ]
                                      }
                                    ],
                                    "restartCount": "number",
                                    "started": "bool",
                                    "state": [
                                      "object",
                                      {
                                        "running": [
                                          "object",
                                          {
                                            "startedAt": "string"
                                          }
                                        ],
                                        "terminated": [
                                          "object",
                                          {
                                            "containerID": "string",
                                            "exitCode": "number",
                                            "finishedAt": "string",
                                            "message": "string",
                                            "reason": "string",
                                            "signal": "number",
                                            "startedAt": "string"
                                          }
                                        ],
                                        "waiting": [
                                          "object",
                                          {
                                            "message": "string",
                                            "reason": "string"
                                          }
                                        ]
                                      }
                                    ]
                                  }
                                ]
                              ],
                              "hostIP": "string",
                              "initContainerStatuses": [
                                "list",
                                [
                                  "object",
                                  {
                                    "allocatedResources": [
                                      "map",
                                      "string"
                                    ],
                                    "containerID": "string",
                                    "image": "string",
                                    "imageID": "string",
                                    "lastState": [
                                      "object",
                                      {
                                        "running": [
                                          "object",
                                          {
                                            "startedAt": "string"
                                          }
                                        ],
                                        "terminated": [
                                          "object",
                                          {
                                            "containerID": "string",
                                            "exitCode": "number",
                                            "finishedAt": "string",
                                            "message": "string",
                                            "reason": "string",
                                            "signal": "number",
                                            "startedAt": "string"
                                          }
                                        ],
                                        "waiting": [
                                          "object",
                                          {
                                            "message": "string",
                                            "reason": "string"
                                          }
                                        ]
                                      }
                                    ],
                                    "name": "string",
                                    "ready": "bool",
                                    "resources": [
                                      "object",
                                      {
                                        "claims": [
                                          "list",
                                          [
                                            "object",
                                            {
                                              "name": "string"
                                            }
                                          ]
                                        ],
                                        "limits": [
                                          "map",
                                          "string"
                                        ],
                                        "requests": [
                                          "map",
                                          "string"
                                        ]
                                      }
                                    ],
                                    "restartCount": "number",
                                    "started": "bool",
                                    "state": [
                                      "object",
                                      {
                                        "running": [
                                          "object",
                                          {
                                            "startedAt": "string"
                                          }
                                        ],
                                        "terminated": [
                                          "object",
                                          {
                                            "containerID": "string",
                                            "exitCode": "number",
                                            "finishedAt": "string",
                                            "message": "string",
                                            "reason": "string",
                                            "signal": "number",
                                            "startedAt": "string"
                                          }
                                        ],
                                        "waiting": [
                                          "object",
                                          {
                                            "message": "string",
                                            "reason": "string"
                                          }
                                        ]
                                      }
                                    ]
                                  }
                                ]
                              ],
                              "message": "string",
                              "nominatedNodeName": "string",
                              "phase": "string",
                              "podIP": "string",
                              "podIPs": [
                                "list",
                                [
                                  "object",
                                  {
                                    "ip": "string"
                                  }
                                ]
                              ],
                              "qosClass": "string",
                              "reason": "string",
                              "resize": "string",
                              "startTime": "string"
                            }
                          ]
                        }
                      ],
                      "restartNonce": "number",
                      "serviceAccount": "string",
                      "taskManager": [
                        "object",
                        {
                          "podTemplate": [
                            "object",
                            {
                              "apiVersion": "string",
                              "kind": "string",
                              "metadata": [
                                "object",
                                {
                                  "annotations": [
                                    "map",
                                    "string"
                                  ],
                                  "creationTimestamp": "string",
                                  "deletionGracePeriodSeconds": "number",
                                  "deletionTimestamp": "string",
                                  "finalizers": [
                                    "list",
                                    "string"
                                  ],
                                  "generateName": "string",
                                  "generation": "number",
                                  "labels": [
                                    "map",
                                    "string"
                                  ],
                                  "managedFields": [
                                    "tuple",
                                    [
                                      [
                                        "object",
                                        {
                                          "apiVersion": "string",
                                          "fieldsType": "string",
                                          "fieldsV1": "dynamic",
                                          "manager": "string",
                                          "operation": "string",
                                          "subresource": "string",
                                          "time": "string"
                                        }
                                      ]
                                    ]
                                  ],
                                  "name": "string",
                                  "namespace": "string",
                                  "ownerReferences": [
                                    "list",
                                    [
                                      "object",
                                      {
                                        "apiVersion": "string",
                                        "blockOwnerDeletion": "bool",
                                        "controller": "bool",
                                        "kind": "string",
                                        "name": "string",
                                        "uid": "string"
                                      }
                                    ]
                                  ],
                                  "resourceVersion": "string",
                                  "selfLink": "string",
                                  "uid": "string"
                                }
                              ],
                              "spec": [
                                "object",
                                {
                                  "activeDeadlineSeconds": "number",
                                  "affinity": [
                                    "object",
                                    {
                                      "nodeAffinity": [
                                        "object",
                                        {
                                          "preferredDuringSchedulingIgnoredDuringExecution": [
                                            "list",
                                            [
                                              "object",
                                              {
                                                "preference": [
                                                  "object",
                                                  {
                                                    "matchExpressions": [
                                                      "list",
                                                      [
                                                        "object",
                                                        {
                                                          "key": "string",
                                                          "operator": "string",
                                                          "values": [
                                                            "list",
                                                            "string"
                                                          ]
                                                        }
                                                      ]
                                                    ],
                                                    "matchFields": [
                                                      "list",
                                                      [
                                                        "object",
                                                        {
                                                          "key": "string",
                                                          "operator": "string",
                                                          "values": [
                                                            "list",
                                                            "string"
                                                          ]
                                                        }
                                                      ]
                                                    ]
                                                  }
                                                ],
                                                "weight": "number"
                                              }
                                            ]
                                          ],
                                          "requiredDuringSchedulingIgnoredDuringExecution": [
                                            "object",
                                            {
                                              "nodeSelectorTerms": [
                                                "list",
                                                [
                                                  "object",
                                                  {
                                                    "matchExpressions": [
                                                      "list",
                                                      [
                                                        "object",
                                                        {
                                                          "key": "string",
                                                          "operator": "string",
                                                          "values": [
                                                            "list",
                                                            "string"
                                                          ]
                                                        }
                                                      ]
                                                    ],
                                                    "matchFields": [
                                                      "list",
                                                      [
                                                        "object",
                                                        {
                                                          "key": "string",
                                                          "operator": "string",
                                                          "values": [
                                                            "list",
                                                            "string"
                                                          ]
                                                        }
                                                      ]
                                                    ]
                                                  }
                                                ]
                                              ]
                                            }
                                          ]
                                        }
                                      ],
                                      "podAffinity": [
                                        "object",
                                        {
                                          "preferredDuringSchedulingIgnoredDuringExecution": [
                                            "list",
                                            [
                                              "object",
                                              {
                                                "podAffinityTerm": [
                                                  "object",
                                                  {
                                                    "labelSelector": [
                                                      "object",
                                                      {
                                                        "matchExpressions": [
                                                          "list",
                                                          [
                                                            "object",
                                                            {
                                                              "key": "string",
                                                              "operator": "string",
                                                              "values": [
                                                                "list",
                                                                "string"
                                                              ]
                                                            }
                                                          ]
                                                        ],
                                                        "matchLabels": [
                                                          "map",
                                                          "string"
                                                        ]
                                                      }
                                                    ],
                                                    "namespaceSelector": [
                                                      "object",
                                                      {
                                                        "matchExpressions": [
                                                          "list",
                                                          [
                                                            "object",
                                                            {
                                                              "key": "string",
                                                              "operator": "string",
                                                              "values": [
                                                                "list",
                                                                "string"
                                                              ]
                                                            }
                                                          ]
                                                        ],
                                                        "matchLabels": [
                                                          "map",
                                                          "string"
                                                        ]
                                                      }
                                                    ],
                                                    "namespaces": [
                                                      "list",
                                                      "string"
                                                    ],
                                                    "topologyKey": "string"
                                                  }
                                                ],
                                                "weight": "number"
                                              }
                                            ]
                                          ],
                                          "requiredDuringSchedulingIgnoredDuringExecution": [
                                            "list",
                                            [
                                              "object",
                                              {
                                                "labelSelector": [
                                                  "object",
                                                  {
                                                    "matchExpressions": [
                                                      "list",
                                                      [
                                                        "object",
                                                        {
                                                          "key": "string",
                                                          "operator": "string",
                                                          "values": [
                                                            "list",
                                                            "string"
                                                          ]
                                                        }
                                                      ]
                                                    ],
                                                    "matchLabels": [
                                                      "map",
                                                      "string"
                                                    ]
                                                  }
                                                ],
                                                "namespaceSelector": [
                                                  "object",
                                                  {
                                                    "matchExpressions": [
                                                      "list",
                                                      [
                                                        "object",
                                                        {
                                                          "key": "string",
                                                          "operator": "string",
                                                          "values": [
                                                            "list",
                                                            "string"
                                                          ]
                                                        }
                                                      ]
                                                    ],
                                                    "matchLabels": [
                                                      "map",
                                                      "string"
                                                    ]
                                                  }
                                                ],
                                                "namespaces": [
                                                  "list",
                                                  "string"
                                                ],
                                                "topologyKey": "string"
                                              }
                                            ]
                                          ]
                                        }
                                      ],
                                      "podAntiAffinity": [
                                        "object",
                                        {
                                          "preferredDuringSchedulingIgnoredDuringExecution": [
                                            "list",
                                            [
                                              "object",
                                              {
                                                "podAffinityTerm": [
                                                  "object",
                                                  {
                                                    "labelSelector": [
                                                      "object",
                                                      {
                                                        "matchExpressions": [
                                                          "list",
                                                          [
                                                            "object",
                                                            {
                                                              "key": "string",
                                                              "operator": "string",
                                                              "values": [
                                                                "list",
                                                                "string"
                                                              ]
                                                            }
                                                          ]
                                                        ],
                                                        "matchLabels": [
                                                          "map",
                                                          "string"
                                                        ]
                                                      }
                                                    ],
                                                    "namespaceSelector": [
                                                      "object",
                                                      {
                                                        "matchExpressions": [
                                                          "list",
                                                          [
                                                            "object",
                                                            {
                                                              "key": "string",
                                                              "operator": "string",
                                                              "values": [
                                                                "list",
                                                                "string"
                                                              ]
                                                            }
                                                          ]
                                                        ],
                                                        "matchLabels": [
                                                          "map",
                                                          "string"
                                                        ]
                                                      }
                                                    ],
                                                    "namespaces": [
                                                      "list",
                                                      "string"
                                                    ],
                                                    "topologyKey": "string"
                                                  }
                                                ],
                                                "weight": "number"
                                              }
                                            ]
                                          ],
                                          "requiredDuringSchedulingIgnoredDuringExecution": [
                                            "list",
                                            [
                                              "object",
                                              {
                                                "labelSelector": [
                                                  "object",
                                                  {
                                                    "matchExpressions": [
                                                      "list",
                                                      [
                                                        "object",
                                                        {
                                                          "key": "string",
                                                          "operator": "string",
                                                          "values": [
                                                            "list",
                                                            "string"
                                                          ]
                                                        }
                                                      ]
                                                    ],
                                                    "matchLabels": [
                                                      "map",
                                                      "string"
                                                    ]
                                                  }
                                                ],
                                                "namespaceSelector": [
                                                  "object",
                                                  {
                                                    "matchExpressions": [
                                                      "list",
                                                      [
                                                        "object",
                                                        {
                                                          "key": "string",
                                                          "operator": "string",
                                                          "values": [
                                                            "list",
                                                            "string"
                                                          ]
                                                        }
                                                      ]
                                                    ],
                                                    "matchLabels": [
                                                      "map",
                                                      "string"
                                                    ]
                                                  }
                                                ],
                                                "namespaces": [
                                                  "list",
                                                  "string"
                                                ],
                                                "topologyKey": "string"
                                              }
                                            ]
                                          ]
                                        }
                                      ]
                                    }
                                  ],
                                  "automountServiceAccountToken": "bool",
                                  "containers": [
                                    "list",
                                    [
                                      "object",
                                      {
                                        "args": [
                                          "list",
                                          "string"
                                        ],
                                        "command": [
                                          "list",
                                          "string"
                                        ],
                                        "env": [
                                          "list",
                                          [
                                            "object",
                                            {
                                              "name": "string",
                                              "value": "string",
                                              "valueFrom": [
                                                "object",
                                                {
                                                  "configMapKeyRef": [
                                                    "object",
                                                    {
                                                      "key": "string",
                                                      "name": "string",
                                                      "optional": "bool"
                                                    }
                                                  ],
                                                  "fieldRef": [
                                                    "object",
                                                    {
                                                      "apiVersion": "string",
                                                      "fieldPath": "string"
                                                    }
                                                  ],
                                                  "resourceFieldRef": [
                                                    "object",
                                                    {
                                                      "containerName": "string",
                                                      "divisor": "string",
                                                      "resource": "string"
                                                    }
                                                  ],
                                                  "secretKeyRef": [
                                                    "object",
                                                    {
                                                      "key": "string",
                                                      "name": "string",
                                                      "optional": "bool"
                                                    }
                                                  ]
                                                }
                                              ]
                                            }
                                          ]
                                        ],
                                        "envFrom": [
                                          "list",
                                          [
                                            "object",
                                            {
                                              "configMapRef": [
                                                "object",
                                                {
                                                  "name": "string",
                                                  "optional": "bool"
                                                }
                                              ],
                                              "prefix": "string",
                                              "secretRef": [
                                                "object",
                                                {
                                                  "name": "string",
                                                  "optional": "bool"
                                                }
                                              ]
                                            }
                                          ]
                                        ],
                                        "image": "string",
                                        "imagePullPolicy": "string",
                                        "lifecycle": [
                                          "object",
                                          {
                                            "postStart": [
                                              "object",
                                              {
                                                "exec": [
                                                  "object",
                                                  {
                                                    "command": [
                                                      "list",
                                                      "string"
                                                    ]
                                                  }
                                                ],
                                                "httpGet": [
                                                  "object",
                                                  {
                                                    "host": "string",
                                                    "httpHeaders": [
                                                      "list",
                                                      [
                                                        "object",
                                                        {
                                                          "name": "string",
                                                          "value": "string"
                                                        }
                                                      ]
                                                    ],
                                                    "path": "string",
                                                    "port": "string",
                                                    "scheme": "string"
                                                  }
                                                ],
                                                "tcpSocket": [
                                                  "object",
                                                  {
                                                    "host": "string",
                                                    "port": "string"
                                                  }
                                                ]
                                              }
                                            ],
                                            "preStop": [
                                              "object",
                                              {
                                                "exec": [
                                                  "object",
                                                  {
                                                    "command": [
                                                      "list",
                                                      "string"
                                                    ]
                                                  }
                                                ],
                                                "httpGet": [
                                                  "object",
                                                  {
                                                    "host": "string",
                                                    "httpHeaders": [
                                                      "list",
                                                      [
                                                        "object",
                                                        {
                                                          "name": "string",
                                                          "value": "string"
                                                        }
                                                      ]
                                                    ],
                                                    "path": "string",
                                                    "port": "string",
                                                    "scheme": "string"
                                                  }
                                                ],
                                                "tcpSocket": [
                                                  "object",
                                                  {
                                                    "host": "string",
                                                    "port": "string"
                                                  }
                                                ]
                                              }
                                            ]
                                          }
                                        ],
                                        "livenessProbe": [
                                          "object",
                                          {
                                            "exec": [
                                              "object",
                                              {
                                                "command": [
                                                  "list",
                                                  "string"
                                                ]
                                              }
                                            ],
                                            "failureThreshold": "number",
                                            "grpc": [
                                              "object",
                                              {
                                                "port": "number",
                                                "service": "string"
                                              }
                                            ],
                                            "httpGet": [
                                              "object",
                                              {
                                                "host": "string",
                                                "httpHeaders": [
                                                  "list",
                                                  [
                                                    "object",
                                                    {
                                                      "name": "string",
                                                      "value": "string"
                                                    }
                                                  ]
                                                ],
                                                "path": "string",
                                                "port": "string",
                                                "scheme": "string"
                                              }
                                            ],
                                            "initialDelaySeconds": "number",
                                            "periodSeconds": "number",
                                            "successThreshold": "number",
                                            "tcpSocket": [
                                              "object",
                                              {
                                                "host": "string",
                                                "port": "string"
                                              }
                                            ],
                                            "terminationGracePeriodSeconds": "number",
                                            "timeoutSeconds": "number"
                                          }
                                        ],
                                        "name": "string",
                                        "ports": [
                                          "list",
                                          [
                                            "object",
                                            {
                                              "containerPort": "number",
                                              "hostIP": "string",
                                              "hostPort": "number",
                                              "name": "string",
                                              "protocol": "string"
                                            }
                                          ]
                                        ],
                                        "readinessProbe": [
                                          "object",
                                          {
                                            "exec": [
                                              "object",
                                              {
                                                "command": [
                                                  "list",
                                                  "string"
                                                ]
                                              }
                                            ],
                                            "failureThreshold": "number",
                                            "grpc": [
                                              "object",
                                              {
                                                "port": "number",
                                                "service": "string"
                                              }
                                            ],
                                            "httpGet": [
                                              "object",
                                              {
                                                "host": "string",
                                                "httpHeaders": [
                                                  "list",
                                                  [
                                                    "object",
                                                    {
                                                      "name": "string",
                                                      "value": "string"
                                                    }
                                                  ]
                                                ],
                                                "path": "string",
                                                "port": "string",
                                                "scheme": "string"
                                              }
                                            ],
                                            "initialDelaySeconds": "number",
                                            "periodSeconds": "number",
                                            "successThreshold": "number",
                                            "tcpSocket": [
                                              "object",
                                              {
                                                "host": "string",
                                                "port": "string"
                                              }
                                            ],
                                            "terminationGracePeriodSeconds": "number",
                                            "timeoutSeconds": "number"
                                          }
                                        ],
                                        "resizePolicy": [
                                          "list",
                                          [
                                            "object",
                                            {
                                              "resourceName": "string",
                                              "restartPolicy": "string"
                                            }
                                          ]
                                        ],
                                        "resources": [
                                          "object",
                                          {
                                            "claims": [
                                              "list",
                                              [
                                                "object",
                                                {
                                                  "name": "string"
                                                }
                                              ]
                                            ],
                                            "limits": [
                                              "map",
                                              "string"
                                            ],
                                            "requests": [
                                              "map",
                                              "string"
                                            ]
                                          }
                                        ],
                                        "securityContext": [
                                          "object",
                                          {
                                            "allowPrivilegeEscalation": "bool",
                                            "capabilities": [
                                              "object",
                                              {
                                                "add": [
                                                  "list",
                                                  "string"
                                                ],
                                                "drop": [
                                                  "list",
                                                  "string"
                                                ]
                                              }
                                            ],
                                            "privileged": "bool",
                                            "procMount": "string",
                                            "readOnlyRootFilesystem": "bool",
                                            "runAsGroup": "number",
                                            "runAsNonRoot": "bool",
                                            "runAsUser": "number",
                                            "seLinuxOptions": [
                                              "object",
                                              {
                                                "level": "string",
                                                "role": "string",
                                                "type": "string",
                                                "user": "string"
                                              }
                                            ],
                                            "seccompProfile": [
                                              "object",
                                              {
                                                "localhostProfile": "string",
                                                "type": "string"
                                              }
                                            ],
                                            "windowsOptions": [
                                              "object",
                                              {
                                                "gmsaCredentialSpec": "string",
                                                "gmsaCredentialSpecName": "string",
                                                "hostProcess": "bool",
                                                "runAsUserName": "string"
                                              }
                                            ]
                                          }
                                        ],
                                        "startupProbe": [
                                          "object",
                                          {
                                            "exec": [
                                              "object",
                                              {
                                                "command": [
                                                  "list",
                                                  "string"
                                                ]
                                              }
                                            ],
                                            "failureThreshold": "number",
                                            "grpc": [
                                              "object",
                                              {
                                                "port": "number",
                                                "service": "string"
                                              }
                                            ],
                                            "httpGet": [
                                              "object",
                                              {
                                                "host": "string",
                                                "httpHeaders": [
                                                  "list",
                                                  [
                                                    "object",
                                                    {
                                                      "name": "string",
                                                      "value": "string"
                                                    }
                                                  ]
                                                ],
                                                "path": "string",
                                                "port": "string",
                                                "scheme": "string"
                                              }
                                            ],
                                            "initialDelaySeconds": "number",
                                            "periodSeconds": "number",
                                            "successThreshold": "number",
                                            "tcpSocket": [
                                              "object",
                                              {
                                                "host": "string",
                                                "port": "string"
                                              }
                                            ],
                                            "terminationGracePeriodSeconds": "number",
                                            "timeoutSeconds": "number"
                                          }
                                        ],
                                        "stdin": "bool",
                                        "stdinOnce": "bool",
                                        "terminationMessagePath": "string",
                                        "terminationMessagePolicy": "string",
                                        "tty": "bool",
                                        "volumeDevices": [
                                          "list",
                                          [
                                            "object",
                                            {
                                              "devicePath": "string",
                                              "name": "string"
                                            }
                                          ]
                                        ],
                                        "volumeMounts": [
                                          "list",
                                          [
                                            "object",
                                            {
                                              "mountPath": "string",
                                              "mountPropagation": "string",
                                              "name": "string",
                                              "readOnly": "bool",
                                              "subPath": "string",
                                              "subPathExpr": "string"
                                            }
                                          ]
                                        ],
                                        "workingDir": "string"
                                      }
                                    ]
                                  ],
                                  "dnsConfig": [
                                    "object",
                                    {
                                      "nameservers": [
                                        "list",
                                        "string"
                                      ],
                                      "options": [
                                        "list",
                                        [
                                          "object",
                                          {
                                            "name": "string",
                                            "value": "string"
                                          }
                                        ]
                                      ],
                                      "searches": [
                                        "list",
                                        "string"
                                      ]
                                    }
                                  ],
                                  "dnsPolicy": "string",
                                  "enableServiceLinks": "bool",
                                  "ephemeralContainers": [
                                    "list",
                                    [
                                      "object",
                                      {
                                        "args": [
                                          "list",
                                          "string"
                                        ],
                                        "command": [
                                          "list",
                                          "string"
                                        ],
                                        "env": [
                                          "list",
                                          [
                                            "object",
                                            {
                                              "name": "string",
                                              "value": "string",
                                              "valueFrom": [
                                                "object",
                                                {
                                                  "configMapKeyRef": [
                                                    "object",
                                                    {
                                                      "key": "string",
                                                      "name": "string",
                                                      "optional": "bool"
                                                    }
                                                  ],
                                                  "fieldRef": [
                                                    "object",
                                                    {
                                                      "apiVersion": "string",
                                                      "fieldPath": "string"
                                                    }
                                                  ],
                                                  "resourceFieldRef": [
                                                    "object",
                                                    {
                                                      "containerName": "string",
                                                      "divisor": "string",
                                                      "resource": "string"
                                                    }
                                                  ],
                                                  "secretKeyRef": [
                                                    "object",
                                                    {
                                                      "key": "string",
                                                      "name": "string",
                                                      "optional": "bool"
                                                    }
                                                  ]
                                                }
                                              ]
                                            }
                                          ]
                                        ],
                                        "envFrom": [
                                          "list",
                                          [
                                            "object",
                                            {
                                              "configMapRef": [
                                                "object",
                                                {
                                                  "name": "string",
                                                  "optional": "bool"
                                                }
                                              ],
                                              "prefix": "string",
                                              "secretRef": [
                                                "object",
                                                {
                                                  "name": "string",
                                                  "optional": "bool"
                                                }
                                              ]
                                            }
                                          ]
                                        ],
                                        "image": "string",
                                        "imagePullPolicy": "string",
                                        "lifecycle": [
                                          "object",
                                          {
                                            "postStart": [
                                              "object",
                                              {
                                                "exec": [
                                                  "object",
                                                  {
                                                    "command": [
                                                      "list",
                                                      "string"
                                                    ]
                                                  }
                                                ],
                                                "httpGet": [
                                                  "object",
                                                  {
                                                    "host": "string",
                                                    "httpHeaders": [
                                                      "list",
                                                      [
                                                        "object",
                                                        {
                                                          "name": "string",
                                                          "value": "string"
                                                        }
                                                      ]
                                                    ],
                                                    "path": "string",
                                                    "port": "string",
                                                    "scheme": "string"
                                                  }
                                                ],
                                                "tcpSocket": [
                                                  "object",
                                                  {
                                                    "host": "string",
                                                    "port": "string"
                                                  }
                                                ]
                                              }
                                            ],
                                            "preStop": [
                                              "object",
                                              {
                                                "exec": [
                                                  "object",
                                                  {
                                                    "command": [
                                                      "list",
                                                      "string"
                                                    ]
                                                  }
                                                ],
                                                "httpGet": [
                                                  "object",
                                                  {
                                                    "host": "string",
                                                    "httpHeaders": [
                                                      "list",
                                                      [
                                                        "object",
                                                        {
                                                          "name": "string",
                                                          "value": "string"
                                                        }
                                                      ]
                                                    ],
                                                    "path": "string",
                                                    "port": "string",
                                                    "scheme": "string"
                                                  }
                                                ],
                                                "tcpSocket": [
                                                  "object",
                                                  {
                                                    "host": "string",
                                                    "port": "string"
                                                  }
                                                ]
                                              }
                                            ]
                                          }
                                        ],
                                        "livenessProbe": [
                                          "object",
                                          {
                                            "exec": [
                                              "object",
                                              {
                                                "command": [
                                                  "list",
                                                  "string"
                                                ]
                                              }
                                            ],
                                            "failureThreshold": "number",
                                            "grpc": [
                                              "object",
                                              {
                                                "port": "number",
                                                "service": "string"
                                              }
                                            ],
                                            "httpGet": [
                                              "object",
                                              {
                                                "host": "string",
                                                "httpHeaders": [
                                                  "list",
                                                  [
                                                    "object",
                                                    {
                                                      "name": "string",
                                                      "value": "string"
                                                    }
                                                  ]
                                                ],
                                                "path": "string",
                                                "port": "string",
                                                "scheme": "string"
                                              }
                                            ],
                                            "initialDelaySeconds": "number",
                                            "periodSeconds": "number",
                                            "successThreshold": "number",
                                            "tcpSocket": [
                                              "object",
                                              {
                                                "host": "string",
                                                "port": "string"
                                              }
                                            ],
                                            "terminationGracePeriodSeconds": "number",
                                            "timeoutSeconds": "number"
                                          }
                                        ],
                                        "name": "string",
                                        "ports": [
                                          "list",
                                          [
                                            "object",
                                            {
                                              "containerPort": "number",
                                              "hostIP": "string",
                                              "hostPort": "number",
                                              "name": "string",
                                              "protocol": "string"
                                            }
                                          ]
                                        ],
                                        "readinessProbe": [
                                          "object",
                                          {
                                            "exec": [
                                              "object",
                                              {
                                                "command": [
                                                  "list",
                                                  "string"
                                                ]
                                              }
                                            ],
                                            "failureThreshold": "number",
                                            "grpc": [
                                              "object",
                                              {
                                                "port": "number",
                                                "service": "string"
                                              }
                                            ],
                                            "httpGet": [
                                              "object",
                                              {
                                                "host": "string",
                                                "httpHeaders": [
                                                  "list",
                                                  [
                                                    "object",
                                                    {
                                                      "name": "string",
                                                      "value": "string"
                                                    }
                                                  ]
                                                ],
                                                "path": "string",
                                                "port": "string",
                                                "scheme": "string"
                                              }
                                            ],
                                            "initialDelaySeconds": "number",
                                            "periodSeconds": "number",
                                            "successThreshold": "number",
                                            "tcpSocket": [
                                              "object",
                                              {
                                                "host": "string",
                                                "port": "string"
                                              }
                                            ],
                                            "terminationGracePeriodSeconds": "number",
                                            "timeoutSeconds": "number"
                                          }
                                        ],
                                        "resizePolicy": [
                                          "list",
                                          [
                                            "object",
                                            {
                                              "resourceName": "string",
                                              "restartPolicy": "string"
                                            }
                                          ]
                                        ],
                                        "resources": [
                                          "object",
                                          {
                                            "claims": [
                                              "list",
                                              [
                                                "object",
                                                {
                                                  "name": "string"
                                                }
                                              ]
                                            ],
                                            "limits": [
                                              "map",
                                              "string"
                                            ],
                                            "requests": [
                                              "map",
                                              "string"
                                            ]
                                          }
                                        ],
                                        "securityContext": [
                                          "object",
                                          {
                                            "allowPrivilegeEscalation": "bool",
                                            "capabilities": [
                                              "object",
                                              {
                                                "add": [
                                                  "list",
                                                  "string"
                                                ],
                                                "drop": [
                                                  "list",
                                                  "string"
                                                ]
                                              }
                                            ],
                                            "privileged": "bool",
                                            "procMount": "string",
                                            "readOnlyRootFilesystem": "bool",
                                            "runAsGroup": "number",
                                            "runAsNonRoot": "bool",
                                            "runAsUser": "number",
                                            "seLinuxOptions": [
                                              "object",
                                              {
                                                "level": "string",
                                                "role": "string",
                                                "type": "string",
                                                "user": "string"
                                              }
                                            ],
                                            "seccompProfile": [
                                              "object",
                                              {
                                                "localhostProfile": "string",
                                                "type": "string"
                                              }
                                            ],
                                            "windowsOptions": [
                                              "object",
                                              {
                                                "gmsaCredentialSpec": "string",
                                                "gmsaCredentialSpecName": "string",
                                                "hostProcess": "bool",
                                                "runAsUserName": "string"
                                              }
                                            ]
                                          }
                                        ],
                                        "startupProbe": [
                                          "object",
                                          {
                                            "exec": [
                                              "object",
                                              {
                                                "command": [
                                                  "list",
                                                  "string"
                                                ]
                                              }
                                            ],
                                            "failureThreshold": "number",
                                            "grpc": [
                                              "object",
                                              {
                                                "port": "number",
                                                "service": "string"
                                              }
                                            ],
                                            "httpGet": [
                                              "object",
                                              {
                                                "host": "string",
                                                "httpHeaders": [
                                                  "list",
                                                  [
                                                    "object",
                                                    {
                                                      "name": "string",
                                                      "value": "string"
                                                    }
                                                  ]
                                                ],
                                                "path": "string",
                                                "port": "string",
                                                "scheme": "string"
                                              }
                                            ],
                                            "initialDelaySeconds": "number",
                                            "periodSeconds": "number",
                                            "successThreshold": "number",
                                            "tcpSocket": [
                                              "object",
                                              {
                                                "host": "string",
                                                "port": "string"
                                              }
                                            ],
                                            "terminationGracePeriodSeconds": "number",
                                            "timeoutSeconds": "number"
                                          }
                                        ],
                                        "stdin": "bool",
                                        "stdinOnce": "bool",
                                        "targetContainerName": "string",
                                        "terminationMessagePath": "string",
                                        "terminationMessagePolicy": "string",
                                        "tty": "bool",
                                        "volumeDevices": [
                                          "list",
                                          [
                                            "object",
                                            {
                                              "devicePath": "string",
                                              "name": "string"
                                            }
                                          ]
                                        ],
                                        "volumeMounts": [
                                          "list",
                                          [
                                            "object",
                                            {
                                              "mountPath": "string",
                                              "mountPropagation": "string",
                                              "name": "string",
                                              "readOnly": "bool",
                                              "subPath": "string",
                                              "subPathExpr": "string"
                                            }
                                          ]
                                        ],
                                        "workingDir": "string"
                                      }
                                    ]
                                  ],
                                  "hostAliases": [
                                    "list",
                                    [
                                      "object",
                                      {
                                        "hostnames": [
                                          "list",
                                          "string"
                                        ],
                                        "ip": "string"
                                      }
                                    ]
                                  ],
                                  "hostIPC": "bool",
                                  "hostNetwork": "bool",
                                  "hostPID": "bool",
                                  "hostUsers": "bool",
                                  "hostname": "string",
                                  "imagePullSecrets": [
                                    "list",
                                    [
                                      "object",
                                      {
                                        "name": "string"
                                      }
                                    ]
                                  ],
                                  "initContainers": [
                                    "list",
                                    [
                                      "object",
                                      {
                                        "args": [
                                          "list",
                                          "string"
                                        ],
                                        "command": [
                                          "list",
                                          "string"
                                        ],
                                        "env": [
                                          "list",
                                          [
                                            "object",
                                            {
                                              "name": "string",
                                              "value": "string",
                                              "valueFrom": [
                                                "object",
                                                {
                                                  "configMapKeyRef": [
                                                    "object",
                                                    {
                                                      "key": "string",
                                                      "name": "string",
                                                      "optional": "bool"
                                                    }
                                                  ],
                                                  "fieldRef": [
                                                    "object",
                                                    {
                                                      "apiVersion": "string",
                                                      "fieldPath": "string"
                                                    }
                                                  ],
                                                  "resourceFieldRef": [
                                                    "object",
                                                    {
                                                      "containerName": "string",
                                                      "divisor": "string",
                                                      "resource": "string"
                                                    }
                                                  ],
                                                  "secretKeyRef": [
                                                    "object",
                                                    {
                                                      "key": "string",
                                                      "name": "string",
                                                      "optional": "bool"
                                                    }
                                                  ]
                                                }
                                              ]
                                            }
                                          ]
                                        ],
                                        "envFrom": [
                                          "list",
                                          [
                                            "object",
                                            {
                                              "configMapRef": [
                                                "object",
                                                {
                                                  "name": "string",
                                                  "optional": "bool"
                                                }
                                              ],
                                              "prefix": "string",
                                              "secretRef": [
                                                "object",
                                                {
                                                  "name": "string",
                                                  "optional": "bool"
                                                }
                                              ]
                                            }
                                          ]
                                        ],
                                        "image": "string",
                                        "imagePullPolicy": "string",
                                        "lifecycle": [
                                          "object",
                                          {
                                            "postStart": [
                                              "object",
                                              {
                                                "exec": [
                                                  "object",
                                                  {
                                                    "command": [
                                                      "list",
                                                      "string"
                                                    ]
                                                  }
                                                ],
                                                "httpGet": [
                                                  "object",
                                                  {
                                                    "host": "string",
                                                    "httpHeaders": [
                                                      "list",
                                                      [
                                                        "object",
                                                        {
                                                          "name": "string",
                                                          "value": "string"
                                                        }
                                                      ]
                                                    ],
                                                    "path": "string",
                                                    "port": "string",
                                                    "scheme": "string"
                                                  }
                                                ],
                                                "tcpSocket": [
                                                  "object",
                                                  {
                                                    "host": "string",
                                                    "port": "string"
                                                  }
                                                ]
                                              }
                                            ],
                                            "preStop": [
                                              "object",
                                              {
                                                "exec": [
                                                  "object",
                                                  {
                                                    "command": [
                                                      "list",
                                                      "string"
                                                    ]
                                                  }
                                                ],
                                                "httpGet": [
                                                  "object",
                                                  {
                                                    "host": "string",
                                                    "httpHeaders": [
                                                      "list",
                                                      [
                                                        "object",
                                                        {
                                                          "name": "string",
                                                          "value": "string"
                                                        }
                                                      ]
                                                    ],
                                                    "path": "string",
                                                    "port": "string",
                                                    "scheme": "string"
                                                  }
                                                ],
                                                "tcpSocket": [
                                                  "object",
                                                  {
                                                    "host": "string",
                                                    "port": "string"
                                                  }
                                                ]
                                              }
                                            ]
                                          }
                                        ],
                                        "livenessProbe": [
                                          "object",
                                          {
                                            "exec": [
                                              "object",
                                              {
                                                "command": [
                                                  "list",
                                                  "string"
                                                ]
                                              }
                                            ],
                                            "failureThreshold": "number",
                                            "grpc": [
                                              "object",
                                              {
                                                "port": "number",
                                                "service": "string"
                                              }
                                            ],
                                            "httpGet": [
                                              "object",
                                              {
                                                "host": "string",
                                                "httpHeaders": [
                                                  "list",
                                                  [
                                                    "object",
                                                    {
                                                      "name": "string",
                                                      "value": "string"
                                                    }
                                                  ]
                                                ],
                                                "path": "string",
                                                "port": "string",
                                                "scheme": "string"
                                              }
                                            ],
                                            "initialDelaySeconds": "number",
                                            "periodSeconds": "number",
                                            "successThreshold": "number",
                                            "tcpSocket": [
                                              "object",
                                              {
                                                "host": "string",
                                                "port": "string"
                                              }
                                            ],
                                            "terminationGracePeriodSeconds": "number",
                                            "timeoutSeconds": "number"
                                          }
                                        ],
                                        "name": "string",
                                        "ports": [
                                          "list",
                                          [
                                            "object",
                                            {
                                              "containerPort": "number",
                                              "hostIP": "string",
                                              "hostPort": "number",
                                              "name": "string",
                                              "protocol": "string"
                                            }
                                          ]
                                        ],
                                        "readinessProbe": [
                                          "object",
                                          {
                                            "exec": [
                                              "object",
                                              {
                                                "command": [
                                                  "list",
                                                  "string"
                                                ]
                                              }
                                            ],
                                            "failureThreshold": "number",
                                            "grpc": [
                                              "object",
                                              {
                                                "port": "number",
                                                "service": "string"
                                              }
                                            ],
                                            "httpGet": [
                                              "object",
                                              {
                                                "host": "string",
                                                "httpHeaders": [
                                                  "list",
                                                  [
                                                    "object",
                                                    {
                                                      "name": "string",
                                                      "value": "string"
                                                    }
                                                  ]
                                                ],
                                                "path": "string",
                                                "port": "string",
                                                "scheme": "string"
                                              }
                                            ],
                                            "initialDelaySeconds": "number",
                                            "periodSeconds": "number",
                                            "successThreshold": "number",
                                            "tcpSocket": [
                                              "object",
                                              {
                                                "host": "string",
                                                "port": "string"
                                              }
                                            ],
                                            "terminationGracePeriodSeconds": "number",
                                            "timeoutSeconds": "number"
                                          }
                                        ],
                                        "resizePolicy": [
                                          "list",
                                          [
                                            "object",
                                            {
                                              "resourceName": "string",
                                              "restartPolicy": "string"
                                            }
                                          ]
                                        ],
                                        "resources": [
                                          "object",
                                          {
                                            "claims": [
                                              "list",
                                              [
                                                "object",
                                                {
                                                  "name": "string"
                                                }
                                              ]
                                            ],
                                            "limits": [
                                              "map",
                                              "string"
                                            ],
                                            "requests": [
                                              "map",
                                              "string"
                                            ]
                                          }
                                        ],
                                        "securityContext": [
                                          "object",
                                          {
                                            "allowPrivilegeEscalation": "bool",
                                            "capabilities": [
                                              "object",
                                              {
                                                "add": [
                                                  "list",
                                                  "string"
                                                ],
                                                "drop": [
                                                  "list",
                                                  "string"
                                                ]
                                              }
                                            ],
                                            "privileged": "bool",
                                            "procMount": "string",
                                            "readOnlyRootFilesystem": "bool",
                                            "runAsGroup": "number",
                                            "runAsNonRoot": "bool",
                                            "runAsUser": "number",
                                            "seLinuxOptions": [
                                              "object",
                                              {
                                                "level": "string",
                                                "role": "string",
                                                "type": "string",
                                                "user": "string"
                                              }
                                            ],
                                            "seccompProfile": [
                                              "object",
                                              {
                                                "localhostProfile": "string",
                                                "type": "string"
                                              }
                                            ],
                                            "windowsOptions": [
                                              "object",
                                              {
                                                "gmsaCredentialSpec": "string",
                                                "gmsaCredentialSpecName": "string",
                                                "hostProcess": "bool",
                                                "runAsUserName": "string"
                                              }
                                            ]
                                          }
                                        ],
                                        "startupProbe": [
                                          "object",
                                          {
                                            "exec": [
                                              "object",
                                              {
                                                "command": [
                                                  "list",
                                                  "string"
                                                ]
                                              }
                                            ],
                                            "failureThreshold": "number",
                                            "grpc": [
                                              "object",
                                              {
                                                "port": "number",
                                                "service": "string"
                                              }
                                            ],
                                            "httpGet": [
                                              "object",
                                              {
                                                "host": "string",
                                                "httpHeaders": [
                                                  "list",
                                                  [
                                                    "object",
                                                    {
                                                      "name": "string",
                                                      "value": "string"
                                                    }
                                                  ]
                                                ],
                                                "path": "string",
                                                "port": "string",
                                                "scheme": "string"
                                              }
                                            ],
                                            "initialDelaySeconds": "number",
                                            "periodSeconds": "number",
                                            "successThreshold": "number",
                                            "tcpSocket": [
                                              "object",
                                              {
                                                "host": "string",
                                                "port": "string"
                                              }
                                            ],
                                            "terminationGracePeriodSeconds": "number",
                                            "timeoutSeconds": "number"
                                          }
                                        ],
                                        "stdin": "bool",
                                        "stdinOnce": "bool",
                                        "terminationMessagePath": "string",
                                        "terminationMessagePolicy": "string",
                                        "tty": "bool",
                                        "volumeDevices": [
                                          "list",
                                          [
                                            "object",
                                            {
                                              "devicePath": "string",
                                              "name": "string"
                                            }
                                          ]
                                        ],
                                        "volumeMounts": [
                                          "list",
                                          [
                                            "object",
                                            {
                                              "mountPath": "string",
                                              "mountPropagation": "string",
                                              "name": "string",
                                              "readOnly": "bool",
                                              "subPath": "string",
                                              "subPathExpr": "string"
                                            }
                                          ]
                                        ],
                                        "workingDir": "string"
                                      }
                                    ]
                                  ],
                                  "nodeName": "string",
                                  "nodeSelector": [
                                    "map",
                                    "string"
                                  ],
                                  "os": [
                                    "object",
                                    {
                                      "name": "string"
                                    }
                                  ],
                                  "overhead": [
                                    "map",
                                    "string"
                                  ],
                                  "preemptionPolicy": "string",
                                  "priority": "number",
                                  "priorityClassName": "string",
                                  "readinessGates": [
                                    "list",
                                    [
                                      "object",
                                      {
                                        "conditionType": "string"
                                      }
                                    ]
                                  ],
                                  "resourceClaims": [
                                    "list",
                                    [
                                      "object",
                                      {
                                        "name": "string",
                                        "source": [
                                          "object",
                                          {
                                            "resourceClaimName": "string",
                                            "resourceClaimTemplateName": "string"
                                          }
                                        ]
                                      }
                                    ]
                                  ],
                                  "restartPolicy": "string",
                                  "runtimeClassName": "string",
                                  "schedulerName": "string",
                                  "schedulingGates": [
                                    "list",
                                    [
                                      "object",
                                      {
                                        "name": "string"
                                      }
                                    ]
                                  ],
                                  "securityContext": [
                                    "object",
                                    {
                                      "fsGroup": "number",
                                      "fsGroupChangePolicy": "string",
                                      "runAsGroup": "number",
                                      "runAsNonRoot": "bool",
                                      "runAsUser": "number",
                                      "seLinuxOptions": [
                                        "object",
                                        {
                                          "level": "string",
                                          "role": "string",
                                          "type": "string",
                                          "user": "string"
                                        }
                                      ],
                                      "seccompProfile": [
                                        "object",
                                        {
                                          "localhostProfile": "string",
                                          "type": "string"
                                        }
                                      ],
                                      "supplementalGroups": [
                                        "list",
                                        "number"
                                      ],
                                      "sysctls": [
                                        "list",
                                        [
                                          "object",
                                          {
                                            "name": "string",
                                            "value": "string"
                                          }
                                        ]
                                      ],
                                      "windowsOptions": [
                                        "object",
                                        {
                                          "gmsaCredentialSpec": "string",
                                          "gmsaCredentialSpecName": "string",
                                          "hostProcess": "bool",
                                          "runAsUserName": "string"
                                        }
                                      ]
                                    }
                                  ],
                                  "serviceAccount": "string",
                                  "serviceAccountName": "string",
                                  "setHostnameAsFQDN": "bool",
                                  "shareProcessNamespace": "bool",
                                  "subdomain": "string",
                                  "terminationGracePeriodSeconds": "number",
                                  "tolerations": [
                                    "list",
                                    [
                                      "object",
                                      {
                                        "effect": "string",
                                        "key": "string",
                                        "operator": "string",
                                        "tolerationSeconds": "number",
                                        "value": "string"
                                      }
                                    ]
                                  ],
                                  "topologySpreadConstraints": [
                                    "list",
                                    [
                                      "object",
                                      {
                                        "labelSelector": [
                                          "object",
                                          {
                                            "matchExpressions": [
                                              "list",
                                              [
                                                "object",
                                                {
                                                  "key": "string",
                                                  "operator": "string",
                                                  "values": [
                                                    "list",
                                                    "string"
                                                  ]
                                                }
                                              ]
                                            ],
                                            "matchLabels": [
                                              "map",
                                              "string"
                                            ]
                                          }
                                        ],
                                        "matchLabelKeys": [
                                          "list",
                                          "string"
                                        ],
                                        "maxSkew": "number",
                                        "minDomains": "number",
                                        "nodeAffinityPolicy": "string",
                                        "nodeTaintsPolicy": "string",
                                        "topologyKey": "string",
                                        "whenUnsatisfiable": "string"
                                      }
                                    ]
                                  ],
                                  "volumes": [
                                    "tuple",
                                    [
                                      [
                                        "object",
                                        {
                                          "awsElasticBlockStore": [
                                            "object",
                                            {
                                              "fsType": "string",
                                              "partition": "number",
                                              "readOnly": "bool",
                                              "volumeID": "string"
                                            }
                                          ],
                                          "azureDisk": [
                                            "object",
                                            {
                                              "cachingMode": "string",
                                              "diskName": "string",
                                              "diskURI": "string",
                                              "fsType": "string",
                                              "kind": "string",
                                              "readOnly": "bool"
                                            }
                                          ],
                                          "azureFile": [
                                            "object",
                                            {
                                              "readOnly": "bool",
                                              "secretName": "string",
                                              "shareName": "string"
                                            }
                                          ],
                                          "cephfs": [
                                            "object",
                                            {
                                              "monitors": [
                                                "list",
                                                "string"
                                              ],
                                              "path": "string",
                                              "readOnly": "bool",
                                              "secretFile": "string",
                                              "secretRef": [
                                                "object",
                                                {
                                                  "name": "string"
                                                }
                                              ],
                                              "user": "string"
                                            }
                                          ],
                                          "cinder": [
                                            "object",
                                            {
                                              "fsType": "string",
                                              "readOnly": "bool",
                                              "secretRef": [
                                                "object",
                                                {
                                                  "name": "string"
                                                }
                                              ],
                                              "volumeID": "string"
                                            }
                                          ],
                                          "configMap": [
                                            "object",
                                            {
                                              "defaultMode": "number",
                                              "items": [
                                                "list",
                                                [
                                                  "object",
                                                  {
                                                    "key": "string",
                                                    "mode": "number",
                                                    "path": "string"
                                                  }
                                                ]
                                              ],
                                              "name": "string",
                                              "optional": "bool"
                                            }
                                          ],
                                          "csi": [
                                            "object",
                                            {
                                              "driver": "string",
                                              "fsType": "string",
                                              "nodePublishSecretRef": [
                                                "object",
                                                {
                                                  "name": "string"
                                                }
                                              ],
                                              "readOnly": "bool",
                                              "volumeAttributes": [
                                                "map",
                                                "string"
                                              ]
                                            }
                                          ],
                                          "downwardAPI": [
                                            "object",
                                            {
                                              "defaultMode": "number",
                                              "items": [
                                                "list",
                                                [
                                                  "object",
                                                  {
                                                    "fieldRef": [
                                                      "object",
                                                      {
                                                        "apiVersion": "string",
                                                        "fieldPath": "string"
                                                      }
                                                    ],
                                                    "mode": "number",
                                                    "path": "string",
                                                    "resourceFieldRef": [
                                                      "object",
                                                      {
                                                        "containerName": "string",
                                                        "divisor": "string",
                                                        "resource": "string"
                                                      }
                                                    ]
                                                  }
                                                ]
                                              ]
                                            }
                                          ],
                                          "emptyDir": [
                                            "object",
                                            {
                                              "medium": "string",
                                              "sizeLimit": "string"
                                            }
                                          ],
                                          "ephemeral": [
                                            "object",
                                            {
                                              "volumeClaimTemplate": [
                                                "object",
                                                {
                                                  "metadata": [
                                                    "object",
                                                    {
                                                      "annotations": [
                                                        "map",
                                                        "string"
                                                      ],
                                                      "creationTimestamp": "string",
                                                      "deletionGracePeriodSeconds": "number",
                                                      "deletionTimestamp": "string",
                                                      "finalizers": [
                                                        "list",
                                                        "string"
                                                      ],
                                                      "generateName": "string",
                                                      "generation": "number",
                                                      "labels": [
                                                        "map",
                                                        "string"
                                                      ],
                                                      "managedFields": [
                                                        "tuple",
                                                        [
                                                          [
                                                            "object",
                                                            {
                                                              "apiVersion": "string",
                                                              "fieldsType": "string",
                                                              "fieldsV1": "dynamic",
                                                              "manager": "string",
                                                              "operation": "string",
                                                              "subresource": "string",
                                                              "time": "string"
                                                            }
                                                          ]
                                                        ]
                                                      ],
                                                      "name": "string",
                                                      "namespace": "string",
                                                      "ownerReferences": [
                                                        "list",
                                                        [
                                                          "object",
                                                          {
                                                            "apiVersion": "string",
                                                            "blockOwnerDeletion": "bool",
                                                            "controller": "bool",
                                                            "kind": "string",
                                                            "name": "string",
                                                            "uid": "string"
                                                          }
                                                        ]
                                                      ],
                                                      "resourceVersion": "string",
                                                      "selfLink": "string",
                                                      "uid": "string"
                                                    }
                                                  ],
                                                  "spec": [
                                                    "object",
                                                    {
                                                      "accessModes": [
                                                        "list",
                                                        "string"
                                                      ],
                                                      "dataSource": [
                                                        "object",
                                                        {
                                                          "apiGroup": "string",
                                                          "kind": "string",
                                                          "name": "string"
                                                        }
                                                      ],
                                                      "dataSourceRef": [
                                                        "object",
                                                        {
                                                          "apiGroup": "string",
                                                          "kind": "string",
                                                          "name": "string",
                                                          "namespace": "string"
                                                        }
                                                      ],
                                                      "resources": [
                                                        "object",
                                                        {
                                                          "claims": [
                                                            "list",
                                                            [
                                                              "object",
                                                              {
                                                                "name": "string"
                                                              }
                                                            ]
                                                          ],
                                                          "limits": [
                                                            "map",
                                                            "string"
                                                          ],
                                                          "requests": [
                                                            "map",
                                                            "string"
                                                          ]
                                                        }
                                                      ],
                                                      "selector": [
                                                        "object",
                                                        {
                                                          "matchExpressions": [
                                                            "list",
                                                            [
                                                              "object",
                                                              {
                                                                "key": "string",
                                                                "operator": "string",
                                                                "values": [
                                                                  "list",
                                                                  "string"
                                                                ]
                                                              }
                                                            ]
                                                          ],
                                                          "matchLabels": [
                                                            "map",
                                                            "string"
                                                          ]
                                                        }
                                                      ],
                                                      "storageClassName": "string",
                                                      "volumeMode": "string",
                                                      "volumeName": "string"
                                                    }
                                                  ]
                                                }
                                              ]
                                            }
                                          ],
                                          "fc": [
                                            "object",
                                            {
                                              "fsType": "string",
                                              "lun": "number",
                                              "readOnly": "bool",
                                              "targetWWNs": [
                                                "list",
                                                "string"
                                              ],
                                              "wwids": [
                                                "list",
                                                "string"
                                              ]
                                            }
                                          ],
                                          "flexVolume": [
                                            "object",
                                            {
                                              "driver": "string",
                                              "fsType": "string",
                                              "options": [
                                                "map",
                                                "string"
                                              ],
                                              "readOnly": "bool",
                                              "secretRef": [
                                                "object",
                                                {
                                                  "name": "string"
                                                }
                                              ]
                                            }
                                          ],
                                          "flocker": [
                                            "object",
                                            {
                                              "datasetName": "string",
                                              "datasetUUID": "string"
                                            }
                                          ],
                                          "gcePersistentDisk": [
                                            "object",
                                            {
                                              "fsType": "string",
                                              "partition": "number",
                                              "pdName": "string",
                                              "readOnly": "bool"
                                            }
                                          ],
                                          "gitRepo": [
                                            "object",
                                            {
                                              "directory": "string",
                                              "repository": "string",
                                              "revision": "string"
                                            }
                                          ],
                                          "glusterfs": [
                                            "object",
                                            {
                                              "endpoints": "string",
                                              "path": "string",
                                              "readOnly": "bool"
                                            }
                                          ],
                                          "hostPath": [
                                            "object",
                                            {
                                              "path": "string",
                                              "type": "string"
                                            }
                                          ],
                                          "iscsi": [
                                            "object",
                                            {
                                              "chapAuthDiscovery": "bool",
                                              "chapAuthSession": "bool",
                                              "fsType": "string",
                                              "initiatorName": "string",
                                              "iqn": "string",
                                              "iscsiInterface": "string",
                                              "lun": "number",
                                              "portals": [
                                                "list",
                                                "string"
                                              ],
                                              "readOnly": "bool",
                                              "secretRef": [
                                                "object",
                                                {
                                                  "name": "string"
                                                }
                                              ],
                                              "targetPortal": "string"
                                            }
                                          ],
                                          "name": "string",
                                          "nfs": [
                                            "object",
                                            {
                                              "path": "string",
                                              "readOnly": "bool",
                                              "server": "string"
                                            }
                                          ],
                                          "persistentVolumeClaim": [
                                            "object",
                                            {
                                              "claimName": "string",
                                              "readOnly": "bool"
                                            }
                                          ],
                                          "photonPersistentDisk": [
                                            "object",
                                            {
                                              "fsType": "string",
                                              "pdID": "string"
                                            }
                                          ],
                                          "portworxVolume": [
                                            "object",
                                            {
                                              "fsType": "string",
                                              "readOnly": "bool",
                                              "volumeID": "string"
                                            }
                                          ],
                                          "projected": [
                                            "object",
                                            {
                                              "defaultMode": "number",
                                              "sources": [
                                                "list",
                                                [
                                                  "object",
                                                  {
                                                    "configMap": [
                                                      "object",
                                                      {
                                                        "items": [
                                                          "list",
                                                          [
                                                            "object",
                                                            {
                                                              "key": "string",
                                                              "mode": "number",
                                                              "path": "string"
                                                            }
                                                          ]
                                                        ],
                                                        "name": "string",
                                                        "optional": "bool"
                                                      }
                                                    ],
                                                    "downwardAPI": [
                                                      "object",
                                                      {
                                                        "items": [
                                                          "list",
                                                          [
                                                            "object",
                                                            {
                                                              "fieldRef": [
                                                                "object",
                                                                {
                                                                  "apiVersion": "string",
                                                                  "fieldPath": "string"
                                                                }
                                                              ],
                                                              "mode": "number",
                                                              "path": "string",
                                                              "resourceFieldRef": [
                                                                "object",
                                                                {
                                                                  "containerName": "string",
                                                                  "divisor": "string",
                                                                  "resource": "string"
                                                                }
                                                              ]
                                                            }
                                                          ]
                                                        ]
                                                      }
                                                    ],
                                                    "secret": [
                                                      "object",
                                                      {
                                                        "items": [
                                                          "list",
                                                          [
                                                            "object",
                                                            {
                                                              "key": "string",
                                                              "mode": "number",
                                                              "path": "string"
                                                            }
                                                          ]
                                                        ],
                                                        "name": "string",
                                                        "optional": "bool"
                                                      }
                                                    ],
                                                    "serviceAccountToken": [
                                                      "object",
                                                      {
                                                        "audience": "string",
                                                        "expirationSeconds": "number",
                                                        "path": "string"
                                                      }
                                                    ]
                                                  }
                                                ]
                                              ]
                                            }
                                          ],
                                          "quobyte": [
                                            "object",
                                            {
                                              "group": "string",
                                              "readOnly": "bool",
                                              "registry": "string",
                                              "tenant": "string",
                                              "user": "string",
                                              "volume": "string"
                                            }
                                          ],
                                          "rbd": [
                                            "object",
                                            {
                                              "fsType": "string",
                                              "image": "string",
                                              "keyring": "string",
                                              "monitors": [
                                                "list",
                                                "string"
                                              ],
                                              "pool": "string",
                                              "readOnly": "bool",
                                              "secretRef": [
                                                "object",
                                                {
                                                  "name": "string"
                                                }
                                              ],
                                              "user": "string"
                                            }
                                          ],
                                          "scaleIO": [
                                            "object",
                                            {
                                              "fsType": "string",
                                              "gateway": "string",
                                              "protectionDomain": "string",
                                              "readOnly": "bool",
                                              "secretRef": [
                                                "object",
                                                {
                                                  "name": "string"
                                                }
                                              ],
                                              "sslEnabled": "bool",
                                              "storageMode": "string",
                                              "storagePool": "string",
                                              "system": "string",
                                              "volumeName": "string"
                                            }
                                          ],
                                          "secret": [
                                            "object",
                                            {
                                              "defaultMode": "number",
                                              "items": [
                                                "list",
                                                [
                                                  "object",
                                                  {
                                                    "key": "string",
                                                    "mode": "number",
                                                    "path": "string"
                                                  }
                                                ]
                                              ],
                                              "optional": "bool",
                                              "secretName": "string"
                                            }
                                          ],
                                          "storageos": [
                                            "object",
                                            {
                                              "fsType": "string",
                                              "readOnly": "bool",
                                              "secretRef": [
                                                "object",
                                                {
                                                  "name": "string"
                                                }
                                              ],
                                              "volumeName": "string",
                                              "volumeNamespace": "string"
                                            }
                                          ],
                                          "vsphereVolume": [
                                            "object",
                                            {
                                              "fsType": "string",
                                              "storagePolicyID": "string",
                                              "storagePolicyName": "string",
                                              "volumePath": "string"
                                            }
                                          ]
                                        }
                                      ]
                                    ]
                                  ]
                                }
                              ],
                              "status": [
                                "object",
                                {
                                  "conditions": [
                                    "list",
                                    [
                                      "object",
                                      {
                                        "lastProbeTime": "string",
                                        "lastTransitionTime": "string",
                                        "message": "string",
                                        "reason": "string",
                                        "status": "string",
                                        "type": "string"
                                      }
                                    ]
                                  ],
                                  "containerStatuses": [
                                    "list",
                                    [
                                      "object",
                                      {
                                        "allocatedResources": [
                                          "map",
                                          "string"
                                        ],
                                        "containerID": "string",
                                        "image": "string",
                                        "imageID": "string",
                                        "lastState": [
                                          "object",
                                          {
                                            "running": [
                                              "object",
                                              {
                                                "startedAt": "string"
                                              }
                                            ],
                                            "terminated": [
                                              "object",
                                              {
                                                "containerID": "string",
                                                "exitCode": "number",
                                                "finishedAt": "string",
                                                "message": "string",
                                                "reason": "string",
                                                "signal": "number",
                                                "startedAt": "string"
                                              }
                                            ],
                                            "waiting": [
                                              "object",
                                              {
                                                "message": "string",
                                                "reason": "string"
                                              }
                                            ]
                                          }
                                        ],
                                        "name": "string",
                                        "ready": "bool",
                                        "resources": [
                                          "object",
                                          {
                                            "claims": [
                                              "list",
                                              [
                                                "object",
                                                {
                                                  "name": "string"
                                                }
                                              ]
                                            ],
                                            "limits": [
                                              "map",
                                              "string"
                                            ],
                                            "requests": [
                                              "map",
                                              "string"
                                            ]
                                          }
                                        ],
                                        "restartCount": "number",
                                        "started": "bool",
                                        "state": [
                                          "object",
                                          {
                                            "running": [
                                              "object",
                                              {
                                                "startedAt": "string"
                                              }
                                            ],
                                            "terminated": [
                                              "object",
                                              {
                                                "containerID": "string",
                                                "exitCode": "number",
                                                "finishedAt": "string",
                                                "message": "string",
                                                "reason": "string",
                                                "signal": "number",
                                                "startedAt": "string"
                                              }
                                            ],
                                            "waiting": [
                                              "object",
                                              {
                                                "message": "string",
                                                "reason": "string"
                                              }
                                            ]
                                          }
                                        ]
                                      }
                                    ]
                                  ],
                                  "ephemeralContainerStatuses": [
                                    "list",
                                    [
                                      "object",
                                      {
                                        "allocatedResources": [
                                          "map",
                                          "string"
                                        ],
                                        "containerID": "string",
                                        "image": "string",
                                        "imageID": "string",
                                        "lastState": [
                                          "object",
                                          {
                                            "running": [
                                              "object",
                                              {
                                                "startedAt": "string"
                                              }
                                            ],
                                            "terminated": [
                                              "object",
                                              {
                                                "containerID": "string",
                                                "exitCode": "number",
                                                "finishedAt": "string",
                                                "message": "string",
                                                "reason": "string",
                                                "signal": "number",
                                                "startedAt": "string"
                                              }
                                            ],
                                            "waiting": [
                                              "object",
                                              {
                                                "message": "string",
                                                "reason": "string"
                                              }
                                            ]
                                          }
                                        ],
                                        "name": "string",
                                        "ready": "bool",
                                        "resources": [
                                          "object",
                                          {
                                            "claims": [
                                              "list",
                                              [
                                                "object",
                                                {
                                                  "name": "string"
                                                }
                                              ]
                                            ],
                                            "limits": [
                                              "map",
                                              "string"
                                            ],
                                            "requests": [
                                              "map",
                                              "string"
                                            ]
                                          }
                                        ],
                                        "restartCount": "number",
                                        "started": "bool",
                                        "state": [
                                          "object",
                                          {
                                            "running": [
                                              "object",
                                              {
                                                "startedAt": "string"
                                              }
                                            ],
                                            "terminated": [
                                              "object",
                                              {
                                                "containerID": "string",
                                                "exitCode": "number",
                                                "finishedAt": "string",
                                                "message": "string",
                                                "reason": "string",
                                                "signal": "number",
                                                "startedAt": "string"
                                              }
                                            ],
                                            "waiting": [
                                              "object",
                                              {
                                                "message": "string",
                                                "reason": "string"
                                              }
                                            ]
                                          }
                                        ]
                                      }
                                    ]
                                  ],
                                  "hostIP": "string",
                                  "initContainerStatuses": [
                                    "list",
                                    [
                                      "object",
                                      {
                                        "allocatedResources": [
                                          "map",
                                          "string"
                                        ],
                                        "containerID": "string",
                                        "image": "string",
                                        "imageID": "string",
                                        "lastState": [
                                          "object",
                                          {
                                            "running": [
                                              "object",
                                              {
                                                "startedAt": "string"
                                              }
                                            ],
                                            "terminated": [
                                              "object",
                                              {
                                                "containerID": "string",
                                                "exitCode": "number",
                                                "finishedAt": "string",
                                                "message": "string",
                                                "reason": "string",
                                                "signal": "number",
                                                "startedAt": "string"
                                              }
                                            ],
                                            "waiting": [
                                              "object",
                                              {
                                                "message": "string",
                                                "reason": "string"
                                              }
                                            ]
                                          }
                                        ],
                                        "name": "string",
                                        "ready": "bool",
                                        "resources": [
                                          "object",
                                          {
                                            "claims": [
                                              "list",
                                              [
                                                "object",
                                                {
                                                  "name": "string"
                                                }
                                              ]
                                            ],
                                            "limits": [
                                              "map",
                                              "string"
                                            ],
                                            "requests": [
                                              "map",
                                              "string"
                                            ]
                                          }
                                        ],
                                        "restartCount": "number",
                                        "started": "bool",
                                        "state": [
                                          "object",
                                          {
                                            "running": [
                                              "object",
                                              {
                                                "startedAt": "string"
                                              }
                                            ],
                                            "terminated": [
                                              "object",
                                              {
                                                "containerID": "string",
                                                "exitCode": "number",
                                                "finishedAt": "string",
                                                "message": "string",
                                                "reason": "string",
                                                "signal": "number",
                                                "startedAt": "string"
                                              }
                                            ],
                                            "waiting": [
                                              "object",
                                              {
                                                "message": "string",
                                                "reason": "string"
                                              }
                                            ]
                                          }
                                        ]
                                      }
                                    ]
                                  ],
                                  "message": "string",
                                  "nominatedNodeName": "string",
                                  "phase": "string",
                                  "podIP": "string",
                                  "podIPs": [
                                    "list",
                                    [
                                      "object",
                                      {
                                        "ip": "string"
                                      }
                                    ]
                                  ],
                                  "qosClass": "string",
                                  "reason": "string",
                                  "resize": "string",
                                  "startTime": "string"
                                }
                              ]
                            }
                          ],
                          "replicas": "number",
                          "resource": [
                            "object",
                            {
                              "cpu": "number",
                              "ephemeralStorage": "string",
                              "memory": "string"
                            }
                          ]
                        }
                      ]
                    }
                  ]
                }
              ]
            },
            "timeouts": [],
            "wait": [],
            "wait_for": null
          },
          "sensitive_attributes": [],
          "identity_schema_version": 1,
          "identity": {
            "api_version": "flink.apache.org/v1beta1",
            "kind": "FlinkDeployment",
            "name": "poc-pipeline",
            "namespace": "traitement"
          },
          "dependencies": [
            "helm_release.flink_operator",
            "kubernetes_namespace.traitement"
          ]
        }
      ]
    },
    {
      "mode": "managed",
      "type": "kubernetes_namespace",
      "name": "ingestion",
      "provider": "provider[\"registry.terraform.io/hashicorp/kubernetes\"]",
      "instances": [
        {
          "schema_version": 0,
          "attributes": {
            "id": "ingestion",
            "metadata": [
              {
                "annotations": {},
                "generate_name": "",
                "generation": 0,
                "labels": {
                  "app.kubernetes.io/part-of": "poc-pipeline"
                },
                "name": "ingestion",
                "resource_version": "97165",
                "uid": "3e34b81b-dd5f-46c2-a315-4ed3f861cd5c"
              }
            ],
            "timeouts": null,
            "wait_for_default_service_account": false
          },
          "sensitive_attributes": [],
          "identity_schema_version": 1,
          "identity": {
            "api_version": "v1",
            "kind": "Namespace",
            "name": "ingestion"
          },
          "private": "eyJlMmJmYjczMC1lY2FhLTExZTYtOGY4OC0zNDM2M2JjN2M0YzAiOnsiZGVsZXRlIjozMDAwMDAwMDAwMDB9fQ=="
        }
      ]
    },
    {
      "mode": "managed",
      "type": "kubernetes_namespace",
      "name": "stockage",
      "provider": "provider[\"registry.terraform.io/hashicorp/kubernetes\"]",
      "instances": [
        {
          "schema_version": 0,
          "attributes": {
            "id": "stockage",
            "metadata": [
              {
                "annotations": {},
                "generate_name": "",
                "generation": 0,
                "labels": {
                  "app.kubernetes.io/part-of": "poc-pipeline"
                },
                "name": "stockage",
                "resource_version": "97164",
                "uid": "54fcedcc-ea07-401e-b907-42aa75fc13f4"
              }
            ],
            "timeouts": null,
            "wait_for_default_service_account": false
          },
          "sensitive_attributes": [],
          "identity_schema_version": 1,
          "identity": {
            "api_version": "v1",
            "kind": "Namespace",
            "name": "stockage"
          },
          "private": "eyJlMmJmYjczMC1lY2FhLTExZTYtOGY4OC0zNDM2M2JjN2M0YzAiOnsiZGVsZXRlIjozMDAwMDAwMDAwMDB9fQ=="
        }
      ]
    },
    {
      "mode": "managed",
      "type": "kubernetes_namespace",
      "name": "traitement",
      "provider": "provider[\"registry.terraform.io/hashicorp/kubernetes\"]",
      "instances": [
        {
          "schema_version": 0,
          "attributes": {
            "id": "traitement",
            "metadata": [
              {
                "annotations": {},
                "generate_name": "",
                "generation": 0,
                "labels": {
                  "app.kubernetes.io/part-of": "poc-pipeline"
                },
                "name": "traitement",
                "resource_version": "97163",
                "uid": "c5d6ad4a-ad40-4e38-8631-3173833d4163"
              }
            ],
            "timeouts": null,
            "wait_for_default_service_account": false
          },
          "sensitive_attributes": [],
          "identity_schema_version": 1,
          "identity": {
            "api_version": "v1",
            "kind": "Namespace",
            "name": "traitement"
          },
          "private": "eyJlMmJmYjczMC1lY2FhLTExZTYtOGY4OC0zNDM2M2JjN2M0YzAiOnsiZGVsZXRlIjozMDAwMDAwMDAwMDB9fQ=="
        }
      ]
    },
    {
      "mode": "managed",
      "type": "kubernetes_secret",
      "name": "minio_creds",
      "provider": "provider[\"registry.terraform.io/hashicorp/kubernetes\"]",
      "instances": [
        {
          "schema_version": 0,
          "attributes": {
            "binary_data": null,
            "binary_data_wo": null,
            "binary_data_wo_revision": null,
            "data": {
              "access_key": "minioadmin",
              "secret_key": "minioadmin"
            },
            "data_wo": null,
            "data_wo_revision": null,
            "id": "stockage/minio-credentials",
            "immutable": false,
            "metadata": [
              {
                "annotations": {},
                "generate_name": "",
                "generation": 0,
                "labels": {},
                "name": "minio-credentials",
                "namespace": "stockage",
                "resource_version": "97173",
                "uid": "72f6824f-fc60-4142-bf0a-677f0440392d"
              }
            ],
            "timeouts": null,
            "type": "Opaque",
            "wait_for_service_account_token": true
          },
          "sensitive_attributes": [
            [
              {
                "type": "get_attr",
                "value": "binary_data"
              }
            ],
            [
              {
                "type": "get_attr",
                "value": "data"
              }
            ]
          ],
          "identity_schema_version": 1,
          "identity": {
            "api_version": "v1",
            "kind": "Secret",
            "name": "minio-credentials",
            "namespace": "stockage"
          },
          "private": "eyJlMmJmYjczMC1lY2FhLTExZTYtOGY4OC0zNDM2M2JjN2M0YzAiOnsiY3JlYXRlIjo2MDAwMDAwMDAwMH19",
          "dependencies": [
            "kubernetes_namespace.stockage"
          ]
        }
      ]
    },
    {
      "mode": "managed",
      "type": "kubernetes_secret",
      "name": "minio_creds_flink",
      "provider": "provider[\"registry.terraform.io/hashicorp/kubernetes\"]",
      "instances": [
        {
          "schema_version": 0,
          "attributes": {
            "binary_data": null,
            "binary_data_wo": null,
            "binary_data_wo_revision": null,
            "data": {
              "access_key": "minioadmin",
              "secret_key": "minioadmin"
            },
            "data_wo": null,
            "data_wo_revision": null,
            "id": "traitement/minio-credentials",
            "immutable": false,
            "metadata": [
              {
                "annotations": {},
                "generate_name": "",
                "generation": 0,
                "labels": {},
                "name": "minio-credentials",
                "namespace": "traitement",
                "resource_version": "97172",
                "uid": "5d42d452-1e2f-4aa5-8382-cd848b8c1adb"
              }
            ],
            "timeouts": null,
            "type": "Opaque",
            "wait_for_service_account_token": true
          },
          "sensitive_attributes": [
            [
              {
                "type": "get_attr",
                "value": "binary_data"
              }
            ],
            [
              {
                "type": "get_attr",
                "value": "data"
              }
            ]
          ],
          "identity_schema_version": 1,
          "identity": {
            "api_version": "v1",
            "kind": "Secret",
            "name": "minio-credentials",
            "namespace": "traitement"
          },
          "private": "eyJlMmJmYjczMC1lY2FhLTExZTYtOGY4OC0zNDM2M2JjN2M0YzAiOnsiY3JlYXRlIjo2MDAwMDAwMDAwMH19",
          "dependencies": [
            "kubernetes_namespace.traitement"
          ]
        }
      ]
    }
  ],
  "check_results": null
}
