{
  "version": 4,
  "terraform_version": "1.14.8",
  "serial": 26,
  "lineage": "0989ba70-70d9-c9c7-27bd-3b08dc51d291",
  "outputs": {
    "flink_rest_url": {
      "value": "http://poc-pipeline-rest.traitement.svc:8081",
      "type": "string"
    },
    "kafka_bootstrap": {
      "value": "payments-cluster-kafka-bootstrap.ingestion.svc:9092",
      "type": "string"
    },
    "minio_bucket": {
      "value": "rt-payments",
      "type": "string"
    },
    "minio_endpoint": {
      "value": "http://minio.stockage.svc:9000",
      "type": "string"
    }
  },
  "resources": [
    {
      "mode": "managed",
      "type": "helm_release",
      "name": "flink_operator",
      "provider": "provider[\"registry.terraform.io/hashicorp/helm\"]",
      "instances": [
        {
          "schema_version": 1,
          "attributes": {
            "atomic": false,
            "chart": "flink-kubernetes-operator",
            "cleanup_on_fail": false,
            "create_namespace": false,
            "dependency_update": false,
            "description": null,
            "devel": null,
            "disable_crd_hooks": false,
            "disable_openapi_validation": false,
            "disable_webhooks": false,
            "force_update": false,
            "id": "flink-kubernetes-operator",
            "keyring": null,
            "lint": false,
            "manifest": null,
            "max_history": 0,
            "metadata": [
              {
                "app_version": "1.8.0",
                "chart": "flink-kubernetes-operator",
                "first_deployed": 1776070398,
                "last_deployed": 1776070398,
                "name": "flink-kubernetes-operator",
                "namespace": "traitement",
                "notes": "",
                "revision": 1,
                "values": "{\"operatorPod\":{\"resources\":{\"requests\":{\"cpu\":\"100m\",\"memory\":\"256Mi\"}}},\"webhook\":{\"create\":false}}",
                "version": "1.8.0"
              }
            ],
            "name": "flink-kubernetes-operator",
            "namespace": "traitement",
            "pass_credentials": false,
            "postrender": [],
            "recreate_pods": false,
            "render_subchart_notes": true,
            "replace": false,
            "repository": "https://archive.apache.org/dist/flink/flink-kubernetes-operator-1.8.0/",
            "repository_ca_file": null,
            "repository_cert_file": null,
            "repository_key_file": null,
            "repository_password": null,
            "repository_username": null,
            "reset_values": false,
            "reuse_values": false,
            "set": [
              {
                "name": "operatorPod.resources.requests.cpu",
                "type": "",
                "value": "100m"
              },
              {
                "name": "operatorPod.resources.requests.memory",
                "type": "",
                "value": "256Mi"
              },
              {
                "name": "webhook.create",
                "type": "",
                "value": "false"
              }
            ],
            "set_list": [],
            "set_sensitive": [],
            "skip_crds": false,
            "status": "deployed",
            "timeout": 300,
            "upgrade_install": null,
            "values": null,
            "verify": false,
            "version": "1.8.0",
            "wait": true,
            "wait_for_jobs": false
          },
          "sensitive_attributes": [
            [
              {
                "type": "get_attr",
                "value": "repository_password"
              }
            ]
          ],
          "identity_schema_version": 0,
          "private": "eyJzY2hlbWFfdmVyc2lvbiI6IjEifQ==",
          "dependencies": [
            "kubernetes_namespace.traitement"
          ]
        }
      ]
    },
    {
      "mode": "managed",
      "type": "helm_release",
      "name": "minio",
      "provider": "provider[\"registry.terraform.io/hashicorp/helm\"]",
      "instances": [
        {
          "schema_version": 1,
          "attributes": {
            "atomic": false,
            "chart": "minio",
            "cleanup_on_fail": false,
            "create_namespace": false,
            "dependency_update": false,
            "description": null,
            "devel": null,
            "disable_crd_hooks": false,
            "disable_openapi_validation": false,
            "disable_webhooks": false,
            "force_update": false,
            "id": "minio",
            "keyring": null,
            "lint": false,
            "manifest": null,
            "max_history": 0,
            "metadata": [
              {
                "app_version": "RELEASE.2024-12-18T13-15-44Z",
                "chart": "minio",
                "first_deployed": 1776067203,
                "last_deployed": 1776067203,
                "name": "minio",
                "namespace": "stockage",
                "notes": "\nMinIO can be accessed via port 9000 on the following DNS name from within your cluster:\nminio.stockage.cluster.local\n\nTo access MinIO from localhost, run the below commands:\n\n  1. export POD_NAME=$(kubectl get pods --namespace stockage -l \"release=minio\" -o jsonpath=\"{.items[0].metadata.name}\")\n\n  2. kubectl port-forward $POD_NAME 9000 --namespace stockage\n\nRead more about port forwarding here: http://kubernetes.io/docs/user-guide/kubectl/kubectl_port-forward/\n\nYou can now access MinIO server on http://localhost:9000. Follow the below steps to connect to MinIO server with mc client:\n\n  1. Download the MinIO mc client - https://min.io/docs/minio/linux/reference/minio-mc.html#quickstart\n\n  2. export MC_HOST_minio-local=http://$(kubectl get secret --namespace stockage minio -o jsonpath=\"{.data.rootUser}\" | base64 --decode):$(kubectl get secret --namespace stockage minio -o jsonpath=\"{.data.rootPassword}\" | base64 --decode)@localhost:9000\n\n  3. mc ls minio-local\n\n\n",
                "revision": 1,
                "values": "{\"buckets\":[{\"name\":\"rt-payments\",\"policy\":\"none\",\"purge\":false}],\"mode\":\"standalone\",\"persistence\":{\"enabled\":false},\"resources\":{\"requests\":{\"cpu\":\"100m\",\"memory\":\"256Mi\"}},\"rootPassword\":\"minioadmin\",\"rootUser\":\"minioadmin\",\"service\":{\"type\":\"ClusterIP\"}}",
                "version": "5.4.0"
              }
            ],
            "name": "minio",
            "namespace": "stockage",
            "pass_credentials": false,
            "postrender": [],
            "recreate_pods": false,
            "render_subchart_notes": true,
            "replace": false,
            "repository": "https://charts.min.io/",
            "repository_ca_file": null,
            "repository_cert_file": null,
            "repository_key_file": null,
            "repository_password": null,
            "repository_username": null,
            "reset_values": false,
            "reuse_values": false,
            "set": [
              {
                "name": "buckets[0].name",
                "type": "",
                "value": "rt-payments"
              },
              {
                "name": "buckets[0].policy",
                "type": "",
                "value": "none"
              },
              {
                "name": "buckets[0].purge",
                "type": "",
                "value": "false"
              },
              {
                "name": "mode",
                "type": "",
                "value": "standalone"
              },
              {
                "name": "persistence.enabled",
                "type": "",
                "value": "false"
              },
              {
                "name": "resources.requests.cpu",
                "type": "",
                "value": "100m"
              },
              {
                "name": "resources.requests.memory",
                "type": "",
                "value": "256Mi"
              },
              {
                "name": "rootPassword",
                "type": "",
                "value": "minioadmin"
              },
              {
                "name": "rootUser",
                "type": "",
                "value": "minioadmin"
              },
              {
                "name": "service.type",
                "type": "",
                "value": "ClusterIP"
              }
            ],
            "set_list": [],
            "set_sensitive": [],
            "skip_crds": false,
            "status": "deployed",
            "timeout": 300,
            "upgrade_install": null,
            "values": null,
            "verify": false,
            "version": "5.4.0",
            "wait": true,
            "wait_for_jobs": false
          },
          "sensitive_attributes": [
            [
              {
                "type": "get_attr",
                "value": "repository_password"
              }
            ]
          ],
          "identity_schema_version": 0,
          "private": "eyJzY2hlbWFfdmVyc2lvbiI6IjEifQ==",
          "dependencies": [
            "kubernetes_namespace.stockage"
          ]
        }
      ]
    },
    {
      "mode": "managed",
      "type": "helm_release",
      "name": "strimzi_operator",
      "provider": "provider[\"registry.terraform.io/hashicorp/helm\"]",
      "instances": [
        {
          "schema_version": 1,
          "attributes": {
            "atomic": false,
            "chart": "strimzi-kafka-operator",
            "cleanup_on_fail": false,
            "create_namespace": false,
            "dependency_update": false,
            "description": "Release \"strimzi-kafka-operator\" failed: 3 errors occurred:\n\t* rolebindings.rbac.authorization.k8s.io \"strimzi-cluster-operator\" already exists\n\t* rolebindings.rbac.authorization.k8s.io \"strimzi-cluster-operator-watched\" already exists\n\t* rolebindings.rbac.authorization.k8s.io \"strimzi-cluster-operator-entity-operator-delegation\" already exists\n\n",
            "devel": null,
            "disable_crd_hooks": false,
            "disable_openapi_validation": false,
            "disable_webhooks": false,
            "force_update": false,
            "id": "strimzi-kafka-operator",
            "keyring": null,
            "lint": false,
            "manifest": null,
            "max_history": 0,
            "metadata": [
              {
                "app_version": "0.40.0",
                "chart": "strimzi-kafka-operator",
                "first_deployed": 1776069963,
                "last_deployed": 1776070397,
                "name": "strimzi-kafka-operator",
                "namespace": "ingestion",
                "notes": "Thank you for installing strimzi-kafka-operator-0.40.0\n\nTo create a Kafka cluster refer to the following documentation.\n\nhttps://strimzi.io/docs/operators/latest/deploying.html#deploying-cluster-operator-helm-chart-str\n",
                "revision": 2,
                "values": "{\"resources\":{\"requests\":{\"cpu\":\"100m\",\"memory\":\"256Mi\"}},\"watchNamespaces\":[\"ingestion\"]}",
                "version": "0.40.0"
              }
            ],
            "name": "strimzi-kafka-operator",
            "namespace": "ingestion",
            "pass_credentials": false,
            "postrender": [],
            "recreate_pods": false,
            "render_subchart_notes": true,
            "replace": false,
            "repository": "https://strimzi.io/charts/",
            "repository_ca_file": null,
            "repository_cert_file": null,
            "repository_key_file": null,
            "repository_password": null,
            "repository_username": null,
            "reset_values": false,
            "reuse_values": false,
            "set": [
              {
                "name": "resources.requests.cpu",
                "type": "",
                "value": "100m"
              },
              {
                "name": "resources.requests.memory",
                "type": "",
                "value": "256Mi"
              },
              {
                "name": "watchNamespaces",
                "type": "",
                "value": "{ingestion}"
              }
            ],
            "set_list": [],
            "set_sensitive": [],
            "skip_crds": false,
            "status": "deployed",
            "timeout": 300,
            "upgrade_install": null,
            "values": null,
            "verify": false,
            "version": "0.40.0",
            "wait": true,
            "wait_for_jobs": true
          },
          "sensitive_attributes": [
            [
              {
                "type": "get_attr",
                "value": "repository_password"
              }
            ]
          ],
          "identity_schema_version": 0,
          "private": "eyJzY2hlbWFfdmVyc2lvbiI6IjEifQ==",
          "dependencies": [
            "kubernetes_namespace.ingestion"
          ]
        }
      ]
    },
    {
      "mode": "managed",
      "type": "kubernetes_config_map",
      "name": "flink_config",
      "provider": "provider[\"registry.terraform.io/hashicorp/kubernetes\"]",
      "instances": [
        {
          "schema_version": 0,
          "attributes": {
            "binary_data": {},
            "data": {
              "flink.checkpointing.interval": "60000",
              "flink.state.backend": "rocksdb",
              "kafka.bootstrap.servers": "payments-cluster-kafka-bootstrap.ingestion.svc:9092",
              "kafka.topic.dlq": "payments.dlq",
              "kafka.topic.input": "payments",
              "minio.bucket": "rt-payments",
              "minio.endpoint": "http://minio.stockage.svc:9000"
            },
            "id": "traitement/flink-pipeline-config",
            "immutable": false,
            "metadata": [
              {
                "annotations": {},
                "generate_name": "",
                "generation": 0,
                "labels": {},
                "name": "flink-pipeline-config",
                "namespace": "traitement",
                "resource_version": "1425",
                "uid": "af97ed4a-952d-4965-a14b-5220938d6bc7"
              }
            ]
          },
          "sensitive_attributes": [],
          "identity_schema_version": 1,
          "identity": {
            "api_version": "v1",
            "kind": "ConfigMap",
            "name": "flink-pipeline-config",
            "namespace": "traitement"
          },
          "private": "bnVsbA==",
          "dependencies": [
            "kubernetes_namespace.traitement"
          ]
        }
      ]
    },
    {
      "mode": "managed",
      "type": "kubernetes_manifest",
      "name": "flink_deployment",
      "provider": "provider[\"registry.terraform.io/hashicorp/kubernetes\"]",
      "instances": [
        {
          "schema_version": 1,
          "attributes": {
            "computed_fields": null,
            "field_manager": [],
            "manifest": {
              "value": {
                "apiVersion": "flink.apache.org/v1beta1",
                "kind": "FlinkDeployment",
                "metadata": {
                  "name": "poc-pipeline",
                  "namespace": "traitement"
                },
                "spec": {
                  "flinkConfiguration": {
                    "execution.checkpointing.interval": "60s",
                    "execution.checkpointing.min-pause": "30s",
                    "execution.checkpointing.mode": "EXACTLY_ONCE",
                    "restart-strategy": "exponential-delay",
                    "restart-strategy.exponential-delay.initial-backoff": "1s",
                    "restart-strategy.exponential-delay.max-backoff": "5min",
                    "state.backend": "rocksdb",
                    "state.checkpoints.dir": "file:///tmp/flink-checkpoints",
                    "taskmanager.numberOfTaskSlots": "4"
                  },
                  "flinkVersion": "v1_18",
                  "image": "flink:1.18-scala_2.12",
                  "imagePullPolicy": "IfNotPresent",
                  "jobManager": {
                    "replicas": 1,
                    "resource": {
                      "cpu": 0.5,
                      "memory": "1024m"
                    }
                  },
                  "mode": "standalone",
                  "serviceAccount": "flink",
                  "taskManager": {
                    "replicas": 2,
                    "resource": {
                      "cpu": 1,
                      "memory": "1024m"
                    }
                  }
                }
              },
              "type": [
                "object",
                {
                  "apiVersion": "string",
                  "kind": "string",
                  "metadata": [
                    "object",
                    {
                      "name": "string",
                      "namespace": "string"
                    }
                  ],
                  "spec": [
                    "object",
                    {
                      "flinkConfiguration": [
                        "object",
                        {
                          "execution.checkpointing.interval": "string",
                          "execution.checkpointing.min-pause": "string",
                          "execution.checkpointing.mode": "string",
                          "restart-strategy": "string",
                          "restart-strategy.exponential-delay.initial-backoff": "string",
                          "restart-strategy.exponential-delay.max-backoff": "string",
                          "state.backend": "string",
                          "state.checkpoints.dir": "string",
                          "taskmanager.numberOfTaskSlots": "string"
                        }
                      ],
                      "flinkVersion": "string",
                      "image": "string",
                      "imagePullPolicy": "string",
                      "jobManager": [
                        "object",
                        {
                          "replicas": "number",
                          "resource": [
                            "object",
                            {
                              "cpu": "number",
                              "memory": "string"
                            }
                          ]
                        }
                      ],
                      "mode": "string",
                      "serviceAccount": "string",
                      "taskManager": [
                        "object",
                        {
                          "replicas": "number",
                          "resource": [
                            "object",
                            {
                              "cpu": "number",
                              "memory": "string"
                            }
                          ]
                        }
                      ]
                    }
                  ]
                }
              ]
            },
            "object": {
              "value": {
                "apiVersion": "flink.apache.org/v1beta1",
                "kind": "FlinkDeployment",
                "metadata": {
                  "annotations": null,
                  "creationTimestamp": null,
                  "deletionGracePeriodSeconds": null,
                  "deletionTimestamp": null,
                  "finalizers": null,
                  "generateName": null,
                  "generation": null,
                  "labels": null,
                  "managedFields": null,
                  "name": "poc-pipeline",
                  "namespace": "traitement",
                  "ownerReferences": null,
                  "resourceVersion": null,
                  "selfLink": null,
                  "uid": null
                },
                "spec": {
                  "flinkConfiguration": {
                    "execution.checkpointing.interval": "60s",
                    "execution.checkpointing.min-pause": "30s",
                    "execution.checkpointing.mode": "EXACTLY_ONCE",
                    "restart-strategy": "exponential-delay",
                    "restart-strategy.exponential-delay.initial-backoff": "1s",
                    "restart-strategy.exponential-delay.max-backoff": "5min",
                    "state.backend": "rocksdb",
                    "state.checkpoints.dir": "file:///tmp/flink-checkpoints",
                    "taskmanager.numberOfTaskSlots": "4"
                  },
                  "flinkVersion": "v1_18",
                  "image": "flink:1.18-scala_2.12",
                  "imagePullPolicy": "IfNotPresent",
                  "ingress": {
                    "annotations": null,
                    "className": null,
                    "labels": null,
                    "template": null,
                    "tls": null
                  },
                  "job": {
                    "allowNonRestoredState": null,
                    "args": null,
                    "checkpointTriggerNonce": null,
                    "entryClass": null,
                    "initialSavepointPath": null,
                    "jarURI": null,
                    "parallelism": null,
                    "savepointRedeployNonce": null,
                    "savepointTriggerNonce": null,
                    "state": null,
                    "upgradeMode": null
                  },
                  "jobManager": {
                    "podTemplate": {
                      "apiVersion": null,
                      "kind": null,
                      "metadata": {
                        "annotations": null,
                        "creationTimestamp": null,
                        "deletionGracePeriodSeconds": null,
                        "deletionTimestamp": null,
                        "finalizers": null,
                        "generateName": null,
                        "generation": null,
                        "labels": null,
                        "managedFields": null,
                        "name": null,
                        "namespace": null,
                        "ownerReferences": null,
                        "resourceVersion": null,
                        "selfLink": null,
                        "uid": null
                      },
                      "spec": {
                        "activeDeadlineSeconds": null,
                        "affinity": {
                          "nodeAffinity": {
                            "preferredDuringSchedulingIgnoredDuringExecution": null,
                            "requiredDuringSchedulingIgnoredDuringExecution": {
                              "nodeSelectorTerms": null
                            }
                          },
                          "podAffinity": {
                            "preferredDuringSchedulingIgnoredDuringExecution": null,
                            "requiredDuringSchedulingIgnoredDuringExecution": null
                          },
                          "podAntiAffinity": {
                            "preferredDuringSchedulingIgnoredDuringExecution": null,
                            "requiredDuringSchedulingIgnoredDuringExecution": null
                          }
                        },
                        "automountServiceAccountToken": null,
                        "containers": null,
                        "dnsConfig": {
                          "nameservers": null,
                          "options": null,
                          "searches": null
                        },
                        "dnsPolicy": null,
                        "enableServiceLinks": null,
                        "ephemeralContainers": null,
                        "hostAliases": null,
                        "hostIPC": null,
                        "hostNetwork": null,
                        "hostPID": null,
                        "hostUsers": null,
                        "hostname": null,
                        "imagePullSecrets": null,
                        "initContainers": null,
                        "nodeName": null,
                        "nodeSelector": null,
                        "os": {
                          "name": null
                        },
                        "overhead": null,
                        "preemptionPolicy": null,
                        "priority": null,
                        "priorityClassName": null,
                        "readinessGates": null,
                        "resourceClaims": null,
                        "restartPolicy": null,
                        "runtimeClassName": null,
                        "schedulerName": null,
                        "schedulingGates": null,
                        "securityContext": {
                          "fsGroup": null,
                          "fsGroupChangePolicy": null,
                          "runAsGroup": null,
                          "runAsNonRoot": null,
                          "runAsUser": null,
                          "seLinuxOptions": {
                            "level": null,
                            "role": null,
                            "type": null,
                            "user": null
                          },
                          "seccompProfile": {
                            "localhostProfile": null,
                            "type": null
                          },
                          "supplementalGroups": null,
                          "sysctls": null,
                          "windowsOptions": {
                            "gmsaCredentialSpec": null,
                            "gmsaCredentialSpecName": null,
                            "hostProcess": null,
                            "runAsUserName": null
                          }
                        },
                        "serviceAccount": null,
                        "serviceAccountName": null,
                        "setHostnameAsFQDN": null,
                        "shareProcessNamespace": null,
                        "subdomain": null,
                        "terminationGracePeriodSeconds": null,
                        "tolerations": null,
                        "topologySpreadConstraints": null,
                        "volumes": null
                      },
                      "status": {
                        "conditions": null,
                        "containerStatuses": null,
                        "ephemeralContainerStatuses": null,
                        "hostIP": null,
                        "initContainerStatuses": null,
                        "message": null,
                        "nominatedNodeName": null,
                        "phase": null,
                        "podIP": null,
                        "podIPs": null,
                        "qosClass": null,
                        "reason": null,
                        "resize": null,
                        "startTime": null
                      }
                    },
                    "replicas": 1,
                    "resource": {
                      "cpu": 0.5,
                      "ephemeralStorage": null,
                      "memory": "1024m"
                    }
                  },
                  "logConfiguration": null,
                  "mode": "standalone",
                  "podTemplate": {
                    "apiVersion": null,
                    "kind": null,
                    "metadata": {
                      "annotations": null,
                      "creationTimestamp": null,
                      "deletionGracePeriodSeconds": null,
                      "deletionTimestamp": null,
                      "finalizers": null,
                      "generateName": null,
                      "generation": null,
                      "labels": null,
                      "managedFields": null,
                      "name": null,
                      "namespace": null,
                      "ownerReferences": null,
                      "resourceVersion": null,
                      "selfLink": null,
                      "uid": null
                    },
                    "spec": {
                      "activeDeadlineSeconds": null,
                      "affinity": {
                        "nodeAffinity": {
                          "preferredDuringSchedulingIgnoredDuringExecution": null,
                          "requiredDuringSchedulingIgnoredDuringExecution": {
                            "nodeSelectorTerms": null
                          }
                        },
                        "podAffinity": {
                          "preferredDuringSchedulingIgnoredDuringExecution": null,
                          "requiredDuringSchedulingIgnoredDuringExecution": null
                        },
                        "podAntiAffinity": {
                          "preferredDuringSchedulingIgnoredDuringExecution": null,
                          "requiredDuringSchedulingIgnoredDuringExecution": null
                        }
                      },
                      "automountServiceAccountToken": null,
                      "containers": null,
                      "dnsConfig": {
                        "nameservers": null,
                        "options": null,
                        "searches": null
                      },
                      "dnsPolicy": null,
                      "enableServiceLinks": null,
                      "ephemeralContainers": null,
                      "hostAliases": null,
                      "hostIPC": null,
                      "hostNetwork": null,
                      "hostPID": null,
                      "hostUsers": null,
                      "hostname": null,
                      "imagePullSecrets": null,
                      "initContainers": null,
                      "nodeName": null,
                      "nodeSelector": null,
                      "os": {
                        "name": null
                      },
                      "overhead": null,
                      "preemptionPolicy": null,
                      "priority": null,
                      "priorityClassName": null,
                      "readinessGates": null,
                      "resourceClaims": null,
                      "restartPolicy": null,
                      "runtimeClassName": null,
                      "schedulerName": null,
                      "schedulingGates": null,
                      "securityContext": {
                        "fsGroup": null,
                        "fsGroupChangePolicy": null,
                        "runAsGroup": null,
                        "runAsNonRoot": null,
                        "runAsUser": null,
                        "seLinuxOptions": {
                          "level": null,
                          "role": null,
                          "type": null,
                          "user": null
                        },
                        "seccompProfile": {
                          "localhostProfile": null,
                          "type": null
                        },
                        "supplementalGroups": null,
                        "sysctls": null,
                        "windowsOptions": {
                          "gmsaCredentialSpec": null,
                          "gmsaCredentialSpecName": null,
                          "hostProcess": null,
                          "runAsUserName": null
                        }
                      },
                      "serviceAccount": null,
                      "serviceAccountName": null,
                      "setHostnameAsFQDN": null,
                      "shareProcessNamespace": null,
                      "subdomain": null,
                      "terminationGracePeriodSeconds": null,
                      "tolerations": null,
                      "topologySpreadConstraints": null,
                      "volumes": null
                    },
                    "status": {
                      "conditions": null,
                      "containerStatuses": null,
                      "ephemeralContainerStatuses": null,
                      "hostIP": null,
                      "initContainerStatuses": null,
                      "message": null,
                      "nominatedNodeName": null,
                      "phase": null,
                      "podIP": null,
                      "podIPs": null,
                      "qosClass": null,
                      "reason": null,
                      "resize": null,
                      "startTime": null
                    }
                  },
                  "restartNonce": null,
                  "serviceAccount": "flink",
                  "taskManager": {
                    "podTemplate": {
                      "apiVersion": null,
                      "kind": null,
                      "metadata": {
                        "annotations": null,
                        "creationTimestamp": null,
                        "deletionGracePeriodSeconds": null,
                        "deletionTimestamp": null,
                        "finalizers": null,
                        "generateName": null,
                        "generation": null,
                        "labels": null,
                        "managedFields": null,
                        "name": null,
                        "namespace": null,
                        "ownerReferences": null,
                        "resourceVersion": null,
                        "selfLink": null,
                        "uid": null
                      },
                      "spec": {
                        "activeDeadlineSeconds": null,
                        "affinity": {
                          "nodeAffinity": {
                            "preferredDuringSchedulingIgnoredDuringExecution": null,
                            "requiredDuringSchedulingIgnoredDuringExecution": {
                              "nodeSelectorTerms": null
                            }
                          },
                          "podAffinity": {
                            "preferredDuringSchedulingIgnoredDuringExecution": null,
                            "requiredDuringSchedulingIgnoredDuringExecution": null
                          },
                          "podAntiAffinity": {
                            "preferredDuringSchedulingIgnoredDuringExecution": null,
                            "requiredDuringSchedulingIgnoredDuringExecution": null
                          }
                        },
                        "automountServiceAccountToken": null,
                        "containers": null,
                        "dnsConfig": {
                          "nameservers": null,
                          "options": null,
                          "searches": null
                        },
                        "dnsPolicy": null,
                        "enableServiceLinks": null,
                        "ephemeralContainers": null,
                        "hostAliases": null,
                        "hostIPC": null,
                        "hostNetwork": null,
                        "hostPID": null,
                        "hostUsers": null,
                        "hostname": null,
                        "imagePullSecrets": null,
                        "initContainers": null,
                        "nodeName": null,
                        "nodeSelector": null,
                        "os": {
                          "name": null
                        },
                        "overhead": null,
                        "preemptionPolicy": null,
                        "priority": null,
                        "priorityClassName": null,
                        "readinessGates": null,
                        "resourceClaims": null,
                        "restartPolicy": null,
                        "runtimeClassName": null,
                        "schedulerName": null,
                        "schedulingGates": null,
                        "securityContext": {
                          "fsGroup": null,
                          "fsGroupChangePolicy": null,
                          "runAsGroup": null,
                          "runAsNonRoot": null,
                          "runAsUser": null,
                          "seLinuxOptions": {
                            "level": null,
                            "role": null,
                            "type": null,
                            "user": null
                          },
                          "seccompProfile": {
                            "localhostProfile": null,
                            "type": null
                          },
                          "supplementalGroups": null,
                          "sysctls": null,
                          "windowsOptions": {
                            "gmsaCredentialSpec": null,
                            "gmsaCredentialSpecName": null,
                            "hostProcess": null,
                            "runAsUserName": null
                          }
                        },
                        "serviceAccount": null,
                        "serviceAccountName": null,
                        "setHostnameAsFQDN": null,
                        "shareProcessNamespace": null,
                        "subdomain": null,
                        "terminationGracePeriodSeconds": null,
                        "tolerations": null,
                        "topologySpreadConstraints": null,
                        "volumes": null
                      },
                      "status": {
                        "conditions": null,
                        "containerStatuses": null,
                        "ephemeralContainerStatuses": null,
                        "hostIP": null,
                        "initContainerStatuses": null,
                        "message": null,
                        "nominatedNodeName": null,
                        "phase": null,
                        "podIP": null,
                        "podIPs": null,
                        "qosClass": null,
                        "reason": null,
                        "resize": null,
                        "startTime": null
                      }
                    },
                    "replicas": 2,
                    "resource": {
                      "cpu": 1,
                      "ephemeralStorage": null,
                      "memory": "1024m"
                    }
                  }
                }
              },
              "type": [
                "object",
                {
                  "apiVersion": "string",
                  "kind": "string",
                  "metadata": [
                    "object",
                    {
                      "annotations": [
                        "map",
                        "string"
                      ],
                      "creationTimestamp": "string",
                      "deletionGracePeriodSeconds": "number",
                      "deletionTimestamp": "string",
                      "finalizers": [
                        "list",
                        "string"
                      ],
                      "generateName": "string",
                      "generation": "number",
                      "labels": [
                        "map",
                        "string"
                      ],
                      "managedFields": [
                        "tuple",
                        [
                          [
                            "object",
                            {
                              "apiVersion": "string",
                              "fieldsType": "string",
                              "fieldsV1": "dynamic",
                              "manager": "string",
                              "operation": "string",
                              "subresource": "string",
                              "time": "string"
                            }
                          ]
                        ]
                      ],
                      "name": "string",
                      "namespace": "string",
                      "ownerReferences": [
                        "list",
                        [
                          "object",
                          {
                            "apiVersion": "string",
                            "blockOwnerDeletion": "bool",
                            "controller": "bool",
                            "kind": "string",
                            "name": "string",
                            "uid": "string"
                          }
                        ]
                      ],
                      "resourceVersion": "string",
                      "selfLink": "string",
                      "uid": "string"
                    }
                  ],
                  "spec": [
                    "object",
                    {
                      "flinkConfiguration": [
                        "map",
                        "string"
                      ],
                      "flinkVersion": "string",
                      "image": "string",
                      "imagePullPolicy": "string",
                      "ingress": [
                        "object",
                        {
                          "annotations": [
                            "map",
                            "string"
                          ],
                          "className": "string",
                          "labels": [
                            "map",
                            "string"
                          ],
                          "template": "string",
                          "tls": [
                            "list",
                            [
                              "object",
                              {
                                "hosts": [
                                  "list",
                                  "string"
                                ],
                                "secretName": "string"
                              }
                            ]
                          ]
                        }
                      ],
                      "job": [
                        "object",
                        {
                          "allowNonRestoredState": "bool",
                          "args": [
                            "list",
                            "string"
                          ],
                          "checkpointTriggerNonce": "number",
                          "entryClass": "string",
                          "initialSavepointPath": "string",
                          "jarURI": "string",
                          "parallelism": "number",
                          "savepointRedeployNonce": "number",
                          "savepointTriggerNonce": "number",
                          "state": "string",
                          "upgradeMode": "string"
                        }
                      ],
                      "jobManager": [
                        "object",
                        {
                          "podTemplate": [
                            "object",
                            {
                              "apiVersion": "string",
                              "kind": "string",
                              "metadata": [
                                "object",
                                {
                                  "annotations": [
                                    "map",
                                    "string"
                                  ],
                                  "creationTimestamp": "string",
                                  "deletionGracePeriodSeconds": "number",
                                  "deletionTimestamp": "string",
                                  "finalizers": [
                                    "list",
                                    "string"
                                  ],
                                  "generateName": "string",
                                  "generation": "number",
                                  "labels": [
                                    "map",
                                    "string"
                                  ],
                                  "managedFields": [
                                    "tuple",
                                    [
                                      [
                                        "object",
                                        {
                                          "apiVersion": "string",
                                          "fieldsType": "string",
                                          "fieldsV1": "dynamic",
                                          "manager": "string",
                                          "operation": "string",
                                          "subresource": "string",
                                          "time": "string"
                                        }
                                      ]
                                    ]
                                  ],
                                  "name": "string",
                                  "namespace": "string",
                                  "ownerReferences": [
                                    "list",
                                    [
                                      "object",
                                      {
                                        "apiVersion": "string",
                                        "blockOwnerDeletion": "bool",
                                        "controller": "bool",
                                        "kind": "string",
                                        "name": "string",
                                        "uid": "string"
                                      }
                                    ]
                                  ],
                                  "resourceVersion": "string",
                                  "selfLink": "string",
                                  "uid": "string"
                                }
                              ],
                              "spec": [
                                "object",
                                {
                                  "activeDeadlineSeconds": "number",
                                  "affinity": [
                                    "object",
                                    {
                                      "nodeAffinity": [
                                        "object",
                                        {
                                          "preferredDuringSchedulingIgnoredDuringExecution": [
                                            "list",
                                            [
                                              "object",
                                              {
                                                "preference": [
                                                  "object",
                                                  {
                                                    "matchExpressions": [
                                                      "list",
                                                      [
                                                        "object",
                                                        {
                                                          "key": "string",
                                                          "operator": "string",
                                                          "values": [
                                                            "list",
                                                            "string"
                                                          ]
                                                        }
                                                      ]
                                                    ],
                                                    "matchFields": [
                                                      "list",
                                                      [
                                                        "object",
                                                        {
                                                          "key": "string",
                                                          "operator": "string",
                                                          "values": [
                                                            "list",
                                                            "string"
                                                          ]
                                                        }
                                                      ]
                                                    ]
                                                  }
                                                ],
                                                "weight": "number"
                                              }
                                            ]
                                          ],
                                          "requiredDuringSchedulingIgnoredDuringExecution": [
                                            "object",
                                            {
                                              "nodeSelectorTerms": [
                                                "list",
                                                [
                                                  "object",
                                                  {
                                                    "matchExpressions": [
                                                      "list",
                                                      [
                                                        "object",
                                                        {
                                                          "key": "string",
                                                          "operator": "string",
                                                          "values": [
                                                            "list",
                                                            "string"
                                                          ]
                                                        }
                                                      ]
                                                    ],
                                                    "matchFields": [
                                                      "list",
                                                      [
                                                        "object",
                                                        {
                                                          "key": "string",
                                                          "operator": "string",
                                                          "values": [
                                                            "list",
                                                            "string"
                                                          ]
                                                        }
                                                      ]
                                                    ]
                                                  }
                                                ]
                                              ]
                                            }
                                          ]
                                        }
                                      ],
                                      "podAffinity": [
                                        "object",
                                        {
                                          "preferredDuringSchedulingIgnoredDuringExecution": [
                                            "list",
                                            [
                                              "object",
                                              {
                                                "podAffinityTerm": [
                                                  "object",
                                                  {
                                                    "labelSelector": [
                                                      "object",
                                                      {
                                                        "matchExpressions": [
                                                          "list",
                                                          [
                                                            "object",
                                                            {
                                                              "key": "string",
                                                              "operator": "string",
                                                              "values": [
                                                                "list",
                                                                "string"
                                                              ]
                                                            }
                                                          ]
                                                        ],
                                                        "matchLabels": [
                                                          "map",
                                                          "string"
                                                        ]
                                                      }
                                                    ],
                                                    "namespaceSelector": [
                                                      "object",
                                                      {
                                                        "matchExpressions": [
                                                          "list",
                                                          [
                                                            "object",
                                                            {
                                                              "key": "string",
                                                              "operator": "string",
                                                              "values": [
                                                                "list",
                                                                "string"
                                                              ]
                                                            }
                                                          ]
                                                        ],
                                                        "matchLabels": [
                                                          "map",
                                                          "string"
                                                        ]
                                                      }
                                                    ],
                                                    "namespaces": [
                                                      "list",
                                                      "string"
                                                    ],
                                                    "topologyKey": "string"
                                                  }
                                                ],
                                                "weight": "number"
                                              }
                                            ]
                                          ],
                                          "requiredDuringSchedulingIgnoredDuringExecution": [
                                            "list",
                                            [
                                              "object",
                                              {
                                                "labelSelector": [
                                                  "object",
                                                  {
                                                    "matchExpressions": [
                                                      "list",
                                                      [
                                                        "object",
                                                        {
                                                          "key": "string",
                                                          "operator": "string",
                                                          "values": [
                                                            "list",
                                                            "string"
                                                          ]
                                                        }
                                                      ]
                                                    ],
                                                    "matchLabels": [
                                                      "map",
                                                      "string"
                                                    ]
                                                  }
                                                ],
                                                "namespaceSelector": [
                                                  "object",
                                                  {
                                                    "matchExpressions": [
                                                      "list",
                                                      [
                                                        "object",
                                                        {
                                                          "key": "string",
                                                          "operator": "string",
                                                          "values": [
                                                            "list",
                                                            "string"
                                                          ]
                                                        }
                                                      ]
                                                    ],
                                                    "matchLabels": [
                                                      "map",
                                                      "string"
                                                    ]
                                                  }
                                                ],
                                                "namespaces": [
                                                  "list",
                                                  "string"
                                                ],
                                                "topologyKey": "string"
                                              }
                                            ]
                                          ]
                                        }
                                      ],
                                      "podAntiAffinity": [
                                        "object",
                                        {
                                          "preferredDuringSchedulingIgnoredDuringExecution": [
                                            "list",
                                            [
                                              "object",
                                              {
                                                "podAffinityTerm": [
                                                  "object",
                                                  {
                                                    "labelSelector": [
                                                      "object",
                                                      {
                                                        "matchExpressions": [
                                                          "list",
                                                          [
                                                            "object",
                                                            {
                                                              "key": "string",
                                                              "operator": "string",
                                                              "values": [
                                                                "list",
                                                                "string"
                                                              ]
                                                            }
                                                          ]
                                                        ],
                                                        "matchLabels": [
                                                          "map",
                                                          "string"
                                                        ]
                                                      }
                                                    ],
                                                    "namespaceSelector": [
                                                      "object",
                                                      {
                                                        "matchExpressions": [
                                                          "list",
                                                          [
                                                            "object",
                                                            {
                                                              "key": "string",
                                                              "operator": "string",
                                                              "values": [
                                                                "list",
                                                                "string"
                                                              ]
                                                            }
                                                          ]
                                                        ],
                                                        "matchLabels": [
                                                          "map",
                                                          "string"
                                                        ]
                                                      }
                                                    ],
                                                    "namespaces": [
                                                      "list",
                                                      "string"
                                                    ],
                                                    "topologyKey": "string"
                                                  }
                                                ],
                                                "weight": "number"
                                              }
                                            ]
                                          ],
                                          "requiredDuringSchedulingIgnoredDuringExecution": [
                                            "list",
                                            [
                                              "object",
                                              {
                                                "labelSelector": [
                                                  "object",
                                                  {
                                                    "matchExpressions": [
                                                      "list",
                                                      [
                                                        "object",
                                                        {
                                                          "key": "string",
                                                          "operator": "string",
                                                          "values": [
                                                            "list",
                                                            "string"
                                                          ]
                                                        }
                                                      ]
                                                    ],
                                                    "matchLabels": [
                                                      "map",
                                                      "string"
                                                    ]
                                                  }
                                                ],
                                                "namespaceSelector": [
                                                  "object",
                                                  {
                                                    "matchExpressions": [
                                                      "list",
                                                      [
                                                        "object",
                                                        {
                                                          "key": "string",
                                                          "operator": "string",
                                                          "values": [
                                                            "list",
                                                            "string"
                                                          ]
                                                        }
                                                      ]
                                                    ],
                                                    "matchLabels": [
                                                      "map",
                                                      "string"
                                                    ]
                                                  }
                                                ],
                                                "namespaces": [
                                                  "list",
                                                  "string"
                                                ],
                                                "topologyKey": "string"
                                              }
                                            ]
                                          ]
                                        }
                                      ]
                                    }
                                  ],
                                  "automountServiceAccountToken": "bool",
                                  "containers": [
                                    "list",
                                    [
                                      "object",
                                      {
                                        "args": [
                                          "list",
                                          "string"
                                        ],
                                        "command": [
                                          "list",
                                          "string"
                                        ],
                                        "env": [
                                          "list",
                                          [
                                            "object",
                                            {
                                              "name": "string",
                                              "value": "string",
                                              "valueFrom": [
                                                "object",
                                                {
                                                  "configMapKeyRef": [
                                                    "object",
                                                    {
                                                      "key": "string",
                                                      "name": "string",
                                                      "optional": "bool"
                                                    }
                                                  ],
                                                  "fieldRef": [
                                                    "object",
                                                    {
                                                      "apiVersion": "string",
                                                      "fieldPath": "string"
                                                    }
                                                  ],
                                                  "resourceFieldRef": [
                                                    "object",
                                                    {
                                                      "containerName": "string",
                                                      "divisor": "string",
                                                      "resource": "string"
                                                    }
                                                  ],
                                                  "secretKeyRef": [
                                                    "object",
                                                    {
                                                      "key": "string",
                                                      "name": "string",
                                                      "optional": "bool"
                                                    }
                                                  ]
                                                }
                                              ]
                                            }
                                          ]
                                        ],
                                        "envFrom": [
                                          "list",
                                          [
                                            "object",
                                            {
                                              "configMapRef": [
                                                "object",
                                                {
                                                  "name": "string",
                                                  "optional": "bool"
                                                }
                                              ],
                                              "prefix": "string",
                                              "secretRef": [
                                                "object",
                                                {
                                                  "name": "string",
                                                  "optional": "bool"
                                                }
                                              ]
                                            }
                                          ]
                                        ],
                                        "image": "string",
                                        "imagePullPolicy": "string",
                                        "lifecycle": [
                                          "object",
                                          {
                                            "postStart": [
                                              "object",
                                              {
                                                "exec": [
                                                  "object",
                                                  {
                                                    "command": [
                                                      "list",
                                                      "string"
                                                    ]
                                                  }
                                                ],
                                                "httpGet": [
                                                  "object",
                                                  {
                                                    "host": "string",
                                                    "httpHeaders": [
                                                      "list",
                                                      [
                                                        "object",
                                                        {
                                                          "name": "string",
                                                          "value": "string"
                                                        }
                                                      ]
                                                    ],
                                                    "path": "string",
                                                    "port": "string",
                                                    "scheme": "string"
                                                  }
                                                ],
                                                "tcpSocket": [
                                                  "object",
                                                  {
                                                    "host": "string",
                                                    "port": "string"
                                                  }
                                                ]
                                              }
                                            ],
                                            "preStop": [
                                              "object",
                                              {
                                                "exec": [
                                                  "object",
                                                  {
                                                    "command": [
                                                      "list",
                                                      "string"
                                                    ]
                                                  }
                                                ],
                                                "httpGet": [
                                                  "object",
                                                  {
                                                    "host": "string",
                                                    "httpHeaders": [
                                                      "list",
                                                      [
                                                        "object",
                                                        {
                                                          "name": "string",
                                                          "value": "string"
                                                        }
                                                      ]
                                                    ],
                                                    "path": "string",
                                                    "port": "string",
                                                    "scheme": "string"
                                                  }
                                                ],
                                                "tcpSocket": [
                                                  "object",
                                                  {
                                                    "host": "string",
                                                    "port": "string"
                                                  }
                                                ]
                                              }
                                            ]
                                          }
                                        ],
                                        "livenessProbe": [
                                          "object",
                                          {
                                            "exec": [
                                              "object",
                                              {
                                                "command": [
                                                  "list",
                                                  "string"
                                                ]
                                              }
                                            ],
                                            "failureThreshold": "number",
                                            "grpc": [
                                              "object",
                                              {
                                                "port": "number",
                                                "service": "string"
                                              }
                                            ],
                                            "httpGet": [
                                              "object",
                                              {
                                                "host": "string",
                                                "httpHeaders": [
                                                  "list",
                                                  [
                                                    "object",
                                                    {
                                                      "name": "string",
                                                      "value": "string"
                                                    }
                                                  ]
                                                ],
                                                "path": "string",
                                                "port": "string",
                                                "scheme": "string"
                                              }
                                            ],
                                            "initialDelaySeconds": "number",
                                            "periodSeconds": "number",
                                            "successThreshold": "number",
                                            "tcpSocket": [
                                              "object",
                                              {
                                                "host": "string",
                                                "port": "string"
                                              }
                                            ],
                                            "terminationGracePeriodSeconds": "number",
                                            "timeoutSeconds": "number"
                                          }
                                        ],
                                        "name": "string",
                                        "ports": [
                                          "list",
                                          [
                                            "object",
                                            {
                                              "containerPort": "number",
                                              "hostIP": "string",
                                              "hostPort": "number",
                                              "name": "string",
                                              "protocol": "string"
                                            }
                                          ]
                                        ],
                                        "readinessProbe": [
                                          "object",
                                          {
                                            "exec": [
                                              "object",
                                              {
                                                "command": [
                                                  "list",
                                                  "string"
                                                ]
                                              }
                                            ],
                                            "failureThreshold": "number",
                                            "grpc": [
                                              "object",
                                              {
                                                "port": "number",
                                                "service": "string"
                                              }
                                            ],
                                            "httpGet": [
                                              "object",
                                              {
                                                "host": "string",
                                                "httpHeaders": [
                                                  "list",
                                                  [
                                                    "object",
                                                    {
                                                      "name": "string",
                                                      "value": "string"
                                                    }
                                                  ]
                                                ],
                                                "path": "string",
                                                "port": "string",
                                                "scheme": "string"
                                              }
                                            ],
                                            "initialDelaySeconds": "number",
                                            "periodSeconds": "number",
                                            "successThreshold": "number",
                                            "tcpSocket": [
                                              "object",
                                              {
                                                "host": "string",
                                                "port": "string"
                                              }
                                            ],
                                            "terminationGracePeriodSeconds": "number",
                                            "timeoutSeconds": "number"
                                          }
                                        ],
                                        "resizePolicy": [
                                          "list",
                                          [
                                            "object",
                                            {
                                              "resourceName": "string",
                                              "restartPolicy": "string"
                                            }
                                          ]
                                        ],
                                        "resources": [
                                          "object",
                                          {
                                            "claims": [
                                              "list",
                                              [
                                                "object",
                                                {
                                                  "name": "string"
                                                }
                                              ]
                                            ],
                                            "limits": [
                                              "map",
                                              "string"
                                            ],
                                            "requests": [
                                              "map",
                                              "string"
                                            ]
                                          }
                                        ],
                                        "securityContext": [
                                          "object",
                                          {
                                            "allowPrivilegeEscalation": "bool",
                                            "capabilities": [
                                              "object",
                                              {
                                                "add": [
                                                  "list",
                                                  "string"
                                                ],
                                                "drop": [
                                                  "list",
                                                  "string"
                                                ]
                                              }
                                            ],
                                            "privileged": "bool",
                                            "procMount": "string",
                                            "readOnlyRootFilesystem": "bool",
                                            "runAsGroup": "number",
                                            "runAsNonRoot": "bool",
                                            "runAsUser": "number",
                                            "seLinuxOptions": [
                                              "object",
                                              {
                                                "level": "string",
                                                "role": "string",
                                                "type": "string",
                                                "user": "string"
                                              }
                                            ],
                                            "seccompProfile": [
                                              "object",
                                              {
                                                "localhostProfile": "string",
                                                "type": "string"
                                              }
                                            ],
                                            "windowsOptions": [
                                              "object",
                                              {
                                                "gmsaCredentialSpec": "string",
                                                "gmsaCredentialSpecName": "string",
                                                "hostProcess": "bool",
                                                "runAsUserName": "string"
                                              }
                                            ]
                                          }
                                        ],
                                        "startupProbe": [
                                          "object",
                                          {
                                            "exec": [
                                              "object",
                                              {
                                                "command": [
                                                  "list",
                                                  "string"
                                                ]
                                              }
                                            ],
                                            "failureThreshold": "number",
                                            "grpc": [
                                              "object",
                                              {
                                                "port": "number",
                                                "service": "string"
                                              }
                                            ],
                                            "httpGet": [
                                              "object",
                                              {
                                                "host": "string",
                                                "httpHeaders": [
                                                  "list",
                                                  [
                                                    "object",
                                                    {
                                                      "name": "string",
                                                      "value": "string"
                                                    }
                                                  ]
                                                ],
                                                "path": "string",
                                                "port": "string",
                                                "scheme": "string"
                                              }
                                            ],
                                            "initialDelaySeconds": "number",
                                            "periodSeconds": "number",
                                            "successThreshold": "number",
                                            "tcpSocket": [
                                              "object",
                                              {
                                                "host": "string",
                                                "port": "string"
                                              }
                                            ],
                                            "terminationGracePeriodSeconds": "number",
                                            "timeoutSeconds": "number"
                                          }
                                        ],
                                        "stdin": "bool",
                                        "stdinOnce": "bool",
                                        "terminationMessagePath": "string",
                                        "terminationMessagePolicy": "string",
                                        "tty": "bool",
                                        "volumeDevices": [
                                          "list",
                                          [
                                            "object",
                                            {
                                              "devicePath": "string",
                                              "name": "string"
                                            }
                                          ]
                                        ],
                                        "volumeMounts": [
                                          "list",
                                          [
                                            "object",
                                            {
                                              "mountPath": "string",
                                              "mountPropagation": "string",
                                              "name": "string",
                                              "readOnly": "bool",
                                              "subPath": "string",
                                              "subPathExpr": "string"
                                            }
                                          ]
                                        ],
                                        "workingDir": "string"
                                      }
                                    ]
                                  ],
                                  "dnsConfig": [
                                    "object",
                                    {
                                      "nameservers": [
                                        "list",
                                        "string"
                                      ],
                                      "options": [
                                        "list",
                                        [
                                          "object",
                                          {
                                            "name": "string",
                                            "value": "string"
                                          }
                                        ]
                                      ],
                                      "searches": [
                                        "list",
                                        "string"
                                      ]
                                    }
                                  ],
                                  "dnsPolicy": "string",
                                  "enableServiceLinks": "bool",
                                  "ephemeralContainers": [
                                    "list",
                                    [
                                      "object",
                                      {
                                        "args": [
                                          "list",
                                          "string"
                                        ],
                                        "command": [
                                          "list",
                                          "string"
                                        ],
                                        "env": [
                                          "list",
                                          [
                                            "object",
                                            {
                                              "name": "string",
                                              "value": "string",
                                              "valueFrom": [
                                                "object",
                                                {
                                                  "configMapKeyRef": [
                                                    "object",
                                                    {
                                                      "key": "string",
                                                      "name": "string",
                                                      "optional": "bool"
                                                    }
                                                  ],
                                                  "fieldRef": [
                                                    "object",
                                                    {
                                                      "apiVersion": "string",
                                                      "fieldPath": "string"
                                                    }
                                                  ],
                                                  "resourceFieldRef": [
                                                    "object",
                                                    {
                                                      "containerName": "string",
                                                      "divisor": "string",
                                                      "resource": "string"
                                                    }
                                                  ],
                                                  "secretKeyRef": [
                                                    "object",
                                                    {
                                                      "key": "string",
                                                      "name": "string",
                                                      "optional": "bool"
                                                    }
                                                  ]
                                                }
                                              ]
                                            }
                                          ]
                                        ],
                                        "envFrom": [
                                          "list",
                                          [
                                            "object",
                                            {
                                              "configMapRef": [
                                                "object",
                                                {
                                                  "name": "string",
                                                  "optional": "bool"
                                                }
                                              ],
                                              "prefix": "string",
                                              "secretRef": [
                                                "object",
                                                {
                                                  "name": "string",
                                                  "optional": "bool"
                                                }
                                              ]
                                            }
                                          ]
                                        ],
                                        "image": "string",
                                        "imagePullPolicy": "string",
                                        "lifecycle": [
                                          "object",
                                          {
                                            "postStart": [
                                              "object",
                                              {
                                                "exec": [
                                                  "object",
                                                  {
                                                    "command": [
                                                      "list",
                                                      "string"
                                                    ]
                                                  }
                                                ],
                                                "httpGet": [
                                                  "object",
                                                  {
                                                    "host": "string",
                                                    "httpHeaders": [
                                                      "list",
                                                      [
                                                        "object",
                                                        {
                                                          "name": "string",
                                                          "value": "string"
                                                        }
                                                      ]
                                                    ],
                                                    "path": "string",
                                                    "port": "string",
                                                    "scheme": "string"
                                                  }
                                                ],
                                                "tcpSocket": [
                                                  "object",
                                                  {
                                                    "host": "string",
                                                    "port": "string"
                                                  }
                                                ]
                                              }
                                            ],
                                            "preStop": [
                                              "object",
                                              {
                                                "exec": [
                                                  "object",
                                                  {
                                                    "command": [
                                                      "list",
                                                      "string"
                                                    ]
                                                  }
                                                ],
                                                "httpGet": [
                                                  "object",
                                                  {
                                                    "host": "string",
                                                    "httpHeaders": [
                                                      "list",
                                                      [
                                                        "object",
                                                        {
                                                          "name": "string",
                                                          "value": "string"
                                                        }
                                                      ]
                                                    ],
                                                    "path": "string",
                                                    "port": "string",
                                                    "scheme": "string"
                                                  }
                                                ],
                                                "tcpSocket": [
                                                  "object",
                                                  {
                                                    "host": "string",
                                                    "port": "string"
                                                  }
                                                ]
                                              }
                                            ]
                                          }
                                        ],
                                        "livenessProbe": [
                                          "object",
                                          {
                                            "exec": [
                                              "object",
                                              {
                                                "command": [
                                                  "list",
                                                  "string"
                                                ]
                                              }
                                            ],
                                            "failureThreshold": "number",
                                            "grpc": [
                                              "object",
                                              {
                                                "port": "number",
                                                "service": "string"
                                              }
                                            ],
                                            "httpGet": [
                                              "object",
                                              {
                                                "host": "string",
                                                "httpHeaders": [
                                                  "list",
                                                  [
                                                    "object",
                                                    {
                                                      "name": "string",
                                                      "value": "string"
                                                    }
                                                  ]
                                                ],
                                                "path": "string",
                                                "port": "string",
                                                "scheme": "string"
                                              }
                                            ],
                                            "initialDelaySeconds": "number",
                                            "periodSeconds": "number",
                                            "successThreshold": "number",
                                            "tcpSocket": [
                                              "object",
                                              {
                                                "host": "string",
                                                "port": "string"
                                              }
                                            ],
                                            "terminationGracePeriodSeconds": "number",
                                            "timeoutSeconds": "number"
                                          }
                                        ],
                                        "name": "string",
                                        "ports": [
                                          "list",
                                          [
                                            "object",
                                            {
                                              "containerPort": "number",
                                              "hostIP": "string",
                                              "hostPort": "number",
                                              "name": "string",
                                              "protocol": "string"
                                            }
                                          ]
                                        ],
                                        "readinessProbe": [
                                          "object",
                                          {
                                            "exec": [
                                              "object",
                                              {
                                                "command": [
                                                  "list",
                                                  "string"
                                                ]
                                              }
                                            ],
                                            "failureThreshold": "number",
                                            "grpc": [
                                              "object",
                                              {
                                                "port": "number",
                                                "service": "string"
                                              }
                                            ],
                                            "httpGet": [
                                              "object",
                                              {
                                                "host": "string",
                                                "httpHeaders": [
                                                  "list",
                                                  [
                                                    "object",
                                                    {
                                                      "name": "string",
                                                      "value": "string"
                                                    }
                                                  ]
                                                ],
                                                "path": "string",
                                                "port": "string",
                                                "scheme": "string"
                                              }
                                            ],
                                            "initialDelaySeconds": "number",
                                            "periodSeconds": "number",
                                            "successThreshold": "number",
                                            "tcpSocket": [
                                              "object",
                                              {
                                                "host": "string",
                                                "port": "string"
                                              }
                                            ],
                                            "terminationGracePeriodSeconds": "number",
                                            "timeoutSeconds": "number"
                                          }
                                        ],
                                        "resizePolicy": [
                                          "list",
                                          [
                                            "object",
                                            {
                                              "resourceName": "string",
                                              "restartPolicy": "string"
                                            }
                                          ]
                                        ],
                                        "resources": [
                                          "object",
                                          {
                                            "claims": [
                                              "list",
                                              [
                                                "object",
                                                {
                                                  "name": "string"
                                                }
                                              ]
                                            ],
                                            "limits": [
                                              "map",
                                              "string"
                                            ],
                                            "requests": [
                                              "map",
                                              "string"
                                            ]
                                          }
                                        ],
                                        "securityContext": [
                                          "object",
                                          {
                                            "allowPrivilegeEscalation": "bool",
                                            "capabilities": [
                                              "object",
                                              {
                                                "add": [
                                                  "list",
                                                  "string"
                                                ],
                                                "drop": [
                                                  "list",
                                                  "string"
                                                ]
                                              }
                                            ],
                                            "privileged": "bool",
                                            "procMount": "string",
                                            "readOnlyRootFilesystem": "bool",
                                            "runAsGroup": "number",
                                            "runAsNonRoot": "bool",
                                            "runAsUser": "number",
                                            "seLinuxOptions": [
                                              "object",
                                              {
                                                "level": "string",
                                                "role": "string",
                                                "type": "string",
                                                "user": "string"
                                              }
                                            ],
                                            "seccompProfile": [
                                              "object",
                                              {
                                                "localhostProfile": "string",
                                                "type": "string"
                                              }
                                            ],
                                            "windowsOptions": [
                                              "object",
                                              {
                                                "gmsaCredentialSpec": "string",
                                                "gmsaCredentialSpecName": "string",
                                                "hostProcess": "bool",
                                                "runAsUserName": "string"
                                              }
                                            ]
                                          }
                                        ],
                                        "startupProbe": [
                                          "object",
                                          {
                                            "exec": [
                                              "object",
                                              {
                                                "command": [
                                                  "list",
                                                  "string"
                                                ]
                                              }
                                            ],
                                            "failureThreshold": "number",
                                            "grpc": [
                                              "object",
                                              {
                                                "port": "number",
                                                "service": "string"
                                              }
                                            ],
                                            "httpGet": [
                                              "object",
                                              {
                                                "host": "string",
                                                "httpHeaders": [
                                                  "list",
                                                  [
                                                    "object",
                                                    {
                                                      "name": "string",
                                                      "value": "string"
                                                    }
                                                  ]
                                                ],
                                                "path": "string",
                                                "port": "string",
                                                "scheme": "string"
                                              }
                                            ],
                                            "initialDelaySeconds": "number",
                                            "periodSeconds": "number",
                                            "successThreshold": "number",
                                            "tcpSocket": [
                                              "object",
                                              {
                                                "host": "string",
                                                "port": "string"
                                              }
                                            ],
                                            "terminationGracePeriodSeconds": "number",
                                            "timeoutSeconds": "number"
                                          }
                                        ],
                                        "stdin": "bool",
                                        "stdinOnce": "bool",
                                        "targetContainerName": "string",
                                        "terminationMessagePath": "string",
                                        "terminationMessagePolicy": "string",
                                        "tty": "bool",
                                        "volumeDevices": [
                                          "list",
                                          [
                                            "object",
                                            {
                                              "devicePath": "string",
                                              "name": "string"
                                            }
                                          ]
                                        ],
                                        "volumeMounts": [
                                          "list",
                                          [
                                            "object",
                                            {
                                              "mountPath": "string",
                                              "mountPropagation": "string",
                                              "name": "string",
                                              "readOnly": "bool",
                                              "subPath": "string",
                                              "subPathExpr": "string"
                                            }
                                          ]
                                        ],
                                        "workingDir": "string"
                                      }
                                    ]
                                  ],
                                  "hostAliases": [
                                    "list",
                                    [
                                      "object",
                                      {
                                        "hostnames": [
                                          "list",
                                          "string"
                                        ],
                                        "ip": "string"
                                      }
                                    ]
                                  ],
                                  "hostIPC": "bool",
                                  "hostNetwork": "bool",
                                  "hostPID": "bool",
                                  "hostUsers": "bool",
                                  "hostname": "string",
                                  "imagePullSecrets": [
                                    "list",
                                    [
                                      "object",
                                      {
                                        "name": "string"
                                      }
                                    ]
                                  ],
                                  "initContainers": [
                                    "list",
                                    [
                                      "object",
                                      {
                                        "args": [
                                          "list",
                                          "string"
                                        ],
                                        "command": [
                                          "list",
                                          "string"
                                        ],
                                        "env": [
                                          "list",
                                          [
                                            "object",
                                            {
                                              "name": "string",
                                              "value": "string",
                                              "valueFrom": [
                                                "object",
                                                {
                                                  "configMapKeyRef": [
                                                    "object",
                                                    {
                                                      "key": "string",
                                                      "name": "string",
                                                      "optional": "bool"
                                                    }
                                                  ],
                                                  "fieldRef": [
                                                    "object",
                                                    {
                                                      "apiVersion": "string",
                                                      "fieldPath": "string"
                                                    }
                                                  ],
                                                  "resourceFieldRef": [
                                                    "object",
                                                    {
                                                      "containerName": "string",
                                                      "divisor": "string",
                                                      "resource": "string"
                                                    }
                                                  ],
                                                  "secretKeyRef": [
                                                    "object",
                                                    {
                                                      "key": "string",
                                                      "name": "string",
                                                      "optional": "bool"
                                                    }
                                                  ]
                                                }
                                              ]
                                            }
                                          ]
                                        ],
                                        "envFrom": [
                                          "list",
                                          [
                                            "object",
                                            {
                                              "configMapRef": [
                                                "object",
                                                {
                                                  "name": "string",
                                                  "optional": "bool"
                                                }
                                              ],
                                              "prefix": "string",
                                              "secretRef": [
                                                "object",
                                                {
                                                  "name": "string",
                                                  "optional": "bool"
                                                }
                                              ]
                                            }
                                          ]
                                        ],
                                        "image": "string",
                                        "imagePullPolicy": "string",
                                        "lifecycle": [
                                          "object",
                                          {
                                            "postStart": [
                                              "object",
                                              {
                                                "exec": [
                                                  "object",
                                                  {
                                                    "command": [
                                                      "list",
                                                      "string"
                                                    ]
                                                  }
                                                ],
                                                "httpGet": [
                                                  "object",
                                                  {
                                                    "host": "string",
                                                    "httpHeaders": [
                                                      "list",
                                                      [
                                                        "object",
                                                        {
                                                          "name": "string",
                                                          "value": "string"
                                                        }
                                                      ]
                                                    ],
                                                    "path": "string",
                                                    "port": "string",
                                                    "scheme": "string"
                                                  }
                                                ],
                                                "tcpSocket": [
                                                  "object",
                                                  {
                                                    "host": "string",
                                                    "port": "string"
                                                  }
                                                ]
                                              }
                                            ],
                                            "preStop": [
                                              "object",
                                              {
                                                "exec": [
                                                  "object",
                                                  {
                                                    "command": [
                                                      "list",
                                                      "string"
                                                    ]
                                                  }
                                                ],
                                                "httpGet": [
                                                  "object",
                                                  {
                                                    "host": "string",
                                                    "httpHeaders": [
                                                      "list",
                                                      [
                                                        "object",
                                                        {
                                                          "name": "string",
                                                          "value": "string"
                                                        }
                                                      ]
                                                    ],
                                                    "path": "string",
                                                    "port": "string",
                                                    "scheme": "string"
                                                  }
                                                ],
                                                "tcpSocket": [
                                                  "object",
                                                  {
                                                    "host": "string",
                                                    "port": "string"
                                                  }
                                                ]
                                              }
                                            ]
                                          }
                                        ],
                                        "livenessProbe": [
                                          "object",
                                          {
                                            "exec": [
                                              "object",
                                              {
                                                "command": [
                                                  "list",
                                                  "string"
                                                ]
                                              }
                                            ],
                                            "failureThreshold": "number",
                                            "grpc": [
                                              "object",
                                              {
                                                "port": "number",
                                                "service": "string"
                                              }
                                            ],
                                            "httpGet": [
                                              "object",
                                              {
                                                "host": "string",
                                                "httpHeaders": [
                                                  "list",
                                                  [
                                                    "object",
                                                    {
                                                      "name": "string",
                                                      "value": "string"
                                                    }
                                                  ]
                                                ],
                                                "path": "string",
                                                "port": "string",
                                                "scheme": "string"
                                              }
                                            ],
                                            "initialDelaySeconds": "number",
                                            "periodSeconds": "number",
                                            "successThreshold": "number",
                                            "tcpSocket": [
                                              "object",
                                              {
                                                "host": "string",
                                                "port": "string"
                                              }
                                            ],
                                            "terminationGracePeriodSeconds": "number",
                                            "timeoutSeconds": "number"
                                          }
                                        ],
                                        "name": "string",
                                        "ports": [
                                          "list",
                                          [
                                            "object",
                                            {
                                              "containerPort": "number",
                                              "hostIP": "string",
                                              "hostPort": "number",
                                              "name": "string",
                                              "protocol": "string"
                                            }
                                          ]
                                        ],
                                        "readinessProbe": [
                                          "object",
                                          {
                                            "exec": [
                                              "object",
                                              {
                                                "command": [
                                                  "list",
                                                  "string"
                                                ]
                                              }
                                            ],
                                            "failureThreshold": "number",
                                            "grpc": [
                                              "object",
                                              {
                                                "port": "number",
                                                "service": "string"
                                              }
                                            ],
                                            "httpGet": [
                                              "object",
                                              {
                                                "host": "string",
                                                "httpHeaders": [
                                                  "list",
                                                  [
                                                    "object",
                                                    {
                                                      "name": "string",
                                                      "value": "string"
                                                    }
                                                  ]
                                                ],
                                                "path": "string",
                                                "port": "string",
                                                "scheme": "string"
                                              }
                                            ],
                                            "initialDelaySeconds": "number",
                                            "periodSeconds": "number",
                                            "successThreshold": "number",
                                            "tcpSocket": [
                                              "object",
                                              {
                                                "host": "string",
                                                "port": "string"
                                              }
                                            ],
                                            "terminationGracePeriodSeconds": "number",
                                            "timeoutSeconds": "number"
                                          }
                                        ],
                                        "resizePolicy": [
                                          "list",
                                          [
                                            "object",
                                            {
                                              "resourceName": "string",
                                              "restartPolicy": "string"
                                            }
                                          ]
                                        ],
                                        "resources": [
                                          "object",
                                          {
                                            "claims": [
                                              "list",
                                              [
                                                "object",
                                                {
                                                  "name": "string"
                                                }
                                              ]
                                            ],
                                            "limits": [
                                              "map",
                                              "string"
                                            ],
                                            "requests": [
                                              "map",
                                              "string"
                                            ]
                                          }
                                        ],
                                        "securityContext": [
                                          "object",
                                          {
                                            "allowPrivilegeEscalation": "bool",
                                            "capabilities": [
                                              "object",
                                              {
                                                "add": [
                                                  "list",
                                                  "string"
                                                ],
                                                "drop": [
                                                  "list",
                                                  "string"
                                                ]
                                              }
                                            ],
                                            "privileged": "bool",
                                            "procMount": "string",
                                            "readOnlyRootFilesystem": "bool",
                                            "runAsGroup": "number",
                                            "runAsNonRoot": "bool",
                                            "runAsUser": "number",
                                            "seLinuxOptions": [
                                              "object",
                                              {
                                                "level": "string",
                                                "role": "string",
                                                "type": "string",
                                                "user": "string"
                                              }
                                            ],
                                            "seccompProfile": [
                                              "object",
                                              {
                                                "localhostProfile": "string",
                                                "type": "string"
                                              }
                                            ],
                                            "windowsOptions": [
                                              "object",
                                              {
                                                "gmsaCredentialSpec": "string",
                                                "gmsaCredentialSpecName": "string",
                                                "hostProcess": "bool",
                                                "runAsUserName": "string"
                                              }
                                            ]
                                          }
                                        ],
                                        "startupProbe": [
                                          "object",
                                          {
                                            "exec": [
                                              "object",
                                              {
                                                "command": [
                                                  "list",
                                                  "string"
                                                ]
                                              }
                                            ],
                                            "failureThreshold": "number",
                                            "grpc": [
                                              "object",
                                              {
                                                "port": "number",
                                                "service": "string"
                                              }
                                            ],
                                            "httpGet": [
                                              "object",
                                              {
                                                "host": "string",
                                                "httpHeaders": [
                                                  "list",
                                                  [
                                                    "object",
                                                    {
                                                      "name": "string",
                                                      "value": "string"
                                                    }
                                                  ]
                                                ],
                                                "path": "string",
                                                "port": "string",
                                                "scheme": "string"
                                              }
                                            ],
                                            "initialDelaySeconds": "number",
                                            "periodSeconds": "number",
                                            "successThreshold": "number",
                                            "tcpSocket": [
                                              "object",
                                              {
                                                "host": "string",
                                                "port": "string"
                                              }
                                            ],
                                            "terminationGracePeriodSeconds": "number",
                                            "timeoutSeconds": "number"
                                          }
                                        ],
                                        "stdin": "bool",
                                        "stdinOnce": "bool",
                                        "terminationMessagePath": "string",
                                        "terminationMessagePolicy": "string",
                                        "tty": "bool",
                                        "volumeDevices": [
                                          "list",
                                          [
                                            "object",
                                            {
                                              "devicePath": "string",
                                              "name": "string"
                                            }
                                          ]
                                        ],
                                        "volumeMounts": [
                                          "list",
                                          [
                                            "object",
                                            {
                                              "mountPath": "string",
                                              "mountPropagation": "string",
                                              "name": "string",
                                              "readOnly": "bool",
                                              "subPath": "string",
                                              "subPathExpr": "string"
                                            }
                                          ]
                                        ],
                                        "workingDir": "string"
                                      }
                                    ]
                                  ],
                                  "nodeName": "string",
                                  "nodeSelector": [
                                    "map",
                                    "string"
                                  ],
                                  "os": [
                                    "object",
                                    {
                                      "name": "string"
                                    }
                                  ],
                                  "overhead": [
                                    "map",
                                    "string"
                                  ],
                                  "preemptionPolicy": "string",
                                  "priority": "number",
                                  "priorityClassName": "string",
                                  "readinessGates": [
                                    "list",
                                    [
                                      "object",
                                      {
                                        "conditionType": "string"
                                      }
                                    ]
                                  ],
                                  "resourceClaims": [
                                    "list",
                                    [
                                      "object",
                                      {
                                        "name": "string",
                                        "source": [
                                          "object",
                                          {
                                            "resourceClaimName": "string",
                                            "resourceClaimTemplateName": "string"
                                          }
                                        ]
                                      }
                                    ]
                                  ],
                                  "restartPolicy": "string",
                                  "runtimeClassName": "string",
                                  "schedulerName": "string",
                                  "schedulingGates": [
                                    "list",
                                    [
                                      "object",
                                      {
                                        "name": "string"
                                      }
                                    ]
                                  ],
                                  "securityContext": [
                                    "object",
                                    {
                                      "fsGroup": "number",
                                      "fsGroupChangePolicy": "string",
                                      "runAsGroup": "number",
                                      "runAsNonRoot": "bool",
                                      "runAsUser": "number",
                                      "seLinuxOptions": [
                                        "object",
                                        {
                                          "level": "string",
                                          "role": "string",
                                          "type": "string",
                                          "user": "string"
                                        }
                                      ],
                                      "seccompProfile": [
                                        "object",
                                        {
                                          "localhostProfile": "string",
                                          "type": "string"
                                        }
                                      ],
                                      "supplementalGroups": [
                                        "list",
                                        "number"
                                      ],
                                      "sysctls": [
                                        "list",
                                        [
                                          "object",
                                          {
                                            "name": "string",
                                            "value": "string"
                                          }
                                        ]
                                      ],
                                      "windowsOptions": [
                                        "object",
                                        {
                                          "gmsaCredentialSpec": "string",
                                          "gmsaCredentialSpecName": "string",
                                          "hostProcess": "bool",
                                          "runAsUserName": "string"
                                        }
                                      ]
                                    }
                                  ],
                                  "serviceAccount": "string",
                                  "serviceAccountName": "string",
                                  "setHostnameAsFQDN": "bool",
                                  "shareProcessNamespace": "bool",
                                  "subdomain": "string",
                                  "terminationGracePeriodSeconds": "number",
                                  "tolerations": [
                                    "list",
                                    [
                                      "object",
                                      {
                                        "effect": "string",
                                        "key": "string",
                                        "operator": "string",
                                        "tolerationSeconds": "number",
                                        "value": "string"
                                      }
                                    ]
                                  ],
                                  "topologySpreadConstraints": [
                                    "list",
                                    [
                                      "object",
                                      {
                                        "labelSelector": [
                                          "object",
                                          {
                                            "matchExpressions": [
                                              "list",
                                              [
                                                "object",
                                                {
                                                  "key": "string",
                                                  "operator": "string",
                                                  "values": [
                                                    "list",
                                                    "string"
                                                  ]
                                                }
                                              ]
                                            ],
                                            "matchLabels": [
                                              "map",
                                              "string"
                                            ]
                                          }
                                        ],
                                        "matchLabelKeys": [
                                          "list",
                                          "string"
                                        ],
                                        "maxSkew": "number",
                                        "minDomains": "number",
                                        "nodeAffinityPolicy": "string",
                                        "nodeTaintsPolicy": "string",
                                        "topologyKey": "string",
                                        "whenUnsatisfiable": "string"
                                      }
                                    ]
                                  ],
                                  "volumes": [
                                    "tuple",
                                    [
                                      [
                                        "object",
                                        {
                                          "awsElasticBlockStore": [
                                            "object",
                                            {
                                              "fsType": "string",
                                              "partition": "number",
                                              "readOnly": "bool",
                                              "volumeID": "string"
                                            }
                                          ],
                                          "azureDisk": [
                                            "object",
                                            {
                                              "cachingMode": "string",
                                              "diskName": "string",
                                              "diskURI": "string",
                                              "fsType": "string",
                                              "kind": "string",
                                              "readOnly": "bool"
                                            }
                                          ],
                                          "azureFile": [
                                            "object",
                                            {
                                              "readOnly": "bool",
                                              "secretName": "string",
                                              "shareName": "string"
                                            }
                                          ],
                                          "cephfs": [
                                            "object",
                                            {
                                              "monitors": [
                                                "list",
                                                "string"
                                              ],
                                              "path": "string",
                                              "readOnly": "bool",
                                              "secretFile": "string",
                                              "secretRef": [
                                                "object",
                                                {
                                                  "name": "string"
                                                }
                                              ],
                                              "user": "string"
                                            }
                                          ],
                                          "cinder": [
                                            "object",
                                            {
                                              "fsType": "string",
                                              "readOnly": "bool",
                                              "secretRef": [
                                                "object",
                                                {
                                                  "name": "string"
                                                }
                                              ],
                                              "volumeID": "string"
                                            }
                                          ],
                                          "configMap": [
                                            "object",
                                            {
                                              "defaultMode": "number",
                                              "items": [
                                                "list",
                                                [
                                                  "object",
                                                  {
                                                    "key": "string",
                                                    "mode": "number",
                                                    "path": "string"
                                                  }
                                                ]
                                              ],
                                              "name": "string",
                                              "optional": "bool"
                                            }
                                          ],
                                          "csi": [
                                            "object",
                                            {
                                              "driver": "string",
                                              "fsType": "string",
                                              "nodePublishSecretRef": [
                                                "object",
                                                {
                                                  "name": "string"
                                                }
                                              ],
                                              "readOnly": "bool",
                                              "volumeAttributes": [
                                                "map",
                                                "string"
                                              ]
                                            }
                                          ],
                                          "downwardAPI": [
                                            "object",
                                            {
                                              "defaultMode": "number",
                                              "items": [
                                                "list",
                                                [
                                                  "object",
                                                  {
                                                    "fieldRef": [
                                                      "object",
                                                      {
                                                        "apiVersion": "string",
                                                        "fieldPath": "string"
                                                      }
                                                    ],
                                                    "mode": "number",
                                                    "path": "string",
                                                    "resourceFieldRef": [
                                                      "object",
                                                      {
                                                        "containerName": "string",
                                                        "divisor": "string",
                                                        "resource": "string"
                                                      }
                                                    ]
                                                  }
                                                ]
                                              ]
                                            }
                                          ],
                                          "emptyDir": [
                                            "object",
                                            {
                                              "medium": "string",
                                              "sizeLimit": "string"
                                            }
                                          ],
                                          "ephemeral": [
                                            "object",
                                            {
                                              "volumeClaimTemplate": [
                                                "object",
                                                {
                                                  "metadata": [
                                                    "object",
                                                    {
                                                      "annotations": [
                                                        "map",
                                                        "string"
                                                      ],
                                                      "creationTimestamp": "string",
                                                      "deletionGracePeriodSeconds": "number",
                                                      "deletionTimestamp": "string",
                                                      "finalizers": [
                                                        "list",
                                                        "string"
                                                      ],
                                                      "generateName": "string",
                                                      "generation": "number",
                                                      "labels": [
                                                        "map",
                                                        "string"
                                                      ],
                                                      "managedFields": [
                                                        "tuple",
                                                        [
                                                          [
                                                            "object",
                                                            {
                                                              "apiVersion": "string",
                                                              "fieldsType": "string",
                                                              "fieldsV1": "dynamic",
                                                              "manager": "string",
                                                              "operation": "string",
                                                              "subresource": "string",
                                                              "time": "string"
                                                            }
                                                          ]
                                                        ]
                                                      ],
                                                      "name": "string",
                                                      "namespace": "string",
                                                      "ownerReferences": [
                                                        "list",
                                                        [
                                                          "object",
                                                          {
                                                            "apiVersion": "string",
                                                            "blockOwnerDeletion": "bool",
                                                            "controller": "bool",
                                                            "kind": "string",
                                                            "name": "string",
                                                            "uid": "string"
                                                          }
                                                        ]
                                                      ],
                                                      "resourceVersion": "string",
                                                      "selfLink": "string",
                                                      "uid": "string"
                                                    }
                                                  ],
                                                  "spec": [
                                                    "object",
                                                    {
                                                      "accessModes": [
                                                        "list",
                                                        "string"
                                                      ],
                                                      "dataSource": [
                                                        "object",
                                                        {
                                                          "apiGroup": "string",
                                                          "kind": "string",
                                                          "name": "string"
                                                        }
                                                      ],
                                                      "dataSourceRef": [
                                                        "object",
                                                        {
                                                          "apiGroup": "string",
                                                          "kind": "string",
                                                          "name": "string",
                                                          "namespace": "string"
                                                        }
                                                      ],
                                                      "resources": [
                                                        "object",
                                                        {
                                                          "claims": [
                                                            "list",
                                                            [
                                                              "object",
                                                              {
                                                                "name": "string"
                                                              }
                                                            ]
                                                          ],
                                                          "limits": [
                                                            "map",
                                                            "string"
                                                          ],
                                                          "requests": [
                                                            "map",
                                                            "string"
                                                          ]
                                                        }
                                                      ],
                                                      "selector": [
                                                        "object",
                                                        {
                                                          "matchExpressions": [
                                                            "list",
                                                            [
                                                              "object",
                                                              {
                                                                "key": "string",
                                                                "operator": "string",
                                                                "values": [
                                                                  "list",
                                                                  "string"
                                                                ]
                                                              }
                                                            ]
                                                          ],
                                                          "matchLabels": [
                                                            "map",
                                                            "string"
                                                          ]
                                                        }
                                                      ],
                                                      "storageClassName": "string",
                                                      "volumeMode": "string",
                                                      "volumeName": "string"
                                                    }
                                                  ]
                                                }
                                              ]
                                            }
                                          ],
                                          "fc": [
                                            "object",
                                            {
                                              "fsType": "string",
                                              "lun": "number",
                                              "readOnly": "bool",
                                              "targetWWNs": [
                                                "list",
                                                "string"
                                              ],
                                              "wwids": [
                                                "list",
                                                "string"
                                              ]
                                            }
                                          ],
                                          "flexVolume": [
                                            "object",
                                            {
                                              "driver": "string",
                                              "fsType": "string",
                                              "options": [
                                                "map",
                                                "string"
                                              ],
                                              "readOnly": "bool",
                                              "secretRef": [
                                                "object",
                                                {
                                                  "name": "string"
                                                }
                                              ]
                                            }
                                          ],
                                          "flocker": [
                                            "object",
                                            {
                                              "datasetName": "string",
                                              "datasetUUID": "string"
                                            }
                                          ],
                                          "gcePersistentDisk": [
                                            "object",
                                            {
                                              "fsType": "string",
                                              "partition": "number",
                                              "pdName": "string",
                                              "readOnly": "bool"
                                            }
                                          ],
                                          "gitRepo": [
                                            "object",
                                            {
                                              "directory": "string",
                                              "repository": "string",
                                              "revision": "string"
                                            }
                                          ],
                                          "glusterfs": [
                                            "object",
                                            {
                                              "endpoints": "string",
                                              "path": "string",
                                              "readOnly": "bool"
                                            }
                                          ],
                                          "hostPath": [
                                            "object",
                                            {
                                              "path": "string",
                                              "type": "string"
                                            }
                                          ],
                                          "iscsi": [
                                            "object",
                                            {
                                              "chapAuthDiscovery": "bool",
                                              "chapAuthSession": "bool",
                                              "fsType": "string",
                                              "initiatorName": "string",
                                              "iqn": "string",
                                              "iscsiInterface": "string",
                                              "lun": "number",
                                              "portals": [
                                                "list",
                                                "string"
                                              ],
                                              "readOnly": "bool",
                                              "secretRef": [
                                                "object",
                                                {
                                                  "name": "string"
                                                }
                                              ],
                                              "targetPortal": "string"
                                            }
                                          ],
                                          "name": "string",
                                          "nfs": [
                                            "object",
                                            {
                                              "path": "string",
                                              "readOnly": "bool",
                                              "server": "string"
                                            }
                                          ],
                                          "persistentVolumeClaim": [
                                            "object",
                                            {
                                              "claimName": "string",
                                              "readOnly": "bool"
                                            }
                                          ],
                                          "photonPersistentDisk": [
                                            "object",
                                            {
                                              "fsType": "string",
                                              "pdID": "string"
                                            }
                                          ],
                                          "portworxVolume": [
                                            "object",
                                            {
                                              "fsType": "string",
                                              "readOnly": "bool",
                                              "volumeID": "string"
                                            }
                                          ],
                                          "projected": [
                                            "object",
                                            {
                                              "defaultMode": "number",
                                              "sources": [
                                                "list",
                                                [
                                                  "object",
                                                  {
                                                    "configMap": [
                                                      "object",
                                                      {
                                                        "items": [
                                                          "list",
                                                          [
                                                            "object",
                                                            {
                                                              "key": "string",
                                                              "mode": "number",
                                                              "path": "string"
                                                            }
                                                          ]
                                                        ],
                                                        "name": "string",
                                                        "optional": "bool"
                                                      }
                                                    ],
                                                    "downwardAPI": [
                                                      "object",
                                                      {
                                                        "items": [
                                                          "list",
                                                          [
                                                            "object",
                                                            {
                                                              "fieldRef": [
                                                                "object",
                                                                {
                                                                  "apiVersion": "string",
                                                                  "fieldPath": "string"
                                                                }
                                                              ],
                                                              "mode": "number",
                                                              "path": "string",
                                                              "resourceFieldRef": [
                                                                "object",
                                                                {
                                                                  "containerName": "string",
                                                                  "divisor": "string",
                                                                  "resource": "string"
                                                                }
                                                              ]
                                                            }
                                                          ]
                                                        ]
                                                      }
                                                    ],
                                                    "secret": [
                                                      "object",
                                                      {
                                                        "items": [
                                                          "list",
                                                          [
                                                            "object",
                                                            {
                                                              "key": "string",
                                                              "mode": "number",
                                                              "path": "string"
                                                            }
                                                          ]
                                                        ],
                                                        "name": "string",
                                                        "optional": "bool"
                                                      }
                                                    ],
                                                    "serviceAccountToken": [
                                                      "object",
                                                      {
                                                        "audience": "string",
                                                        "expirationSeconds": "number",
                                                        "path": "string"
                                                      }
                                                    ]
                                                  }
                                                ]
                                              ]
                                            }
                                          ],
                                          "quobyte": [
                                            "object",
                                            {
                                              "group": "string",
                                              "readOnly": "bool",
                                              "registry": "string",
                                              "tenant": "string",
                                              "user": "string",
                                              "volume": "string"
                                            }
                                          ],
                                          "rbd": [
                                            "object",
                                            {
                                              "fsType": "string",
                                              "image": "string",
                                              "keyring": "string",
                                              "monitors": [
                                                "list",
                                                "string"
                                              ],
                                              "pool": "string",
                                              "readOnly": "bool",
                                              "secretRef": [
                                                "object",
                                                {
                                                  "name": "string"
                                                }
                                              ],
                                              "user": "string"
                                            }
                                          ],
                                          "scaleIO": [
                                            "object",
                                            {
                                              "fsType": "string",
                                              "gateway": "string",
                                              "protectionDomain": "string",
                                              "readOnly": "bool",
                                              "secretRef": [
                                                "object",
                                                {
                                                  "name": "string"
                                                }
                                              ],
                                              "sslEnabled": "bool",
                                              "storageMode": "string",
                                              "storagePool": "string",
                                              "system": "string",
                                              "volumeName": "string"
                                            }
                                          ],
                                          "secret": [
                                            "object",
                                            {
                                              "defaultMode": "number",
                                              "items": [
                                                "list",
                                                [
                                                  "object",
                                                  {
                                                    "key": "string",
                                                    "mode": "number",
                                                    "path": "string"
                                                  }
                                                ]
                                              ],
                                              "optional": "bool",
                                              "secretName": "string"
                                            }
                                          ],
                                          "storageos": [
                                            "object",
                                            {
                                              "fsType": "string",
                                              "readOnly": "bool",
                                              "secretRef": [
                                                "object",
                                                {
                                                  "name": "string"
                                                }
                                              ],
                                              "volumeName": "string",
                                              "volumeNamespace": "string"
                                            }
                                          ],
                                          "vsphereVolume": [
                                            "object",
                                            {
                                              "fsType": "string",
                                              "storagePolicyID": "string",
                                              "storagePolicyName": "string",
                                              "volumePath": "string"
                                            }
                                          ]
                                        }
                                      ]
                                    ]
                                  ]
                                }
                              ],
                              "status": [
                                "object",
                                {
                                  "conditions": [
                                    "list",
                                    [
                                      "object",
                                      {
                                        "lastProbeTime": "string",
                                        "lastTransitionTime": "string",
                                        "message": "string",
                                        "reason": "string",
                                        "status": "string",
                                        "type": "string"
                                      }
                                    ]
                                  ],
                                  "containerStatuses": [
                                    "list",
                                    [
                                      "object",
                                      {
                                        "allocatedResources": [
                                          "map",
                                          "string"
                                        ],
                                        "containerID": "string",
                                        "image": "string",
                                        "imageID": "string",
                                        "lastState": [
                                          "object",
                                          {
                                            "running": [
                                              "object",
                                              {
                                                "startedAt": "string"
                                              }
                                            ],
                                            "terminated": [
                                              "object",
                                              {
                                                "containerID": "string",
                                                "exitCode": "number",
                                                "finishedAt": "string",
                                                "message": "string",
                                                "reason": "string",
                                                "signal": "number",
                                                "startedAt": "string"
                                              }
                                            ],
                                            "waiting": [
                                              "object",
                                              {
                                                "message": "string",
                                                "reason": "string"
                                              }
                                            ]
                                          }
                                        ],
                                        "name": "string",
                                        "ready": "bool",
                                        "resources": [
                                          "object",
                                          {
                                            "claims": [
                                              "list",
                                              [
                                                "object",
                                                {
                                                  "name": "string"
                                                }
                                              ]
                                            ],
                                            "limits": [
                                              "map",
                                              "string"
                                            ],
                                            "requests": [
                                              "map",
                                              "string"
                                            ]
                                          }
                                        ],
                                        "restartCount": "number",
                                        "started": "bool",
                                        "state": [
                                          "object",
                                          {
                                            "running": [
                                              "object",
                                              {
                                                "startedAt": "string"
                                              }
                                            ],
                                            "terminated": [
                                              "object",
                                              {
                                                "containerID": "string",
                                                "exitCode": "number",
                                                "finishedAt": "string",
                                                "message": "string",
                                                "reason": "string",
                                                "signal": "number",
                                                "startedAt": "string"
                                              }
                                            ],
                                            "waiting": [
                                              "object",
                                              {
                                                "message": "string",
                                                "reason": "string"
                                              }
                                            ]
                                          }
                                        ]
                                      }
                                    ]
                                  ],
                                  "ephemeralContainerStatuses": [
                                    "list",
                                    [
                                      "object",
                                      {
                                        "allocatedResources": [
                                          "map",
                                          "string"
                                        ],
                                        "containerID": "string",
                                        "image": "string",
                                        "imageID": "string",
                                        "lastState": [
                                          "object",
                                          {
                                            "running": [
                                              "object",
                                              {
                                                "startedAt": "string"
                                              }
                                            ],
                                            "terminated": [
                                              "object",
                                              {
                                                "containerID": "string",
                                                "exitCode": "number",
                                                "finishedAt": "string",
                                                "message": "string",
                                                "reason": "string",
                                                "signal": "number",
                                                "startedAt": "string"
                                              }
                                            ],
                                            "waiting": [
                                              "object",
                                              {
                                                "message": "string",
                                                "reason": "string"
                                              }
                                            ]
                                          }
                                        ],
                                        "name": "string",
                                        "ready": "bool",
                                        "resources": [
                                          "object",
                                          {
                                            "claims": [
                                              "list",
                                              [
                                                "object",
                                                {
                                                  "name": "string"
                                                }
                                              ]
                                            ],
                                            "limits": [
                                              "map",
                                              "string"
                                            ],
                                            "requests": [
                                              "map",
                                              "string"
                                            ]
                                          }
                                        ],
                                        "restartCount": "number",
                                        "started": "bool",
                                        "state": [
                                          "object",
                                          {
                                            "running": [
                                              "object",
                                              {
                                                "startedAt": "string"
                                              }
                                            ],
                                            "terminated": [
                                              "object",
                                              {
                                                "containerID": "string",
                                                "exitCode": "number",
                                                "finishedAt": "string",
                                                "message": "string",
                                                "reason": "string",
                                                "signal": "number",
                                                "startedAt": "string"
                                              }
                                            ],
                                            "waiting": [
                                              "object",
                                              {
                                                "message": "string",
                                                "reason": "string"
                                              }
                                            ]
                                          }
                                        ]
                                      }
                                    ]
                                  ],
                                  "hostIP": "string",
                                  "initContainerStatuses": [
                                    "list",
                                    [
                                      "object",
                                      {
                                        "allocatedResources": [
                                          "map",
                                          "string"
                                        ],
                                        "containerID": "string",
                                        "image": "string",
                                        "imageID": "string",
                                        "lastState": [
                                          "object",
                                          {
                                            "running": [
                                              "object",
                                              {
                                                "startedAt": "string"
                                              }
                                            ],
                                            "terminated": [
                                              "object",
                                              {
                                                "containerID": "string",
                                                "exitCode": "number",
                                                "finishedAt": "string",
                                                "message": "string",
                                                "reason": "string",
                                                "signal": "number",
                                                "startedAt": "string"
                                              }
                                            ],
                                            "waiting": [
                                              "object",
                                              {
                                                "message": "string",
                                                "reason": "string"
                                              }
                                            ]
                                          }
                                        ],
                                        "name": "string",
                                        "ready": "bool",
                                        "resources": [
                                          "object",
                                          {
                                            "claims": [
                                              "list",
                                              [
                                                "object",
                                                {
                                                  "name": "string"
                                                }
                                              ]
                                            ],
                                            "limits": [
                                              "map",
                                              "string"
                                            ],
                                            "requests": [
                                              "map",
                                              "string"
                                            ]
                                          }
                                        ],
                                        "restartCount": "number",
                                        "started": "bool",
                                        "state": [
                                          "object",
                                          {
                                            "running": [
                                              "object",
                                              {
                                                "startedAt": "string"
                                              }
                                            ],
                                            "terminated": [
                                              "object",
                                              {
                                                "containerID": "string",
                                                "exitCode": "number",
                                                "finishedAt": "string",
                                                "message": "string",
                                                "reason": "string",
                                                "signal": "number",
                                                "startedAt": "string"
                                              }
                                            ],
                                            "waiting": [
                                              "object",
                                              {
                                                "message": "string",
                                                "reason": "string"
                                              }
                                            ]
                                          }
                                        ]
                                      }
                                    ]
                                  ],
                                  "message": "string",
                                  "nominatedNodeName": "string",
                                  "phase": "string",
                                  "podIP": "string",
                                  "podIPs": [
                                    "list",
                                    [
                                      "object",
                                      {
                                        "ip": "string"
                                      }
                                    ]
                                  ],
                                  "qosClass": "string",
                                  "reason": "string",
                                  "resize": "string",
                                  "startTime": "string"
                                }
                              ]
                            }
                          ],
                          "replicas": "number",
                          "resource": [
                            "object",
                            {
                              "cpu": "number",
                              "ephemeralStorage": "string",
                              "memory": "string"
                            }
                          ]
                        }
                      ],
                      "logConfiguration": [
                        "map",
                        "string"
                      ],
                      "mode": "string",
                      "podTemplate": [
                        "object",
                        {
                          "apiVersion": "string",
                          "kind": "string",
                          "metadata": [
                            "object",
                            {
                              "annotations": [
                                "map",
                                "string"
                              ],
                              "creationTimestamp": "string",
                              "deletionGracePeriodSeconds": "number",
                              "deletionTimestamp": "string",
                              "finalizers": [
                                "list",
                                "string"
                              ],
                              "generateName": "string",
                              "generation": "number",
                              "labels": [
                                "map",
                                "string"
                              ],
                              "managedFields": [
                                "tuple",
                                [
                                  [
                                    "object",
                                    {
                                      "apiVersion": "string",
                                      "fieldsType": "string",
                                      "fieldsV1": "dynamic",
                                      "manager": "string",
                                      "operation": "string",
                                      "subresource": "string",
                                      "time": "string"
                                    }
                                  ]
                                ]
                              ],
                              "name": "string",
                              "namespace": "string",
                              "ownerReferences": [
                                "list",
                                [
                                  "object",
                                  {
                                    "apiVersion": "string",
                                    "blockOwnerDeletion": "bool",
                                    "controller": "bool",
                                    "kind": "string",
                                    "name": "string",
                                    "uid": "string"
                                  }
                                ]
                              ],
                              "resourceVersion": "string",
                              "selfLink": "string",
                              "uid": "string"
                            }
                          ],
                          "spec": [
                            "object",
                            {
                              "activeDeadlineSeconds": "number",
                              "affinity": [
                                "object",
                                {
                                  "nodeAffinity": [
                                    "object",
                                    {
                                      "preferredDuringSchedulingIgnoredDuringExecution": [
                                        "list",
                                        [
                                          "object",
                                          {
                                            "preference": [
                                              "object",
                                              {
                                                "matchExpressions": [
                                                  "list",
                                                  [
                                                    "object",
                                                    {
                                                      "key": "string",
                                                      "operator": "string",
                                                      "values": [
                                                        "list",
                                                        "string"
                                                      ]
                                                    }
                                                  ]
                                                ],
                                                "matchFields": [
                                                  "list",
                                                  [
                                                    "object",
                                                    {
                                                      "key": "string",
                                                      "operator": "string",
                                                      "values": [
                                                        "list",
                                                        "string"
                                                      ]
                                                    }
                                                  ]
                                                ]
                                              }
                                            ],
                                            "weight": "number"
                                          }
                                        ]
                                      ],
                                      "requiredDuringSchedulingIgnoredDuringExecution": [
                                        "object",
                                        {
                                          "nodeSelectorTerms": [
                                            "list",
                                            [
                                              "object",
                                              {
                                                "matchExpressions": [
                                                  "list",
                                                  [
                                                    "object",
                                                    {
                                                      "key": "string",
                                                      "operator": "string",
                                                      "values": [
                                                        "list",
                                                        "string"
                                                      ]
                                                    }
                                                  ]
                                                ],
                                                "matchFields": [
                                                  "list",
                                                  [
                                                    "object",
                                                    {
                                                      "key": "string",
                                                      "operator": "string",
                                                      "values": [
                                                        "list",
                                                        "string"
                                                      ]
                                                    }
                                                  ]
                                                ]
                                              }
                                            ]
                                          ]
                                        }
                                      ]
                                    }
                                  ],
                                  "podAffinity": [
                                    "object",
                                    {
                                      "preferredDuringSchedulingIgnoredDuringExecution": [
                                        "list",
                                        [
                                          "object",
                                          {
                                            "podAffinityTerm": [
                                              "object",
                                              {
                                                "labelSelector": [
                                                  "object",
                                                  {
                                                    "matchExpressions": [
                                                      "list",
                                                      [
                                                        "object",
                                                        {
                                                          "key": "string",
                                                          "operator": "string",
                                                          "values": [
                                                            "list",
                                                            "string"
                                                          ]
                                                        }
                                                      ]
                                                    ],
                                                    "matchLabels": [
                                                      "map",
                                                      "string"
                                                    ]
                                                  }
                                                ],
                                                "namespaceSelector": [
                                                  "object",
                                                  {
                                                    "matchExpressions": [
                                                      "list",
                                                      [
                                                        "object",
                                                        {
                                                          "key": "string",
                                                          "operator": "string",
                                                          "values": [
                                                            "list",
                                                            "string"
                                                          ]
                                                        }
                                                      ]
                                                    ],
                                                    "matchLabels": [
                                                      "map",
                                                      "string"
                                                    ]
                                                  }
                                                ],
                                                "namespaces": [
                                                  "list",
                                                  "string"
                                                ],
                                                "topologyKey": "string"
                                              }
                                            ],
                                            "weight": "number"
                                          }
                                        ]
                                      ],
                                      "requiredDuringSchedulingIgnoredDuringExecution": [
                                        "list",
                                        [
                                          "object",
                                          {
                                            "labelSelector": [
                                              "object",
                                              {
                                                "matchExpressions": [
                                                  "list",
                                                  [
                                                    "object",
                                                    {
                                                      "key": "string",
                                                      "operator": "string",
                                                      "values": [
                                                        "list",
                                                        "string"
                                                      ]
                                                    }
                                                  ]
                                                ],
                                                "matchLabels": [
                                                  "map",
                                                  "string"
                                                ]
                                              }
                                            ],
                                            "namespaceSelector": [
                                              "object",
                                              {
                                                "matchExpressions": [
                                                  "list",
                                                  [
                                                    "object",
                                                    {
                                                      "key": "string",
                                                      "operator": "string",
                                                      "values": [
                                                        "list",
                                                        "string"
                                                      ]
                                                    }
                                                  ]
                                                ],
                                                "matchLabels": [
                                                  "map",
                                                  "string"
                                                ]
                                              }
                                            ],
                                            "namespaces": [
                                              "list",
                                              "string"
                                            ],
                                            "topologyKey": "string"
                                          }
                                        ]
                                      ]
                                    }
                                  ],
                                  "podAntiAffinity": [
                                    "object",
                                    {
                                      "preferredDuringSchedulingIgnoredDuringExecution": [
                                        "list",
                                        [
                                          "object",
                                          {
                                            "podAffinityTerm": [
                                              "object",
                                              {
                                                "labelSelector": [
                                                  "object",
                                                  {
                                                    "matchExpressions": [
                                                      "list",
                                                      [
                                                        "object",
                                                        {
                                                          "key": "string",
                                                          "operator": "string",
                                                          "values": [
                                                            "list",
                                                            "string"
                                                          ]
                                                        }
                                                      ]
                                                    ],
                                                    "matchLabels": [
                                                      "map",
                                                      "string"
                                                    ]
                                                  }
                                                ],
                                                "namespaceSelector": [
                                                  "object",
                                                  {
                                                    "matchExpressions": [
                                                      "list",
                                                      [
                                                        "object",
                                                        {
                                                          "key": "string",
                                                          "operator": "string",
                                                          "values": [
                                                            "list",
                                                            "string"
                                                          ]
                                                        }
                                                      ]
                                                    ],
                                                    "matchLabels": [
                                                      "map",
                                                      "string"
                                                    ]
                                                  }
                                                ],
                                                "namespaces": [
                                                  "list",
                                                  "string"
                                                ],
                                                "topologyKey": "string"
                                              }
                                            ],
                                            "weight": "number"
                                          }
                                        ]
                                      ],
                                      "requiredDuringSchedulingIgnoredDuringExecution": [
                                        "list",
                                        [
                                          "object",
                                          {
                                            "labelSelector": [
                                              "object",
                                              {
                                                "matchExpressions": [
                                                  "list",
                                                  [
                                                    "object",
                                                    {
                                                      "key": "string",
                                                      "operator": "string",
                                                      "values": [
                                                        "list",
                                                        "string"
                                                      ]
                                                    }
                                                  ]
                                                ],
                                                "matchLabels": [
                                                  "map",
                                                  "string"
                                                ]
                                              }
                                            ],
                                            "namespaceSelector": [
                                              "object",
                                              {
                                                "matchExpressions": [
                                                  "list",
                                                  [
                                                    "object",
                                                    {
                                                      "key": "string",
                                                      "operator": "string",
                                                      "values": [
                                                        "list",
                                                        "string"
                                                      ]
                                                    }
                                                  ]
                                                ],
                                                "matchLabels": [
                                                  "map",
                                                  "string"
                                                ]
                                              }
                                            ],
                                            "namespaces": [
                                              "list",
                                              "string"
                                            ],
                                            "topologyKey": "string"
                                          }
                                        ]
                                      ]
                                    }
                                  ]
                                }
                              ],
                              "automountServiceAccountToken": "bool",
                              "containers": [
                                "list",
                                [
                                  "object",
                                  {
                                    "args": [
                                      "list",
                                      "string"
                                    ],
                                    "command": [
                                      "list",
                                      "string"
                                    ],
                                    "env": [
                                      "list",
                                      [
                                        "object",
                                        {
                                          "name": "string",
                                          "value": "string",
                                          "valueFrom": [
                                            "object",
                                            {
                                              "configMapKeyRef": [
                                                "object",
                                                {
                                                  "key": "string",
                                                  "name": "string",
                                                  "optional": "bool"
                                                }
                                              ],
                                              "fieldRef": [
                                                "object",
                                                {
                                                  "apiVersion": "string",
                                                  "fieldPath": "string"
                                                }
                                              ],
                                              "resourceFieldRef": [
                                                "object",
                                                {
                                                  "containerName": "string",
                                                  "divisor": "string",
                                                  "resource": "string"
                                                }
                                              ],
                                              "secretKeyRef": [
                                                "object",
                                                {
                                                  "key": "string",
                                                  "name": "string",
                                                  "optional": "bool"
                                                }
                                              ]
                                            }
                                          ]
                                        }
                                      ]
                                    ],
                                    "envFrom": [
                                      "list",
                                      [
                                        "object",
                                        {
                                          "configMapRef": [
                                            "object",
                                            {
                                              "name": "string",
                                              "optional": "bool"
                                            }
                                          ],
                                          "prefix": "string",
                                          "secretRef": [
                                            "object",
                                            {
                                              "name": "string",
                                              "optional": "bool"
                                            }
                                          ]
                                        }
                                      ]
                                    ],
                                    "image": "string",
                                    "imagePullPolicy": "string",
                                    "lifecycle": [
                                      "object",
                                      {
                                        "postStart": [
                                          "object",
                                          {
                                            "exec": [
                                              "object",
                                              {
                                                "command": [
                                                  "list",
                                                  "string"
                                                ]
                                              }
                                            ],
                                            "httpGet": [
                                              "object",
                                              {
                                                "host": "string",
                                                "httpHeaders": [
                                                  "list",
                                                  [
                                                    "object",
                                                    {
                                                      "name": "string",
                                                      "value": "string"
                                                    }
                                                  ]
                                                ],
                                                "path": "string",
                                                "port": "string",
                                                "scheme": "string"
                                              }
                                            ],
                                            "tcpSocket": [
                                              "object",
                                              {
                                                "host": "string",
                                                "port": "string"
                                              }
                                            ]
                                          }
                                        ],
                                        "preStop": [
                                          "object",
                                          {
                                            "exec": [
                                              "object",
                                              {
                                                "command": [
                                                  "list",
                                                  "string"
                                                ]
                                              }
                                            ],
                                            "httpGet": [
                                              "object",
                                              {
                                                "host": "string",
                                                "httpHeaders": [
                                                  "list",
                                                  [
                                                    "object",
                                                    {
                                                      "name": "string",
                                                      "value": "string"
                                                    }
                                                  ]
                                                ],
                                                "path": "string",
                                                "port": "string",
                                                "scheme": "string"
                                              }
                                            ],
                                            "tcpSocket": [
                                              "object",
                                              {
                                                "host": "string",
                                                "port": "string"
                                              }
                                            ]
                                          }
                                        ]
                                      }
                                    ],
                                    "livenessProbe": [
                                      "object",
                                      {
                                        "exec": [
                                          "object",
                                          {
                                            "command": [
                                              "list",
                                              "string"
                                            ]
                                          }
                                        ],
                                        "failureThreshold": "number",
                                        "grpc": [
                                          "object",
                                          {
                                            "port": "number",
                                            "service": "string"
                                          }
                                        ],
                                        "httpGet": [
                                          "object",
                                          {
                                            "host": "string",
                                            "httpHeaders": [
                                              "list",
                                              [
                                                "object",
                                                {
                                                  "name": "string",
                                                  "value": "string"
                                                }
                                              ]
                                            ],
                                            "path": "string",
                                            "port": "string",
                                            "scheme": "string"
                                          }
                                        ],
                                        "initialDelaySeconds": "number",
                                        "periodSeconds": "number",
                                        "successThreshold": "number",
                                        "tcpSocket": [
                                          "object",
                                          {
                                            "host": "string",
                                            "port": "string"
                                          }
                                        ],
                                        "terminationGracePeriodSeconds": "number",
                                        "timeoutSeconds": "number"
                                      }
                                    ],
                                    "name": "string",
                                    "ports": [
                                      "list",
                                      [
                                        "object",
                                        {
                                          "containerPort": "number",
                                          "hostIP": "string",
                                          "hostPort": "number",
                                          "name": "string",
                                          "protocol": "string"
                                        }
                                      ]
                                    ],
                                    "readinessProbe": [
                                      "object",
                                      {
                                        "exec": [
                                          "object",
                                          {
                                            "command": [
                                              "list",
                                              "string"
                                            ]
                                          }
                                        ],
                                        "failureThreshold": "number",
                                        "grpc": [
                                          "object",
                                          {
                                            "port": "number",
                                            "service": "string"
                                          }
                                        ],
                                        "httpGet": [
                                          "object",
                                          {
                                            "host": "string",
                                            "httpHeaders": [
                                              "list",
                                              [
                                                "object",
                                                {
                                                  "name": "string",
                                                  "value": "string"
                                                }
                                              ]
                                            ],
                                            "path": "string",
                                            "port": "string",
                                            "scheme": "string"
                                          }
                                        ],
                                        "initialDelaySeconds": "number",
                                        "periodSeconds": "number",
                                        "successThreshold": "number",
                                        "tcpSocket": [
                                          "object",
                                          {
                                            "host": "string",
                                            "port": "string"
                                          }
                                        ],
                                        "terminationGracePeriodSeconds": "number",
                                        "timeoutSeconds": "number"
                                      }
                                    ],
                                    "resizePolicy": [
                                      "list",
                                      [
                                        "object",
                                        {
                                          "resourceName": "string",
                                          "restartPolicy": "string"
                                        }
                                      ]
                                    ],
                                    "resources": [
                                      "object",
                                      {
                                        "claims": [
                                          "list",
                                          [
                                            "object",
                                            {
                                              "name": "string"
                                            }
                                          ]
                                        ],
                                        "limits": [
                                          "map",
                                          "string"
                                        ],
                                        "requests": [
                                          "map",
                                          "string"
                                        ]
                                      }
                                    ],
                                    "securityContext": [
                                      "object",
                                      {
                                        "allowPrivilegeEscalation": "bool",
                                        "capabilities": [
                                          "object",
                                          {
                                            "add": [
                                              "list",
                                              "string"
                                            ],
                                            "drop": [
                                              "list",
                                              "string"
                                            ]
                                          }
                                        ],
                                        "privileged": "bool",
                                        "procMount": "string",
                                        "readOnlyRootFilesystem": "bool",
                                        "runAsGroup": "number",
                                        "runAsNonRoot": "bool",
                                        "runAsUser": "number",
                                        "seLinuxOptions": [
                                          "object",
                                          {
                                            "level": "string",
                                            "role": "string",
                                            "type": "string",
                                            "user": "string"
                                          }
                                        ],
                                        "seccompProfile": [
                                          "object",
                                          {
                                            "localhostProfile": "string",
                                            "type": "string"
                                          }
                                        ],
                                        "windowsOptions": [
                                          "object",
                                          {
                                            "gmsaCredentialSpec": "string",
                                            "gmsaCredentialSpecName": "string",
                                            "hostProcess": "bool",
                                            "runAsUserName": "string"
                                          }
                                        ]
                                      }
                                    ],
                                    "startupProbe": [
                                      "object",
                                      {
                                        "exec": [
                                          "object",
                                          {
                                            "command": [
                                              "list",
                                              "string"
                                            ]
                                          }
                                        ],
                                        "failureThreshold": "number",
                                        "grpc": [
                                          "object",
                                          {
                                            "port": "number",
                                            "service": "string"
                                          }
                                        ],
                                        "httpGet": [
                                          "object",
                                          {
                                            "host": "string",
                                            "httpHeaders": [
                                              "list",
                                              [
                                                "object",
                                                {
                                                  "name": "string",
                                                  "value": "string"
                                                }
                                              ]
                                            ],
                                            "path": "string",
                                            "port": "string",
                                            "scheme": "string"
                                          }
                                        ],
                                        "initialDelaySeconds": "number",
                                        "periodSeconds": "number",
                                        "successThreshold": "number",
                                        "tcpSocket": [
                                          "object",
                                          {
                                            "host": "string",
                                            "port": "string"
                                          }
                                        ],
                                        "terminationGracePeriodSeconds": "number",
                                        "timeoutSeconds": "number"
                                      }
                                    ],
                                    "stdin": "bool",
                                    "stdinOnce": "bool",
                                    "terminationMessagePath": "string",
                                    "terminationMessagePolicy": "string",
                                    "tty": "bool",
                                    "volumeDevices": [
                                      "list",
                                      [
                                        "object",
                                        {
                                          "devicePath": "string",
                                          "name": "string"
                                        }
                                      ]
                                    ],
                                    "volumeMounts": [
                                      "list",
                                      [
                                        "object",
                                        {
                                          "mountPath": "string",
                                          "mountPropagation": "string",
                                          "name": "string",
                                          "readOnly": "bool",
                                          "subPath": "string",
                                          "subPathExpr": "string"
                                        }
                                      ]
                                    ],
                                    "workingDir": "string"
                                  }
                                ]
                              ],
                              "dnsConfig": [
                                "object",
                                {
                                  "nameservers": [
                                    "list",
                                    "string"
                                  ],
                                  "options": [
                                    "list",
                                    [
                                      "object",
                                      {
                                        "name": "string",
                                        "value": "string"
                                      }
                                    ]
                                  ],
                                  "searches": [
                                    "list",
                                    "string"
                                  ]
                                }
                              ],
                              "dnsPolicy": "string",
                              "enableServiceLinks": "bool",
                              "ephemeralContainers": [
                                "list",
                                [
                                  "object",
                                  {
                                    "args": [
                                      "list",
                                      "string"
                                    ],
                                    "command": [
                                      "list",
                                      "string"
                                    ],
                                    "env": [
                                      "list",
                                      [
                                        "object",
                                        {
                                          "name": "string",
                                          "value": "string",
                                          "valueFrom": [
                                            "object",
                                            {
                                              "configMapKeyRef": [
                                                "object",
                                                {
                                                  "key": "string",
                                                  "name": "string",
                                                  "optional": "bool"
                                                }
                                              ],
                                              "fieldRef": [
                                                "object",
                                                {
                                                  "apiVersion": "string",
                                                  "fieldPath": "string"
                                                }
                                              ],
                                              "resourceFieldRef": [
                                                "object",
                                                {
                                                  "containerName": "string",
                                                  "divisor": "string",
                                                  "resource": "string"
                                                }
                                              ],
                                              "secretKeyRef": [
                                                "object",
                                                {
                                                  "key": "string",
                                                  "name": "string",
                                                  "optional": "bool"
                                                }
                                              ]
                                            }
                                          ]
                                        }
                                      ]
                                    ],
                                    "envFrom": [
                                      "list",
                                      [
                                        "object",
                                        {
                                          "configMapRef": [
                                            "object",
                                            {
                                              "name": "string",
                                              "optional": "bool"
                                            }
                                          ],
                                          "prefix": "string",
                                          "secretRef": [
                                            "object",
                                            {
                                              "name": "string",
                                              "optional": "bool"
                                            }
                                          ]
                                        }
                                      ]
                                    ],
                                    "image": "string",
                                    "imagePullPolicy": "string",
                                    "lifecycle": [
                                      "object",
                                      {
                                        "postStart": [
                                          "object",
                                          {
                                            "exec": [
                                              "object",
                                              {
                                                "command": [
                                                  "list",
                                                  "string"
                                                ]
                                              }
                                            ],
                                            "httpGet": [
                                              "object",
                                              {
                                                "host": "string",
                                                "httpHeaders": [
                                                  "list",
                                                  [
                                                    "object",
                                                    {
                                                      "name": "string",
                                                      "value": "string"
                                                    }
                                                  ]
                                                ],
                                                "path": "string",
                                                "port": "string",
                                                "scheme": "string"
                                              }
                                            ],
                                            "tcpSocket": [
                                              "object",
                                              {
                                                "host": "string",
                                                "port": "string"
                                              }
                                            ]
                                          }
                                        ],
                                        "preStop": [
                                          "object",
                                          {
                                            "exec": [
                                              "object",
                                              {
                                                "command": [
                                                  "list",
                                                  "string"
                                                ]
                                              }
                                            ],
                                            "httpGet": [
                                              "object",
                                              {
                                                "host": "string",
                                                "httpHeaders": [
                                                  "list",
                                                  [
                                                    "object",
                                                    {
                                                      "name": "string",
                                                      "value": "string"
                                                    }
                                                  ]
                                                ],
                                                "path": "string",
                                                "port": "string",
                                                "scheme": "string"
                                              }
                                            ],
                                            "tcpSocket": [
                                              "object",
                                              {
                                                "host": "string",
                                                "port": "string"
                                              }
                                            ]
                                          }
                                        ]
                                      }
                                    ],
                                    "livenessProbe": [
                                      "object",
                                      {
                                        "exec": [
                                          "object",
                                          {
                                            "command": [
                                              "list",
                                              "string"
                                            ]
                                          }
                                        ],
                                        "failureThreshold": "number",
                                        "grpc": [
                                          "object",
                                          {
                                            "port": "number",
                                            "service": "string"
                                          }
                                        ],
                                        "httpGet": [
                                          "object",
                                          {
                                            "host": "string",
                                            "httpHeaders": [
                                              "list",
                                              [
                                                "object",
                                                {
                                                  "name": "string",
                                                  "value": "string"
                                                }
                                              ]
                                            ],
                                            "path": "string",
                                            "port": "string",
                                            "scheme": "string"
                                          }
                                        ],
                                        "initialDelaySeconds": "number",
                                        "periodSeconds": "number",
                                        "successThreshold": "number",
                                        "tcpSocket": [
                                          "object",
                                          {
                                            "host": "string",
                                            "port": "string"
                                          }
                                        ],
                                        "terminationGracePeriodSeconds": "number",
                                        "timeoutSeconds": "number"
                                      }
                                    ],
                                    "name": "string",
                                    "ports": [
                                      "list",
                                      [
                                        "object",
                                        {
                                          "containerPort": "number",
                                          "hostIP": "string",
                                          "hostPort": "number",
                                          "name": "string",
                                          "protocol": "string"
                                        }
                                      ]
                                    ],
                                    "readinessProbe": [
                                      "object",
                                      {
                                        "exec": [
                                          "object",
                                          {
                                            "command": [
                                              "list",
                                              "string"
                                            ]
                                          }
                                        ],
                                        "failureThreshold": "number",
                                        "grpc": [
                                          "object",
                                          {
                                            "port": "number",
                                            "service": "string"
                                          }
                                        ],
                                        "httpGet": [
                                          "object",
                                          {
                                            "host": "string",
                                            "httpHeaders": [
                                              "list",
                                              [
                                                "object",
                                                {
                                                  "name": "string",
                                                  "value": "string"
                                                }
                                              ]
                                            ],
                                            "path": "string",
                                            "port": "string",
                                            "scheme": "string"
                                          }
                                        ],
                                        "initialDelaySeconds": "number",
                                        "periodSeconds": "number",
                                        "successThreshold": "number",
                                        "tcpSocket": [
                                          "object",
                                          {
                                            "host": "string",
                                            "port": "string"
                                          }
                                        ],
                                        "terminationGracePeriodSeconds": "number",
                                        "timeoutSeconds": "number"
                                      }
                                    ],
                                    "resizePolicy": [
                                      "list",
                                      [
                                        "object",
                                        {
                                          "resourceName": "string",
                                          "restartPolicy": "string"
                                        }
                                      ]
                                    ],
                                    "resources": [
                                      "object",
                                      {
                                        "claims": [
                                          "list",
                                          [
                                            "object",
                                            {
                                              "name": "string"
                                            }
                                          ]
                                        ],
                                        "limits": [
                                          "map",
                                          "string"
                                        ],
                                        "requests": [
                                          "map",
                                          "string"
                                        ]
                                      }
                                    ],
                                    "securityContext": [
                                      "object",
                                      {
                                        "allowPrivilegeEscalation": "bool",
                                        "capabilities": [
                                          "object",
                                          {
                                            "add": [
                                              "list",
                                              "string"
                                            ],
                                            "drop": [
                                              "list",
                                              "string"
                                            ]
                                          }
                                        ],
                                        "privileged": "bool",
                                        "procMount": "string",
                                        "readOnlyRootFilesystem": "bool",
                                        "runAsGroup": "number",
                                        "runAsNonRoot": "bool",
                                        "runAsUser": "number",
                                        "seLinuxOptions": [
                                          "object",
                                          {
                                            "level": "string",
                                            "role": "string",
                                            "type": "string",
                                            "user": "string"
                                          }
                                        ],
                                        "seccompProfile": [
                                          "object",
                                          {
                                            "localhostProfile": "string",
                                            "type": "string"
                                          }
                                        ],
                                        "windowsOptions": [
                                          "object",
                                          {
                                            "gmsaCredentialSpec": "string",
                                            "gmsaCredentialSpecName": "string",
                                            "hostProcess": "bool",
                                            "runAsUserName": "string"
                                          }
                                        ]
                                      }
                                    ],
                                    "startupProbe": [
                                      "object",
                                      {
                                        "exec": [
                                          "object",
                                          {
                                            "command": [
                                              "list",
                                              "string"
                                            ]
                                          }
                                        ],
                                        "failureThreshold": "number",
                                        "grpc": [
                                          "object",
                                          {
                                            "port": "number",
                                            "service": "string"
                                          }
                                        ],
                                        "httpGet": [
                                          "object",
                                          {
                                            "host": "string",
                                            "httpHeaders": [
                                              "list",
                                              [
                                                "object",
                                                {
                                                  "name": "string",
                                                  "value": "string"
                                                }
                                              ]
                                            ],
                                            "path": "string",
                                            "port": "string",
                                            "scheme": "string"
                                          }
                                        ],
                                        "initialDelaySeconds": "number",
                                        "periodSeconds": "number",
                                        "successThreshold": "number",
                                        "tcpSocket": [
                                          "object",
                                          {
                                            "host": "string",
                                            "port": "string"
                                          }
                                        ],
                                        "terminationGracePeriodSeconds": "number",
                                        "timeoutSeconds": "number"
                                      }
                                    ],
                                    "stdin": "bool",
                                    "stdinOnce": "bool",
                                    "targetContainerName": "string",
                                    "terminationMessagePath": "string",
                                    "terminationMessagePolicy": "string",
                                    "tty": "bool",
                                    "volumeDevices": [
                                      "list",
                                      [
                                        "object",
                                        {
                                          "devicePath": "string",
                                          "name": "string"
                                        }
                                      ]
                                    ],
                                    "volumeMounts": [
                                      "list",
                                      [
                                        "object",
                                        {
                                          "mountPath": "string",
                                          "mountPropagation": "string",
                                          "name": "string",
                                          "readOnly": "bool",
                                          "subPath": "string",
                                          "subPathExpr": "string"
                                        }
                                      ]
                                    ],
                                    "workingDir": "string"
                                  }
                                ]
                              ],
                              "hostAliases": [
                                "list",
                                [
                                  "object",
                                  {
                                    "hostnames": [
                                      "list",
                                      "string"
                                    ],
                                    "ip": "string"
                                  }
                                ]
                              ],
                              "hostIPC": "bool",
                              "hostNetwork": "bool",
                              "hostPID": "bool",
                              "hostUsers": "bool",
                              "hostname": "string",
                              "imagePullSecrets": [
                                "list",
                                [
                                  "object",
                                  {
                                    "name": "string"
                                  }
                                ]
                              ],
                              "initContainers": [
                                "list",
                                [
                                  "object",
                                  {
                                    "args": [
                                      "list",
                                      "string"
                                    ],
                                    "command": [
                                      "list",
                                      "string"
                                    ],
                                    "env": [
                                      "list",
                                      [
                                        "object",
                                        {
                                          "name": "string",
                                          "value": "string",
                                          "valueFrom": [
                                            "object",
                                            {
                                              "configMapKeyRef": [
                                                "object",
                                                {
                                                  "key": "string",
                                                  "name": "string",
                                                  "optional": "bool"
                                                }
                                              ],
                                              "fieldRef": [
                                                "object",
                                                {
                                                  "apiVersion": "string",
                                                  "fieldPath": "string"
                                                }
                                              ],
                                              "resourceFieldRef": [
                                                "object",
                                                {
                                                  "containerName": "string",
                                                  "divisor": "string",
                                                  "resource": "string"
                                                }
                                              ],
                                              "secretKeyRef": [
                                                "object",
                                                {
                                                  "key": "string",
                                                  "name": "string",
                                                  "optional": "bool"
                                                }
                                              ]
                                            }
                                          ]
                                        }
                                      ]
                                    ],
                                    "envFrom": [
                                      "list",
                                      [
                                        "object",
                                        {
                                          "configMapRef": [
                                            "object",
                                            {
                                              "name": "string",
                                              "optional": "bool"
                                            }
                                          ],
                                          "prefix": "string",
                                          "secretRef": [
                                            "object",
                                            {
                                              "name": "string",
                                              "optional": "bool"
                                            }
                                          ]
                                        }
                                      ]
                                    ],
                                    "image": "string",
                                    "imagePullPolicy": "string",
                                    "lifecycle": [
                                      "object",
                                      {
                                        "postStart": [
                                          "object",
                                          {
                                            "exec": [
                                              "object",
                                              {
                                                "command": [
                                                  "list",
                                                  "string"
                                                ]
                                              }
                                            ],
                                            "httpGet": [
                                              "object",
                                              {
                                                "host": "string",
                                                "httpHeaders": [
                                                  "list",
                                                  [
                                                    "object",
                                                    {
                                                      "name": "string",
                                                      "value": "string"
                                                    }
                                                  ]
                                                ],
                                                "path": "string",
                                                "port": "string",
                                                "scheme": "string"
                                              }
                                            ],
                                            "tcpSocket": [
                                              "object",
                                              {
                                                "host": "string",
                                                "port": "string"
                                              }
                                            ]
                                          }
                                        ],
                                        "preStop": [
                                          "object",
                                          {
                                            "exec": [
                                              "object",
                                              {
                                                "command": [
                                                  "list",
                                                  "string"
                                                ]
                                              }
                                            ],
                                            "httpGet": [
                                              "object",
                                              {
                                                "host": "string",
                                                "httpHeaders": [
                                                  "list",
                                                  [
                                                    "object",
                                                    {
                                                      "name": "string",
                                                      "value": "string"
                                                    }
                                                  ]
                                                ],
                                                "path": "string",
                                                "port": "string",
                                                "scheme": "string"
                                              }
                                            ],
                                            "tcpSocket": [
                                              "object",
                                              {
                                                "host": "string",
                                                "port": "string"
                                              }
                                            ]
                                          }
                                        ]
                                      }
                                    ],
                                    "livenessProbe": [
                                      "object",
                                      {
                                        "exec": [
                                          "object",
                                          {
                                            "command": [
                                              "list",
                                              "string"
                                            ]
                                          }
                                        ],
                                        "failureThreshold": "number",
                                        "grpc": [
                                          "object",
                                          {
                                            "port": "number",
                                            "service": "string"
                                          }
                                        ],
                                        "httpGet": [
                                          "object",
                                          {
                                            "host": "string",
                                            "httpHeaders": [
                                              "list",
                                              [
                                                "object",
                                                {
                                                  "name": "string",
                                                  "value": "string"
                                                }
                                              ]
                                            ],
                                            "path": "string",
                                            "port": "string",
                                            "scheme": "string"
                                          }
                                        ],
                                        "initialDelaySeconds": "number",
                                        "periodSeconds": "number",
                                        "successThreshold": "number",
                                        "tcpSocket": [
                                          "object",
                                          {
                                            "host": "string",
                                            "port": "string"
                                          }
                                        ],
                                        "terminationGracePeriodSeconds": "number",
                                        "timeoutSeconds": "number"
                                      }
                                    ],
                                    "name": "string",
                                    "ports": [
                                      "list",
                                      [
                                        "object",
                                        {
                                          "containerPort": "number",
                                          "hostIP": "string",
                                          "hostPort": "number",
                                          "name": "string",
                                          "protocol": "string"
                                        }
                                      ]
                                    ],
                                    "readinessProbe": [
                                      "object",
                                      {
                                        "exec": [
                                          "object",
                                          {
                                            "command": [
                                              "list",
                                              "string"
                                            ]
                                          }
                                        ],
                                        "failureThreshold": "number",
                                        "grpc": [
                                          "object",
                                          {
                                            "port": "number",
                                            "service": "string"
                                          }
                                        ],
                                        "httpGet": [
                                          "object",
                                          {
                                            "host": "string",
                                            "httpHeaders": [
                                              "list",
                                              [
                                                "object",
                                                {
                                                  "name": "string",
                                                  "value": "string"
                                                }
                                              ]
                                            ],
                                            "path": "string",
                                            "port": "string",
                                            "scheme": "string"
                                          }
                                        ],
                                        "initialDelaySeconds": "number",
                                        "periodSeconds": "number",
                                        "successThreshold": "number",
                                        "tcpSocket": [
                                          "object",
                                          {
                                            "host": "string",
                                            "port": "string"
                                          }
                                        ],
                                        "terminationGracePeriodSeconds": "number",
                                        "timeoutSeconds": "number"
                                      }
                                    ],
                                    "resizePolicy": [
                                      "list",
                                      [
                                        "object",
                                        {
                                          "resourceName": "string",
                                          "restartPolicy": "string"
                                        }
                                      ]
                                    ],
                                    "resources": [
                                      "object",
                                      {
                                        "claims": [
                                          "list",
                                          [
                                            "object",
                                            {
                                              "name": "string"
                                            }
                                          ]
                                        ],
                                        "limits": [
                                          "map",
                                          "string"
                                        ],
                                        "requests": [
                                          "map",
                                          "string"
                                        ]
                                      }
                                    ],
                                    "securityContext": [
                                      "object",
                                      {
                                        "allowPrivilegeEscalation": "bool",
                                        "capabilities": [
                                          "object",
                                          {
                                            "add": [
                                              "list",
                                              "string"
                                            ],
                                            "drop": [
                                              "list",
                                              "string"
                                            ]
                                          }
                                        ],
                                        "privileged": "bool",
                                        "procMount": "string",
                                        "readOnlyRootFilesystem": "bool",
                                        "runAsGroup": "number",
                                        "runAsNonRoot": "bool",
                                        "runAsUser": "number",
                                        "seLinuxOptions": [
                                          "object",
                                          {
                                            "level": "string",
                                            "role": "string",
                                            "type": "string",
                                            "user": "string"
                                          }
                                        ],
                                        "seccompProfile": [
                                          "object",
                                          {
                                            "localhostProfile": "string",
                                            "type": "string"
                                          }
                                        ],
                                        "windowsOptions": [
                                          "object",
                                          {
                                            "gmsaCredentialSpec": "string",
                                            "gmsaCredentialSpecName": "string",
                                            "hostProcess": "bool",
                                            "runAsUserName": "string"
                                          }
                                        ]
                                      }
                                    ],
                                    "startupProbe": [
                                      "object",
                                      {
                                        "exec": [
                                          "object",
                                          {
                                            "command": [
                                              "list",
                                              "string"
                                            ]
                                          }
                                        ],
                                        "failureThreshold": "number",
                                        "grpc": [
                                          "object",
                                          {
                                            "port": "number",
                                            "service": "string"
                                          }
                                        ],
                                        "httpGet": [
                                          "object",
                                          {
                                            "host": "string",
                                            "httpHeaders": [
                                              "list",
                                              [
                                                "object",
                                                {
                                                  "name": "string",
                                                  "value": "string"
                                                }
                                              ]
                                            ],
                                            "path": "string",
                                            "port": "string",
                                            "scheme": "string"
                                          }
                                        ],
                                        "initialDelaySeconds": "number",
                                        "periodSeconds": "number",
                                        "successThreshold": "number",
                                        "tcpSocket": [
                                          "object",
                                          {
                                            "host": "string",
                                            "port": "string"
                                          }
                                        ],
                                        "terminationGracePeriodSeconds": "number",
                                        "timeoutSeconds": "number"
                                      }
                                    ],
                                    "stdin": "bool",
                                    "stdinOnce": "bool",
                                    "terminationMessagePath": "string",
                                    "terminationMessagePolicy": "string",
                                    "tty": "bool",
                                    "volumeDevices": [
                                      "list",
                                      [
                                        "object",
                                        {
                                          "devicePath": "string",
                                          "name": "string"
                                        }
                                      ]
                                    ],
                                    "volumeMounts": [
                                      "list",
                                      [
                                        "object",
                                        {
                                          "mountPath": "string",
                                          "mountPropagation": "string",
                                          "name": "string",
                                          "readOnly": "bool",
                                          "subPath": "string",
                                          "subPathExpr": "string"
                                        }
                                      ]
                                    ],
                                    "workingDir": "string"
                                  }
                                ]
                              ],
                              "nodeName": "string",
                              "nodeSelector": [
                                "map",
                                "string"
                              ],
                              "os": [
                                "object",
                                {
                                  "name": "string"
                                }
                              ],
                              "overhead": [
                                "map",
                                "string"
                              ],
                              "preemptionPolicy": "string",
                              "priority": "number",
                              "priorityClassName": "string",
                              "readinessGates": [
                                "list",
                                [
                                  "object",
                                  {
                                    "conditionType": "string"
                                  }
                                ]
                              ],
                              "resourceClaims": [
                                "list",
                                [
                                  "object",
                                  {
                                    "name": "string",
                                    "source": [
                                      "object",
                                      {
                                        "resourceClaimName": "string",
                                        "resourceClaimTemplateName": "string"
                                      }
                                    ]
                                  }
                                ]
                              ],
                              "restartPolicy": "string",
                              "runtimeClassName": "string",
                              "schedulerName": "string",
                              "schedulingGates": [
                                "list",
                                [
                                  "object",
                                  {
                                    "name": "string"
                                  }
                                ]
                              ],
                              "securityContext": [
                                "object",
                                {
                                  "fsGroup": "number",
                                  "fsGroupChangePolicy": "string",
                                  "runAsGroup": "number",
                                  "runAsNonRoot": "bool",
                                  "runAsUser": "number",
                                  "seLinuxOptions": [
                                    "object",
                                    {
                                      "level": "string",
                                      "role": "string",
                                      "type": "string",
                                      "user": "string"
                                    }
                                  ],
                                  "seccompProfile": [
                                    "object",
                                    {
                                      "localhostProfile": "string",
                                      "type": "string"
                                    }
                                  ],
                                  "supplementalGroups": [
                                    "list",
                                    "number"
                                  ],
                                  "sysctls": [
                                    "list",
                                    [
                                      "object",
                                      {
                                        "name": "string",
                                        "value": "string"
                                      }
                                    ]
                                  ],
                                  "windowsOptions": [
                                    "object",
                                    {
                                      "gmsaCredentialSpec": "string",
                                      "gmsaCredentialSpecName": "string",
                                      "hostProcess": "bool",
                                      "runAsUserName": "string"
                                    }
                                  ]
                                }
                              ],
                              "serviceAccount": "string",
                              "serviceAccountName": "string",
                              "setHostnameAsFQDN": "bool",
                              "shareProcessNamespace": "bool",
                              "subdomain": "string",
                              "terminationGracePeriodSeconds": "number",
                              "tolerations": [
                                "list",
                                [
                                  "object",
                                  {
                                    "effect": "string",
                                    "key": "string",
                                    "operator": "string",
                                    "tolerationSeconds": "number",
                                    "value": "string"
                                  }
                                ]
                              ],
                              "topologySpreadConstraints": [
                                "list",
                                [
                                  "object",
                                  {
                                    "labelSelector": [
                                      "object",
                                      {
                                        "matchExpressions": [
                                          "list",
                                          [
                                            "object",
                                            {
                                              "key": "string",
                                              "operator": "string",
                                              "values": [
                                                "list",
                                                "string"
                                              ]
                                            }
                                          ]
                                        ],
                                        "matchLabels": [
                                          "map",
                                          "string"
                                        ]
                                      }
                                    ],
                                    "matchLabelKeys": [
                                      "list",
                                      "string"
                                    ],
                                    "maxSkew": "number",
                                    "minDomains": "number",
                                    "nodeAffinityPolicy": "string",
                                    "nodeTaintsPolicy": "string",
                                    "topologyKey": "string",
                                    "whenUnsatisfiable": "string"
                                  }
                                ]
                              ],
                              "volumes": [
                                "tuple",
                                [
                                  [
                                    "object",
                                    {
                                      "awsElasticBlockStore": [
                                        "object",
                                        {
                                          "fsType": "string",
                                          "partition": "number",
                                          "readOnly": "bool",
                                          "volumeID": "string"
                                        }
                                      ],
                                      "azureDisk": [
                                        "object",
                                        {
                                          "cachingMode": "string",
                                          "diskName": "string",
                                          "diskURI": "string",
                                          "fsType": "string",
                                          "kind": "string",
                                          "readOnly": "bool"
                                        }
                                      ],
                                      "azureFile": [
                                        "object",
                                        {
                                          "readOnly": "bool",
                                          "secretName": "string",
                                          "shareName": "string"
                                        }
                                      ],
                                      "cephfs": [
                                        "object",
                                        {
                                          "monitors": [
                                            "list",
                                            "string"
                                          ],
                                          "path": "string",
                                          "readOnly": "bool",
                                          "secretFile": "string",
                                          "secretRef": [
                                            "object",
                                            {
                                              "name": "string"
                                            }
                                          ],
                                          "user": "string"
                                        }
                                      ],
                                      "cinder": [
                                        "object",
                                        {
                                          "fsType": "string",
                                          "readOnly": "bool",
                                          "secretRef": [
                                            "object",
                                            {
                                              "name": "string"
                                            }
                                          ],
                                          "volumeID": "string"
                                        }
                                      ],
                                      "configMap": [
                                        "object",
                                        {
                                          "defaultMode": "number",
                                          "items": [
                                            "list",
                                            [
                                              "object",
                                              {
                                                "key": "string",
                                                "mode": "number",
                                                "path": "string"
                                              }
                                            ]
                                          ],
                                          "name": "string",
                                          "optional": "bool"
                                        }
                                      ],
                                      "csi": [
                                        "object",
                                        {
                                          "driver": "string",
                                          "fsType": "string",
                                          "nodePublishSecretRef": [
                                            "object",
                                            {
                                              "name": "string"
                                            }
                                          ],
                                          "readOnly": "bool",
                                          "volumeAttributes": [
                                            "map",
                                            "string"
                                          ]
                                        }
                                      ],
                                      "downwardAPI": [
                                        "object",
                                        {
                                          "defaultMode": "number",
                                          "items": [
                                            "list",
                                            [
                                              "object",
                                              {
                                                "fieldRef": [
                                                  "object",
                                                  {
                                                    "apiVersion": "string",
                                                    "fieldPath": "string"
                                                  }
                                                ],
                                                "mode": "number",
                                                "path": "string",
                                                "resourceFieldRef": [
                                                  "object",
                                                  {
                                                    "containerName": "string",
                                                    "divisor": "string",
                                                    "resource": "string"
                                                  }
                                                ]
                                              }
                                            ]
                                          ]
                                        }
                                      ],
                                      "emptyDir": [
                                        "object",
                                        {
                                          "medium": "string",
                                          "sizeLimit": "string"
                                        }
                                      ],
                                      "ephemeral": [
                                        "object",
                                        {
                                          "volumeClaimTemplate": [
                                            "object",
                                            {
                                              "metadata": [
                                                "object",
                                                {
                                                  "annotations": [
                                                    "map",
                                                    "string"
                                                  ],
                                                  "creationTimestamp": "string",
                                                  "deletionGracePeriodSeconds": "number",
                                                  "deletionTimestamp": "string",
                                                  "finalizers": [
                                                    "list",
                                                    "string"
                                                  ],
                                                  "generateName": "string",
                                                  "generation": "number",
                                                  "labels": [
                                                    "map",
                                                    "string"
                                                  ],
                                                  "managedFields": [
                                                    "tuple",
                                                    [
                                                      [
                                                        "object",
                                                        {
                                                          "apiVersion": "string",
                                                          "fieldsType": "string",
                                                          "fieldsV1": "dynamic",
                                                          "manager": "string",
                                                          "operation": "string",
                                                          "subresource": "string",
                                                          "time": "string"
                                                        }
                                                      ]
                                                    ]
                                                  ],
                                                  "name": "string",
                                                  "namespace": "string",
                                                  "ownerReferences": [
                                                    "list",
                                                    [
                                                      "object",
                                                      {
                                                        "apiVersion": "string",
                                                        "blockOwnerDeletion": "bool",
                                                        "controller": "bool",
                                                        "kind": "string",
                                                        "name": "string",
                                                        "uid": "string"
                                                      }
                                                    ]
                                                  ],
                                                  "resourceVersion": "string",
                                                  "selfLink": "string",
                                                  "uid": "string"
                                                }
                                              ],
                                              "spec": [
                                                "object",
                                                {
                                                  "accessModes": [
                                                    "list",
                                                    "string"
                                                  ],
                                                  "dataSource": [
                                                    "object",
                                                    {
                                                      "apiGroup": "string",
                                                      "kind": "string",
                                                      "name": "string"
                                                    }
                                                  ],
                                                  "dataSourceRef": [
                                                    "object",
                                                    {
                                                      "apiGroup": "string",
                                                      "kind": "string",
                                                      "name": "string",
                                                      "namespace": "string"
                                                    }
                                                  ],
                                                  "resources": [
                                                    "object",
                                                    {
                                                      "claims": [
                                                        "list",
                                                        [
                                                          "object",
                                                          {
                                                            "name": "string"
                                                          }
                                                        ]
                                                      ],
                                                      "limits": [
                                                        "map",
                                                        "string"
                                                      ],
                                                      "requests": [
                                                        "map",
                                                        "string"
                                                      ]
                                                    }
                                                  ],
                                                  "selector": [
                                                    "object",
                                                    {
                                                      "matchExpressions": [
                                                        "list",
                                                        [
                                                          "object",
                                                          {
                                                            "key": "string",
                                                            "operator": "string",
                                                            "values": [
                                                              "list",
                                                              "string"
                                                            ]
                                                          }
                                                        ]
                                                      ],
                                                      "matchLabels": [
                                                        "map",
                                                        "string"
                                                      ]
                                                    }
                                                  ],
                                                  "storageClassName": "string",
                                                  "volumeMode": "string",
                                                  "volumeName": "string"
                                                }
                                              ]
                                            }
                                          ]
                                        }
                                      ],
                                      "fc": [
                                        "object",
                                        {
                                          "fsType": "string",
                                          "lun": "number",
                                          "readOnly": "bool",
                                          "targetWWNs": [
                                            "list",
                                            "string"
                                          ],
                                          "wwids": [
                                            "list",
                                            "string"
                                          ]
                                        }
                                      ],
                                      "flexVolume": [
                                        "object",
                                        {
                                          "driver": "string",
                                          "fsType": "string",
                                          "options": [
                                            "map",
                                            "string"
                                          ],
                                          "readOnly": "bool",
                                          "secretRef": [
                                            "object",
                                            {
                                              "name": "string"
                                            }
                                          ]
                                        }
                                      ],
                                      "flocker": [
                                        "object",
                                        {
                                          "datasetName": "string",
                                          "datasetUUID": "string"
                                        }
                                      ],
                                      "gcePersistentDisk": [
                                        "object",
                                        {
                                          "fsType": "string",
                                          "partition": "number",
                                          "pdName": "string",
                                          "readOnly": "bool"
                                        }
                                      ],
                                      "gitRepo": [
                                        "object",
                                        {
                                          "directory": "string",
                                          "repository": "string",
                                          "revision": "string"
                                        }
                                      ],
                                      "glusterfs": [
                                        "object",
                                        {
                                          "endpoints": "string",
                                          "path": "string",
                                          "readOnly": "bool"
                                        }
                                      ],
                                      "hostPath": [
                                        "object",
                                        {
                                          "path": "string",
                                          "type": "string"
                                        }
                                      ],
                                      "iscsi": [
                                        "object",
                                        {
                                          "chapAuthDiscovery": "bool",
                                          "chapAuthSession": "bool",
                                          "fsType": "string",
                                          "initiatorName": "string",
                                          "iqn": "string",
                                          "iscsiInterface": "string",
                                          "lun": "number",
                                          "portals": [
                                            "list",
                                            "string"
                                          ],
                                          "readOnly": "bool",
                                          "secretRef": [
                                            "object",
                                            {
                                              "name": "string"
                                            }
                                          ],
                                          "targetPortal": "string"
                                        }
                                      ],
                                      "name": "string",
                                      "nfs": [
                                        "object",
                                        {
                                          "path": "string",
                                          "readOnly": "bool",
                                          "server": "string"
                                        }
                                      ],
                                      "persistentVolumeClaim": [
                                        "object",
                                        {
                                          "claimName": "string",
                                          "readOnly": "bool"
                                        }
                                      ],
                                      "photonPersistentDisk": [
                                        "object",
                                        {
                                          "fsType": "string",
                                          "pdID": "string"
                                        }
                                      ],
                                      "portworxVolume": [
                                        "object",
                                        {
                                          "fsType": "string",
                                          "readOnly": "bool",
                                          "volumeID": "string"
                                        }
                                      ],
                                      "projected": [
                                        "object",
                                        {
                                          "defaultMode": "number",
                                          "sources": [
                                            "list",
                                            [
                                              "object",
                                              {
                                                "configMap": [
                                                  "object",
                                                  {
                                                    "items": [
                                                      "list",
                                                      [
                                                        "object",
                                                        {
                                                          "key": "string",
                                                          "mode": "number",
                                                          "path": "string"
                                                        }
                                                      ]
                                                    ],
                                                    "name": "string",
                                                    "optional": "bool"
                                                  }
                                                ],
                                                "downwardAPI": [
                                                  "object",
                                                  {
                                                    "items": [
                                                      "list",
                                                      [
                                                        "object",
                                                        {
                                                          "fieldRef": [
                                                            "object",
                                                            {
                                                              "apiVersion": "string",
                                                              "fieldPath": "string"
                                                            }
                                                          ],
                                                          "mode": "number",
                                                          "path": "string",
                                                          "resourceFieldRef": [
                                                            "object",
                                                            {
                                                              "containerName": "string",
                                                              "divisor": "string",
                                                              "resource": "string"
                                                            }
                                                          ]
                                                        }
                                                      ]
                                                    ]
                                                  }
                                                ],
                                                "secret": [
                                                  "object",
                                                  {
                                                    "items": [
                                                      "list",
                                                      [
                                                        "object",
                                                        {
                                                          "key": "string",
                                                          "mode": "number",
                                                          "path": "string"
                                                        }
                                                      ]
                                                    ],
                                                    "name": "string",
                                                    "optional": "bool"
                                                  }
                                                ],
                                                "serviceAccountToken": [
                                                  "object",
                                                  {
                                                    "audience": "string",
                                                    "expirationSeconds": "number",
                                                    "path": "string"
                                                  }
                                                ]
                                              }
                                            ]
                                          ]
                                        }
                                      ],
                                      "quobyte": [
                                        "object",
                                        {
                                          "group": "string",
                                          "readOnly": "bool",
                                          "registry": "string",
                                          "tenant": "string",
                                          "user": "string",
                                          "volume": "string"
                                        }
                                      ],
                                      "rbd": [
                                        "object",
                                        {
                                          "fsType": "string",
                                          "image": "string",
                                          "keyring": "string",
                                          "monitors": [
                                            "list",
                                            "string"
                                          ],
                                          "pool": "string",
                                          "readOnly": "bool",
                                          "secretRef": [
                                            "object",
                                            {
                                              "name": "string"
                                            }
                                          ],
                                          "user": "string"
                                        }
                                      ],
                                      "scaleIO": [
                                        "object",
                                        {
                                          "fsType": "string",
                                          "gateway": "string",
                                          "protectionDomain": "string",
                                          "readOnly": "bool",
                                          "secretRef": [
                                            "object",
                                            {
                                              "name": "string"
                                            }
                                          ],
                                          "sslEnabled": "bool",
                                          "storageMode": "string",
                                          "storagePool": "string",
                                          "system": "string",
                                          "volumeName": "string"
                                        }
                                      ],
                                      "secret": [
                                        "object",
                                        {
                                          "defaultMode": "number",
                                          "items": [
                                            "list",
                                            [
                                              "object",
                                              {
                                                "key": "string",
                                                "mode": "number",
                                                "path": "string"
                                              }
                                            ]
                                          ],
                                          "optional": "bool",
                                          "secretName": "string"
                                        }
                                      ],
                                      "storageos": [
                                        "object",
                                        {
                                          "fsType": "string",
                                          "readOnly": "bool",
                                          "secretRef": [
                                            "object",
                                            {
                                              "name": "string"
                                            }
                                          ],
                                          "volumeName": "string",
                                          "volumeNamespace": "string"
                                        }
                                      ],
                                      "vsphereVolume": [
                                        "object",
                                        {
                                          "fsType": "string",
                                          "storagePolicyID": "string",
                                          "storagePolicyName": "string",
                                          "volumePath": "string"
                                        }
                                      ]
                                    }
                                  ]
                                ]
                              ]
                            }
                          ],
                          "status": [
                            "object",
                            {
                              "conditions": [
                                "list",
                                [
                                  "object",
                                  {
                                    "lastProbeTime": "string",
                                    "lastTransitionTime": "string",
                                    "message": "string",
                                    "reason": "string",
                                    "status": "string",
                                    "type": "string"
                                  }
                                ]
                              ],
                              "containerStatuses": [
                                "list",
                                [
                                  "object",
                                  {
                                    "allocatedResources": [
                                      "map",
                                      "string"
                                    ],
                                    "containerID": "string",
                                    "image": "string",
                                    "imageID": "string",
                                    "lastState": [
                                      "object",
                                      {
                                        "running": [
                                          "object",
                                          {
                                            "startedAt": "string"
                                          }
                                        ],
                                        "terminated": [
                                          "object",
                                          {
                                            "containerID": "string",
                                            "exitCode": "number",
                                            "finishedAt": "string",
                                            "message": "string",
                                            "reason": "string",
                                            "signal": "number",
                                            "startedAt": "string"
                                          }
                                        ],
                                        "waiting": [
                                          "object",
                                          {
                                            "message": "string",
                                            "reason": "string"
                                          }
                                        ]
                                      }
                                    ],
                                    "name": "string",
                                    "ready": "bool",
                                    "resources": [
                                      "object",
                                      {
                                        "claims": [
                                          "list",
                                          [
                                            "object",
                                            {
                                              "name": "string"
                                            }
                                          ]
                                        ],
                                        "limits": [
                                          "map",
                                          "string"
                                        ],
                                        "requests": [
                                          "map",
                                          "string"
                                        ]
                                      }
                                    ],
                                    "restartCount": "number",
                                    "started": "bool",
                                    "state": [
                                      "object",
                                      {
                                        "running": [
                                          "object",
                                          {
                                            "startedAt": "string"
                                          }
                                        ],
                                        "terminated": [
                                          "object",
                                          {
                                            "containerID": "string",
                                            "exitCode": "number",
                                            "finishedAt": "string",
                                            "message": "string",
                                            "reason": "string",
                                            "signal": "number",
                                            "startedAt": "string"
                                          }
                                        ],
                                        "waiting": [
                                          "object",
                                          {
                                            "message": "string",
                                            "reason": "string"
                                          }
                                        ]
                                      }
                                    ]
                                  }
                                ]
                              ],
                              "ephemeralContainerStatuses": [
                                "list",
                                [
                                  "object",
                                  {
                                    "allocatedResources": [
                                      "map",
                                      "string"
                                    ],
                                    "containerID": "string",
                                    "image": "string",
                                    "imageID": "string",
                                    "lastState": [
                                      "object",
                                      {
                                        "running": [
                                          "object",
                                          {
                                            "startedAt": "string"
                                          }
                                        ],
                                        "terminated": [
                                          "object",
                                          {
                                            "containerID": "string",
                                            "exitCode": "number",
                                            "finishedAt": "string",
                                            "message": "string",
                                            "reason": "string",
                                            "signal": "number",
                                            "startedAt": "string"
                                          }
                                        ],
                                        "waiting": [
                                          "object",
                                          {
                                            "message": "string",
                                            "reason": "string"
                                          }
                                        ]
                                      }
                                    ],
                                    "name": "string",
                                    "ready": "bool",
                                    "resources": [
                                      "object",
                                      {
                                        "claims": [
                                          "list",
                                          [
                                            "object",
                                            {
                                              "name": "string"
                                            }
                                          ]
                                        ],
                                        "limits": [
                                          "map",
                                          "string"
                                        ],
                                        "requests": [
                                          "map",
                                          "string"
                                        ]
                                      }
                                    ],
                                    "restartCount": "number",
                                    "started": "bool",
                                    "state": [
                                      "object",
                                      {
                                        "running": [
                                          "object",
                                          {
                                            "startedAt": "string"
                                          }
                                        ],
                                        "terminated": [
                                          "object",
                                          {
                                            "containerID": "string",
                                            "exitCode": "number",
                                            "finishedAt": "string",
                                            "message": "string",
                                            "reason": "string",
                                            "signal": "number",
                                            "startedAt": "string"
                                          }
                                        ],
                                        "waiting": [
                                          "object",
                                          {
                                            "message": "string",
                                            "reason": "string"
                                          }
                                        ]
                                      }
                                    ]
                                  }
                                ]
                              ],
                              "hostIP": "string",
                              "initContainerStatuses": [
                                "list",
                                [
                                  "object",
                                  {
                                    "allocatedResources": [
                                      "map",
                                      "string"
                                    ],
                                    "containerID": "string",
                                    "image": "string",
                                    "imageID": "string",
                                    "lastState": [
                                      "object",
                                      {
                                        "running": [
                                          "object",
                                          {
                                            "startedAt": "string"
                                          }
                                        ],
                                        "terminated": [
                                          "object",
                                          {
                                            "containerID": "string",
                                            "exitCode": "number",
                                            "finishedAt": "string",
                                            "message": "string",
                                            "reason": "string",
                                            "signal": "number",
                                            "startedAt": "string"
                                          }
                                        ],
                                        "waiting": [
                                          "object",
                                          {
                                            "message": "string",
                                            "reason": "string"
                                          }
                                        ]
                                      }
                                    ],
                                    "name": "string",
                                    "ready": "bool",
                                    "resources": [
                                      "object",
                                      {
                                        "claims": [
                                          "list",
                                          [
                                            "object",
                                            {
                                              "name": "string"
                                            }
                                          ]
                                        ],
                                        "limits": [
                                          "map",
                                          "string"
                                        ],
                                        "requests": [
                                          "map",
                                          "string"
                                        ]
                                      }
                                    ],
                                    "restartCount": "number",
                                    "started": "bool",
                                    "state": [
                                      "object",
                                      {
                                        "running": [
                                          "object",
                                          {
                                            "startedAt": "string"
                                          }
                                        ],
                                        "terminated": [
                                          "object",
                                          {
                                            "containerID": "string",
                                            "exitCode": "number",
                                            "finishedAt": "string",
                                            "message": "string",
                                            "reason": "string",
                                            "signal": "number",
                                            "startedAt": "string"
                                          }
                                        ],
                                        "waiting": [
                                          "object",
                                          {
                                            "message": "string",
                                            "reason": "string"
                                          }
                                        ]
                                      }
                                    ]
                                  }
                                ]
                              ],
                              "message": "string",
                              "nominatedNodeName": "string",
                              "phase": "string",
                              "podIP": "string",
                              "podIPs": [
                                "list",
                                [
                                  "object",
                                  {
                                    "ip": "string"
                                  }
                                ]
                              ],
                              "qosClass": "string",
                              "reason": "string",
                              "resize": "string",
                              "startTime": "string"
                            }
                          ]
                        }
                      ],
                      "restartNonce": "number",
                      "serviceAccount": "string",
                      "taskManager": [
                        "object",
                        {
                          "podTemplate": [
                            "object",
                            {
                              "apiVersion": "string",
                              "kind": "string",
                              "metadata": [
                                "object",
                                {
                                  "annotations": [
                                    "map",
                                    "string"
                                  ],
                                  "creationTimestamp": "string",
                                  "deletionGracePeriodSeconds": "number",
                                  "deletionTimestamp": "string",
                                  "finalizers": [
                                    "list",
                                    "string"
                                  ],
                                  "generateName": "string",
                                  "generation": "number",
                                  "labels": [
                                    "map",
                                    "string"
                                  ],
                                  "managedFields": [
                                    "tuple",
                                    [
                                      [
                                        "object",
                                        {
                                          "apiVersion": "string",
                                          "fieldsType": "string",
                                          "fieldsV1": "dynamic",
                                          "manager": "string",
                                          "operation": "string",
                                          "subresource": "string",
                                          "time": "string"
                                        }
                                      ]
                                    ]
                                  ],
                                  "name": "string",
                                  "namespace": "string",
                                  "ownerReferences": [
                                    "list",
                                    [
                                      "object",
                                      {
                                        "apiVersion": "string",
                                        "blockOwnerDeletion": "bool",
                                        "controller": "bool",
                                        "kind": "string",
                                        "name": "string",
                                        "uid": "string"
                                      }
                                    ]
                                  ],
                                  "resourceVersion": "string",
                                  "selfLink": "string",
                                  "uid": "string"
                                }
                              ],
                              "spec": [
                                "object",
                                {
                                  "activeDeadlineSeconds": "number",
                                  "affinity": [
                                    "object",
                                    {
                                      "nodeAffinity": [
                                        "object",
                                        {
                                          "preferredDuringSchedulingIgnoredDuringExecution": [
                                            "list",
                                            [
                                              "object",
                                              {
                                                "preference": [
                                                  "object",
                                                  {
                                                    "matchExpressions": [
                                                      "list",
                                                      [
                                                        "object",
                                                        {
                                                          "key": "string",
                                                          "operator": "string",
                                                          "values": [
                                                            "list",
                                                            "string"
                                                          ]
                                                        }
                                                      ]
                                                    ],
                                                    "matchFields": [
                                                      "list",
                                                      [
                                                        "object",
                                                        {
                                                          "key": "string",
                                                          "operator": "string",
                                                          "values": [
                                                            "list",
                                                            "string"
                                                          ]
                                                        }
                                                      ]
                                                    ]
                                                  }
                                                ],
                                                "weight": "number"
                                              }
                                            ]
                                          ],
                                          "requiredDuringSchedulingIgnoredDuringExecution": [
                                            "object",
                                            {
                                              "nodeSelectorTerms": [
                                                "list",
                                                [
                                                  "object",
                                                  {
                                                    "matchExpressions": [
                                                      "list",
                                                      [
                                                        "object",
                                                        {
                                                          "key": "string",
                                                          "operator": "string",
                                                          "values": [
                                                            "list",
                                                            "string"
                                                          ]
                                                        }
                                                      ]
                                                    ],
                                                    "matchFields": [
                                                      "list",
                                                      [
                                                        "object",
                                                        {
                                                          "key": "string",
                                                          "operator": "string",
                                                          "values": [
                                                            "list",
                                                            "string"
                                                          ]
                                                        }
                                                      ]
                                                    ]
                                                  }
                                                ]
                                              ]
                                            }
                                          ]
                                        }
                                      ],
                                      "podAffinity": [
                                        "object",
                                        {
                                          "preferredDuringSchedulingIgnoredDuringExecution": [
                                            "list",
                                            [
                                              "object",
                                              {
                                                "podAffinityTerm": [
                                                  "object",
                                                  {
                                                    "labelSelector": [
                                                      "object",
                                                      {
                                                        "matchExpressions": [
                                                          "list",
                                                          [
                                                            "object",
                                                            {
                                                              "key": "string",
                                                              "operator": "string",
                                                              "values": [
                                                                "list",
                                                                "string"
                                                              ]
                                                            }
                                                          ]
                                                        ],
                                                        "matchLabels": [
                                                          "map",
                                                          "string"
                                                        ]
                                                      }
                                                    ],
                                                    "namespaceSelector": [
                                                      "object",
                                                      {
                                                        "matchExpressions": [
                                                          "list",
                                                          [
                                                            "object",
                                                            {
                                                              "key": "string",
                                                              "operator": "string",
                                                              "values": [
                                                                "list",
                                                                "string"
                                                              ]
                                                            }
                                                          ]
                                                        ],
                                                        "matchLabels": [
                                                          "map",
                                                          "string"
                                                        ]
                                                      }
                                                    ],
                                                    "namespaces": [
                                                      "list",
                                                      "string"
                                                    ],
                                                    "topologyKey": "string"
                                                  }
                                                ],
                                                "weight": "number"
                                              }
                                            ]
                                          ],
                                          "requiredDuringSchedulingIgnoredDuringExecution": [
                                            "list",
                                            [
                                              "object",
                                              {
                                                "labelSelector": [
                                                  "object",
                                                  {
                                                    "matchExpressions": [
                                                      "list",
                                                      [
                                                        "object",
                                                        {
                                                          "key": "string",
                                                          "operator": "string",
                                                          "values": [
                                                            "list",
                                                            "string"
                                                          ]
                                                        }
                                                      ]
                                                    ],
                                                    "matchLabels": [
                                                      "map",
                                                      "string"
                                                    ]
                                                  }
                                                ],
                                                "namespaceSelector": [
                                                  "object",
                                                  {
                                                    "matchExpressions": [
                                                      "list",
                                                      [
                                                        "object",
                                                        {
                                                          "key": "string",
                                                          "operator": "string",
                                                          "values": [
                                                            "list",
                                                            "string"
                                                          ]
                                                        }
                                                      ]
                                                    ],
                                                    "matchLabels": [
                                                      "map",
                                                      "string"
                                                    ]
                                                  }
                                                ],
                                                "namespaces": [
                                                  "list",
                                                  "string"
                                                ],
                                                "topologyKey": "string"
                                              }
                                            ]
                                          ]
                                        }
                                      ],
                                      "podAntiAffinity": [
                                        "object",
                                        {
                                          "preferredDuringSchedulingIgnoredDuringExecution": [
                                            "list",
                                            [
                                              "object",
                                              {
                                                "podAffinityTerm": [
                                                  "object",
                                                  {
                                                    "labelSelector": [
                                                      "object",
                                                      {
                                                        "matchExpressions": [
                                                          "list",
                                                          [
                                                            "object",
                                                            {
                                                              "key": "string",
                                                              "operator": "string",
                                                              "values": [
                                                                "list",
                                                                "string"
                                                              ]
                                                            }
                                                          ]
                                                        ],
                                                        "matchLabels": [
                                                          "map",
                                                          "string"
                                                        ]
                                                      }
                                                    ],
                                                    "namespaceSelector": [
                                                      "object",
                                                      {
                                                        "matchExpressions": [
                                                          "list",
                                                          [
                                                            "object",
                                                            {
                                                              "key": "string",
                                                              "operator": "string",
                                                              "values": [
                                                                "list",
                                                                "string"
                                                              ]
                                                            }
                                                          ]
                                                        ],
                                                        "matchLabels": [
                                                          "map",
                                                          "string"
                                                        ]
                                                      }
                                                    ],
                                                    "namespaces": [
                                                      "list",
                                                      "string"
                                                    ],
                                                    "topologyKey": "string"
                                                  }
                                                ],
                                                "weight": "number"
                                              }
                                            ]
                                          ],
                                          "requiredDuringSchedulingIgnoredDuringExecution": [
                                            "list",
                                            [
                                              "object",
                                              {
                                                "labelSelector": [
                                                  "object",
                                                  {
                                                    "matchExpressions": [
                                                      "list",
                                                      [
                                                        "object",
                                                        {
                                                          "key": "string",
                                                          "operator": "string",
                                                          "values": [
                                                            "list",
                                                            "string"
                                                          ]
                                                        }
                                                      ]
                                                    ],
                                                    "matchLabels": [
                                                      "map",
                                                      "string"
                                                    ]
                                                  }
                                                ],
                                                "namespaceSelector": [
                                                  "object",
                                                  {
                                                    "matchExpressions": [
                                                      "list",
                                                      [
                                                        "object",
                                                        {
                                                          "key": "string",
                                                          "operator": "string",
                                                          "values": [
                                                            "list",
                                                            "string"
                                                          ]
                                                        }
                                                      ]
                                                    ],
                                                    "matchLabels": [
                                                      "map",
                                                      "string"
                                                    ]
                                                  }
                                                ],
                                                "namespaces": [
                                                  "list",
                                                  "string"
                                                ],
                                                "topologyKey": "string"
                                              }
                                            ]
                                          ]
                                        }
                                      ]
                                    }
                                  ],
                                  "automountServiceAccountToken": "bool",
                                  "containers": [
                                    "list",
                                    [
                                      "object",
                                      {
                                        "args": [
                                          "list",
                                          "string"
                                        ],
                                        "command": [
                                          "list",
                                          "string"
                                        ],
                                        "env": [
                                          "list",
                                          [
                                            "object",
                                            {
                                              "name": "string",
                                              "value": "string",
                                              "valueFrom": [
                                                "object",
                                                {
                                                  "configMapKeyRef": [
                                                    "object",
                                                    {
                                                      "key": "string",
                                                      "name": "string",
                                                      "optional": "bool"
                                                    }
                                                  ],
                                                  "fieldRef": [
                                                    "object",
                                                    {
                                                      "apiVersion": "string",
                                                      "fieldPath": "string"
                                                    }
                                                  ],
                                                  "resourceFieldRef": [
                                                    "object",
                                                    {
                                                      "containerName": "string",
                                                      "divisor": "string",
                                                      "resource": "string"
                                                    }
                                                  ],
                                                  "secretKeyRef": [
                                                    "object",
                                                    {
                                                      "key": "string",
                                                      "name": "string",
                                                      "optional": "bool"
                                                    }
                                                  ]
                                                }
                                              ]
                                            }
                                          ]
                                        ],
                                        "envFrom": [
                                          "list",
                                          [
                                            "object",
                                            {
                                              "configMapRef": [
                                                "object",
                                                {
                                                  "name": "string",
                                                  "optional": "bool"
                                                }
                                              ],
                                              "prefix": "string",
                                              "secretRef": [
                                                "object",
                                                {
                                                  "name": "string",
                                                  "optional": "bool"
                                                }
                                              ]
                                            }
                                          ]
                                        ],
                                        "image": "string",
                                        "imagePullPolicy": "string",
                                        "lifecycle": [
                                          "object",
                                          {
                                            "postStart": [
                                              "object",
                                              {
                                                "exec": [
                                                  "object",
                                                  {
                                                    "command": [
                                                      "list",
                                                      "string"
                                                    ]
                                                  }
                                                ],
                                                "httpGet": [
                                                  "object",
                                                  {
                                                    "host": "string",
                                                    "httpHeaders": [
                                                      "list",
                                                      [
                                                        "object",
                                                        {
                                                          "name": "string",
                                                          "value": "string"
                                                        }
                                                      ]
                                                    ],
                                                    "path": "string",
                                                    "port": "string",
                                                    "scheme": "string"
                                                  }
                                                ],
                                                "tcpSocket": [
                                                  "object",
                                                  {
                                                    "host": "string",
                                                    "port": "string"
                                                  }
                                                ]
                                              }
                                            ],
                                            "preStop": [
                                              "object",
                                              {
                                                "exec": [
                                                  "object",
                                                  {
                                                    "command": [
                                                      "list",
                                                      "string"
                                                    ]
                                                  }
                                                ],
                                                "httpGet": [
                                                  "object",
                                                  {
                                                    "host": "string",
                                                    "httpHeaders": [
                                                      "list",
                                                      [
                                                        "object",
                                                        {
                                                          "name": "string",
                                                          "value": "string"
                                                        }
                                                      ]
                                                    ],
                                                    "path": "string",
                                                    "port": "string",
                                                    "scheme": "string"
                                                  }
                                                ],
                                                "tcpSocket": [
                                                  "object",
                                                  {
                                                    "host": "string",
                                                    "port": "string"
                                                  }
                                                ]
                                              }
                                            ]
                                          }
                                        ],
                                        "livenessProbe": [
                                          "object",
                                          {
                                            "exec": [
                                              "object",
                                              {
                                                "command": [
                                                  "list",
                                                  "string"
                                                ]
                                              }
                                            ],
                                            "failureThreshold": "number",
                                            "grpc": [
                                              "object",
                                              {
                                                "port": "number",
                                                "service": "string"
                                              }
                                            ],
                                            "httpGet": [
                                              "object",
                                              {
                                                "host": "string",
                                                "httpHeaders": [
                                                  "list",
                                                  [
                                                    "object",
                                                    {
                                                      "name": "string",
                                                      "value": "string"
                                                    }
                                                  ]
                                                ],
                                                "path": "string",
                                                "port": "string",
                                                "scheme": "string"
                                              }
                                            ],
                                            "initialDelaySeconds": "number",
                                            "periodSeconds": "number",
                                            "successThreshold": "number",
                                            "tcpSocket": [
                                              "object",
                                              {
                                                "host": "string",
                                                "port": "string"
                                              }
                                            ],
                                            "terminationGracePeriodSeconds": "number",
                                            "timeoutSeconds": "number"
                                          }
                                        ],
                                        "name": "string",
                                        "ports": [
                                          "list",
                                          [
                                            "object",
                                            {
                                              "containerPort": "number",
                                              "hostIP": "string",
                                              "hostPort": "number",
                                              "name": "string",
                                              "protocol": "string"
                                            }
                                          ]
                                        ],
                                        "readinessProbe": [
                                          "object",
                                          {
                                            "exec": [
                                              "object",
                                              {
                                                "command": [
                                                  "list",
                                                  "string"
                                                ]
                                              }
                                            ],
                                            "failureThreshold": "number",
                                            "grpc": [
                                              "object",
                                              {
                                                "port": "number",
                                                "service": "string"
                                              }
                                            ],
                                            "httpGet": [
                                              "object",
                                              {
                                                "host": "string",
                                                "httpHeaders": [
                                                  "list",
                                                  [
                                                    "object",
                                                    {
                                                      "name": "string",
                                                      "value": "string"
                                                    }
                                                  ]
                                                ],
                                                "path": "string",
                                                "port": "string",
                                                "scheme": "string"
                                              }
                                            ],
                                            "initialDelaySeconds": "number",
                                            "periodSeconds": "number",
                                            "successThreshold": "number",
                                            "tcpSocket": [
                                              "object",
                                              {
                                                "host": "string",
                                                "port": "string"
                                              }
                                            ],
                                            "terminationGracePeriodSeconds": "number",
                                            "timeoutSeconds": "number"
                                          }
                                        ],
                                        "resizePolicy": [
                                          "list",
                                          [
                                            "object",
                                            {
                                              "resourceName": "string",
                                              "restartPolicy": "string"
                                            }
                                          ]
                                        ],
                                        "resources": [
                                          "object",
                                          {
                                            "claims": [
                                              "list",
                                              [
                                                "object",
                                                {
                                                  "name": "string"
                                                }
                                              ]
                                            ],
                                            "limits": [
                                              "map",
                                              "string"
                                            ],
                                            "requests": [
                                              "map",
                                              "string"
                                            ]
                                          }
                                        ],
                                        "securityContext": [
                                          "object",
                                          {
                                            "allowPrivilegeEscalation": "bool",
                                            "capabilities": [
                                              "object",
                                              {
                                                "add": [
                                                  "list",
                                                  "string"
                                                ],
                                                "drop": [
                                                  "list",
                                                  "string"
                                                ]
                                              }
                                            ],
                                            "privileged": "bool",
                                            "procMount": "string",
                                            "readOnlyRootFilesystem": "bool",
                                            "runAsGroup": "number",
                                            "runAsNonRoot": "bool",
                                            "runAsUser": "number",
                                            "seLinuxOptions": [
                                              "object",
                                              {
                                                "level": "string",
                                                "role": "string",
                                                "type": "string",
                                                "user": "string"
                                              }
                                            ],
                                            "seccompProfile": [
                                              "object",
                                              {
                                                "localhostProfile": "string",
                                                "type": "string"
                                              }
                                            ],
                                            "windowsOptions": [
                                              "object",
                                              {
                                                "gmsaCredentialSpec": "string",
                                                "gmsaCredentialSpecName": "string",
                                                "hostProcess": "bool",
                                                "runAsUserName": "string"
                                              }
                                            ]
                                          }
                                        ],
                                        "startupProbe": [
                                          "object",
                                          {
                                            "exec": [
                                              "object",
                                              {
                                                "command": [
                                                  "list",
                                                  "string"
                                                ]
                                              }
                                            ],
                                            "failureThreshold": "number",
                                            "grpc": [
                                              "object",
                                              {
                                                "port": "number",
                                                "service": "string"
                                              }
                                            ],
                                            "httpGet": [
                                              "object",
                                              {
                                                "host": "string",
                                                "httpHeaders": [
                                                  "list",
                                                  [
                                                    "object",
                                                    {
                                                      "name": "string",
                                                      "value": "string"
                                                    }
                                                  ]
                                                ],
                                                "path": "string",
                                                "port": "string",
                                                "scheme": "string"
                                              }
                                            ],
                                            "initialDelaySeconds": "number",
                                            "periodSeconds": "number",
                                            "successThreshold": "number",
                                            "tcpSocket": [
                                              "object",
                                              {
                                                "host": "string",
                                                "port": "string"
                                              }
                                            ],
                                            "terminationGracePeriodSeconds": "number",
                                            "timeoutSeconds": "number"
                                          }
                                        ],
                                        "stdin": "bool",
                                        "stdinOnce": "bool",
                                        "terminationMessagePath": "string",
                                        "terminationMessagePolicy": "string",
                                        "tty": "bool",
                                        "volumeDevices": [
                                          "list",
                                          [
                                            "object",
                                            {
                                              "devicePath": "string",
                                              "name": "string"
                                            }
                                          ]
                                        ],
                                        "volumeMounts": [
                                          "list",
                                          [
                                            "object",
                                            {
                                              "mountPath": "string",
                                              "mountPropagation": "string",
                                              "name": "string",
                                              "readOnly": "bool",
                                              "subPath": "string",
                                              "subPathExpr": "string"
                                            }
                                          ]
                                        ],
                                        "workingDir": "string"
                                      }
                                    ]
                                  ],
                                  "dnsConfig": [
                                    "object",
                                    {
                                      "nameservers": [
                                        "list",
                                        "string"
                                      ],
                                      "options": [
                                        "list",
                                        [
                                          "object",
                                          {
                                            "name": "string",
                                            "value": "string"
                                          }
                                        ]
                                      ],
                                      "searches": [
                                        "list",
                                        "string"
                                      ]
                                    }
                                  ],
                                  "dnsPolicy": "string",
                                  "enableServiceLinks": "bool",
                                  "ephemeralContainers": [
                                    "list",
                                    [
                                      "object",
                                      {
                                        "args": [
                                          "list",
                                          "string"
                                        ],
                                        "command": [
                                          "list",
                                          "string"
                                        ],
                                        "env": [
                                          "list",
                                          [
                                            "object",
                                            {
                                              "name": "string",
                                              "value": "string",
                                              "valueFrom": [
                                                "object",
                                                {
                                                  "configMapKeyRef": [
                                                    "object",
                                                    {
                                                      "key": "string",
                                                      "name": "string",
                                                      "optional": "bool"
                                                    }
                                                  ],
                                                  "fieldRef": [
                                                    "object",
                                                    {
                                                      "apiVersion": "string",
                                                      "fieldPath": "string"
                                                    }
                                                  ],
                                                  "resourceFieldRef": [
                                                    "object",
                                                    {
                                                      "containerName": "string",
                                                      "divisor": "string",
                                                      "resource": "string"
                                                    }
                                                  ],
                                                  "secretKeyRef": [
                                                    "object",
                                                    {
                                                      "key": "string",
                                                      "name": "string",
                                                      "optional": "bool"
                                                    }
                                                  ]
                                                }
                                              ]
                                            }
                                          ]
                                        ],
                                        "envFrom": [
                                          "list",
                                          [
                                            "object",
                                            {
                                              "configMapRef": [
                                                "object",
                                                {
                                                  "name": "string",
                                                  "optional": "bool"
                                                }
                                              ],
                                              "prefix": "string",
                                              "secretRef": [
                                                "object",
                                                {
                                                  "name": "string",
                                                  "optional": "bool"
                                                }
                                              ]
                                            }
                                          ]
                                        ],
                                        "image": "string",
                                        "imagePullPolicy": "string",
                                        "lifecycle": [
                                          "object",
                                          {
                                            "postStart": [
                                              "object",
                                              {
                                                "exec": [
                                                  "object",
                                                  {
                                                    "command": [
                                                      "list",
                                                      "string"
                                                    ]
                                                  }
                                                ],
                                                "httpGet": [
                                                  "object",
                                                  {
                                                    "host": "string",
                                                    "httpHeaders": [
                                                      "list",
                                                      [
                                                        "object",
                                                        {
                                                          "name": "string",
                                                          "value": "string"
                                                        }
                                                      ]
                                                    ],
                                                    "path": "string",
                                                    "port": "string",
                                                    "scheme": "string"
                                                  }
                                                ],
                                                "tcpSocket": [
                                                  "object",
                                                  {
                                                    "host": "string",
                                                    "port": "string"
                                                  }
                                                ]
                                              }
                                            ],
                                            "preStop": [
                                              "object",
                                              {
                                                "exec": [
                                                  "object",
                                                  {
                                                    "command": [
                                                      "list",
                                                      "string"
                                                    ]
                                                  }
                                                ],
                                                "httpGet": [
                                                  "object",
                                                  {
                                                    "host": "string",
                                                    "httpHeaders": [
                                                      "list",
                                                      [
                                                        "object",
                                                        {
                                                          "name": "string",
                                                          "value": "string"
                                                        }
                                                      ]
                                                    ],
                                                    "path": "string",
                                                    "port": "string",
                                                    "scheme": "string"
                                                  }
                                                ],
                                                "tcpSocket": [
                                                  "object",
                                                  {
                                                    "host": "string",
                                                    "port": "string"
                                                  }
                                                ]
                                              }
                                            ]
                                          }
                                        ],
                                        "livenessProbe": [
                                          "object",
                                          {
                                            "exec": [
                                              "object",
                                              {
                                                "command": [
                                                  "list",
                                                  "string"
                                                ]
                                              }
                                            ],
                                            "failureThreshold": "number",
                                            "grpc": [
                                              "object",
                                              {
                                                "port": "number",
                                                "service": "string"
                                              }
                                            ],
                                            "httpGet": [
                                              "object",
                                              {
                                                "host": "string",
                                                "httpHeaders": [
                                                  "list",
                                                  [
                                                    "object",
                                                    {
                                                      "name": "string",
                                                      "value": "string"
                                                    }
                                                  ]
                                                ],
                                                "path": "string",
                                                "port": "string",
                                                "scheme": "string"
                                              }
                                            ],
                                            "initialDelaySeconds": "number",
                                            "periodSeconds": "number",
                                            "successThreshold": "number",
                                            "tcpSocket": [
                                              "object",
                                              {
                                                "host": "string",
                                                "port": "string"
                                              }
                                            ],
                                            "terminationGracePeriodSeconds": "number",
                                            "timeoutSeconds": "number"
                                          }
                                        ],
                                        "name": "string",
                                        "ports": [
                                          "list",
                                          [
                                            "object",
                                            {
                                              "containerPort": "number",
                                              "hostIP": "string",
                                              "hostPort": "number",
                                              "name": "string",
                                              "protocol": "string"
                                            }
                                          ]
                                        ],
                                        "readinessProbe": [
                                          "object",
                                          {
                                            "exec": [
                                              "object",
                                              {
                                                "command": [
                                                  "list",
                                                  "string"
                                                ]
                                              }
                                            ],
                                            "failureThreshold": "number",
                                            "grpc": [
                                              "object",
                                              {
                                                "port": "number",
                                                "service": "string"
                                              }
                                            ],
                                            "httpGet": [
                                              "object",
                                              {
                                                "host": "string",
                                                "httpHeaders": [
                                                  "list",
                                                  [
                                                    "object",
                                                    {
                                                      "name": "string",
                                                      "value": "string"
                                                    }
                                                  ]
                                                ],
                                                "path": "string",
                                                "port": "string",
                                                "scheme": "string"
                                              }
                                            ],
                                            "initialDelaySeconds": "number",
                                            "periodSeconds": "number",
                                            "successThreshold": "number",
                                            "tcpSocket": [
                                              "object",
                                              {
                                                "host": "string",
                                                "port": "string"
                                              }
                                            ],
                                            "terminationGracePeriodSeconds": "number",
                                            "timeoutSeconds": "number"
                                          }
                                        ],
                                        "resizePolicy": [
                                          "list",
                                          [
                                            "object",
                                            {
                                              "resourceName": "string",
                                              "restartPolicy": "string"
                                            }
                                          ]
                                        ],
                                        "resources": [
                                          "object",
                                          {
                                            "claims": [
                                              "list",
                                              [
                                                "object",
                                                {
                                                  "name": "string"
                                                }
                                              ]
                                            ],
                                            "limits": [
                                              "map",
                                              "string"
                                            ],
                                            "requests": [
                                              "map",
                                              "string"
                                            ]
                                          }
                                        ],
                                        "securityContext": [
                                          "object",
                                          {
                                            "allowPrivilegeEscalation": "bool",
                                            "capabilities": [
                                              "object",
                                              {
                                                "add": [
                                                  "list",
                                                  "string"
                                                ],
                                                "drop": [
                                                  "list",
                                                  "string"
                                                ]
                                              }
                                            ],
                                            "privileged": "bool",
                                            "procMount": "string",
                                            "readOnlyRootFilesystem": "bool",
                                            "runAsGroup": "number",
                                            "runAsNonRoot": "bool",
                                            "runAsUser": "number",
                                            "seLinuxOptions": [
                                              "object",
                                              {
                                                "level": "string",
                                                "role": "string",
                                                "type": "string",
                                                "user": "string"
                                              }
                                            ],
                                            "seccompProfile": [
                                              "object",
                                              {
                                                "localhostProfile": "string",
                                                "type": "string"
                                              }
                                            ],
                                            "windowsOptions": [
                                              "object",
                                              {
                                                "gmsaCredentialSpec": "string",
                                                "gmsaCredentialSpecName": "string",
                                                "hostProcess": "bool",
                                                "runAsUserName": "string"
                                              }
                                            ]
                                          }
                                        ],
                                        "startupProbe": [
                                          "object",
                                          {
                                            "exec": [
                                              "object",
                                              {
                                                "command": [
                                                  "list",
                                                  "string"
                                                ]
                                              }
                                            ],
                                            "failureThreshold": "number",
                                            "grpc": [
                                              "object",
                                              {
                                                "port": "number",
                                                "service": "string"
                                              }
                                            ],
                                            "httpGet": [
                                              "object",
                                              {
                                                "host": "string",
                                                "httpHeaders": [
                                                  "list",
                                                  [
                                                    "object",
                                                    {
                                                      "name": "string",
                                                      "value": "string"
                                                    }
                                                  ]
                                                ],
                                                "path": "string",
                                                "port": "string",
                                                "scheme": "string"
                                              }
                                            ],
                                            "initialDelaySeconds": "number",
                                            "periodSeconds": "number",
                                            "successThreshold": "number",
                                            "tcpSocket": [
                                              "object",
                                              {
                                                "host": "string",
                                                "port": "string"
                                              }
                                            ],
                                            "terminationGracePeriodSeconds": "number",
                                            "timeoutSeconds": "number"
                                          }
                                        ],
                                        "stdin": "bool",
                                        "stdinOnce": "bool",
                                        "targetContainerName": "string",
                                        "terminationMessagePath": "string",
                                        "terminationMessagePolicy": "string",
                                        "tty": "bool",
                                        "volumeDevices": [
                                          "list",
                                          [
                                            "object",
                                            {
                                              "devicePath": "string",
                                              "name": "string"
                                            }
                                          ]
                                        ],
                                        "volumeMounts": [
                                          "list",
                                          [
                                            "object",
                                            {
                                              "mountPath": "string",
                                              "mountPropagation": "string",
                                              "name": "string",
                                              "readOnly": "bool",
                                              "subPath": "string",
                                              "subPathExpr": "string"
                                            }
                                          ]
                                        ],
                                        "workingDir": "string"
                                      }
                                    ]
                                  ],
                                  "hostAliases": [
                                    "list",
                                    [
                                      "object",
                                      {
                                        "hostnames": [
                                          "list",
                                          "string"
                                        ],
                                        "ip": "string"
                                      }
                                    ]
                                  ],
                                  "hostIPC": "bool",
                                  "hostNetwork": "bool",
                                  "hostPID": "bool",
                                  "hostUsers": "bool",
                                  "hostname": "string",
                                  "imagePullSecrets": [
                                    "list",
                                    [
                                      "object",
                                      {
                                        "name": "string"
                                      }
                                    ]
                                  ],
                                  "initContainers": [
                                    "list",
                                    [
                                      "object",
                                      {
                                        "args": [
                                          "list",
                                          "string"
                                        ],
                                        "command": [
                                          "list",
                                          "string"
                                        ],
                                        "env": [
                                          "list",
                                          [
                                            "object",
                                            {
                                              "name": "string",
                                              "value": "string",
                                              "valueFrom": [
                                                "object",
                                                {
                                                  "configMapKeyRef": [
                                                    "object",
                                                    {
                                                      "key": "string",
                                                      "name": "string",
                                                      "optional": "bool"
                                                    }
                                                  ],
                                                  "fieldRef": [
                                                    "object",
                                                    {
                                                      "apiVersion": "string",
                                                      "fieldPath": "string"
                                                    }
                                                  ],
                                                  "resourceFieldRef": [
                                                    "object",
                                                    {
                                                      "containerName": "string",
                                                      "divisor": "string",
                                                      "resource": "string"
                                                    }
                                                  ],
                                                  "secretKeyRef": [
                                                    "object",
                                                    {
                                                      "key": "string",
                                                      "name": "string",
                                                      "optional": "bool"
                                                    }
                                                  ]
                                                }
                                              ]
                                            }
                                          ]
                                        ],
                                        "envFrom": [
                                          "list",
                                          [
                                            "object",
                                            {
                                              "configMapRef": [
                                                "object",
                                                {
                                                  "name": "string",
                                                  "optional": "bool"
                                                }
                                              ],
                                              "prefix": "string",
                                              "secretRef": [
                                                "object",
                                                {
                                                  "name": "string",
                                                  "optional": "bool"
                                                }
                                              ]
                                            }
                                          ]
                                        ],
                                        "image": "string",
                                        "imagePullPolicy": "string",
                                        "lifecycle": [
                                          "object",
                                          {
                                            "postStart": [
                                              "object",
                                              {
                                                "exec": [
                                                  "object",
                                                  {
                                                    "command": [
                                                      "list",
                                                      "string"
                                                    ]
                                                  }
                                                ],
                                                "httpGet": [
                                                  "object",
                                                  {
                                                    "host": "string",
                                                    "httpHeaders": [
                                                      "list",
                                                      [
                                                        "object",
                                                        {
                                                          "name": "string",
                                                          "value": "string"
                                                        }
                                                      ]
                                                    ],
                                                    "path": "string",
                                                    "port": "string",
                                                    "scheme": "string"
                                                  }
                                                ],
                                                "tcpSocket": [
                                                  "object",
                                                  {
                                                    "host": "string",
                                                    "port": "string"
                                                  }
                                                ]
                                              }
                                            ],
                                            "preStop": [
                                              "object",
                                              {
                                                "exec": [
                                                  "object",
                                                  {
                                                    "command": [
                                                      "list",
                                                      "string"
                                                    ]
                                                  }
                                                ],
                                                "httpGet": [
                                                  "object",
                                                  {
                                                    "host": "string",
                                                    "httpHeaders": [
                                                      "list",
                                                      [
                                                        "object",
                                                        {
                                                          "name": "string",
                                                          "value": "string"
                                                        }
                                                      ]
                                                    ],
                                                    "path": "string",
                                                    "port": "string",
                                                    "scheme": "string"
                                                  }
                                                ],
                                                "tcpSocket": [
                                                  "object",
                                                  {
                                                    "host": "string",
                                                    "port": "string"
                                                  }
                                                ]
                                              }
                                            ]
                                          }
                                        ],
                                        "livenessProbe": [
                                          "object",
                                          {
                                            "exec": [
                                              "object",
                                              {
                                                "command": [
                                                  "list",
                                                  "string"
                                                ]
                                              }
                                            ],
                                            "failureThreshold": "number",
                                            "grpc": [
                                              "object",
                                              {
                                                "port": "number",
                                                "service": "string"
                                              }
                                            ],
                                            "httpGet": [
                                              "object",
                                              {
                                                "host": "string",
                                                "httpHeaders": [
                                                  "list",
                                                  [
                                                    "object",
                                                    {
                                                      "name": "string",
                                                      "value": "string"
                                                    }
                                                  ]
                                                ],
                                                "path": "string",
                                                "port": "string",
                                                "scheme": "string"
                                              }
                                            ],
                                            "initialDelaySeconds": "number",
                                            "periodSeconds": "number",
                                            "successThreshold": "number",
                                            "tcpSocket": [
                                              "object",
                                              {
                                                "host": "string",
                                                "port": "string"
                                              }
                                            ],
                                            "terminationGracePeriodSeconds": "number",
                                            "timeoutSeconds": "number"
                                          }
                                        ],
                                        "name": "string",
                                        "ports": [
                                          "list",
                                          [
                                            "object",
                                            {
                                              "containerPort": "number",
                                              "hostIP": "string",
                                              "hostPort": "number",
                                              "name": "string",
                                              "protocol": "string"
                                            }
                                          ]
                                        ],
                                        "readinessProbe": [
                                          "object",
                                          {
                                            "exec": [
                                              "object",
                                              {
                                                "command": [
                                                  "list",
                                                  "string"
                                                ]
                                              }
                                            ],
                                            "failureThreshold": "number",
                                            "grpc": [
                                              "object",
                                              {
                                                "port": "number",
                                                "service": "string"
                                              }
                                            ],
                                            "httpGet": [
                                              "object",
                                              {
                                                "host": "string",
                                                "httpHeaders": [
                                                  "list",
                                                  [
                                                    "object",
                                                    {
                                                      "name": "string",
                                                      "value": "string"
                                                    }
                                                  ]
                                                ],
                                                "path": "string",
                                                "port": "string",
                                                "scheme": "string"
                                              }
                                            ],
                                            "initialDelaySeconds": "number",
                                            "periodSeconds": "number",
                                            "successThreshold": "number",
                                            "tcpSocket": [
                                              "object",
                                              {
                                                "host": "string",
                                                "port": "string"
                                              }
                                            ],
                                            "terminationGracePeriodSeconds": "number",
                                            "timeoutSeconds": "number"
                                          }
                                        ],
                                        "resizePolicy": [
                                          "list",
                                          [
                                            "object",
                                            {
                                              "resourceName": "string",
                                              "restartPolicy": "string"
                                            }
                                          ]
                                        ],
                                        "resources": [
                                          "object",
                                          {
                                            "claims": [
                                              "list",
                                              [
                                                "object",
                                                {
                                                  "name": "string"
                                                }
                                              ]
                                            ],
                                            "limits": [
                                              "map",
                                              "string"
                                            ],
                                            "requests": [
                                              "map",
                                              "string"
                                            ]
                                          }
                                        ],
                                        "securityContext": [
                                          "object",
                                          {
                                            "allowPrivilegeEscalation": "bool",
                                            "capabilities": [
                                              "object",
                                              {
                                                "add": [
                                                  "list",
                                                  "string"
                                                ],
                                                "drop": [
                                                  "list",
                                                  "string"
                                                ]
                                              }
                                            ],
                                            "privileged": "bool",
                                            "procMount": "string",
                                            "readOnlyRootFilesystem": "bool",
                                            "runAsGroup": "number",
                                            "runAsNonRoot": "bool",
                                            "runAsUser": "number",
                                            "seLinuxOptions": [
                                              "object",
                                              {
                                                "level": "string",
                                                "role": "string",
                                                "type": "string",
                                                "user": "string"
                                              }
                                            ],
                                            "seccompProfile": [
                                              "object",
                                              {
                                                "localhostProfile": "string",
                                                "type": "string"
                                              }
                                            ],
                                            "windowsOptions": [
                                              "object",
                                              {
                                                "gmsaCredentialSpec": "string",
                                                "gmsaCredentialSpecName": "string",
                                                "hostProcess": "bool",
                                                "runAsUserName": "string"
                                              }
                                            ]
                                          }
                                        ],
                                        "startupProbe": [
                                          "object",
                                          {
                                            "exec": [
                                              "object",
                                              {
                                                "command": [
                                                  "list",
                                                  "string"
                                                ]
                                              }
                                            ],
                                            "failureThreshold": "number",
                                            "grpc": [
                                              "object",
                                              {
                                                "port": "number",
                                                "service": "string"
                                              }
                                            ],
                                            "httpGet": [
                                              "object",
                                              {
                                                "host": "string",
                                                "httpHeaders": [
                                                  "list",
                                                  [
                                                    "object",
                                                    {
                                                      "name": "string",
                                                      "value": "string"
                                                    }
                                                  ]
                                                ],
                                                "path": "string",
                                                "port": "string",
                                                "scheme": "string"
                                              }
                                            ],
                                            "initialDelaySeconds": "number",
                                            "periodSeconds": "number",
                                            "successThreshold": "number",
                                            "tcpSocket": [
                                              "object",
                                              {
                                                "host": "string",
                                                "port": "string"
                                              }
                                            ],
                                            "terminationGracePeriodSeconds": "number",
                                            "timeoutSeconds": "number"
                                          }
                                        ],
                                        "stdin": "bool",
                                        "stdinOnce": "bool",
                                        "terminationMessagePath": "string",
                                        "terminationMessagePolicy": "string",
                                        "tty": "bool",
                                        "volumeDevices": [
                                          "list",
                                          [
                                            "object",
                                            {
                                              "devicePath": "string",
                                              "name": "string"
                                            }
                                          ]
                                        ],
                                        "volumeMounts": [
                                          "list",
                                          [
                                            "object",
                                            {
                                              "mountPath": "string",
                                              "mountPropagation": "string",
                                              "name": "string",
                                              "readOnly": "bool",
                                              "subPath": "string",
                                              "subPathExpr": "string"
                                            }
                                          ]
                                        ],
                                        "workingDir": "string"
                                      }
                                    ]
                                  ],
                                  "nodeName": "string",
                                  "nodeSelector": [
                                    "map",
                                    "string"
                                  ],
                                  "os": [
                                    "object",
                                    {
                                      "name": "string"
                                    }
                                  ],
                                  "overhead": [
                                    "map",
                                    "string"
                                  ],
                                  "preemptionPolicy": "string",
                                  "priority": "number",
                                  "priorityClassName": "string",
                                  "readinessGates": [
                                    "list",
                                    [
                                      "object",
                                      {
                                        "conditionType": "string"
                                      }
                                    ]
                                  ],
                                  "resourceClaims": [
                                    "list",
                                    [
                                      "object",
                                      {
                                        "name": "string",
                                        "source": [
                                          "object",
                                          {
                                            "resourceClaimName": "string",
                                            "resourceClaimTemplateName": "string"
                                          }
                                        ]
                                      }
                                    ]
                                  ],
                                  "restartPolicy": "string",
                                  "runtimeClassName": "string",
                                  "schedulerName": "string",
                                  "schedulingGates": [
                                    "list",
                                    [
                                      "object",
                                      {
                                        "name": "string"
                                      }
                                    ]
                                  ],
                                  "securityContext": [
                                    "object",
                                    {
                                      "fsGroup": "number",
                                      "fsGroupChangePolicy": "string",
                                      "runAsGroup": "number",
                                      "runAsNonRoot": "bool",
                                      "runAsUser": "number",
                                      "seLinuxOptions": [
                                        "object",
                                        {
                                          "level": "string",
                                          "role": "string",
                                          "type": "string",
                                          "user": "string"
                                        }
                                      ],
                                      "seccompProfile": [
                                        "object",
                                        {
                                          "localhostProfile": "string",
                                          "type": "string"
                                        }
                                      ],
                                      "supplementalGroups": [
                                        "list",
                                        "number"
                                      ],
                                      "sysctls": [
                                        "list",
                                        [
                                          "object",
                                          {
                                            "name": "string",
                                            "value": "string"
                                          }
                                        ]
                                      ],
                                      "windowsOptions": [
                                        "object",
                                        {
                                          "gmsaCredentialSpec": "string",
                                          "gmsaCredentialSpecName": "string",
                                          "hostProcess": "bool",
                                          "runAsUserName": "string"
                                        }
                                      ]
                                    }
                                  ],
                                  "serviceAccount": "string",
                                  "serviceAccountName": "string",
                                  "setHostnameAsFQDN": "bool",
                                  "shareProcessNamespace": "bool",
                                  "subdomain": "string",
                                  "terminationGracePeriodSeconds": "number",
                                  "tolerations": [
                                    "list",
                                    [
                                      "object",
                                      {
                                        "effect": "string",
                                        "key": "string",
                                        "operator": "string",
                                        "tolerationSeconds": "number",
                                        "value": "string"
                                      }
                                    ]
                                  ],
                                  "topologySpreadConstraints": [
                                    "list",
                                    [
                                      "object",
                                      {
                                        "labelSelector": [
                                          "object",
                                          {
                                            "matchExpressions": [
                                              "list",
                                              [
                                                "object",
                                                {
                                                  "key": "string",
                                                  "operator": "string",
                                                  "values": [
                                                    "list",
                                                    "string"
                                                  ]
                                                }
                                              ]
                                            ],
                                            "matchLabels": [
                                              "map",
                                              "string"
                                            ]
                                          }
                                        ],
                                        "matchLabelKeys": [
                                          "list",
                                          "string"
                                        ],
                                        "maxSkew": "number",
                                        "minDomains": "number",
                                        "nodeAffinityPolicy": "string",
                                        "nodeTaintsPolicy": "string",
                                        "topologyKey": "string",
                                        "whenUnsatisfiable": "string"
                                      }
                                    ]
                                  ],
                                  "volumes": [
                                    "tuple",
                                    [
                                      [
                                        "object",
                                        {
                                          "awsElasticBlockStore": [
                                            "object",
                                            {
                                              "fsType": "string",
                                              "partition": "number",
                                              "readOnly": "bool",
                                              "volumeID": "string"
                                            }
                                          ],
                                          "azureDisk": [
                                            "object",
                                            {
                                              "cachingMode": "string",
                                              "diskName": "string",
                                              "diskURI": "string",
                                              "fsType": "string",
                                              "kind": "string",
                                              "readOnly": "bool"
                                            }
                                          ],
                                          "azureFile": [
                                            "object",
                                            {
                                              "readOnly": "bool",
                                              "secretName": "string",
                                              "shareName": "string"
                                            }
                                          ],
                                          "cephfs": [
                                            "object",
                                            {
                                              "monitors": [
                                                "list",
                                                "string"
                                              ],
                                              "path": "string",
                                              "readOnly": "bool",
                                              "secretFile": "string",
                                              "secretRef": [
                                                "object",
                                                {
                                                  "name": "string"
                                                }
                                              ],
                                              "user": "string"
                                            }
                                          ],
                                          "cinder": [
                                            "object",
                                            {
                                              "fsType": "string",
                                              "readOnly": "bool",
                                              "secretRef": [
                                                "object",
                                                {
                                                  "name": "string"
                                                }
                                              ],
                                              "volumeID": "string"
                                            }
                                          ],
                                          "configMap": [
                                            "object",
                                            {
                                              "defaultMode": "number",
                                              "items": [
                                                "list",
                                                [
                                                  "object",
                                                  {
                                                    "key": "string",
                                                    "mode": "number",
                                                    "path": "string"
                                                  }
                                                ]
                                              ],
                                              "name": "string",
                                              "optional": "bool"
                                            }
                                          ],
                                          "csi": [
                                            "object",
                                            {
                                              "driver": "string",
                                              "fsType": "string",
                                              "nodePublishSecretRef": [
                                                "object",
                                                {
                                                  "name": "string"
                                                }
                                              ],
                                              "readOnly": "bool",
                                              "volumeAttributes": [
                                                "map",
                                                "string"
                                              ]
                                            }
                                          ],
                                          "downwardAPI": [
                                            "object",
                                            {
                                              "defaultMode": "number",
                                              "items": [
                                                "list",
                                                [
                                                  "object",
                                                  {
                                                    "fieldRef": [
                                                      "object",
                                                      {
                                                        "apiVersion": "string",
                                                        "fieldPath": "string"
                                                      }
                                                    ],
                                                    "mode": "number",
                                                    "path": "string",
                                                    "resourceFieldRef": [
                                                      "object",
                                                      {
                                                        "containerName": "string",
                                                        "divisor": "string",
                                                        "resource": "string"
                                                      }
                                                    ]
                                                  }
                                                ]
                                              ]
                                            }
                                          ],
                                          "emptyDir": [
                                            "object",
                                            {
                                              "medium": "string",
                                              "sizeLimit": "string"
                                            }
                                          ],
                                          "ephemeral": [
                                            "object",
                                            {
                                              "volumeClaimTemplate": [
                                                "object",
                                                {
                                                  "metadata": [
                                                    "object",
                                                    {
                                                      "annotations": [
                                                        "map",
                                                        "string"
                                                      ],
                                                      "creationTimestamp": "string",
                                                      "deletionGracePeriodSeconds": "number",
                                                      "deletionTimestamp": "string",
                                                      "finalizers": [
                                                        "list",
                                                        "string"
                                                      ],
                                                      "generateName": "string",
                                                      "generation": "number",
                                                      "labels": [
                                                        "map",
                                                        "string"
                                                      ],
                                                      "managedFields": [
                                                        "tuple",
                                                        [
                                                          [
                                                            "object",
                                                            {
                                                              "apiVersion": "string",
                                                              "fieldsType": "string",
                                                              "fieldsV1": "dynamic",
                                                              "manager": "string",
                                                              "operation": "string",
                                                              "subresource": "string",
                                                              "time": "string"
                                                            }
                                                          ]
                                                        ]
                                                      ],
                                                      "name": "string",
                                                      "namespace": "string",
                                                      "ownerReferences": [
                                                        "list",
                                                        [
                                                          "object",
                                                          {
                                                            "apiVersion": "string",
                                                            "blockOwnerDeletion": "bool",
                                                            "controller": "bool",
                                                            "kind": "string",
                                                            "name": "string",
                                                            "uid": "string"
                                                          }
                                                        ]
                                                      ],
                                                      "resourceVersion": "string",
                                                      "selfLink": "string",
                                                      "uid": "string"
                                                    }
                                                  ],
                                                  "spec": [
                                                    "object",
                                                    {
                                                      "accessModes": [
                                                        "list",
                                                        "string"
                                                      ],
                                                      "dataSource": [
                                                        "object",
                                                        {
                                                          "apiGroup": "string",
                                                          "kind": "string",
                                                          "name": "string"
                                                        }
                                                      ],
                                                      "dataSourceRef": [
                                                        "object",
                                                        {
                                                          "apiGroup": "string",
                                                          "kind": "string",
                                                          "name": "string",
                                                          "namespace": "string"
                                                        }
                                                      ],
                                                      "resources": [
                                                        "object",
                                                        {
                                                          "claims": [
                                                            "list",
                                                            [
                                                              "object",
                                                              {
                                                                "name": "string"
                                                              }
                                                            ]
                                                          ],
                                                          "limits": [
                                                            "map",
                                                            "string"
                                                          ],
                                                          "requests": [
                                                            "map",
                                                            "string"
                                                          ]
                                                        }
                                                      ],
                                                      "selector": [
                                                        "object",
                                                        {
                                                          "matchExpressions": [
                                                            "list",
                                                            [
                                                              "object",
                                                              {
                                                                "key": "string",
                                                                "operator": "string",
                                                                "values": [
                                                                  "list",
                                                                  "string"
                                                                ]
                                                              }
                                                            ]
                                                          ],
                                                          "matchLabels": [
                                                            "map",
                                                            "string"
                                                          ]
                                                        }
                                                      ],
                                                      "storageClassName": "string",
                                                      "volumeMode": "string",
                                                      "volumeName": "string"
                                                    }
                                                  ]
                                                }
                                              ]
                                            }
                                          ],
                                          "fc": [
                                            "object",
                                            {
                                              "fsType": "string",
                                              "lun": "number",
                                              "readOnly": "bool",
                                              "targetWWNs": [
                                                "list",
                                                "string"
                                              ],
                                              "wwids": [
                                                "list",
                                                "string"
                                              ]
                                            }
                                          ],
                                          "flexVolume": [
                                            "object",
                                            {
                                              "driver": "string",
                                              "fsType": "string",
                                              "options": [
                                                "map",
                                                "string"
                                              ],
                                              "readOnly": "bool",
                                              "secretRef": [
                                                "object",
                                                {
                                                  "name": "string"
                                                }
                                              ]
                                            }
                                          ],
                                          "flocker": [
                                            "object",
                                            {
                                              "datasetName": "string",
                                              "datasetUUID": "string"
                                            }
                                          ],
                                          "gcePersistentDisk": [
                                            "object",
                                            {
                                              "fsType": "string",
                                              "partition": "number",
                                              "pdName": "string",
                                              "readOnly": "bool"
                                            }
                                          ],
                                          "gitRepo": [
                                            "object",
                                            {
                                              "directory": "string",
                                              "repository": "string",
                                              "revision": "string"
                                            }
                                          ],
                                          "glusterfs": [
                                            "object",
                                            {
                                              "endpoints": "string",
                                              "path": "string",
                                              "readOnly": "bool"
                                            }
                                          ],
                                          "hostPath": [
                                            "object",
                                            {
                                              "path": "string",
                                              "type": "string"
                                            }
                                          ],
                                          "iscsi": [
                                            "object",
                                            {
                                              "chapAuthDiscovery": "bool",
                                              "chapAuthSession": "bool",
                                              "fsType": "string",
                                              "initiatorName": "string",
                                              "iqn": "string",
                                              "iscsiInterface": "string",
                                              "lun": "number",
                                              "portals": [
                                                "list",
                                                "string"
                                              ],
                                              "readOnly": "bool",
                                              "secretRef": [
                                                "object",
                                                {
                                                  "name": "string"
                                                }
                                              ],
                                              "targetPortal": "string"
                                            }
                                          ],
                                          "name": "string",
                                          "nfs": [
                                            "object",
                                            {
                                              "path": "string",
                                              "readOnly": "bool",
                                              "server": "string"
                                            }
                                          ],
                                          "persistentVolumeClaim": [
                                            "object",
                                            {
                                              "claimName": "string",
                                              "readOnly": "bool"
                                            }
                                          ],
                                          "photonPersistentDisk": [
                                            "object",
                                            {
                                              "fsType": "string",
                                              "pdID": "string"
                                            }
                                          ],
                                          "portworxVolume": [
                                            "object",
                                            {
                                              "fsType": "string",
                                              "readOnly": "bool",
                                              "volumeID": "string"
                                            }
                                          ],
                                          "projected": [
                                            "object",
                                            {
                                              "defaultMode": "number",
                                              "sources": [
                                                "list",
                                                [
                                                  "object",
                                                  {
                                                    "configMap": [
                                                      "object",
                                                      {
                                                        "items": [
                                                          "list",
                                                          [
                                                            "object",
                                                            {
                                                              "key": "string",
                                                              "mode": "number",
                                                              "path": "string"
                                                            }
                                                          ]
                                                        ],
                                                        "name": "string",
                                                        "optional": "bool"
                                                      }
                                                    ],
                                                    "downwardAPI": [
                                                      "object",
                                                      {
                                                        "items": [
                                                          "list",
                                                          [
                                                            "object",
                                                            {
                                                              "fieldRef": [
                                                                "object",
                                                                {
                                                                  "apiVersion": "string",
                                                                  "fieldPath": "string"
                                                                }
                                                              ],
                                                              "mode": "number",
                                                              "path": "string",
                                                              "resourceFieldRef": [
                                                                "object",
                                                                {
                                                                  "containerName": "string",
                                                                  "divisor": "string",
                                                                  "resource": "string"
                                                                }
                                                              ]
                                                            }
                                                          ]
                                                        ]
                                                      }
                                                    ],
                                                    "secret": [
                                                      "object",
                                                      {
                                                        "items": [
                                                          "list",
                                                          [
                                                            "object",
                                                            {
                                                              "key": "string",
                                                              "mode": "number",
                                                              "path": "string"
                                                            }
                                                          ]
                                                        ],
                                                        "name": "string",
                                                        "optional": "bool"
                                                      }
                                                    ],
                                                    "serviceAccountToken": [
                                                      "object",
                                                      {
                                                        "audience": "string",
                                                        "expirationSeconds": "number",
                                                        "path": "string"
                                                      }
                                                    ]
                                                  }
                                                ]
                                              ]
                                            }
                                          ],
                                          "quobyte": [
                                            "object",
                                            {
                                              "group": "string",
                                              "readOnly": "bool",
                                              "registry": "string",
                                              "tenant": "string",
                                              "user": "string",
                                              "volume": "string"
                                            }
                                          ],
                                          "rbd": [
                                            "object",
                                            {
                                              "fsType": "string",
                                              "image": "string",
                                              "keyring": "string",
                                              "monitors": [
                                                "list",
                                                "string"
                                              ],
                                              "pool": "string",
                                              "readOnly": "bool",
                                              "secretRef": [
                                                "object",
                                                {
                                                  "name": "string"
                                                }
                                              ],
                                              "user": "string"
                                            }
                                          ],
                                          "scaleIO": [
                                            "object",
                                            {
                                              "fsType": "string",
                                              "gateway": "string",
                                              "protectionDomain": "string",
                                              "readOnly": "bool",
                                              "secretRef": [
                                                "object",
                                                {
                                                  "name": "string"
                                                }
                                              ],
                                              "sslEnabled": "bool",
                                              "storageMode": "string",
                                              "storagePool": "string",
                                              "system": "string",
                                              "volumeName": "string"
                                            }
                                          ],
                                          "secret": [
                                            "object",
                                            {
                                              "defaultMode": "number",
                                              "items": [
                                                "list",
                                                [
                                                  "object",
                                                  {
                                                    "key": "string",
                                                    "mode": "number",
                                                    "path": "string"
                                                  }
                                                ]
                                              ],
                                              "optional": "bool",
                                              "secretName": "string"
                                            }
                                          ],
                                          "storageos": [
                                            "object",
                                            {
                                              "fsType": "string",
                                              "readOnly": "bool",
                                              "secretRef": [
                                                "object",
                                                {
                                                  "name": "string"
                                                }
                                              ],
                                              "volumeName": "string",
                                              "volumeNamespace": "string"
                                            }
                                          ],
                                          "vsphereVolume": [
                                            "object",
                                            {
                                              "fsType": "string",
                                              "storagePolicyID": "string",
                                              "storagePolicyName": "string",
                                              "volumePath": "string"
                                            }
                                          ]
                                        }
                                      ]
                                    ]
                                  ]
                                }
                              ],
                              "status": [
                                "object",
                                {
                                  "conditions": [
                                    "list",
                                    [
                                      "object",
                                      {
                                        "lastProbeTime": "string",
                                        "lastTransitionTime": "string",
                                        "message": "string",
                                        "reason": "string",
                                        "status": "string",
                                        "type": "string"
                                      }
                                    ]
                                  ],
                                  "containerStatuses": [
                                    "list",
                                    [
                                      "object",
                                      {
                                        "allocatedResources": [
                                          "map",
                                          "string"
                                        ],
                                        "containerID": "string",
                                        "image": "string",
                                        "imageID": "string",
                                        "lastState": [
                                          "object",
                                          {
                                            "running": [
                                              "object",
                                              {
                                                "startedAt": "string"
                                              }
                                            ],
                                            "terminated": [
                                              "object",
                                              {
                                                "containerID": "string",
                                                "exitCode": "number",
                                                "finishedAt": "string",
                                                "message": "string",
                                                "reason": "string",
                                                "signal": "number",
                                                "startedAt": "string"
                                              }
                                            ],
                                            "waiting": [
                                              "object",
                                              {
                                                "message": "string",
                                                "reason": "string"
                                              }
                                            ]
                                          }
                                        ],
                                        "name": "string",
                                        "ready": "bool",
                                        "resources": [
                                          "object",
                                          {
                                            "claims": [
                                              "list",
                                              [
                                                "object",
                                                {
                                                  "name": "string"
                                                }
                                              ]
                                            ],
                                            "limits": [
                                              "map",
                                              "string"
                                            ],
                                            "requests": [
                                              "map",
                                              "string"
                                            ]
                                          }
                                        ],
                                        "restartCount": "number",
                                        "started": "bool",
                                        "state": [
                                          "object",
                                          {
                                            "running": [
                                              "object",
                                              {
                                                "startedAt": "string"
                                              }
                                            ],
                                            "terminated": [
                                              "object",
                                              {
                                                "containerID": "string",
                                                "exitCode": "number",
                                                "finishedAt": "string",
                                                "message": "string",
                                                "reason": "string",
                                                "signal": "number",
                                                "startedAt": "string"
                                              }
                                            ],
                                            "waiting": [
                                              "object",
                                              {
                                                "message": "string",
                                                "reason": "string"
                                              }
                                            ]
                                          }
                                        ]
                                      }
                                    ]
                                  ],
                                  "ephemeralContainerStatuses": [
                                    "list",
                                    [
                                      "object",
                                      {
                                        "allocatedResources": [
                                          "map",
                                          "string"
                                        ],
                                        "containerID": "string",
                                        "image": "string",
                                        "imageID": "string",
                                        "lastState": [
                                          "object",
                                          {
                                            "running": [
                                              "object",
                                              {
                                                "startedAt": "string"
                                              }
                                            ],
                                            "terminated": [
                                              "object",
                                              {
                                                "containerID": "string",
                                                "exitCode": "number",
                                                "finishedAt": "string",
                                                "message": "string",
                                                "reason": "string",
                                                "signal": "number",
                                                "startedAt": "string"
                                              }
                                            ],
                                            "waiting": [
                                              "object",
                                              {
                                                "message": "string",
                                                "reason": "string"
                                              }
                                            ]
                                          }
                                        ],
                                        "name": "string",
                                        "ready": "bool",
                                        "resources": [
                                          "object",
                                          {
                                            "claims": [
                                              "list",
                                              [
                                                "object",
                                                {
                                                  "name": "string"
                                                }
                                              ]
                                            ],
                                            "limits": [
                                              "map",
                                              "string"
                                            ],
                                            "requests": [
                                              "map",
                                              "string"
                                            ]
                                          }
                                        ],
                                        "restartCount": "number",
                                        "started": "bool",
                                        "state": [
                                          "object",
                                          {
                                            "running": [
                                              "object",
                                              {
                                                "startedAt": "string"
                                              }
                                            ],
                                            "terminated": [
                                              "object",
                                              {
                                                "containerID": "string",
                                                "exitCode": "number",
                                                "finishedAt": "string",
                                                "message": "string",
                                                "reason": "string",
                                                "signal": "number",
                                                "startedAt": "string"
                                              }
                                            ],
                                            "waiting": [
                                              "object",
                                              {
                                                "message": "string",
                                                "reason": "string"
                                              }
                                            ]
                                          }
                                        ]
                                      }
                                    ]
                                  ],
                                  "hostIP": "string",
                                  "initContainerStatuses": [
                                    "list",
                                    [
                                      "object",
                                      {
                                        "allocatedResources": [
                                          "map",
                                          "string"
                                        ],
                                        "containerID": "string",
                                        "image": "string",
                                        "imageID": "string",
                                        "lastState": [
                                          "object",
                                          {
                                            "running": [
                                              "object",
                                              {
                                                "startedAt": "string"
                                              }
                                            ],
                                            "terminated": [
                                              "object",
                                              {
                                                "containerID": "string",
                                                "exitCode": "number",
                                                "finishedAt": "string",
                                                "message": "string",
                                                "reason": "string",
                                                "signal": "number",
                                                "startedAt": "string"
                                              }
                                            ],
                                            "waiting": [
                                              "object",
                                              {
                                                "message": "string",
                                                "reason": "string"
                                              }
                                            ]
                                          }
                                        ],
                                        "name": "string",
                                        "ready": "bool",
                                        "resources": [
                                          "object",
                                          {
                                            "claims": [
                                              "list",
                                              [
                                                "object",
                                                {
                                                  "name": "string"
                                                }
                                              ]
                                            ],
                                            "limits": [
                                              "map",
                                              "string"
                                            ],
                                            "requests": [
                                              "map",
                                              "string"
                                            ]
                                          }
                                        ],
                                        "restartCount": "number",
                                        "started": "bool",
                                        "state": [
                                          "object",
                                          {
                                            "running": [
                                              "object",
                                              {
                                                "startedAt": "string"
                                              }
                                            ],
                                            "terminated": [
                                              "object",
                                              {
                                                "containerID": "string",
                                                "exitCode": "number",
                                                "finishedAt": "string",
                                                "message": "string",
                                                "reason": "string",
                                                "signal": "number",
                                                "startedAt": "string"
                                              }
                                            ],
                                            "waiting": [
                                              "object",
                                              {
                                                "message": "string",
                                                "reason": "string"
                                              }
                                            ]
                                          }
                                        ]
                                      }
                                    ]
                                  ],
                                  "message": "string",
                                  "nominatedNodeName": "string",
                                  "phase": "string",
                                  "podIP": "string",
                                  "podIPs": [
                                    "list",
                                    [
                                      "object",
                                      {
                                        "ip": "string"
                                      }
                                    ]
                                  ],
                                  "qosClass": "string",
                                  "reason": "string",
                                  "resize": "string",
                                  "startTime": "string"
                                }
                              ]
                            }
                          ],
                          "replicas": "number",
                          "resource": [
                            "object",
                            {
                              "cpu": "number",
                              "ephemeralStorage": "string",
                              "memory": "string"
                            }
                          ]
                        }
                      ]
                    }
                  ]
                }
              ]
            },
            "timeouts": [],
            "wait": [],
            "wait_for": null
          },
          "sensitive_attributes": [],
          "identity_schema_version": 1,
          "identity": {
            "api_version": "flink.apache.org/v1beta1",
            "kind": "FlinkDeployment",
            "name": "poc-pipeline",
            "namespace": "traitement"
          },
          "dependencies": [
            "helm_release.flink_operator",
            "kubernetes_namespace.traitement"
          ]
        }
      ]
    },
    {
      "mode": "managed",
      "type": "kubernetes_manifest",
      "name": "kafka_cluster",
      "provider": "provider[\"registry.terraform.io/hashicorp/kubernetes\"]",
      "instances": [
        {
          "schema_version": 1,
          "attributes": {
            "computed_fields": null,
            "field_manager": [],
            "manifest": {
              "value": {
                "apiVersion": "kafka.strimzi.io/v1beta2",
                "kind": "Kafka",
                "metadata": {
                  "name": "payments-cluster",
                  "namespace": "ingestion"
                },
                "spec": {
                  "entityOperator": {
                    "topicOperator": {},
                    "userOperator": {}
                  },
                  "kafka": {
                    "config": {
                      "default.replication.factor": "1",
                      "inter.broker.protocol.version": "3.7",
                      "min.insync.replicas": "1",
                      "offsets.topic.replication.factor": "1",
                      "transaction.state.log.min.isr": "1",
                      "transaction.state.log.replication.factor": "1"
                    },
                    "listeners": [
                      {
                        "name": "plain",
                        "port": 9092,
                        "tls": false,
                        "type": "internal"
                      },
                      {
                        "name": "external",
                        "port": 9094,
                        "tls": false,
                        "type": "nodeport"
                      }
                    ],
                    "replicas": 1,
                    "resources": {
                      "limits": {
                        "cpu": "500m",
                        "memory": "1Gi"
                      },
                      "requests": {
                        "cpu": "250m",
                        "memory": "512Mi"
                      }
                    },
                    "storage": {
                      "type": "ephemeral"
                    },
                    "version": "3.7.0"
                  },
                  "zookeeper": {
                    "replicas": 1,
                    "resources": {
                      "limits": {
                        "cpu": "200m",
                        "memory": "512Mi"
                      },
                      "requests": {
                        "cpu": "100m",
                        "memory": "256Mi"
                      }
                    },
                    "storage": {
                      "type": "ephemeral"
                    }
                  }
                }
              },
              "type": [
                "object",
                {
                  "apiVersion": "string",
                  "kind": "string",
                  "metadata": [
                    "object",
                    {
                      "name": "string",
                      "namespace": "string"
                    }
                  ],
                  "spec": [
                    "object",
                    {
                      "entityOperator": [
                        "object",
                        {
                          "topicOperator": [
                            "object",
                            {}
                          ],
                          "userOperator": [
                            "object",
                            {}
                          ]
                        }
                      ],
                      "kafka": [
                        "object",
                        {
                          "config": [
                            "object",
                            {
                              "default.replication.factor": "string",
                              "inter.broker.protocol.version": "string",
                              "min.insync.replicas": "string",
                              "offsets.topic.replication.factor": "string",
                              "transaction.state.log.min.isr": "string",
                              "transaction.state.log.replication.factor": "string"
                            }
                          ],
                          "listeners": [
                            "tuple",
                            [
                              [
                                "object",
                                {
                                  "name": "string",
                                  "port": "number",
                                  "tls": "bool",
                                  "type": "string"
                                }
                              ],
                              [
                                "object",
                                {
                                  "name": "string",
                                  "port": "number",
                                  "tls": "bool",
                                  "type": "string"
                                }
                              ]
                            ]
                          ],
                          "replicas": "number",
                          "resources": [
                            "object",
                            {
                              "limits": [
                                "object",
                                {
                                  "cpu": "string",
                                  "memory": "string"
                                }
                              ],
                              "requests": [
                                "object",
                                {
                                  "cpu": "string",
                                  "memory": "string"
                                }
                              ]
                            }
                          ],
                          "storage": [
                            "object",
                            {
                              "type": "string"
                            }
                          ],
                          "version": "string"
                        }
                      ],
                      "zookeeper": [
                        "object",
                        {
                          "replicas": "number",
                          "resources": [
                            "object",
                            {
                              "limits": [
                                "object",
                                {
                                  "cpu": "string",
                                  "memory": "string"
                                }
                              ],
                              "requests": [
                                "object",
                                {
                                  "cpu": "string",
                                  "memory": "string"
                                }
                              ]
                            }
                          ],
                          "storage": [
                            "object",
                            {
                              "type": "string"
                            }
                          ]
                        }
                      ]
                    }
                  ]
                }
              ]
            },
            "object": {
              "value": {
                "apiVersion": "kafka.strimzi.io/v1beta2",
                "kind": "Kafka",
                "metadata": {
                  "annotations": null,
                  "creationTimestamp": null,
                  "deletionGracePeriodSeconds": null,
                  "deletionTimestamp": null,
                  "finalizers": null,
                  "generateName": null,
                  "generation": null,
                  "labels": null,
                  "managedFields": null,
                  "name": "payments-cluster",
                  "namespace": "ingestion",
                  "ownerReferences": null,
                  "resourceVersion": null,
                  "selfLink": null,
                  "uid": null
                },
                "spec": {
                  "clientsCa": {
                    "certificateExpirationPolicy": null,
                    "generateCertificateAuthority": null,
                    "generateSecretOwnerReference": null,
                    "renewalDays": null,
                    "validityDays": null
                  },
                  "clusterCa": {
                    "certificateExpirationPolicy": null,
                    "generateCertificateAuthority": null,
                    "generateSecretOwnerReference": null,
                    "renewalDays": null,
                    "validityDays": null
                  },
                  "cruiseControl": {
                    "brokerCapacity": {
                      "cpu": null,
                      "cpuUtilization": null,
                      "disk": null,
                      "inboundNetwork": null,
                      "outboundNetwork": null,
                      "overrides": null
                    },
                    "config": null,
                    "image": null,
                    "jvmOptions": {
                      "-XX": null,
                      "-Xms": null,
                      "-Xmx": null,
                      "gcLoggingEnabled": null,
                      "javaSystemProperties": null
                    },
                    "livenessProbe": {
                      "failureThreshold": null,
                      "initialDelaySeconds": null,
                      "periodSeconds": null,
                      "successThreshold": null,
                      "timeoutSeconds": null
                    },
                    "logging": {
                      "loggers": null,
                      "type": null,
                      "valueFrom": {
                        "configMapKeyRef": {
                          "key": null,
                          "name": null,
                          "optional": null
                        }
                      }
                    },
                    "metricsConfig": {
                      "type": null,
                      "valueFrom": {
                        "configMapKeyRef": {
                          "key": null,
                          "name": null,
                          "optional": null
                        }
                      }
                    },
                    "readinessProbe": {
                      "failureThreshold": null,
                      "initialDelaySeconds": null,
                      "periodSeconds": null,
                      "successThreshold": null,
                      "timeoutSeconds": null
                    },
                    "resources": {
                      "claims": null,
                      "limits": null,
                      "requests": null
                    },
                    "template": {
                      "apiService": {
                        "ipFamilies": null,
                        "ipFamilyPolicy": null,
                        "metadata": {
                          "annotations": null,
                          "labels": null
                        }
                      },
                      "cruiseControlContainer": {
                        "env": null,
                        "securityContext": {
                          "allowPrivilegeEscalation": null,
                          "capabilities": {
                            "add": null,
                            "drop": null
                          },
                          "privileged": null,
                          "procMount": null,
                          "readOnlyRootFilesystem": null,
                          "runAsGroup": null,
                          "runAsNonRoot": null,
                          "runAsUser": null,
                          "seLinuxOptions": {
                            "level": null,
                            "role": null,
                            "type": null,
                            "user": null
                          },
                          "seccompProfile": {
                            "localhostProfile": null,
                            "type": null
                          },
                          "windowsOptions": {
                            "gmsaCredentialSpec": null,
                            "gmsaCredentialSpecName": null,
                            "hostProcess": null,
                            "runAsUserName": null
                          }
                        }
                      },
                      "deployment": {
                        "deploymentStrategy": null,
                        "metadata": {
                          "annotations": null,
                          "labels": null
                        }
                      },
                      "pod": {
                        "affinity": {
                          "nodeAffinity": {
                            "preferredDuringSchedulingIgnoredDuringExecution": null,
                            "requiredDuringSchedulingIgnoredDuringExecution": {
                              "nodeSelectorTerms": null
                            }
                          },
                          "podAffinity": {
                            "preferredDuringSchedulingIgnoredDuringExecution": null,
                            "requiredDuringSchedulingIgnoredDuringExecution": null
                          },
                          "podAntiAffinity": {
                            "preferredDuringSchedulingIgnoredDuringExecution": null,
                            "requiredDuringSchedulingIgnoredDuringExecution": null
                          }
                        },
                        "enableServiceLinks": null,
                        "hostAliases": null,
                        "imagePullSecrets": null,
                        "metadata": {
                          "annotations": null,
                          "labels": null
                        },
                        "priorityClassName": null,
                        "schedulerName": null,
                        "securityContext": {
                          "fsGroup": null,
                          "fsGroupChangePolicy": null,
                          "runAsGroup": null,
                          "runAsNonRoot": null,
                          "runAsUser": null,
                          "seLinuxOptions": {
                            "level": null,
                            "role": null,
                            "type": null,
                            "user": null
                          },
                          "seccompProfile": {
                            "localhostProfile": null,
                            "type": null
                          },
                          "supplementalGroups": null,
                          "sysctls": null,
                          "windowsOptions": {
                            "gmsaCredentialSpec": null,
                            "gmsaCredentialSpecName": null,
                            "hostProcess": null,
                            "runAsUserName": null
                          }
                        },
                        "terminationGracePeriodSeconds": null,
                        "tmpDirSizeLimit": null,
                        "tolerations": null,
                        "topologySpreadConstraints": null
                      },
                      "podDisruptionBudget": {
                        "maxUnavailable": null,
                        "metadata": {
                          "annotations": null,
                          "labels": null
                        }
                      },
                      "serviceAccount": {
                        "metadata": {
                          "annotations": null,
                          "labels": null
                        }
                      },
                      "tlsSidecarContainer": {
                        "env": null,
                        "securityContext": {
                          "allowPrivilegeEscalation": null,
                          "capabilities": {
                            "add": null,
                            "drop": null
                          },
                          "privileged": null,
                          "procMount": null,
                          "readOnlyRootFilesystem": null,
                          "runAsGroup": null,
                          "runAsNonRoot": null,
                          "runAsUser": null,
                          "seLinuxOptions": {
                            "level": null,
                            "role": null,
                            "type": null,
                            "user": null
                          },
                          "seccompProfile": {
                            "localhostProfile": null,
                            "type": null
                          },
                          "windowsOptions": {
                            "gmsaCredentialSpec": null,
                            "gmsaCredentialSpecName": null,
                            "hostProcess": null,
                            "runAsUserName": null
                          }
                        }
                      }
                    },
                    "tlsSidecar": {
                      "image": null,
                      "livenessProbe": {
                        "failureThreshold": null,
                        "initialDelaySeconds": null,
                        "periodSeconds": null,
                        "successThreshold": null,
                        "timeoutSeconds": null
                      },
                      "logLevel": null,
                      "readinessProbe": {
                        "failureThreshold": null,
                        "initialDelaySeconds": null,
                        "periodSeconds": null,
                        "successThreshold": null,
                        "timeoutSeconds": null
                      },
                      "resources": {
                        "claims": null,
                        "limits": null,
                        "requests": null
                      }
                    }
                  },
                  "entityOperator": {
                    "template": {
                      "deployment": {
                        "deploymentStrategy": null,
                        "metadata": {
                          "annotations": null,
                          "labels": null
                        }
                      },
                      "entityOperatorRole": {
                        "metadata": {
                          "annotations": null,
                          "labels": null
                        }
                      },
                      "pod": {
                        "affinity": {
                          "nodeAffinity": {
                            "preferredDuringSchedulingIgnoredDuringExecution": null,
                            "requiredDuringSchedulingIgnoredDuringExecution": {
                              "nodeSelectorTerms": null
                            }
                          },
                          "podAffinity": {
                            "preferredDuringSchedulingIgnoredDuringExecution": null,
                            "requiredDuringSchedulingIgnoredDuringExecution": null
                          },
                          "podAntiAffinity": {
                            "preferredDuringSchedulingIgnoredDuringExecution": null,
                            "requiredDuringSchedulingIgnoredDuringExecution": null
                          }
                        },
                        "enableServiceLinks": null,
                        "hostAliases": null,
                        "imagePullSecrets": null,
                        "metadata": {
                          "annotations": null,
                          "labels": null
                        },
                        "priorityClassName": null,
                        "schedulerName": null,
                        "securityContext": {
                          "fsGroup": null,
                          "fsGroupChangePolicy": null,
                          "runAsGroup": null,
                          "runAsNonRoot": null,
                          "runAsUser": null,
                          "seLinuxOptions": {
                            "level": null,
                            "role": null,
                            "type": null,
                            "user": null
                          },
                          "seccompProfile": {
                            "localhostProfile": null,
                            "type": null
                          },
                          "supplementalGroups": null,
                          "sysctls": null,
                          "windowsOptions": {
                            "gmsaCredentialSpec": null,
                            "gmsaCredentialSpecName": null,
                            "hostProcess": null,
                            "runAsUserName": null
                          }
                        },
                        "terminationGracePeriodSeconds": null,
                        "tmpDirSizeLimit": null,
                        "tolerations": null,
                        "topologySpreadConstraints": null
                      },
                      "serviceAccount": {
                        "metadata": {
                          "annotations": null,
                          "labels": null
                        }
                      },
                      "tlsSidecarContainer": {
                        "env": null,
                        "securityContext": {
                          "allowPrivilegeEscalation": null,
                          "capabilities": {
                            "add": null,
                            "drop": null
                          },
                          "privileged": null,
                          "procMount": null,
                          "readOnlyRootFilesystem": null,
                          "runAsGroup": null,
                          "runAsNonRoot": null,
                          "runAsUser": null,
                          "seLinuxOptions": {
                            "level": null,
                            "role": null,
                            "type": null,
                            "user": null
                          },
                          "seccompProfile": {
                            "localhostProfile": null,
                            "type": null
                          },
                          "windowsOptions": {
                            "gmsaCredentialSpec": null,
                            "gmsaCredentialSpecName": null,
                            "hostProcess": null,
                            "runAsUserName": null
                          }
                        }
                      },
                      "topicOperatorContainer": {
                        "env": null,
                        "securityContext": {
                          "allowPrivilegeEscalation": null,
                          "capabilities": {
                            "add": null,
                            "drop": null
                          },
                          "privileged": null,
                          "procMount": null,
                          "readOnlyRootFilesystem": null,
                          "runAsGroup": null,
                          "runAsNonRoot": null,
                          "runAsUser": null,
                          "seLinuxOptions": {
                            "level": null,
                            "role": null,
                            "type": null,
                            "user": null
                          },
                          "seccompProfile": {
                            "localhostProfile": null,
                            "type": null
                          },
                          "windowsOptions": {
                            "gmsaCredentialSpec": null,
                            "gmsaCredentialSpecName": null,
                            "hostProcess": null,
                            "runAsUserName": null
                          }
                        }
                      },
                      "topicOperatorRoleBinding": {
                        "metadata": {
                          "annotations": null,
                          "labels": null
                        }
                      },
                      "userOperatorContainer": {
                        "env": null,
                        "securityContext": {
                          "allowPrivilegeEscalation": null,
                          "capabilities": {
                            "add": null,
                            "drop": null
                          },
                          "privileged": null,
                          "procMount": null,
                          "readOnlyRootFilesystem": null,
                          "runAsGroup": null,
                          "runAsNonRoot": null,
                          "runAsUser": null,
                          "seLinuxOptions": {
                            "level": null,
                            "role": null,
                            "type": null,
                            "user": null
                          },
                          "seccompProfile": {
                            "localhostProfile": null,
                            "type": null
                          },
                          "windowsOptions": {
                            "gmsaCredentialSpec": null,
                            "gmsaCredentialSpecName": null,
                            "hostProcess": null,
                            "runAsUserName": null
                          }
                        }
                      },
                      "userOperatorRoleBinding": {
                        "metadata": {
                          "annotations": null,
                          "labels": null
                        }
                      }
                    },
                    "tlsSidecar": {
                      "image": null,
                      "livenessProbe": {
                        "failureThreshold": null,
                        "initialDelaySeconds": null,
                        "periodSeconds": null,
                        "successThreshold": null,
                        "timeoutSeconds": null
                      },
                      "logLevel": null,
                      "readinessProbe": {
                        "failureThreshold": null,
                        "initialDelaySeconds": null,
                        "periodSeconds": null,
                        "successThreshold": null,
                        "timeoutSeconds": null
                      },
                      "resources": {
                        "claims": null,
                        "limits": null,
                        "requests": null
                      }
                    },
                    "topicOperator": {
                      "image": null,
                      "jvmOptions": {
                        "-XX": null,
                        "-Xms": null,
                        "-Xmx": null,
                        "gcLoggingEnabled": null,
                        "javaSystemProperties": null
                      },
                      "livenessProbe": {
                        "failureThreshold": null,
                        "initialDelaySeconds": null,
                        "periodSeconds": null,
                        "successThreshold": null,
                        "timeoutSeconds": null
                      },
                      "logging": {
                        "loggers": null,
                        "type": null,
                        "valueFrom": {
                          "configMapKeyRef": {
                            "key": null,
                            "name": null,
                            "optional": null
                          }
                        }
                      },
                      "readinessProbe": {
                        "failureThreshold": null,
                        "initialDelaySeconds": null,
                        "periodSeconds": null,
                        "successThreshold": null,
                        "timeoutSeconds": null
                      },
                      "reconciliationIntervalSeconds": null,
                      "resources": {
                        "claims": null,
                        "limits": null,
                        "requests": null
                      },
                      "startupProbe": {
                        "failureThreshold": null,
                        "initialDelaySeconds": null,
                        "periodSeconds": null,
                        "successThreshold": null,
                        "timeoutSeconds": null
                      },
                      "topicMetadataMaxAttempts": null,
                      "watchedNamespace": null,
                      "zookeeperSessionTimeoutSeconds": null
                    },
                    "userOperator": {
                      "image": null,
                      "jvmOptions": {
                        "-XX": null,
                        "-Xms": null,
                        "-Xmx": null,
                        "gcLoggingEnabled": null,
                        "javaSystemProperties": null
                      },
                      "livenessProbe": {
                        "failureThreshold": null,
                        "initialDelaySeconds": null,
                        "periodSeconds": null,
                        "successThreshold": null,
                        "timeoutSeconds": null
                      },
                      "logging": {
                        "loggers": null,
                        "type": null,
                        "valueFrom": {
                          "configMapKeyRef": {
                            "key": null,
                            "name": null,
                            "optional": null
                          }
                        }
                      },
                      "readinessProbe": {
                        "failureThreshold": null,
                        "initialDelaySeconds": null,
                        "periodSeconds": null,
                        "successThreshold": null,
                        "timeoutSeconds": null
                      },
                      "reconciliationIntervalSeconds": null,
                      "resources": {
                        "claims": null,
                        "limits": null,
                        "requests": null
                      },
                      "secretPrefix": null,
                      "watchedNamespace": null,
                      "zookeeperSessionTimeoutSeconds": null
                    }
                  },
                  "jmxTrans": {
                    "image": null,
                    "kafkaQueries": null,
                    "logLevel": null,
                    "outputDefinitions": null,
                    "resources": {
                      "claims": null,
                      "limits": null,
                      "requests": null
                    },
                    "template": {
                      "container": {
                        "env": null,
                        "securityContext": {
                          "allowPrivilegeEscalation": null,
                          "capabilities": {
                            "add": null,
                            "drop": null
                          },
                          "privileged": null,
                          "procMount": null,
                          "readOnlyRootFilesystem": null,
                          "runAsGroup": null,
                          "runAsNonRoot": null,
                          "runAsUser": null,
                          "seLinuxOptions": {
                            "level": null,
                            "role": null,
                            "type": null,
                            "user": null
                          },
                          "seccompProfile": {
                            "localhostProfile": null,
                            "type": null
                          },
                          "windowsOptions": {
                            "gmsaCredentialSpec": null,
                            "gmsaCredentialSpecName": null,
                            "hostProcess": null,
                            "runAsUserName": null
                          }
                        }
                      },
                      "deployment": {
                        "deploymentStrategy": null,
                        "metadata": {
                          "annotations": null,
                          "labels": null
                        }
                      },
                      "pod": {
                        "affinity": {
                          "nodeAffinity": {
                            "preferredDuringSchedulingIgnoredDuringExecution": null,
                            "requiredDuringSchedulingIgnoredDuringExecution": {
                              "nodeSelectorTerms": null
                            }
                          },
                          "podAffinity": {
                            "preferredDuringSchedulingIgnoredDuringExecution": null,
                            "requiredDuringSchedulingIgnoredDuringExecution": null
                          },
                          "podAntiAffinity": {
                            "preferredDuringSchedulingIgnoredDuringExecution": null,
                            "requiredDuringSchedulingIgnoredDuringExecution": null
                          }
                        },
                        "enableServiceLinks": null,
                        "hostAliases": null,
                        "imagePullSecrets": null,
                        "metadata": {
                          "annotations": null,
                          "labels": null
                        },
                        "priorityClassName": null,
                        "schedulerName": null,
                        "securityContext": {
                          "fsGroup": null,
                          "fsGroupChangePolicy": null,
                          "runAsGroup": null,
                          "runAsNonRoot": null,
                          "runAsUser": null,
                          "seLinuxOptions": {
                            "level": null,
                            "role": null,
                            "type": null,
                            "user": null
                          },
                          "seccompProfile": {
                            "localhostProfile": null,
                            "type": null
                          },
                          "supplementalGroups": null,
                          "sysctls": null,
                          "windowsOptions": {
                            "gmsaCredentialSpec": null,
                            "gmsaCredentialSpecName": null,
                            "hostProcess": null,
                            "runAsUserName": null
                          }
                        },
                        "terminationGracePeriodSeconds": null,
                        "tmpDirSizeLimit": null,
                        "tolerations": null,
                        "topologySpreadConstraints": null
                      },
                      "serviceAccount": {
                        "metadata": {
                          "annotations": null,
                          "labels": null
                        }
                      }
                    }
                  },
                  "kafka": {
                    "authorization": {
                      "allowOnError": null,
                      "authorizerClass": null,
                      "clientId": null,
                      "connectTimeoutSeconds": null,
                      "delegateToKafkaAcls": null,
                      "disableTlsHostnameVerification": null,
                      "enableMetrics": null,
                      "expireAfterMs": null,
                      "grantsAlwaysLatest": null,
                      "grantsGcPeriodSeconds": null,
                      "grantsMaxIdleTimeSeconds": null,
                      "grantsRefreshPeriodSeconds": null,
                      "grantsRefreshPoolSize": null,
                      "httpRetries": null,
                      "includeAcceptHeader": null,
                      "initialCacheCapacity": null,
                      "maximumCacheSize": null,
                      "readTimeoutSeconds": null,
                      "superUsers": null,
                      "supportsAdminApi": null,
                      "tlsTrustedCertificates": null,
                      "tokenEndpointUri": null,
                      "type": null,
                      "url": null
                    },
                    "brokerRackInitImage": null,
                    "config": {
                      "default.replication.factor": "1",
                      "inter.broker.protocol.version": "3.7",
                      "min.insync.replicas": "1",
                      "offsets.topic.replication.factor": "1",
                      "transaction.state.log.min.isr": "1",
                      "transaction.state.log.replication.factor": "1"
                    },
                    "image": null,
                    "jmxOptions": {
                      "authentication": {
                        "type": null
                      }
                    },
                    "jvmOptions": {
                      "-XX": null,
                      "-Xms": null,
                      "-Xmx": null,
                      "gcLoggingEnabled": null,
                      "javaSystemProperties": null
                    },
                    "listeners": [
                      {
                        "authentication": {
                          "accessTokenIsJwt": null,
                          "checkAccessTokenType": null,
                          "checkAudience": null,
                          "checkIssuer": null,
                          "clientAudience": null,
                          "clientId": null,
                          "clientScope": null,
                          "clientSecret": {
                            "key": null,
                            "secretName": null
                          },
                          "connectTimeoutSeconds": null,
                          "customClaimCheck": null,
                          "disableTlsHostnameVerification": null,
                          "enableECDSA": null,
                          "enableMetrics": null,
                          "enableOauthBearer": null,
                          "enablePlain": null,
                          "failFast": null,
                          "fallbackUserNameClaim": null,
                          "fallbackUserNamePrefix": null,
                          "groupsClaim": null,
                          "groupsClaimDelimiter": null,
                          "httpRetries": null,
                          "httpRetryPauseMs": null,
                          "includeAcceptHeader": null,
                          "introspectionEndpointUri": null,
                          "jwksEndpointUri": null,
                          "jwksExpirySeconds": null,
                          "jwksIgnoreKeyUse": null,
                          "jwksMinRefreshPauseSeconds": null,
                          "jwksRefreshSeconds": null,
                          "listenerConfig": null,
                          "maxSecondsWithoutReauthentication": null,
                          "readTimeoutSeconds": null,
                          "sasl": null,
                          "secrets": null,
                          "tlsTrustedCertificates": null,
                          "tokenEndpointUri": null,
                          "type": null,
                          "userInfoEndpointUri": null,
                          "userNameClaim": null,
                          "validIssuerUri": null,
                          "validTokenType": null
                        },
                        "configuration": {
                          "bootstrap": {
                            "alternativeNames": null,
                            "annotations": null,
                            "host": null,
                            "labels": null,
                            "loadBalancerIP": null,
                            "nodePort": null
                          },
                          "brokerCertChainAndKey": {
                            "certificate": null,
                            "key": null,
                            "secretName": null
                          },
                          "brokers": null,
                          "class": null,
                          "createBootstrapService": null,
                          "externalTrafficPolicy": null,
                          "finalizers": null,
                          "ipFamilies": null,
                          "ipFamilyPolicy": null,
                          "loadBalancerSourceRanges": null,
                          "maxConnectionCreationRate": null,
                          "maxConnections": null,
                          "preferredNodePortAddressType": null,
                          "useServiceDnsDomain": null
                        },
                        "name": "plain",
                        "networkPolicyPeers": null,
                        "port": 9092,
                        "tls": false,
                        "type": "internal"
                      },
                      {
                        "authentication": {
                          "accessTokenIsJwt": null,
                          "checkAccessTokenType": null,
                          "checkAudience": null,
                          "checkIssuer": null,
                          "clientAudience": null,
                          "clientId": null,
                          "clientScope": null,
                          "clientSecret": {
                            "key": null,
                            "secretName": null
                          },
                          "connectTimeoutSeconds": null,
                          "customClaimCheck": null,
                          "disableTlsHostnameVerification": null,
                          "enableECDSA": null,
                          "enableMetrics": null,
                          "enableOauthBearer": null,
                          "enablePlain": null,
                          "failFast": null,
                          "fallbackUserNameClaim": null,
                          "fallbackUserNamePrefix": null,
                          "groupsClaim": null,
                          "groupsClaimDelimiter": null,
                          "httpRetries": null,
                          "httpRetryPauseMs": null,
                          "includeAcceptHeader": null,
                          "introspectionEndpointUri": null,
                          "jwksEndpointUri": null,
                          "jwksExpirySeconds": null,
                          "jwksIgnoreKeyUse": null,
                          "jwksMinRefreshPauseSeconds": null,
                          "jwksRefreshSeconds": null,
                          "listenerConfig": null,
                          "maxSecondsWithoutReauthentication": null,
                          "readTimeoutSeconds": null,
                          "sasl": null,
                          "secrets": null,
                          "tlsTrustedCertificates": null,
                          "tokenEndpointUri": null,
                          "type": null,
                          "userInfoEndpointUri": null,
                          "userNameClaim": null,
                          "validIssuerUri": null,
                          "validTokenType": null
                        },
                        "configuration": {
                          "bootstrap": {
                            "alternativeNames": null,
                            "annotations": null,
                            "host": null,
                            "labels": null,
                            "loadBalancerIP": null,
                            "nodePort": null
                          },
                          "brokerCertChainAndKey": {
                            "certificate": null,
                            "key": null,
                            "secretName": null
                          },
                          "brokers": null,
                          "class": null,
                          "createBootstrapService": null,
                          "externalTrafficPolicy": null,
                          "finalizers": null,
                          "ipFamilies": null,
                          "ipFamilyPolicy": null,
                          "loadBalancerSourceRanges": null,
                          "maxConnectionCreationRate": null,
                          "maxConnections": null,
                          "preferredNodePortAddressType": null,
                          "useServiceDnsDomain": null
                        },
                        "name": "external",
                        "networkPolicyPeers": null,
                        "port": 9094,
                        "tls": false,
                        "type": "nodeport"
                      }
                    ],
                    "livenessProbe": {
                      "failureThreshold": null,
                      "initialDelaySeconds": null,
                      "periodSeconds": null,
                      "successThreshold": null,
                      "timeoutSeconds": null
                    },
                    "logging": {
                      "loggers": null,
                      "type": null,
                      "valueFrom": {
                        "configMapKeyRef": {
                          "key": null,
                          "name": null,
                          "optional": null
                        }
                      }
                    },
                    "metadataVersion": null,
                    "metricsConfig": {
                      "type": null,
                      "valueFrom": {
                        "configMapKeyRef": {
                          "key": null,
                          "name": null,
                          "optional": null
                        }
                      }
                    },
                    "rack": {
                      "topologyKey": null
                    },
                    "readinessProbe": {
                      "failureThreshold": null,
                      "initialDelaySeconds": null,
                      "periodSeconds": null,
                      "successThreshold": null,
                      "timeoutSeconds": null
                    },
                    "replicas": 1,
                    "resources": {
                      "claims": null,
                      "limits": {
                        "cpu": "500m",
                        "memory": "1Gi"
                      },
                      "requests": {
                        "cpu": "250m",
                        "memory": "512Mi"
                      }
                    },
                    "storage": {
                      "class": null,
                      "deleteClaim": null,
                      "id": null,
                      "overrides": null,
                      "selector": null,
                      "size": null,
                      "sizeLimit": null,
                      "type": "ephemeral",
                      "volumes": null
                    },
                    "template": {
                      "bootstrapService": {
                        "ipFamilies": null,
                        "ipFamilyPolicy": null,
                        "metadata": {
                          "annotations": null,
                          "labels": null
                        }
                      },
                      "brokersService": {
                        "ipFamilies": null,
                        "ipFamilyPolicy": null,
                        "metadata": {
                          "annotations": null,
                          "labels": null
                        }
                      },
                      "clusterCaCert": {
                        "metadata": {
                          "annotations": null,
                          "labels": null
                        }
                      },
                      "clusterRoleBinding": {
                        "metadata": {
                          "annotations": null,
                          "labels": null
                        }
                      },
                      "externalBootstrapIngress": {
                        "metadata": {
                          "annotations": null,
                          "labels": null
                        }
                      },
                      "externalBootstrapRoute": {
                        "metadata": {
                          "annotations": null,
                          "labels": null
                        }
                      },
                      "externalBootstrapService": {
                        "metadata": {
                          "annotations": null,
                          "labels": null
                        }
                      },
                      "initContainer": {
                        "env": null,
                        "securityContext": {
                          "allowPrivilegeEscalation": null,
                          "capabilities": {
                            "add": null,
                            "drop": null
                          },
                          "privileged": null,
                          "procMount": null,
                          "readOnlyRootFilesystem": null,
                          "runAsGroup": null,
                          "runAsNonRoot": null,
                          "runAsUser": null,
                          "seLinuxOptions": {
                            "level": null,
                            "role": null,
                            "type": null,
                            "user": null
                          },
                          "seccompProfile": {
                            "localhostProfile": null,
                            "type": null
                          },
                          "windowsOptions": {
                            "gmsaCredentialSpec": null,
                            "gmsaCredentialSpecName": null,
                            "hostProcess": null,
                            "runAsUserName": null
                          }
                        }
                      },
                      "jmxSecret": {
                        "metadata": {
                          "annotations": null,
                          "labels": null
                        }
                      },
                      "kafkaContainer": {
                        "env": null,
                        "securityContext": {
                          "allowPrivilegeEscalation": null,
                          "capabilities": {
                            "add": null,
                            "drop": null
                          },
                          "privileged": null,
                          "procMount": null,
                          "readOnlyRootFilesystem": null,
                          "runAsGroup": null,
                          "runAsNonRoot": null,
                          "runAsUser": null,
                          "seLinuxOptions": {
                            "level": null,
                            "role": null,
                            "type": null,
                            "user": null
                          },
                          "seccompProfile": {
                            "localhostProfile": null,
                            "type": null
                          },
                          "windowsOptions": {
                            "gmsaCredentialSpec": null,
                            "gmsaCredentialSpecName": null,
                            "hostProcess": null,
                            "runAsUserName": null
                          }
                        }
                      },
                      "perPodIngress": {
                        "metadata": {
                          "annotations": null,
                          "labels": null
                        }
                      },
                      "perPodRoute": {
                        "metadata": {
                          "annotations": null,
                          "labels": null
                        }
                      },
                      "perPodService": {
                        "metadata": {
                          "annotations": null,
                          "labels": null
                        }
                      },
                      "persistentVolumeClaim": {
                        "metadata": {
                          "annotations": null,
                          "labels": null
                        }
                      },
                      "pod": {
                        "affinity": {
                          "nodeAffinity": {
                            "preferredDuringSchedulingIgnoredDuringExecution": null,
                            "requiredDuringSchedulingIgnoredDuringExecution": {
                              "nodeSelectorTerms": null
                            }
                          },
                          "podAffinity": {
                            "preferredDuringSchedulingIgnoredDuringExecution": null,
                            "requiredDuringSchedulingIgnoredDuringExecution": null
                          },
                          "podAntiAffinity": {
                            "preferredDuringSchedulingIgnoredDuringExecution": null,
                            "requiredDuringSchedulingIgnoredDuringExecution": null
                          }
                        },
                        "enableServiceLinks": null,
                        "hostAliases": null,
                        "imagePullSecrets": null,
                        "metadata": {
                          "annotations": null,
                          "labels": null
                        },
                        "priorityClassName": null,
                        "schedulerName": null,
                        "securityContext": {
                          "fsGroup": null,
                          "fsGroupChangePolicy": null,
                          "runAsGroup": null,
                          "runAsNonRoot": null,
                          "runAsUser": null,
                          "seLinuxOptions": {
                            "level": null,
                            "role": null,
                            "type": null,
                            "user": null
                          },
                          "seccompProfile": {
                            "localhostProfile": null,
                            "type": null
                          },
                          "supplementalGroups": null,
                          "sysctls": null,
                          "windowsOptions": {
                            "gmsaCredentialSpec": null,
                            "gmsaCredentialSpecName": null,
                            "hostProcess": null,
                            "runAsUserName": null
                          }
                        },
                        "terminationGracePeriodSeconds": null,
                        "tmpDirSizeLimit": null,
                        "tolerations": null,
                        "topologySpreadConstraints": null
                      },
                      "podDisruptionBudget": {
                        "maxUnavailable": null,
                        "metadata": {
                          "annotations": null,
                          "labels": null
                        }
                      },
                      "podSet": {
                        "metadata": {
                          "annotations": null,
                          "labels": null
                        }
                      },
                      "serviceAccount": {
                        "metadata": {
                          "annotations": null,
                          "labels": null
                        }
                      },
                      "statefulset": {
                        "metadata": {
                          "annotations": null,
                          "labels": null
                        },
                        "podManagementPolicy": null
                      }
                    },
                    "tieredStorage": {
                      "remoteStorageManager": {
                        "className": null,
                        "classPath": null,
                        "config": null
                      },
                      "type": null
                    },
                    "version": "3.7.0"
                  },
                  "kafkaExporter": {
                    "enableSaramaLogging": null,
                    "groupExcludeRegex": null,
                    "groupRegex": null,
                    "image": null,
                    "livenessProbe": {
                      "failureThreshold": null,
                      "initialDelaySeconds": null,
                      "periodSeconds": null,
                      "successThreshold": null,
                      "timeoutSeconds": null
                    },
                    "logging": null,
                    "readinessProbe": {
                      "failureThreshold": null,
                      "initialDelaySeconds": null,
                      "periodSeconds": null,
                      "successThreshold": null,
                      "timeoutSeconds": null
                    },
                    "resources": {
                      "claims": null,
                      "limits": null,
                      "requests": null
                    },
                    "showAllOffsets": null,
                    "template": {
                      "container": {
                        "env": null,
                        "securityContext": {
                          "allowPrivilegeEscalation": null,
                          "capabilities": {
                            "add": null,
                            "drop": null
                          },
                          "privileged": null,
                          "procMount": null,
                          "readOnlyRootFilesystem": null,
                          "runAsGroup": null,
                          "runAsNonRoot": null,
                          "runAsUser": null,
                          "seLinuxOptions": {
                            "level": null,
                            "role": null,
                            "type": null,
                            "user": null
                          },
                          "seccompProfile": {
                            "localhostProfile": null,
                            "type": null
                          },
                          "windowsOptions": {
                            "gmsaCredentialSpec": null,
                            "gmsaCredentialSpecName": null,
                            "hostProcess": null,
                            "runAsUserName": null
                          }
                        }
                      },
                      "deployment": {
                        "deploymentStrategy": null,
                        "metadata": {
                          "annotations": null,
                          "labels": null
                        }
                      },
                      "pod": {
                        "affinity": {
                          "nodeAffinity": {
                            "preferredDuringSchedulingIgnoredDuringExecution": null,
                            "requiredDuringSchedulingIgnoredDuringExecution": {
                              "nodeSelectorTerms": null
                            }
                          },
                          "podAffinity": {
                            "preferredDuringSchedulingIgnoredDuringExecution": null,
                            "requiredDuringSchedulingIgnoredDuringExecution": null
                          },
                          "podAntiAffinity": {
                            "preferredDuringSchedulingIgnoredDuringExecution": null,
                            "requiredDuringSchedulingIgnoredDuringExecution": null
                          }
                        },
                        "enableServiceLinks": null,
                        "hostAliases": null,
                        "imagePullSecrets": null,
                        "metadata": {
                          "annotations": null,
                          "labels": null
                        },
                        "priorityClassName": null,
                        "schedulerName": null,
                        "securityContext": {
                          "fsGroup": null,
                          "fsGroupChangePolicy": null,
                          "runAsGroup": null,
                          "runAsNonRoot": null,
                          "runAsUser": null,
                          "seLinuxOptions": {
                            "level": null,
                            "role": null,
                            "type": null,
                            "user": null
                          },
                          "seccompProfile": {
                            "localhostProfile": null,
                            "type": null
                          },
                          "supplementalGroups": null,
                          "sysctls": null,
                          "windowsOptions": {
                            "gmsaCredentialSpec": null,
                            "gmsaCredentialSpecName": null,
                            "hostProcess": null,
                            "runAsUserName": null
                          }
                        },
                        "terminationGracePeriodSeconds": null,
                        "tmpDirSizeLimit": null,
                        "tolerations": null,
                        "topologySpreadConstraints": null
                      },
                      "service": {
                        "metadata": {
                          "annotations": null,
                          "labels": null
                        }
                      },
                      "serviceAccount": {
                        "metadata": {
                          "annotations": null,
                          "labels": null
                        }
                      }
                    },
                    "topicExcludeRegex": null,
                    "topicRegex": null
                  },
                  "maintenanceTimeWindows": null,
                  "zookeeper": {
                    "config": null,
                    "image": null,
                    "jmxOptions": {
                      "authentication": {
                        "type": null
                      }
                    },
                    "jvmOptions": {
                      "-XX": null,
                      "-Xms": null,
                      "-Xmx": null,
                      "gcLoggingEnabled": null,
                      "javaSystemProperties": null
                    },
                    "livenessProbe": {
                      "failureThreshold": null,
                      "initialDelaySeconds": null,
                      "periodSeconds": null,
                      "successThreshold": null,
                      "timeoutSeconds": null
                    },
                    "logging": {
                      "loggers": null,
                      "type": null,
                      "valueFrom": {
                        "configMapKeyRef": {
                          "key": null,
                          "name": null,
                          "optional": null
                        }
                      }
                    },
                    "metricsConfig": {
                      "type": null,
                      "valueFrom": {
                        "configMapKeyRef": {
                          "key": null,
                          "name": null,
                          "optional": null
                        }
                      }
                    },
                    "readinessProbe": {
                      "failureThreshold": null,
                      "initialDelaySeconds": null,
                      "periodSeconds": null,
                      "successThreshold": null,
                      "timeoutSeconds": null
                    },
                    "replicas": 1,
                    "resources": {
                      "claims": null,
                      "limits": {
                        "cpu": "200m",
                        "memory": "512Mi"
                      },
                      "requests": {
                        "cpu": "100m",
                        "memory": "256Mi"
                      }
                    },
                    "storage": {
                      "class": null,
                      "deleteClaim": null,
                      "id": null,
                      "overrides": null,
                      "selector": null,
                      "size": null,
                      "sizeLimit": null,
                      "type": "ephemeral"
                    },
                    "template": {
                      "clientService": {
                        "ipFamilies": null,
                        "ipFamilyPolicy": null,
                        "metadata": {
                          "annotations": null,
                          "labels": null
                        }
                      },
                      "jmxSecret": {
                        "metadata": {
                          "annotations": null,
                          "labels": null
                        }
                      },
                      "nodesService": {
                        "ipFamilies": null,
                        "ipFamilyPolicy": null,
                        "metadata": {
                          "annotations": null,
                          "labels": null
                        }
                      },
                      "persistentVolumeClaim": {
                        "metadata": {
                          "annotations": null,
                          "labels": null
                        }
                      },
                      "pod": {
                        "affinity": {
                          "nodeAffinity": {
                            "preferredDuringSchedulingIgnoredDuringExecution": null,
                            "requiredDuringSchedulingIgnoredDuringExecution": {
                              "nodeSelectorTerms": null
                            }
                          },
                          "podAffinity": {
                            "preferredDuringSchedulingIgnoredDuringExecution": null,
                            "requiredDuringSchedulingIgnoredDuringExecution": null
                          },
                          "podAntiAffinity": {
                            "preferredDuringSchedulingIgnoredDuringExecution": null,
                            "requiredDuringSchedulingIgnoredDuringExecution": null
                          }
                        },
                        "enableServiceLinks": null,
                        "hostAliases": null,
                        "imagePullSecrets": null,
                        "metadata": {
                          "annotations": null,
                          "labels": null
                        },
                        "priorityClassName": null,
                        "schedulerName": null,
                        "securityContext": {
                          "fsGroup": null,
                          "fsGroupChangePolicy": null,
                          "runAsGroup": null,
                          "runAsNonRoot": null,
                          "runAsUser": null,
                          "seLinuxOptions": {
                            "level": null,
                            "role": null,
                            "type": null,
                            "user": null
                          },
                          "seccompProfile": {
                            "localhostProfile": null,
                            "type": null
                          },
                          "supplementalGroups": null,
                          "sysctls": null,
                          "windowsOptions": {
                            "gmsaCredentialSpec": null,
                            "gmsaCredentialSpecName": null,
                            "hostProcess": null,
                            "runAsUserName": null
                          }
                        },
                        "terminationGracePeriodSeconds": null,
                        "tmpDirSizeLimit": null,
                        "tolerations": null,
                        "topologySpreadConstraints": null
                      },
                      "podDisruptionBudget": {
                        "maxUnavailable": null,
                        "metadata": {
                          "annotations": null,
                          "labels": null
                        }
                      },
                      "podSet": {
                        "metadata": {
                          "annotations": null,
                          "labels": null
                        }
                      },
                      "serviceAccount": {
                        "metadata": {
                          "annotations": null,
                          "labels": null
                        }
                      },
                      "statefulset": {
                        "metadata": {
                          "annotations": null,
                          "labels": null
                        },
                        "podManagementPolicy": null
                      },
                      "zookeeperContainer": {
                        "env": null,
                        "securityContext": {
                          "allowPrivilegeEscalation": null,
                          "capabilities": {
                            "add": null,
                            "drop": null
                          },
                          "privileged": null,
                          "procMount": null,
                          "readOnlyRootFilesystem": null,
                          "runAsGroup": null,
                          "runAsNonRoot": null,
                          "runAsUser": null,
                          "seLinuxOptions": {
                            "level": null,
                            "role": null,
                            "type": null,
                            "user": null
                          },
                          "seccompProfile": {
                            "localhostProfile": null,
                            "type": null
                          },
                          "windowsOptions": {
                            "gmsaCredentialSpec": null,
                            "gmsaCredentialSpecName": null,
                            "hostProcess": null,
                            "runAsUserName": null
                          }
                        }
                      }
                    }
                  }
                }
              },
              "type": [
                "object",
                {
                  "apiVersion": "string",
                  "kind": "string",
                  "metadata": [
                    "object",
                    {
                      "annotations": [
                        "map",
                        "string"
                      ],
                      "creationTimestamp": "string",
                      "deletionGracePeriodSeconds": "number",
                      "deletionTimestamp": "string",
                      "finalizers": [
                        "list",
                        "string"
                      ],
                      "generateName": "string",
                      "generation": "number",
                      "labels": [
                        "map",
                        "string"
                      ],
                      "managedFields": [
                        "tuple",
                        [
                          [
                            "object",
                            {
                              "apiVersion": "string",
                              "fieldsType": "string",
                              "fieldsV1": "dynamic",
                              "manager": "string",
                              "operation": "string",
                              "subresource": "string",
                              "time": "string"
                            }
                          ]
                        ]
                      ],
                      "name": "string",
                      "namespace": "string",
                      "ownerReferences": [
                        "list",
                        [
                          "object",
                          {
                            "apiVersion": "string",
                            "blockOwnerDeletion": "bool",
                            "controller": "bool",
                            "kind": "string",
                            "name": "string",
                            "uid": "string"
                          }
                        ]
                      ],
                      "resourceVersion": "string",
                      "selfLink": "string",
                      "uid": "string"
                    }
                  ],
                  "spec": [
                    "object",
                    {
                      "clientsCa": [
                        "object",
                        {
                          "certificateExpirationPolicy": "string",
                          "generateCertificateAuthority": "bool",
                          "generateSecretOwnerReference": "bool",
                          "renewalDays": "number",
                          "validityDays": "number"
                        }
                      ],
                      "clusterCa": [
                        "object",
                        {
                          "certificateExpirationPolicy": "string",
                          "generateCertificateAuthority": "bool",
                          "generateSecretOwnerReference": "bool",
                          "renewalDays": "number",
                          "validityDays": "number"
                        }
                      ],
                      "cruiseControl": [
                        "object",
                        {
                          "brokerCapacity": [
                            "object",
                            {
                              "cpu": "string",
                              "cpuUtilization": "number",
                              "disk": "string",
                              "inboundNetwork": "string",
                              "outboundNetwork": "string",
                              "overrides": [
                                "list",
                                [
                                  "object",
                                  {
                                    "brokers": [
                                      "list",
                                      "number"
                                    ],
                                    "cpu": "string",
                                    "inboundNetwork": "string",
                                    "outboundNetwork": "string"
                                  }
                                ]
                              ]
                            }
                          ],
                          "config": "dynamic",
                          "image": "string",
                          "jvmOptions": [
                            "object",
                            {
                              "-XX": [
                                "map",
                                "string"
                              ],
                              "-Xms": "string",
                              "-Xmx": "string",
                              "gcLoggingEnabled": "bool",
                              "javaSystemProperties": [
                                "list",
                                [
                                  "object",
                                  {
                                    "name": "string",
                                    "value": "string"
                                  }
                                ]
                              ]
                            }
                          ],
                          "livenessProbe": [
                            "object",
                            {
                              "failureThreshold": "number",
                              "initialDelaySeconds": "number",
                              "periodSeconds": "number",
                              "successThreshold": "number",
                              "timeoutSeconds": "number"
                            }
                          ],
                          "logging": [
                            "object",
                            {
                              "loggers": [
                                "map",
                                "string"
                              ],
                              "type": "string",
                              "valueFrom": [
                                "object",
                                {
                                  "configMapKeyRef": [
                                    "object",
                                    {
                                      "key": "string",
                                      "name": "string",
                                      "optional": "bool"
                                    }
                                  ]
                                }
                              ]
                            }
                          ],
                          "metricsConfig": [
                            "object",
                            {
                              "type": "string",
                              "valueFrom": [
                                "object",
                                {
                                  "configMapKeyRef": [
                                    "object",
                                    {
                                      "key": "string",
                                      "name": "string",
                                      "optional": "bool"
                                    }
                                  ]
                                }
                              ]
                            }
                          ],
                          "readinessProbe": [
                            "object",
                            {
                              "failureThreshold": "number",
                              "initialDelaySeconds": "number",
                              "periodSeconds": "number",
                              "successThreshold": "number",
                              "timeoutSeconds": "number"
                            }
                          ],
                          "resources": [
                            "object",
                            {
                              "claims": [
                                "list",
                                [
                                  "object",
                                  {
                                    "name": "string"
                                  }
                                ]
                              ],
                              "limits": "dynamic",
                              "requests": "dynamic"
                            }
                          ],
                          "template": [
                            "object",
                            {
                              "apiService": [
                                "object",
                                {
                                  "ipFamilies": [
                                    "list",
                                    "string"
                                  ],
                                  "ipFamilyPolicy": "string",
                                  "metadata": [
                                    "object",
                                    {
                                      "annotations": [
                                        "map",
                                        "string"
                                      ],
                                      "labels": [
                                        "map",
                                        "string"
                                      ]
                                    }
                                  ]
                                }
                              ],
                              "cruiseControlContainer": [
                                "object",
                                {
                                  "env": [
                                    "list",
                                    [
                                      "object",
                                      {
                                        "name": "string",
                                        "value": "string"
                                      }
                                    ]
                                  ],
                                  "securityContext": [
                                    "object",
                                    {
                                      "allowPrivilegeEscalation": "bool",
                                      "capabilities": [
                                        "object",
                                        {
                                          "add": [
                                            "list",
                                            "string"
                                          ],
                                          "drop": [
                                            "list",
                                            "string"
                                          ]
                                        }
                                      ],
                                      "privileged": "bool",
                                      "procMount": "string",
                                      "readOnlyRootFilesystem": "bool",
                                      "runAsGroup": "number",
                                      "runAsNonRoot": "bool",
                                      "runAsUser": "number",
                                      "seLinuxOptions": [
                                        "object",
                                        {
                                          "level": "string",
                                          "role": "string",
                                          "type": "string",
                                          "user": "string"
                                        }
                                      ],
                                      "seccompProfile": [
                                        "object",
                                        {
                                          "localhostProfile": "string",
                                          "type": "string"
                                        }
                                      ],
                                      "windowsOptions": [
                                        "object",
                                        {
                                          "gmsaCredentialSpec": "string",
                                          "gmsaCredentialSpecName": "string",
                                          "hostProcess": "bool",
                                          "runAsUserName": "string"
                                        }
                                      ]
                                    }
                                  ]
                                }
                              ],
                              "deployment": [
                                "object",
                                {
                                  "deploymentStrategy": "string",
                                  "metadata": [
                                    "object",
                                    {
                                      "annotations": [
                                        "map",
                                        "string"
                                      ],
                                      "labels": [
                                        "map",
                                        "string"
                                      ]
                                    }
                                  ]
                                }
                              ],
                              "pod": [
                                "object",
                                {
                                  "affinity": [
                                    "object",
                                    {
                                      "nodeAffinity": [
                                        "object",
                                        {
                                          "preferredDuringSchedulingIgnoredDuringExecution": [
                                            "list",
                                            [
                                              "object",
                                              {
                                                "preference": [
                                                  "object",
                                                  {
                                                    "matchExpressions": [
                                                      "list",
                                                      [
                                                        "object",
                                                        {
                                                          "key": "string",
                                                          "operator": "string",
                                                          "values": [
                                                            "list",
                                                            "string"
                                                          ]
                                                        }
                                                      ]
                                                    ],
                                                    "matchFields": [
                                                      "list",
                                                      [
                                                        "object",
                                                        {
                                                          "key": "string",
                                                          "operator": "string",
                                                          "values": [
                                                            "list",
                                                            "string"
                                                          ]
                                                        }
                                                      ]
                                                    ]
                                                  }
                                                ],
                                                "weight": "number"
                                              }
                                            ]
                                          ],
                                          "requiredDuringSchedulingIgnoredDuringExecution": [
                                            "object",
                                            {
                                              "nodeSelectorTerms": [
                                                "list",
                                                [
                                                  "object",
                                                  {
                                                    "matchExpressions": [
                                                      "list",
                                                      [
                                                        "object",
                                                        {
                                                          "key": "string",
                                                          "operator": "string",
                                                          "values": [
                                                            "list",
                                                            "string"
                                                          ]
                                                        }
                                                      ]
                                                    ],
                                                    "matchFields": [
                                                      "list",
                                                      [
                                                        "object",
                                                        {
                                                          "key": "string",
                                                          "operator": "string",
                                                          "values": [
                                                            "list",
                                                            "string"
                                                          ]
                                                        }
                                                      ]
                                                    ]
                                                  }
                                                ]
                                              ]
                                            }
                                          ]
                                        }
                                      ],
                                      "podAffinity": [
                                        "object",
                                        {
                                          "preferredDuringSchedulingIgnoredDuringExecution": [
                                            "list",
                                            [
                                              "object",
                                              {
                                                "podAffinityTerm": [
                                                  "object",
                                                  {
                                                    "labelSelector": [
                                                      "object",
                                                      {
                                                        "matchExpressions": [
                                                          "list",
                                                          [
                                                            "object",
                                                            {
                                                              "key": "string",
                                                              "operator": "string",
                                                              "values": [
                                                                "list",
                                                                "string"
                                                              ]
                                                            }
                                                          ]
                                                        ],
                                                        "matchLabels": [
                                                          "map",
                                                          "string"
                                                        ]
                                                      }
                                                    ],
                                                    "matchLabelKeys": [
                                                      "list",
                                                      "string"
                                                    ],
                                                    "mismatchLabelKeys": [
                                                      "list",
                                                      "string"
                                                    ],
                                                    "namespaceSelector": [
                                                      "object",
                                                      {
                                                        "matchExpressions": [
                                                          "list",
                                                          [
                                                            "object",
                                                            {
                                                              "key": "string",
                                                              "operator": "string",
                                                              "values": [
                                                                "list",
                                                                "string"
                                                              ]
                                                            }
                                                          ]
                                                        ],
                                                        "matchLabels": [
                                                          "map",
                                                          "string"
                                                        ]
                                                      }
                                                    ],
                                                    "namespaces": [
                                                      "list",
                                                      "string"
                                                    ],
                                                    "topologyKey": "string"
                                                  }
                                                ],
                                                "weight": "number"
                                              }
                                            ]
                                          ],
                                          "requiredDuringSchedulingIgnoredDuringExecution": [
                                            "list",
                                            [
                                              "object",
                                              {
                                                "labelSelector": [
                                                  "object",
                                                  {
                                                    "matchExpressions": [
                                                      "list",
                                                      [
                                                        "object",
                                                        {
                                                          "key": "string",
                                                          "operator": "string",
                                                          "values": [
                                                            "list",
                                                            "string"
                                                          ]
                                                        }
                                                      ]
                                                    ],
                                                    "matchLabels": [
                                                      "map",
                                                      "string"
                                                    ]
                                                  }
                                                ],
                                                "matchLabelKeys": [
                                                  "list",
                                                  "string"
                                                ],
                                                "mismatchLabelKeys": [
                                                  "list",
                                                  "string"
                                                ],
                                                "namespaceSelector": [
                                                  "object",
                                                  {
                                                    "matchExpressions": [
                                                      "list",
                                                      [
                                                        "object",
                                                        {
                                                          "key": "string",
                                                          "operator": "string",
                                                          "values": [
                                                            "list",
                                                            "string"
                                                          ]
                                                        }
                                                      ]
                                                    ],
                                                    "matchLabels": [
                                                      "map",
                                                      "string"
                                                    ]
                                                  }
                                                ],
                                                "namespaces": [
                                                  "list",
                                                  "string"
                                                ],
                                                "topologyKey": "string"
                                              }
                                            ]
                                          ]
                                        }
                                      ],
                                      "podAntiAffinity": [
                                        "object",
                                        {
                                          "preferredDuringSchedulingIgnoredDuringExecution": [
                                            "list",
                                            [
                                              "object",
                                              {
                                                "podAffinityTerm": [
                                                  "object",
                                                  {
                                                    "labelSelector": [
                                                      "object",
                                                      {
                                                        "matchExpressions": [
                                                          "list",
                                                          [
                                                            "object",
                                                            {
                                                              "key": "string",
                                                              "operator": "string",
                                                              "values": [
                                                                "list",
                                                                "string"
                                                              ]
                                                            }
                                                          ]
                                                        ],
                                                        "matchLabels": [
                                                          "map",
                                                          "string"
                                                        ]
                                                      }
                                                    ],
                                                    "matchLabelKeys": [
                                                      "list",
                                                      "string"
                                                    ],
                                                    "mismatchLabelKeys": [
                                                      "list",
                                                      "string"
                                                    ],
                                                    "namespaceSelector": [
                                                      "object",
                                                      {
                                                        "matchExpressions": [
                                                          "list",
                                                          [
                                                            "object",
                                                            {
                                                              "key": "string",
                                                              "operator": "string",
                                                              "values": [
                                                                "list",
                                                                "string"
                                                              ]
                                                            }
                                                          ]
                                                        ],
                                                        "matchLabels": [
                                                          "map",
                                                          "string"
                                                        ]
                                                      }
                                                    ],
                                                    "namespaces": [
                                                      "list",
                                                      "string"
                                                    ],
                                                    "topologyKey": "string"
                                                  }
                                                ],
                                                "weight": "number"
                                              }
                                            ]
                                          ],
                                          "requiredDuringSchedulingIgnoredDuringExecution": [
                                            "list",
                                            [
                                              "object",
                                              {
                                                "labelSelector": [
                                                  "object",
                                                  {
                                                    "matchExpressions": [
                                                      "list",
                                                      [
                                                        "object",
                                                        {
                                                          "key": "string",
                                                          "operator": "string",
                                                          "values": [
                                                            "list",
                                                            "string"
                                                          ]
                                                        }
                                                      ]
                                                    ],
                                                    "matchLabels": [
                                                      "map",
                                                      "string"
                                                    ]
                                                  }
                                                ],
                                                "matchLabelKeys": [
                                                  "list",
                                                  "string"
                                                ],
                                                "mismatchLabelKeys": [
                                                  "list",
                                                  "string"
                                                ],
                                                "namespaceSelector": [
                                                  "object",
                                                  {
                                                    "matchExpressions": [
                                                      "list",
                                                      [
                                                        "object",
                                                        {
                                                          "key": "string",
                                                          "operator": "string",
                                                          "values": [
                                                            "list",
                                                            "string"
                                                          ]
                                                        }
                                                      ]
                                                    ],
                                                    "matchLabels": [
                                                      "map",
                                                      "string"
                                                    ]
                                                  }
                                                ],
                                                "namespaces": [
                                                  "list",
                                                  "string"
                                                ],
                                                "topologyKey": "string"
                                              }
                                            ]
                                          ]
                                        }
                                      ]
                                    }
                                  ],
                                  "enableServiceLinks": "bool",
                                  "hostAliases": [
                                    "list",
                                    [
                                      "object",
                                      {
                                        "hostnames": [
                                          "list",
                                          "string"
                                        ],
                                        "ip": "string"
                                      }
                                    ]
                                  ],
                                  "imagePullSecrets": [
                                    "list",
                                    [
                                      "object",
                                      {
                                        "name": "string"
                                      }
                                    ]
                                  ],
                                  "metadata": [
                                    "object",
                                    {
                                      "annotations": [
                                        "map",
                                        "string"
                                      ],
                                      "labels": [
                                        "map",
                                        "string"
                                      ]
                                    }
                                  ],
                                  "priorityClassName": "string",
                                  "schedulerName": "string",
                                  "securityContext": [
                                    "object",
                                    {
                                      "fsGroup": "number",
                                      "fsGroupChangePolicy": "string",
                                      "runAsGroup": "number",
                                      "runAsNonRoot": "bool",
                                      "runAsUser": "number",
                                      "seLinuxOptions": [
                                        "object",
                                        {
                                          "level": "string",
                                          "role": "string",
                                          "type": "string",
                                          "user": "string"
                                        }
                                      ],
                                      "seccompProfile": [
                                        "object",
                                        {
                                          "localhostProfile": "string",
                                          "type": "string"
                                        }
                                      ],
                                      "supplementalGroups": [
                                        "list",
                                        "number"
                                      ],
                                      "sysctls": [
                                        "list",
                                        [
                                          "object",
                                          {
                                            "name": "string",
                                            "value": "string"
                                          }
                                        ]
                                      ],
                                      "windowsOptions": [
                                        "object",
                                        {
                                          "gmsaCredentialSpec": "string",
                                          "gmsaCredentialSpecName": "string",
                                          "hostProcess": "bool",
                                          "runAsUserName": "string"
                                        }
                                      ]
                                    }
                                  ],
                                  "terminationGracePeriodSeconds": "number",
                                  "tmpDirSizeLimit": "string",
                                  "tolerations": [
                                    "list",
                                    [
                                      "object",
                                      {
                                        "effect": "string",
                                        "key": "string",
                                        "operator": "string",
                                        "tolerationSeconds": "number",
                                        "value": "string"
                                      }
                                    ]
                                  ],
                                  "topologySpreadConstraints": [
                                    "list",
                                    [
                                      "object",
                                      {
                                        "labelSelector": [
                                          "object",
                                          {
                                            "matchExpressions": [
                                              "list",
                                              [
                                                "object",
                                                {
                                                  "key": "string",
                                                  "operator": "string",
                                                  "values": [
                                                    "list",
                                                    "string"
                                                  ]
                                                }
                                              ]
                                            ],
                                            "matchLabels": [
                                              "map",
                                              "string"
                                            ]
                                          }
                                        ],
                                        "matchLabelKeys": [
                                          "list",
                                          "string"
                                        ],
                                        "maxSkew": "number",
                                        "minDomains": "number",
                                        "nodeAffinityPolicy": "string",
                                        "nodeTaintsPolicy": "string",
                                        "topologyKey": "string",
                                        "whenUnsatisfiable": "string"
                                      }
                                    ]
                                  ]
                                }
                              ],
                              "podDisruptionBudget": [
                                "object",
                                {
                                  "maxUnavailable": "number",
                                  "metadata": [
                                    "object",
                                    {
                                      "annotations": [
                                        "map",
                                        "string"
                                      ],
                                      "labels": [
                                        "map",
                                        "string"
                                      ]
                                    }
                                  ]
                                }
                              ],
                              "serviceAccount": [
                                "object",
                                {
                                  "metadata": [
                                    "object",
                                    {
                                      "annotations": [
                                        "map",
                                        "string"
                                      ],
                                      "labels": [
                                        "map",
                                        "string"
                                      ]
                                    }
                                  ]
                                }
                              ],
                              "tlsSidecarContainer": [
                                "object",
                                {
                                  "env": [
                                    "list",
                                    [
                                      "object",
                                      {
                                        "name": "string",
                                        "value": "string"
                                      }
                                    ]
                                  ],
                                  "securityContext": [
                                    "object",
                                    {
                                      "allowPrivilegeEscalation": "bool",
                                      "capabilities": [
                                        "object",
                                        {
                                          "add": [
                                            "list",
                                            "string"
                                          ],
                                          "drop": [
                                            "list",
                                            "string"
                                          ]
                                        }
                                      ],
                                      "privileged": "bool",
                                      "procMount": "string",
                                      "readOnlyRootFilesystem": "bool",
                                      "runAsGroup": "number",
                                      "runAsNonRoot": "bool",
                                      "runAsUser": "number",
                                      "seLinuxOptions": [
                                        "object",
                                        {
                                          "level": "string",
                                          "role": "string",
                                          "type": "string",
                                          "user": "string"
                                        }
                                      ],
                                      "seccompProfile": [
                                        "object",
                                        {
                                          "localhostProfile": "string",
                                          "type": "string"
                                        }
                                      ],
                                      "windowsOptions": [
                                        "object",
                                        {
                                          "gmsaCredentialSpec": "string",
                                          "gmsaCredentialSpecName": "string",
                                          "hostProcess": "bool",
                                          "runAsUserName": "string"
                                        }
                                      ]
                                    }
                                  ]
                                }
                              ]
                            }
                          ],
                          "tlsSidecar": [
                            "object",
                            {
                              "image": "string",
                              "livenessProbe": [
                                "object",
                                {
                                  "failureThreshold": "number",
                                  "initialDelaySeconds": "number",
                                  "periodSeconds": "number",
                                  "successThreshold": "number",
                                  "timeoutSeconds": "number"
                                }
                              ],
                              "logLevel": "string",
                              "readinessProbe": [
                                "object",
                                {
                                  "failureThreshold": "number",
                                  "initialDelaySeconds": "number",
                                  "periodSeconds": "number",
                                  "successThreshold": "number",
                                  "timeoutSeconds": "number"
                                }
                              ],
                              "resources": [
                                "object",
                                {
                                  "claims": [
                                    "list",
                                    [
                                      "object",
                                      {
                                        "name": "string"
                                      }
                                    ]
                                  ],
                                  "limits": "dynamic",
                                  "requests": "dynamic"
                                }
                              ]
                            }
                          ]
                        }
                      ],
                      "entityOperator": [
                        "object",
                        {
                          "template": [
                            "object",
                            {
                              "deployment": [
                                "object",
                                {
                                  "deploymentStrategy": "string",
                                  "metadata": [
                                    "object",
                                    {
                                      "annotations": [
                                        "map",
                                        "string"
                                      ],
                                      "labels": [
                                        "map",
                                        "string"
                                      ]
                                    }
                                  ]
                                }
                              ],
                              "entityOperatorRole": [
                                "object",
                                {
                                  "metadata": [
                                    "object",
                                    {
                                      "annotations": [
                                        "map",
                                        "string"
                                      ],
                                      "labels": [
                                        "map",
                                        "string"
                                      ]
                                    }
                                  ]
                                }
                              ],
                              "pod": [
                                "object",
                                {
                                  "affinity": [
                                    "object",
                                    {
                                      "nodeAffinity": [
                                        "object",
                                        {
                                          "preferredDuringSchedulingIgnoredDuringExecution": [
                                            "list",
                                            [
                                              "object",
                                              {
                                                "preference": [
                                                  "object",
                                                  {
                                                    "matchExpressions": [
                                                      "list",
                                                      [
                                                        "object",
                                                        {
                                                          "key": "string",
                                                          "operator": "string",
                                                          "values": [
                                                            "list",
                                                            "string"
                                                          ]
                                                        }
                                                      ]
                                                    ],
                                                    "matchFields": [
                                                      "list",
                                                      [
                                                        "object",
                                                        {
                                                          "key": "string",
                                                          "operator": "string",
                                                          "values": [
                                                            "list",
                                                            "string"
                                                          ]
                                                        }
                                                      ]
                                                    ]
                                                  }
                                                ],
                                                "weight": "number"
                                              }
                                            ]
                                          ],
                                          "requiredDuringSchedulingIgnoredDuringExecution": [
                                            "object",
                                            {
                                              "nodeSelectorTerms": [
                                                "list",
                                                [
                                                  "object",
                                                  {
                                                    "matchExpressions": [
                                                      "list",
                                                      [
                                                        "object",
                                                        {
                                                          "key": "string",
                                                          "operator": "string",
                                                          "values": [
                                                            "list",
                                                            "string"
                                                          ]
                                                        }
                                                      ]
                                                    ],
                                                    "matchFields": [
                                                      "list",
                                                      [
                                                        "object",
                                                        {
                                                          "key": "string",
                                                          "operator": "string",
                                                          "values": [
                                                            "list",
                                                            "string"
                                                          ]
                                                        }
                                                      ]
                                                    ]
                                                  }
                                                ]
                                              ]
                                            }
                                          ]
                                        }
                                      ],
                                      "podAffinity": [
                                        "object",
                                        {
                                          "preferredDuringSchedulingIgnoredDuringExecution": [
                                            "list",
                                            [
                                              "object",
                                              {
                                                "podAffinityTerm": [
                                                  "object",
                                                  {
                                                    "labelSelector": [
                                                      "object",
                                                      {
                                                        "matchExpressions": [
                                                          "list",
                                                          [
                                                            "object",
                                                            {
                                                              "key": "string",
                                                              "operator": "string",
                                                              "values": [
                                                                "list",
                                                                "string"
                                                              ]
                                                            }
                                                          ]
                                                        ],
                                                        "matchLabels": [
                                                          "map",
                                                          "string"
                                                        ]
                                                      }
                                                    ],
                                                    "matchLabelKeys": [
                                                      "list",
                                                      "string"
                                                    ],
                                                    "mismatchLabelKeys": [
                                                      "list",
                                                      "string"
                                                    ],
                                                    "namespaceSelector": [
                                                      "object",
                                                      {
                                                        "matchExpressions": [
                                                          "list",
                                                          [
                                                            "object",
                                                            {
                                                              "key": "string",
                                                              "operator": "string",
                                                              "values": [
                                                                "list",
                                                                "string"
                                                              ]
                                                            }
                                                          ]
                                                        ],
                                                        "matchLabels": [
                                                          "map",
                                                          "string"
                                                        ]
                                                      }
                                                    ],
                                                    "namespaces": [
                                                      "list",
                                                      "string"
                                                    ],
                                                    "topologyKey": "string"
                                                  }
                                                ],
                                                "weight": "number"
                                              }
                                            ]
                                          ],
                                          "requiredDuringSchedulingIgnoredDuringExecution": [
                                            "list",
                                            [
                                              "object",
                                              {
                                                "labelSelector": [
                                                  "object",
                                                  {
                                                    "matchExpressions": [
                                                      "list",
                                                      [
                                                        "object",
                                                        {
                                                          "key": "string",
                                                          "operator": "string",
                                                          "values": [
                                                            "list",
                                                            "string"
                                                          ]
                                                        }
                                                      ]
                                                    ],
                                                    "matchLabels": [
                                                      "map",
                                                      "string"
                                                    ]
                                                  }
                                                ],
                                                "matchLabelKeys": [
                                                  "list",
                                                  "string"
                                                ],
                                                "mismatchLabelKeys": [
                                                  "list",
                                                  "string"
                                                ],
                                                "namespaceSelector": [
                                                  "object",
                                                  {
                                                    "matchExpressions": [
                                                      "list",
                                                      [
                                                        "object",
                                                        {
                                                          "key": "string",
                                                          "operator": "string",
                                                          "values": [
                                                            "list",
                                                            "string"
                                                          ]
                                                        }
                                                      ]
                                                    ],
                                                    "matchLabels": [
                                                      "map",
                                                      "string"
                                                    ]
                                                  }
                                                ],
                                                "namespaces": [
                                                  "list",
                                                  "string"
                                                ],
                                                "topologyKey": "string"
                                              }
                                            ]
                                          ]
                                        }
                                      ],
                                      "podAntiAffinity": [
                                        "object",
                                        {
                                          "preferredDuringSchedulingIgnoredDuringExecution": [
                                            "list",
                                            [
                                              "object",
                                              {
                                                "podAffinityTerm": [
                                                  "object",
                                                  {
                                                    "labelSelector": [
                                                      "object",
                                                      {
                                                        "matchExpressions": [
                                                          "list",
                                                          [
                                                            "object",
                                                            {
                                                              "key": "string",
                                                              "operator": "string",
                                                              "values": [
                                                                "list",
                                                                "string"
                                                              ]
                                                            }
                                                          ]
                                                        ],
                                                        "matchLabels": [
                                                          "map",
                                                          "string"
                                                        ]
                                                      }
                                                    ],
                                                    "matchLabelKeys": [
                                                      "list",
                                                      "string"
                                                    ],
                                                    "mismatchLabelKeys": [
                                                      "list",
                                                      "string"
                                                    ],
                                                    "namespaceSelector": [
                                                      "object",
                                                      {
                                                        "matchExpressions": [
                                                          "list",
                                                          [
                                                            "object",
                                                            {
                                                              "key": "string",
                                                              "operator": "string",
                                                              "values": [
                                                                "list",
                                                                "string"
                                                              ]
                                                            }
                                                          ]
                                                        ],
                                                        "matchLabels": [
                                                          "map",
                                                          "string"
                                                        ]
                                                      }
                                                    ],
                                                    "namespaces": [
                                                      "list",
                                                      "string"
                                                    ],
                                                    "topologyKey": "string"
                                                  }
                                                ],
                                                "weight": "number"
                                              }
                                            ]
                                          ],
                                          "requiredDuringSchedulingIgnoredDuringExecution": [
                                            "list",
                                            [
                                              "object",
                                              {
                                                "labelSelector": [
                                                  "object",
                                                  {
                                                    "matchExpressions": [
                                                      "list",
                                                      [
                                                        "object",
                                                        {
                                                          "key": "string",
                                                          "operator": "string",
                                                          "values": [
                                                            "list",
                                                            "string"
                                                          ]
                                                        }
                                                      ]
                                                    ],
                                                    "matchLabels": [
                                                      "map",
                                                      "string"
                                                    ]
                                                  }
                                                ],
                                                "matchLabelKeys": [
                                                  "list",
                                                  "string"
                                                ],
                                                "mismatchLabelKeys": [
                                                  "list",
                                                  "string"
                                                ],
                                                "namespaceSelector": [
                                                  "object",
                                                  {
                                                    "matchExpressions": [
                                                      "list",
                                                      [
                                                        "object",
                                                        {
                                                          "key": "string",
                                                          "operator": "string",
                                                          "values": [
                                                            "list",
                                                            "string"
                                                          ]
                                                        }
                                                      ]
                                                    ],
                                                    "matchLabels": [
                                                      "map",
                                                      "string"
                                                    ]
                                                  }
                                                ],
                                                "namespaces": [
                                                  "list",
                                                  "string"
                                                ],
                                                "topologyKey": "string"
                                              }
                                            ]
                                          ]
                                        }
                                      ]
                                    }
                                  ],
                                  "enableServiceLinks": "bool",
                                  "hostAliases": [
                                    "list",
                                    [
                                      "object",
                                      {
                                        "hostnames": [
                                          "list",
                                          "string"
                                        ],
                                        "ip": "string"
                                      }
                                    ]
                                  ],
                                  "imagePullSecrets": [
                                    "list",
                                    [
                                      "object",
                                      {
                                        "name": "string"
                                      }
                                    ]
                                  ],
                                  "metadata": [
                                    "object",
                                    {
                                      "annotations": [
                                        "map",
                                        "string"
                                      ],
                                      "labels": [
                                        "map",
                                        "string"
                                      ]
                                    }
                                  ],
                                  "priorityClassName": "string",
                                  "schedulerName": "string",
                                  "securityContext": [
                                    "object",
                                    {
                                      "fsGroup": "number",
                                      "fsGroupChangePolicy": "string",
                                      "runAsGroup": "number",
                                      "runAsNonRoot": "bool",
                                      "runAsUser": "number",
                                      "seLinuxOptions": [
                                        "object",
                                        {
                                          "level": "string",
                                          "role": "string",
                                          "type": "string",
                                          "user": "string"
                                        }
                                      ],
                                      "seccompProfile": [
                                        "object",
                                        {
                                          "localhostProfile": "string",
                                          "type": "string"
                                        }
                                      ],
                                      "supplementalGroups": [
                                        "list",
                                        "number"
                                      ],
                                      "sysctls": [
                                        "list",
                                        [
                                          "object",
                                          {
                                            "name": "string",
                                            "value": "string"
                                          }
                                        ]
                                      ],
                                      "windowsOptions": [
                                        "object",
                                        {
                                          "gmsaCredentialSpec": "string",
                                          "gmsaCredentialSpecName": "string",
                                          "hostProcess": "bool",
                                          "runAsUserName": "string"
                                        }
                                      ]
                                    }
                                  ],
                                  "terminationGracePeriodSeconds": "number",
                                  "tmpDirSizeLimit": "string",
                                  "tolerations": [
                                    "list",
                                    [
                                      "object",
                                      {
                                        "effect": "string",
                                        "key": "string",
                                        "operator": "string",
                                        "tolerationSeconds": "number",
                                        "value": "string"
                                      }
                                    ]
                                  ],
                                  "topologySpreadConstraints": [
                                    "list",
                                    [
                                      "object",
                                      {
                                        "labelSelector": [
                                          "object",
                                          {
                                            "matchExpressions": [
                                              "list",
                                              [
                                                "object",
                                                {
                                                  "key": "string",
                                                  "operator": "string",
                                                  "values": [
                                                    "list",
                                                    "string"
                                                  ]
                                                }
                                              ]
                                            ],
                                            "matchLabels": [
                                              "map",
                                              "string"
                                            ]
                                          }
                                        ],
                                        "matchLabelKeys": [
                                          "list",
                                          "string"
                                        ],
                                        "maxSkew": "number",
                                        "minDomains": "number",
                                        "nodeAffinityPolicy": "string",
                                        "nodeTaintsPolicy": "string",
                                        "topologyKey": "string",
                                        "whenUnsatisfiable": "string"
                                      }
                                    ]
                                  ]
                                }
                              ],
                              "serviceAccount": [
                                "object",
                                {
                                  "metadata": [
                                    "object",
                                    {
                                      "annotations": [
                                        "map",
                                        "string"
                                      ],
                                      "labels": [
                                        "map",
                                        "string"
                                      ]
                                    }
                                  ]
                                }
                              ],
                              "tlsSidecarContainer": [
                                "object",
                                {
                                  "env": [
                                    "list",
                                    [
                                      "object",
                                      {
                                        "name": "string",
                                        "value": "string"
                                      }
                                    ]
                                  ],
                                  "securityContext": [
                                    "object",
                                    {
                                      "allowPrivilegeEscalation": "bool",
                                      "capabilities": [
                                        "object",
                                        {
                                          "add": [
                                            "list",
                                            "string"
                                          ],
                                          "drop": [
                                            "list",
                                            "string"
                                          ]
                                        }
                                      ],
                                      "privileged": "bool",
                                      "procMount": "string",
                                      "readOnlyRootFilesystem": "bool",
                                      "runAsGroup": "number",
                                      "runAsNonRoot": "bool",
                                      "runAsUser": "number",
                                      "seLinuxOptions": [
                                        "object",
                                        {
                                          "level": "string",
                                          "role": "string",
                                          "type": "string",
                                          "user": "string"
                                        }
                                      ],
                                      "seccompProfile": [
                                        "object",
                                        {
                                          "localhostProfile": "string",
                                          "type": "string"
                                        }
                                      ],
                                      "windowsOptions": [
                                        "object",
                                        {
                                          "gmsaCredentialSpec": "string",
                                          "gmsaCredentialSpecName": "string",
                                          "hostProcess": "bool",
                                          "runAsUserName": "string"
                                        }
                                      ]
                                    }
                                  ]
                                }
                              ],
                              "topicOperatorContainer": [
                                "object",
                                {
                                  "env": [
                                    "list",
                                    [
                                      "object",
                                      {
                                        "name": "string",
                                        "value": "string"
                                      }
                                    ]
                                  ],
                                  "securityContext": [
                                    "object",
                                    {
                                      "allowPrivilegeEscalation": "bool",
                                      "capabilities": [
                                        "object",
                                        {
                                          "add": [
                                            "list",
                                            "string"
                                          ],
                                          "drop": [
                                            "list",
                                            "string"
                                          ]
                                        }
                                      ],
                                      "privileged": "bool",
                                      "procMount": "string",
                                      "readOnlyRootFilesystem": "bool",
                                      "runAsGroup": "number",
                                      "runAsNonRoot": "bool",
                                      "runAsUser": "number",
                                      "seLinuxOptions": [
                                        "object",
                                        {
                                          "level": "string",
                                          "role": "string",
                                          "type": "string",
                                          "user": "string"
                                        }
                                      ],
                                      "seccompProfile": [
                                        "object",
                                        {
                                          "localhostProfile": "string",
                                          "type": "string"
                                        }
                                      ],
                                      "windowsOptions": [
                                        "object",
                                        {
                                          "gmsaCredentialSpec": "string",
                                          "gmsaCredentialSpecName": "string",
                                          "hostProcess": "bool",
                                          "runAsUserName": "string"
                                        }
                                      ]
                                    }
                                  ]
                                }
                              ],
                              "topicOperatorRoleBinding": [
                                "object",
                                {
                                  "metadata": [
                                    "object",
                                    {
                                      "annotations": [
                                        "map",
                                        "string"
                                      ],
                                      "labels": [
                                        "map",
                                        "string"
                                      ]
                                    }
                                  ]
                                }
                              ],
                              "userOperatorContainer": [
                                "object",
                                {
                                  "env": [
                                    "list",
                                    [
                                      "object",
                                      {
                                        "name": "string",
                                        "value": "string"
                                      }
                                    ]
                                  ],
                                  "securityContext": [
                                    "object",
                                    {
                                      "allowPrivilegeEscalation": "bool",
                                      "capabilities": [
                                        "object",
                                        {
                                          "add": [
                                            "list",
                                            "string"
                                          ],
                                          "drop": [
                                            "list",
                                            "string"
                                          ]
                                        }
                                      ],
                                      "privileged": "bool",
                                      "procMount": "string",
                                      "readOnlyRootFilesystem": "bool",
                                      "runAsGroup": "number",
                                      "runAsNonRoot": "bool",
                                      "runAsUser": "number",
                                      "seLinuxOptions": [
                                        "object",
                                        {
                                          "level": "string",
                                          "role": "string",
                                          "type": "string",
                                          "user": "string"
                                        }
                                      ],
                                      "seccompProfile": [
                                        "object",
                                        {
                                          "localhostProfile": "string",
                                          "type": "string"
                                        }
                                      ],
                                      "windowsOptions": [
                                        "object",
                                        {
                                          "gmsaCredentialSpec": "string",
                                          "gmsaCredentialSpecName": "string",
                                          "hostProcess": "bool",
                                          "runAsUserName": "string"
                                        }
                                      ]
                                    }
                                  ]
                                }
                              ],
                              "userOperatorRoleBinding": [
                                "object",
                                {
                                  "metadata": [
                                    "object",
                                    {
                                      "annotations": [
                                        "map",
                                        "string"
                                      ],
                                      "labels": [
                                        "map",
                                        "string"
                                      ]
                                    }
                                  ]
                                }
                              ]
                            }
                          ],
                          "tlsSidecar": [
                            "object",
                            {
                              "image": "string",
                              "livenessProbe": [
                                "object",
                                {
                                  "failureThreshold": "number",
                                  "initialDelaySeconds": "number",
                                  "periodSeconds": "number",
                                  "successThreshold": "number",
                                  "timeoutSeconds": "number"
                                }
                              ],
                              "logLevel": "string",
                              "readinessProbe": [
                                "object",
                                {
                                  "failureThreshold": "number",
                                  "initialDelaySeconds": "number",
                                  "periodSeconds": "number",
                                  "successThreshold": "number",
                                  "timeoutSeconds": "number"
                                }
                              ],
                              "resources": [
                                "object",
                                {
                                  "claims": [
                                    "list",
                                    [
                                      "object",
                                      {
                                        "name": "string"
                                      }
                                    ]
                                  ],
                                  "limits": "dynamic",
                                  "requests": "dynamic"
                                }
                              ]
                            }
                          ],
                          "topicOperator": [
                            "object",
                            {
                              "image": "string",
                              "jvmOptions": [
                                "object",
                                {
                                  "-XX": [
                                    "map",
                                    "string"
                                  ],
                                  "-Xms": "string",
                                  "-Xmx": "string",
                                  "gcLoggingEnabled": "bool",
                                  "javaSystemProperties": [
                                    "list",
                                    [
                                      "object",
                                      {
                                        "name": "string",
                                        "value": "string"
                                      }
                                    ]
                                  ]
                                }
                              ],
                              "livenessProbe": [
                                "object",
                                {
                                  "failureThreshold": "number",
                                  "initialDelaySeconds": "number",
                                  "periodSeconds": "number",
                                  "successThreshold": "number",
                                  "timeoutSeconds": "number"
                                }
                              ],
                              "logging": [
                                "object",
                                {
                                  "loggers": [
                                    "map",
                                    "string"
                                  ],
                                  "type": "string",
                                  "valueFrom": [
                                    "object",
                                    {
                                      "configMapKeyRef": [
                                        "object",
                                        {
                                          "key": "string",
                                          "name": "string",
                                          "optional": "bool"
                                        }
                                      ]
                                    }
                                  ]
                                }
                              ],
                              "readinessProbe": [
                                "object",
                                {
                                  "failureThreshold": "number",
                                  "initialDelaySeconds": "number",
                                  "periodSeconds": "number",
                                  "successThreshold": "number",
                                  "timeoutSeconds": "number"
                                }
                              ],
                              "reconciliationIntervalSeconds": "number",
                              "resources": [
                                "object",
                                {
                                  "claims": [
                                    "list",
                                    [
                                      "object",
                                      {
                                        "name": "string"
                                      }
                                    ]
                                  ],
                                  "limits": "dynamic",
                                  "requests": "dynamic"
                                }
                              ],
                              "startupProbe": [
                                "object",
                                {
                                  "failureThreshold": "number",
                                  "initialDelaySeconds": "number",
                                  "periodSeconds": "number",
                                  "successThreshold": "number",
                                  "timeoutSeconds": "number"
                                }
                              ],
                              "topicMetadataMaxAttempts": "number",
                              "watchedNamespace": "string",
                              "zookeeperSessionTimeoutSeconds": "number"
                            }
                          ],
                          "userOperator": [
                            "object",
                            {
                              "image": "string",
                              "jvmOptions": [
                                "object",
                                {
                                  "-XX": [
                                    "map",
                                    "string"
                                  ],
                                  "-Xms": "string",
                                  "-Xmx": "string",
                                  "gcLoggingEnabled": "bool",
                                  "javaSystemProperties": [
                                    "list",
                                    [
                                      "object",
                                      {
                                        "name": "string",
                                        "value": "string"
                                      }
                                    ]
                                  ]
                                }
                              ],
                              "livenessProbe": [
                                "object",
                                {
                                  "failureThreshold": "number",
                                  "initialDelaySeconds": "number",
                                  "periodSeconds": "number",
                                  "successThreshold": "number",
                                  "timeoutSeconds": "number"
                                }
                              ],
                              "logging": [
                                "object",
                                {
                                  "loggers": [
                                    "map",
                                    "string"
                                  ],
                                  "type": "string",
                                  "valueFrom": [
                                    "object",
                                    {
                                      "configMapKeyRef": [
                                        "object",
                                        {
                                          "key": "string",
                                          "name": "string",
                                          "optional": "bool"
                                        }
                                      ]
                                    }
                                  ]
                                }
                              ],
                              "readinessProbe": [
                                "object",
                                {
                                  "failureThreshold": "number",
                                  "initialDelaySeconds": "number",
                                  "periodSeconds": "number",
                                  "successThreshold": "number",
                                  "timeoutSeconds": "number"
                                }
                              ],
                              "reconciliationIntervalSeconds": "number",
                              "resources": [
                                "object",
                                {
                                  "claims": [
                                    "list",
                                    [
                                      "object",
                                      {
                                        "name": "string"
                                      }
                                    ]
                                  ],
                                  "limits": "dynamic",
                                  "requests": "dynamic"
                                }
                              ],
                              "secretPrefix": "string",
                              "watchedNamespace": "string",
                              "zookeeperSessionTimeoutSeconds": "number"
                            }
                          ]
                        }
                      ],
                      "jmxTrans": [
                        "object",
                        {
                          "image": "string",
                          "kafkaQueries": [
                            "list",
                            [
                              "object",
                              {
                                "attributes": [
                                  "list",
                                  "string"
                                ],
                                "outputs": [
                                  "list",
                                  "string"
                                ],
                                "targetMBean": "string"
                              }
                            ]
                          ],
                          "logLevel": "string",
                          "outputDefinitions": [
                            "list",
                            [
                              "object",
                              {
                                "flushDelayInSeconds": "number",
                                "host": "string",
                                "name": "string",
                                "outputType": "string",
                                "port": "number",
                                "typeNames": [
                                  "list",
                                  "string"
                                ]
                              }
                            ]
                          ],
                          "resources": [
                            "object",
                            {
                              "claims": [
                                "list",
                                [
                                  "object",
                                  {
                                    "name": "string"
                                  }
                                ]
                              ],
                              "limits": "dynamic",
                              "requests": "dynamic"
                            }
                          ],
                          "template": [
                            "object",
                            {
                              "container": [
                                "object",
                                {
                                  "env": [
                                    "list",
                                    [
                                      "object",
                                      {
                                        "name": "string",
                                        "value": "string"
                                      }
                                    ]
                                  ],
                                  "securityContext": [
                                    "object",
                                    {
                                      "allowPrivilegeEscalation": "bool",
                                      "capabilities": [
                                        "object",
                                        {
                                          "add": [
                                            "list",
                                            "string"
                                          ],
                                          "drop": [
                                            "list",
                                            "string"
                                          ]
                                        }
                                      ],
                                      "privileged": "bool",
                                      "procMount": "string",
                                      "readOnlyRootFilesystem": "bool",
                                      "runAsGroup": "number",
                                      "runAsNonRoot": "bool",
                                      "runAsUser": "number",
                                      "seLinuxOptions": [
                                        "object",
                                        {
                                          "level": "string",
                                          "role": "string",
                                          "type": "string",
                                          "user": "string"
                                        }
                                      ],
                                      "seccompProfile": [
                                        "object",
                                        {
                                          "localhostProfile": "string",
                                          "type": "string"
                                        }
                                      ],
                                      "windowsOptions": [
                                        "object",
                                        {
                                          "gmsaCredentialSpec": "string",
                                          "gmsaCredentialSpecName": "string",
                                          "hostProcess": "bool",
                                          "runAsUserName": "string"
                                        }
                                      ]
                                    }
                                  ]
                                }
                              ],
                              "deployment": [
                                "object",
                                {
                                  "deploymentStrategy": "string",
                                  "metadata": [
                                    "object",
                                    {
                                      "annotations": [
                                        "map",
                                        "string"
                                      ],
                                      "labels": [
                                        "map",
                                        "string"
                                      ]
                                    }
                                  ]
                                }
                              ],
                              "pod": [
                                "object",
                                {
                                  "affinity": [
                                    "object",
                                    {
                                      "nodeAffinity": [
                                        "object",
                                        {
                                          "preferredDuringSchedulingIgnoredDuringExecution": [
                                            "list",
                                            [
                                              "object",
                                              {
                                                "preference": [
                                                  "object",
                                                  {
                                                    "matchExpressions": [
                                                      "list",
                                                      [
                                                        "object",
                                                        {
                                                          "key": "string",
                                                          "operator": "string",
                                                          "values": [
                                                            "list",
                                                            "string"
                                                          ]
                                                        }
                                                      ]
                                                    ],
                                                    "matchFields": [
                                                      "list",
                                                      [
                                                        "object",
                                                        {
                                                          "key": "string",
                                                          "operator": "string",
                                                          "values": [
                                                            "list",
                                                            "string"
                                                          ]
                                                        }
                                                      ]
                                                    ]
                                                  }
                                                ],
                                                "weight": "number"
                                              }
                                            ]
                                          ],
                                          "requiredDuringSchedulingIgnoredDuringExecution": [
                                            "object",
                                            {
                                              "nodeSelectorTerms": [
                                                "list",
                                                [
                                                  "object",
                                                  {
                                                    "matchExpressions": [
                                                      "list",
                                                      [
                                                        "object",
                                                        {
                                                          "key": "string",
                                                          "operator": "string",
                                                          "values": [
                                                            "list",
                                                            "string"
                                                          ]
                                                        }
                                                      ]
                                                    ],
                                                    "matchFields": [
                                                      "list",
                                                      [
                                                        "object",
                                                        {
                                                          "key": "string",
                                                          "operator": "string",
                                                          "values": [
                                                            "list",
                                                            "string"
                                                          ]
                                                        }
                                                      ]
                                                    ]
                                                  }
                                                ]
                                              ]
                                            }
                                          ]
                                        }
                                      ],
                                      "podAffinity": [
                                        "object",
                                        {
                                          "preferredDuringSchedulingIgnoredDuringExecution": [
                                            "list",
                                            [
                                              "object",
                                              {
                                                "podAffinityTerm": [
                                                  "object",
                                                  {
                                                    "labelSelector": [
                                                      "object",
                                                      {
                                                        "matchExpressions": [
                                                          "list",
                                                          [
                                                            "object",
                                                            {
                                                              "key": "string",
                                                              "operator": "string",
                                                              "values": [
                                                                "list",
                                                                "string"
                                                              ]
                                                            }
                                                          ]
                                                        ],
                                                        "matchLabels": [
                                                          "map",
                                                          "string"
                                                        ]
                                                      }
                                                    ],
                                                    "matchLabelKeys": [
                                                      "list",
                                                      "string"
                                                    ],
                                                    "mismatchLabelKeys": [
                                                      "list",
                                                      "string"
                                                    ],
                                                    "namespaceSelector": [
                                                      "object",
                                                      {
                                                        "matchExpressions": [
                                                          "list",
                                                          [
                                                            "object",
                                                            {
                                                              "key": "string",
                                                              "operator": "string",
                                                              "values": [
                                                                "list",
                                                                "string"
                                                              ]
                                                            }
                                                          ]
                                                        ],
                                                        "matchLabels": [
                                                          "map",
                                                          "string"
                                                        ]
                                                      }
                                                    ],
                                                    "namespaces": [
                                                      "list",
                                                      "string"
                                                    ],
                                                    "topologyKey": "string"
                                                  }
                                                ],
                                                "weight": "number"
                                              }
                                            ]
                                          ],
                                          "requiredDuringSchedulingIgnoredDuringExecution": [
                                            "list",
                                            [
                                              "object",
                                              {
                                                "labelSelector": [
                                                  "object",
                                                  {
                                                    "matchExpressions": [
                                                      "list",
                                                      [
                                                        "object",
                                                        {
                                                          "key": "string",
                                                          "operator": "string",
                                                          "values": [
                                                            "list",
                                                            "string"
                                                          ]
                                                        }
                                                      ]
                                                    ],
                                                    "matchLabels": [
                                                      "map",
                                                      "string"
                                                    ]
                                                  }
                                                ],
                                                "matchLabelKeys": [
                                                  "list",
                                                  "string"
                                                ],
                                                "mismatchLabelKeys": [
                                                  "list",
                                                  "string"
                                                ],
                                                "namespaceSelector": [
                                                  "object",
                                                  {
                                                    "matchExpressions": [
                                                      "list",
                                                      [
                                                        "object",
                                                        {
                                                          "key": "string",
                                                          "operator": "string",
                                                          "values": [
                                                            "list",
                                                            "string"
                                                          ]
                                                        }
                                                      ]
                                                    ],
                                                    "matchLabels": [
                                                      "map",
                                                      "string"
                                                    ]
                                                  }
                                                ],
                                                "namespaces": [
                                                  "list",
                                                  "string"
                                                ],
                                                "topologyKey": "string"
                                              }
                                            ]
                                          ]
                                        }
                                      ],
                                      "podAntiAffinity": [
                                        "object",
                                        {
                                          "preferredDuringSchedulingIgnoredDuringExecution": [
                                            "list",
                                            [
                                              "object",
                                              {
                                                "podAffinityTerm": [
                                                  "object",
                                                  {
                                                    "labelSelector": [
                                                      "object",
                                                      {
                                                        "matchExpressions": [
                                                          "list",
                                                          [
                                                            "object",
                                                            {
                                                              "key": "string",
                                                              "operator": "string",
                                                              "values": [
                                                                "list",
                                                                "string"
                                                              ]
                                                            }
                                                          ]
                                                        ],
                                                        "matchLabels": [
                                                          "map",
                                                          "string"
                                                        ]
                                                      }
                                                    ],
                                                    "matchLabelKeys": [
                                                      "list",
                                                      "string"
                                                    ],
                                                    "mismatchLabelKeys": [
                                                      "list",
                                                      "string"
                                                    ],
                                                    "namespaceSelector": [
                                                      "object",
                                                      {
                                                        "matchExpressions": [
                                                          "list",
                                                          [
                                                            "object",
                                                            {
                                                              "key": "string",
                                                              "operator": "string",
                                                              "values": [
                                                                "list",
                                                                "string"
                                                              ]
                                                            }
                                                          ]
                                                        ],
                                                        "matchLabels": [
                                                          "map",
                                                          "string"
                                                        ]
                                                      }
                                                    ],
                                                    "namespaces": [
                                                      "list",
                                                      "string"
                                                    ],
                                                    "topologyKey": "string"
                                                  }
                                                ],
                                                "weight": "number"
                                              }
                                            ]
                                          ],
                                          "requiredDuringSchedulingIgnoredDuringExecution": [
                                            "list",
                                            [
                                              "object",
                                              {
                                                "labelSelector": [
                                                  "object",
                                                  {
                                                    "matchExpressions": [
                                                      "list",
                                                      [
                                                        "object",
                                                        {
                                                          "key": "string",
                                                          "operator": "string",
                                                          "values": [
                                                            "list",
                                                            "string"
                                                          ]
                                                        }
                                                      ]
                                                    ],
                                                    "matchLabels": [
                                                      "map",
                                                      "string"
                                                    ]
                                                  }
                                                ],
                                                "matchLabelKeys": [
                                                  "list",
                                                  "string"
                                                ],
                                                "mismatchLabelKeys": [
                                                  "list",
                                                  "string"
                                                ],
                                                "namespaceSelector": [
                                                  "object",
                                                  {
                                                    "matchExpressions": [
                                                      "list",
                                                      [
                                                        "object",
                                                        {
                                                          "key": "string",
                                                          "operator": "string",
                                                          "values": [
                                                            "list",
                                                            "string"
                                                          ]
                                                        }
                                                      ]
                                                    ],
                                                    "matchLabels": [
                                                      "map",
                                                      "string"
                                                    ]
                                                  }
                                                ],
                                                "namespaces": [
                                                  "list",
                                                  "string"
                                                ],
                                                "topologyKey": "string"
                                              }
                                            ]
                                          ]
                                        }
                                      ]
                                    }
                                  ],
                                  "enableServiceLinks": "bool",
                                  "hostAliases": [
                                    "list",
                                    [
                                      "object",
                                      {
                                        "hostnames": [
                                          "list",
                                          "string"
                                        ],
                                        "ip": "string"
                                      }
                                    ]
                                  ],
                                  "imagePullSecrets": [
                                    "list",
                                    [
                                      "object",
                                      {
                                        "name": "string"
                                      }
                                    ]
                                  ],
                                  "metadata": [
                                    "object",
                                    {
                                      "annotations": [
                                        "map",
                                        "string"
                                      ],
                                      "labels": [
                                        "map",
                                        "string"
                                      ]
                                    }
                                  ],
                                  "priorityClassName": "string",
                                  "schedulerName": "string",
                                  "securityContext": [
                                    "object",
                                    {
                                      "fsGroup": "number",
                                      "fsGroupChangePolicy": "string",
                                      "runAsGroup": "number",
                                      "runAsNonRoot": "bool",
                                      "runAsUser": "number",
                                      "seLinuxOptions": [
                                        "object",
                                        {
                                          "level": "string",
                                          "role": "string",
                                          "type": "string",
                                          "user": "string"
                                        }
                                      ],
                                      "seccompProfile": [
                                        "object",
                                        {
                                          "localhostProfile": "string",
                                          "type": "string"
                                        }
                                      ],
                                      "supplementalGroups": [
                                        "list",
                                        "number"
                                      ],
                                      "sysctls": [
                                        "list",
                                        [
                                          "object",
                                          {
                                            "name": "string",
                                            "value": "string"
                                          }
                                        ]
                                      ],
                                      "windowsOptions": [
                                        "object",
                                        {
                                          "gmsaCredentialSpec": "string",
                                          "gmsaCredentialSpecName": "string",
                                          "hostProcess": "bool",
                                          "runAsUserName": "string"
                                        }
                                      ]
                                    }
                                  ],
                                  "terminationGracePeriodSeconds": "number",
                                  "tmpDirSizeLimit": "string",
                                  "tolerations": [
                                    "list",
                                    [
                                      "object",
                                      {
                                        "effect": "string",
                                        "key": "string",
                                        "operator": "string",
                                        "tolerationSeconds": "number",
                                        "value": "string"
                                      }
                                    ]
                                  ],
                                  "topologySpreadConstraints": [
                                    "list",
                                    [
                                      "object",
                                      {
                                        "labelSelector": [
                                          "object",
                                          {
                                            "matchExpressions": [
                                              "list",
                                              [
                                                "object",
                                                {
                                                  "key": "string",
                                                  "operator": "string",
                                                  "values": [
                                                    "list",
                                                    "string"
                                                  ]
                                                }
                                              ]
                                            ],
                                            "matchLabels": [
                                              "map",
                                              "string"
                                            ]
                                          }
                                        ],
                                        "matchLabelKeys": [
                                          "list",
                                          "string"
                                        ],
                                        "maxSkew": "number",
                                        "minDomains": "number",
                                        "nodeAffinityPolicy": "string",
                                        "nodeTaintsPolicy": "string",
                                        "topologyKey": "string",
                                        "whenUnsatisfiable": "string"
                                      }
                                    ]
                                  ]
                                }
                              ],
                              "serviceAccount": [
                                "object",
                                {
                                  "metadata": [
                                    "object",
                                    {
                                      "annotations": [
                                        "map",
                                        "string"
                                      ],
                                      "labels": [
                                        "map",
                                        "string"
                                      ]
                                    }
                                  ]
                                }
                              ]
                            }
                          ]
                        }
                      ],
                      "kafka": [
                        "object",
                        {
                          "authorization": [
                            "object",
                            {
                              "allowOnError": "bool",
                              "authorizerClass": "string",
                              "clientId": "string",
                              "connectTimeoutSeconds": "number",
                              "delegateToKafkaAcls": "bool",
                              "disableTlsHostnameVerification": "bool",
                              "enableMetrics": "bool",
                              "expireAfterMs": "number",
                              "grantsAlwaysLatest": "bool",
                              "grantsGcPeriodSeconds": "number",
                              "grantsMaxIdleTimeSeconds": "number",
                              "grantsRefreshPeriodSeconds": "number",
                              "grantsRefreshPoolSize": "number",
                              "httpRetries": "number",
                              "includeAcceptHeader": "bool",
                              "initialCacheCapacity": "number",
                              "maximumCacheSize": "number",
                              "readTimeoutSeconds": "number",
                              "superUsers": [
                                "list",
                                "string"
                              ],
                              "supportsAdminApi": "bool",
                              "tlsTrustedCertificates": [
                                "list",
                                [
                                  "object",
                                  {
                                    "certificate": "string",
                                    "secretName": "string"
                                  }
                                ]
                              ],
                              "tokenEndpointUri": "string",
                              "type": "string",
                              "url": "string"
                            }
                          ],
                          "brokerRackInitImage": "string",
                          "config": [
                            "object",
                            {
                              "default.replication.factor": "string",
                              "inter.broker.protocol.version": "string",
                              "min.insync.replicas": "string",
                              "offsets.topic.replication.factor": "string",
                              "transaction.state.log.min.isr": "string",
                              "transaction.state.log.replication.factor": "string"
                            }
                          ],
                          "image": "string",
                          "jmxOptions": [
                            "object",
                            {
                              "authentication": [
                                "object",
                                {
                                  "type": "string"
                                }
                              ]
                            }
                          ],
                          "jvmOptions": [
                            "object",
                            {
                              "-XX": [
                                "map",
                                "string"
                              ],
                              "-Xms": "string",
                              "-Xmx": "string",
                              "gcLoggingEnabled": "bool",
                              "javaSystemProperties": [
                                "list",
                                [
                                  "object",
                                  {
                                    "name": "string",
                                    "value": "string"
                                  }
                                ]
                              ]
                            }
                          ],
                          "listeners": [
                            "tuple",
                            [
                              [
                                "object",
                                {
                                  "authentication": [
                                    "object",
                                    {
                                      "accessTokenIsJwt": "bool",
                                      "checkAccessTokenType": "bool",
                                      "checkAudience": "bool",
                                      "checkIssuer": "bool",
                                      "clientAudience": "string",
                                      "clientId": "string",
                                      "clientScope": "string",
                                      "clientSecret": [
                                        "object",
                                        {
                                          "key": "string",
                                          "secretName": "string"
                                        }
                                      ],
                                      "connectTimeoutSeconds": "number",
                                      "customClaimCheck": "string",
                                      "disableTlsHostnameVerification": "bool",
                                      "enableECDSA": "bool",
                                      "enableMetrics": "bool",
                                      "enableOauthBearer": "bool",
                                      "enablePlain": "bool",
                                      "failFast": "bool",
                                      "fallbackUserNameClaim": "string",
                                      "fallbackUserNamePrefix": "string",
                                      "groupsClaim": "string",
                                      "groupsClaimDelimiter": "string",
                                      "httpRetries": "number",
                                      "httpRetryPauseMs": "number",
                                      "includeAcceptHeader": "bool",
                                      "introspectionEndpointUri": "string",
                                      "jwksEndpointUri": "string",
                                      "jwksExpirySeconds": "number",
                                      "jwksIgnoreKeyUse": "bool",
                                      "jwksMinRefreshPauseSeconds": "number",
                                      "jwksRefreshSeconds": "number",
                                      "listenerConfig": "dynamic",
                                      "maxSecondsWithoutReauthentication": "number",
                                      "readTimeoutSeconds": "number",
                                      "sasl": "bool",
                                      "secrets": [
                                        "list",
                                        [
                                          "object",
                                          {
                                            "key": "string",
                                            "secretName": "string"
                                          }
                                        ]
                                      ],
                                      "tlsTrustedCertificates": [
                                        "list",
                                        [
                                          "object",
                                          {
                                            "certificate": "string",
                                            "secretName": "string"
                                          }
                                        ]
                                      ],
                                      "tokenEndpointUri": "string",
                                      "type": "string",
                                      "userInfoEndpointUri": "string",
                                      "userNameClaim": "string",
                                      "validIssuerUri": "string",
                                      "validTokenType": "string"
                                    }
                                  ],
                                  "configuration": [
                                    "object",
                                    {
                                      "bootstrap": [
                                        "object",
                                        {
                                          "alternativeNames": [
                                            "list",
                                            "string"
                                          ],
                                          "annotations": [
                                            "map",
                                            "string"
                                          ],
                                          "host": "string",
                                          "labels": [
                                            "map",
                                            "string"
                                          ],
                                          "loadBalancerIP": "string",
                                          "nodePort": "number"
                                        }
                                      ],
                                      "brokerCertChainAndKey": [
                                        "object",
                                        {
                                          "certificate": "string",
                                          "key": "string",
                                          "secretName": "string"
                                        }
                                      ],
                                      "brokers": [
                                        "list",
                                        [
                                          "object",
                                          {
                                            "advertisedHost": "string",
                                            "advertisedPort": "number",
                                            "annotations": [
                                              "map",
                                              "string"
                                            ],
                                            "broker": "number",
                                            "host": "string",
                                            "labels": [
                                              "map",
                                              "string"
                                            ],
                                            "loadBalancerIP": "string",
                                            "nodePort": "number"
                                          }
                                        ]
                                      ],
                                      "class": "string",
                                      "createBootstrapService": "bool",
                                      "externalTrafficPolicy": "string",
                                      "finalizers": [
                                        "list",
                                        "string"
                                      ],
                                      "ipFamilies": [
                                        "list",
                                        "string"
                                      ],
                                      "ipFamilyPolicy": "string",
                                      "loadBalancerSourceRanges": [
                                        "list",
                                        "string"
                                      ],
                                      "maxConnectionCreationRate": "number",
                                      "maxConnections": "number",
                                      "preferredNodePortAddressType": "string",
                                      "useServiceDnsDomain": "bool"
                                    }
                                  ],
                                  "name": "string",
                                  "networkPolicyPeers": [
                                    "list",
                                    [
                                      "object",
                                      {
                                        "ipBlock": [
                                          "object",
                                          {
                                            "cidr": "string",
                                            "except": [
                                              "list",
                                              "string"
                                            ]
                                          }
                                        ],
                                        "namespaceSelector": [
                                          "object",
                                          {
                                            "matchExpressions": [
                                              "list",
                                              [
                                                "object",
                                                {
                                                  "key": "string",
                                                  "operator": "string",
                                                  "values": [
                                                    "list",
                                                    "string"
                                                  ]
                                                }
                                              ]
                                            ],
                                            "matchLabels": [
                                              "map",
                                              "string"
                                            ]
                                          }
                                        ],
                                        "podSelector": [
                                          "object",
                                          {
                                            "matchExpressions": [
                                              "list",
                                              [
                                                "object",
                                                {
                                                  "key": "string",
                                                  "operator": "string",
                                                  "values": [
                                                    "list",
                                                    "string"
                                                  ]
                                                }
                                              ]
                                            ],
                                            "matchLabels": [
                                              "map",
                                              "string"
                                            ]
                                          }
                                        ]
                                      }
                                    ]
                                  ],
                                  "port": "number",
                                  "tls": "bool",
                                  "type": "string"
                                }
                              ],
                              [
                                "object",
                                {
                                  "authentication": [
                                    "object",
                                    {
                                      "accessTokenIsJwt": "bool",
                                      "checkAccessTokenType": "bool",
                                      "checkAudience": "bool",
                                      "checkIssuer": "bool",
                                      "clientAudience": "string",
                                      "clientId": "string",
                                      "clientScope": "string",
                                      "clientSecret": [
                                        "object",
                                        {
                                          "key": "string",
                                          "secretName": "string"
                                        }
                                      ],
                                      "connectTimeoutSeconds": "number",
                                      "customClaimCheck": "string",
                                      "disableTlsHostnameVerification": "bool",
                                      "enableECDSA": "bool",
                                      "enableMetrics": "bool",
                                      "enableOauthBearer": "bool",
                                      "enablePlain": "bool",
                                      "failFast": "bool",
                                      "fallbackUserNameClaim": "string",
                                      "fallbackUserNamePrefix": "string",
                                      "groupsClaim": "string",
                                      "groupsClaimDelimiter": "string",
                                      "httpRetries": "number",
                                      "httpRetryPauseMs": "number",
                                      "includeAcceptHeader": "bool",
                                      "introspectionEndpointUri": "string",
                                      "jwksEndpointUri": "string",
                                      "jwksExpirySeconds": "number",
                                      "jwksIgnoreKeyUse": "bool",
                                      "jwksMinRefreshPauseSeconds": "number",
                                      "jwksRefreshSeconds": "number",
                                      "listenerConfig": "dynamic",
                                      "maxSecondsWithoutReauthentication": "number",
                                      "readTimeoutSeconds": "number",
                                      "sasl": "bool",
                                      "secrets": [
                                        "list",
                                        [
                                          "object",
                                          {
                                            "key": "string",
                                            "secretName": "string"
                                          }
                                        ]
                                      ],
                                      "tlsTrustedCertificates": [
                                        "list",
                                        [
                                          "object",
                                          {
                                            "certificate": "string",
                                            "secretName": "string"
                                          }
                                        ]
                                      ],
                                      "tokenEndpointUri": "string",
                                      "type": "string",
                                      "userInfoEndpointUri": "string",
                                      "userNameClaim": "string",
                                      "validIssuerUri": "string",
                                      "validTokenType": "string"
                                    }
                                  ],
                                  "configuration": [
                                    "object",
                                    {
                                      "bootstrap": [
                                        "object",
                                        {
                                          "alternativeNames": [
                                            "list",
                                            "string"
                                          ],
                                          "annotations": [
                                            "map",
                                            "string"
                                          ],
                                          "host": "string",
                                          "labels": [
                                            "map",
                                            "string"
                                          ],
                                          "loadBalancerIP": "string",
                                          "nodePort": "number"
                                        }
                                      ],
                                      "brokerCertChainAndKey": [
                                        "object",
                                        {
                                          "certificate": "string",
                                          "key": "string",
                                          "secretName": "string"
                                        }
                                      ],
                                      "brokers": [
                                        "list",
                                        [
                                          "object",
                                          {
                                            "advertisedHost": "string",
                                            "advertisedPort": "number",
                                            "annotations": [
                                              "map",
                                              "string"
                                            ],
                                            "broker": "number",
                                            "host": "string",
                                            "labels": [
                                              "map",
                                              "string"
                                            ],
                                            "loadBalancerIP": "string",
                                            "nodePort": "number"
                                          }
                                        ]
                                      ],
                                      "class": "string",
                                      "createBootstrapService": "bool",
                                      "externalTrafficPolicy": "string",
                                      "finalizers": [
                                        "list",
                                        "string"
                                      ],
                                      "ipFamilies": [
                                        "list",
                                        "string"
                                      ],
                                      "ipFamilyPolicy": "string",
                                      "loadBalancerSourceRanges": [
                                        "list",
                                        "string"
                                      ],
                                      "maxConnectionCreationRate": "number",
                                      "maxConnections": "number",
                                      "preferredNodePortAddressType": "string",
                                      "useServiceDnsDomain": "bool"
                                    }
                                  ],
                                  "name": "string",
                                  "networkPolicyPeers": [
                                    "list",
                                    [
                                      "object",
                                      {
                                        "ipBlock": [
                                          "object",
                                          {
                                            "cidr": "string",
                                            "except": [
                                              "list",
                                              "string"
                                            ]
                                          }
                                        ],
                                        "namespaceSelector": [
                                          "object",
                                          {
                                            "matchExpressions": [
                                              "list",
                                              [
                                                "object",
                                                {
                                                  "key": "string",
                                                  "operator": "string",
                                                  "values": [
                                                    "list",
                                                    "string"
                                                  ]
                                                }
                                              ]
                                            ],
                                            "matchLabels": [
                                              "map",
                                              "string"
                                            ]
                                          }
                                        ],
                                        "podSelector": [
                                          "object",
                                          {
                                            "matchExpressions": [
                                              "list",
                                              [
                                                "object",
                                                {
                                                  "key": "string",
                                                  "operator": "string",
                                                  "values": [
                                                    "list",
                                                    "string"
                                                  ]
                                                }
                                              ]
                                            ],
                                            "matchLabels": [
                                              "map",
                                              "string"
                                            ]
                                          }
                                        ]
                                      }
                                    ]
                                  ],
                                  "port": "number",
                                  "tls": "bool",
                                  "type": "string"
                                }
                              ]
                            ]
                          ],
                          "livenessProbe": [
                            "object",
                            {
                              "failureThreshold": "number",
                              "initialDelaySeconds": "number",
                              "periodSeconds": "number",
                              "successThreshold": "number",
                              "timeoutSeconds": "number"
                            }
                          ],
                          "logging": [
                            "object",
                            {
                              "loggers": [
                                "map",
                                "string"
                              ],
                              "type": "string",
                              "valueFrom": [
                                "object",
                                {
                                  "configMapKeyRef": [
                                    "object",
                                    {
                                      "key": "string",
                                      "name": "string",
                                      "optional": "bool"
                                    }
                                  ]
                                }
                              ]
                            }
                          ],
                          "metadataVersion": "string",
                          "metricsConfig": [
                            "object",
                            {
                              "type": "string",
                              "valueFrom": [
                                "object",
                                {
                                  "configMapKeyRef": [
                                    "object",
                                    {
                                      "key": "string",
                                      "name": "string",
                                      "optional": "bool"
                                    }
                                  ]
                                }
                              ]
                            }
                          ],
                          "rack": [
                            "object",
                            {
                              "topologyKey": "string"
                            }
                          ],
                          "readinessProbe": [
                            "object",
                            {
                              "failureThreshold": "number",
                              "initialDelaySeconds": "number",
                              "periodSeconds": "number",
                              "successThreshold": "number",
                              "timeoutSeconds": "number"
                            }
                          ],
                          "replicas": "number",
                          "resources": [
                            "object",
                            {
                              "claims": [
                                "list",
                                [
                                  "object",
                                  {
                                    "name": "string"
                                  }
                                ]
                              ],
                              "limits": [
                                "object",
                                {
                                  "cpu": "string",
                                  "memory": "string"
                                }
                              ],
                              "requests": [
                                "object",
                                {
                                  "cpu": "string",
                                  "memory": "string"
                                }
                              ]
                            }
                          ],
                          "storage": [
                            "object",
                            {
                              "class": "string",
                              "deleteClaim": "bool",
                              "id": "number",
                              "overrides": [
                                "list",
                                [
                                  "object",
                                  {
                                    "broker": "number",
                                    "class": "string"
                                  }
                                ]
                              ],
                              "selector": [
                                "map",
                                "string"
                              ],
                              "size": "string",
                              "sizeLimit": "string",
                              "type": "string",
                              "volumes": [
                                "list",
                                [
                                  "object",
                                  {
                                    "class": "string",
                                    "deleteClaim": "bool",
                                    "id": "number",
                                    "overrides": [
                                      "list",
                                      [
                                        "object",
                                        {
                                          "broker": "number",
                                          "class": "string"
                                        }
                                      ]
                                    ],
                                    "selector": [
                                      "map",
                                      "string"
                                    ],
                                    "size": "string",
                                    "sizeLimit": "string",
                                    "type": "string"
                                  }
                                ]
                              ]
                            }
                          ],
                          "template": [
                            "object",
                            {
                              "bootstrapService": [
                                "object",
                                {
                                  "ipFamilies": [
                                    "list",
                                    "string"
                                  ],
                                  "ipFamilyPolicy": "string",
                                  "metadata": [
                                    "object",
                                    {
                                      "annotations": [
                                        "map",
                                        "string"
                                      ],
                                      "labels": [
                                        "map",
                                        "string"
                                      ]
                                    }
                                  ]
                                }
                              ],
                              "brokersService": [
                                "object",
                                {
                                  "ipFamilies": [
                                    "list",
                                    "string"
                                  ],
                                  "ipFamilyPolicy": "string",
                                  "metadata": [
                                    "object",
                                    {
                                      "annotations": [
                                        "map",
                                        "string"
                                      ],
                                      "labels": [
                                        "map",
                                        "string"
                                      ]
                                    }
                                  ]
                                }
                              ],
                              "clusterCaCert": [
                                "object",
                                {
                                  "metadata": [
                                    "object",
                                    {
                                      "annotations": [
                                        "map",
                                        "string"
                                      ],
                                      "labels": [
                                        "map",
                                        "string"
                                      ]
                                    }
                                  ]
                                }
                              ],
                              "clusterRoleBinding": [
                                "object",
                                {
                                  "metadata": [
                                    "object",
                                    {
                                      "annotations": [
                                        "map",
                                        "string"
                                      ],
                                      "labels": [
                                        "map",
                                        "string"
                                      ]
                                    }
                                  ]
                                }
                              ],
                              "externalBootstrapIngress": [
                                "object",
                                {
                                  "metadata": [
                                    "object",
                                    {
                                      "annotations": [
                                        "map",
                                        "string"
                                      ],
                                      "labels": [
                                        "map",
                                        "string"
                                      ]
                                    }
                                  ]
                                }
                              ],
                              "externalBootstrapRoute": [
                                "object",
                                {
                                  "metadata": [
                                    "object",
                                    {
                                      "annotations": [
                                        "map",
                                        "string"
                                      ],
                                      "labels": [
                                        "map",
                                        "string"
                                      ]
                                    }
                                  ]
                                }
                              ],
                              "externalBootstrapService": [
                                "object",
                                {
                                  "metadata": [
                                    "object",
                                    {
                                      "annotations": [
                                        "map",
                                        "string"
                                      ],
                                      "labels": [
                                        "map",
                                        "string"
                                      ]
                                    }
                                  ]
                                }
                              ],
                              "initContainer": [
                                "object",
                                {
                                  "env": [
                                    "list",
                                    [
                                      "object",
                                      {
                                        "name": "string",
                                        "value": "string"
                                      }
                                    ]
                                  ],
                                  "securityContext": [
                                    "object",
                                    {
                                      "allowPrivilegeEscalation": "bool",
                                      "capabilities": [
                                        "object",
                                        {
                                          "add": [
                                            "list",
                                            "string"
                                          ],
                                          "drop": [
                                            "list",
                                            "string"
                                          ]
                                        }
                                      ],
                                      "privileged": "bool",
                                      "procMount": "string",
                                      "readOnlyRootFilesystem": "bool",
                                      "runAsGroup": "number",
                                      "runAsNonRoot": "bool",
                                      "runAsUser": "number",
                                      "seLinuxOptions": [
                                        "object",
                                        {
                                          "level": "string",
                                          "role": "string",
                                          "type": "string",
                                          "user": "string"
                                        }
                                      ],
                                      "seccompProfile": [
                                        "object",
                                        {
                                          "localhostProfile": "string",
                                          "type": "string"
                                        }
                                      ],
                                      "windowsOptions": [
                                        "object",
                                        {
                                          "gmsaCredentialSpec": "string",
                                          "gmsaCredentialSpecName": "string",
                                          "hostProcess": "bool",
                                          "runAsUserName": "string"
                                        }
                                      ]
                                    }
                                  ]
                                }
                              ],
                              "jmxSecret": [
                                "object",
                                {
                                  "metadata": [
                                    "object",
                                    {
                                      "annotations": [
                                        "map",
                                        "string"
                                      ],
                                      "labels": [
                                        "map",
                                        "string"
                                      ]
                                    }
                                  ]
                                }
                              ],
                              "kafkaContainer": [
                                "object",
                                {
                                  "env": [
                                    "list",
                                    [
                                      "object",
                                      {
                                        "name": "string",
                                        "value": "string"
                                      }
                                    ]
                                  ],
                                  "securityContext": [
                                    "object",
                                    {
                                      "allowPrivilegeEscalation": "bool",
                                      "capabilities": [
                                        "object",
                                        {
                                          "add": [
                                            "list",
                                            "string"
                                          ],
                                          "drop": [
                                            "list",
                                            "string"
                                          ]
                                        }
                                      ],
                                      "privileged": "bool",
                                      "procMount": "string",
                                      "readOnlyRootFilesystem": "bool",
                                      "runAsGroup": "number",
                                      "runAsNonRoot": "bool",
                                      "runAsUser": "number",
                                      "seLinuxOptions": [
                                        "object",
                                        {
                                          "level": "string",
                                          "role": "string",
                                          "type": "string",
                                          "user": "string"
                                        }
                                      ],
                                      "seccompProfile": [
                                        "object",
                                        {
                                          "localhostProfile": "string",
                                          "type": "string"
                                        }
                                      ],
                                      "windowsOptions": [
                                        "object",
                                        {
                                          "gmsaCredentialSpec": "string",
                                          "gmsaCredentialSpecName": "string",
                                          "hostProcess": "bool",
                                          "runAsUserName": "string"
                                        }
                                      ]
                                    }
                                  ]
                                }
                              ],
                              "perPodIngress": [
                                "object",
                                {
                                  "metadata": [
                                    "object",
                                    {
                                      "annotations": [
                                        "map",
                                        "string"
                                      ],
                                      "labels": [
                                        "map",
                                        "string"
                                      ]
                                    }
                                  ]
                                }
                              ],
                              "perPodRoute": [
                                "object",
                                {
                                  "metadata": [
                                    "object",
                                    {
                                      "annotations": [
                                        "map",
                                        "string"
                                      ],
                                      "labels": [
                                        "map",
                                        "string"
                                      ]
                                    }
                                  ]
                                }
                              ],
                              "perPodService": [
                                "object",
                                {
                                  "metadata": [
                                    "object",
                                    {
                                      "annotations": [
                                        "map",
                                        "string"
                                      ],
                                      "labels": [
                                        "map",
                                        "string"
                                      ]
                                    }
                                  ]
                                }
                              ],
                              "persistentVolumeClaim": [
                                "object",
                                {
                                  "metadata": [
                                    "object",
                                    {
                                      "annotations": [
                                        "map",
                                        "string"
                                      ],
                                      "labels": [
                                        "map",
                                        "string"
                                      ]
                                    }
                                  ]
                                }
                              ],
                              "pod": [
                                "object",
                                {
                                  "affinity": [
                                    "object",
                                    {
                                      "nodeAffinity": [
                                        "object",
                                        {
                                          "preferredDuringSchedulingIgnoredDuringExecution": [
                                            "list",
                                            [
                                              "object",
                                              {
                                                "preference": [
                                                  "object",
                                                  {
                                                    "matchExpressions": [
                                                      "list",
                                                      [
                                                        "object",
                                                        {
                                                          "key": "string",
                                                          "operator": "string",
                                                          "values": [
                                                            "list",
                                                            "string"
                                                          ]
                                                        }
                                                      ]
                                                    ],
                                                    "matchFields": [
                                                      "list",
                                                      [
                                                        "object",
                                                        {
                                                          "key": "string",
                                                          "operator": "string",
                                                          "values": [
                                                            "list",
                                                            "string"
                                                          ]
                                                        }
                                                      ]
                                                    ]
                                                  }
                                                ],
                                                "weight": "number"
                                              }
                                            ]
                                          ],
                                          "requiredDuringSchedulingIgnoredDuringExecution": [
                                            "object",
                                            {
                                              "nodeSelectorTerms": [
                                                "list",
                                                [
                                                  "object",
                                                  {
                                                    "matchExpressions": [
                                                      "list",
                                                      [
                                                        "object",
                                                        {
                                                          "key": "string",
                                                          "operator": "string",
                                                          "values": [
                                                            "list",
                                                            "string"
                                                          ]
                                                        }
                                                      ]
                                                    ],
                                                    "matchFields": [
                                                      "list",
                                                      [
                                                        "object",
                                                        {
                                                          "key": "string",
                                                          "operator": "string",
                                                          "values": [
                                                            "list",
                                                            "string"
                                                          ]
                                                        }
                                                      ]
                                                    ]
                                                  }
                                                ]
                                              ]
                                            }
                                          ]
                                        }
                                      ],
                                      "podAffinity": [
                                        "object",
                                        {
                                          "preferredDuringSchedulingIgnoredDuringExecution": [
                                            "list",
                                            [
                                              "object",
                                              {
                                                "podAffinityTerm": [
                                                  "object",
                                                  {
                                                    "labelSelector": [
                                                      "object",
                                                      {
                                                        "matchExpressions": [
                                                          "list",
                                                          [
                                                            "object",
                                                            {
                                                              "key": "string",
                                                              "operator": "string",
                                                              "values": [
                                                                "list",
                                                                "string"
                                                              ]
                                                            }
                                                          ]
                                                        ],
                                                        "matchLabels": [
                                                          "map",
                                                          "string"
                                                        ]
                                                      }
                                                    ],
                                                    "matchLabelKeys": [
                                                      "list",
                                                      "string"
                                                    ],
                                                    "mismatchLabelKeys": [
                                                      "list",
                                                      "string"
                                                    ],
                                                    "namespaceSelector": [
                                                      "object",
                                                      {
                                                        "matchExpressions": [
                                                          "list",
                                                          [
                                                            "object",
                                                            {
                                                              "key": "string",
                                                              "operator": "string",
                                                              "values": [
                                                                "list",
                                                                "string"
                                                              ]
                                                            }
                                                          ]
                                                        ],
                                                        "matchLabels": [
                                                          "map",
                                                          "string"
                                                        ]
                                                      }
                                                    ],
                                                    "namespaces": [
                                                      "list",
                                                      "string"
                                                    ],
                                                    "topologyKey": "string"
                                                  }
                                                ],
                                                "weight": "number"
                                              }
                                            ]
                                          ],
                                          "requiredDuringSchedulingIgnoredDuringExecution": [
                                            "list",
                                            [
                                              "object",
                                              {
                                                "labelSelector": [
                                                  "object",
                                                  {
                                                    "matchExpressions": [
                                                      "list",
                                                      [
                                                        "object",
                                                        {
                                                          "key": "string",
                                                          "operator": "string",
                                                          "values": [
                                                            "list",
                                                            "string"
                                                          ]
                                                        }
                                                      ]
                                                    ],
                                                    "matchLabels": [
                                                      "map",
                                                      "string"
                                                    ]
                                                  }
                                                ],
                                                "matchLabelKeys": [
                                                  "list",
                                                  "string"
                                                ],
                                                "mismatchLabelKeys": [
                                                  "list",
                                                  "string"
                                                ],
                                                "namespaceSelector": [
                                                  "object",
                                                  {
                                                    "matchExpressions": [
                                                      "list",
                                                      [
                                                        "object",
                                                        {
                                                          "key": "string",
                                                          "operator": "string",
                                                          "values": [
                                                            "list",
                                                            "string"
                                                          ]
                                                        }
                                                      ]
                                                    ],
                                                    "matchLabels": [
                                                      "map",
                                                      "string"
                                                    ]
                                                  }
                                                ],
                                                "namespaces": [
                                                  "list",
                                                  "string"
                                                ],
                                                "topologyKey": "string"
                                              }
                                            ]
                                          ]
                                        }
                                      ],
                                      "podAntiAffinity": [
                                        "object",
                                        {
                                          "preferredDuringSchedulingIgnoredDuringExecution": [
                                            "list",
                                            [
                                              "object",
                                              {
                                                "podAffinityTerm": [
                                                  "object",
                                                  {
                                                    "labelSelector": [
                                                      "object",
                                                      {
                                                        "matchExpressions": [
                                                          "list",
                                                          [
                                                            "object",
                                                            {
                                                              "key": "string",
                                                              "operator": "string",
                                                              "values": [
                                                                "list",
                                                                "string"
                                                              ]
                                                            }
                                                          ]
                                                        ],
                                                        "matchLabels": [
                                                          "map",
                                                          "string"
                                                        ]
                                                      }
                                                    ],
                                                    "matchLabelKeys": [
                                                      "list",
                                                      "string"
                                                    ],
                                                    "mismatchLabelKeys": [
                                                      "list",
                                                      "string"
                                                    ],
                                                    "namespaceSelector": [
                                                      "object",
                                                      {
                                                        "matchExpressions": [
                                                          "list",
                                                          [
                                                            "object",
                                                            {
                                                              "key": "string",
                                                              "operator": "string",
                                                              "values": [
                                                                "list",
                                                                "string"
                                                              ]
                                                            }
                                                          ]
                                                        ],
                                                        "matchLabels": [
                                                          "map",
                                                          "string"
                                                        ]
                                                      }
                                                    ],
                                                    "namespaces": [
                                                      "list",
                                                      "string"
                                                    ],
                                                    "topologyKey": "string"
                                                  }
                                                ],
                                                "weight": "number"
                                              }
                                            ]
                                          ],
                                          "requiredDuringSchedulingIgnoredDuringExecution": [
                                            "list",
                                            [
                                              "object",
                                              {
                                                "labelSelector": [
                                                  "object",
                                                  {
                                                    "matchExpressions": [
                                                      "list",
                                                      [
                                                        "object",
                                                        {
                                                          "key": "string",
                                                          "operator": "string",
                                                          "values": [
                                                            "list",
                                                            "string"
                                                          ]
                                                        }
                                                      ]
                                                    ],
                                                    "matchLabels": [
                                                      "map",
                                                      "string"
                                                    ]
                                                  }
                                                ],
                                                "matchLabelKeys": [
                                                  "list",
                                                  "string"
                                                ],
                                                "mismatchLabelKeys": [
                                                  "list",
                                                  "string"
                                                ],
                                                "namespaceSelector": [
                                                  "object",
                                                  {
                                                    "matchExpressions": [
                                                      "list",
                                                      [
                                                        "object",
                                                        {
                                                          "key": "string",
                                                          "operator": "string",
                                                          "values": [
                                                            "list",
                                                            "string"
                                                          ]
                                                        }
                                                      ]
                                                    ],
                                                    "matchLabels": [
                                                      "map",
                                                      "string"
                                                    ]
                                                  }
                                                ],
                                                "namespaces": [
                                                  "list",
                                                  "string"
                                                ],
                                                "topologyKey": "string"
                                              }
                                            ]
                                          ]
                                        }
                                      ]
                                    }
                                  ],
                                  "enableServiceLinks": "bool",
                                  "hostAliases": [
                                    "list",
                                    [
                                      "object",
                                      {
                                        "hostnames": [
                                          "list",
                                          "string"
                                        ],
                                        "ip": "string"
                                      }
                                    ]
                                  ],
                                  "imagePullSecrets": [
                                    "list",
                                    [
                                      "object",
                                      {
                                        "name": "string"
                                      }
                                    ]
                                  ],
                                  "metadata": [
                                    "object",
                                    {
                                      "annotations": [
                                        "map",
                                        "string"
                                      ],
                                      "labels": [
                                        "map",
                                        "string"
                                      ]
                                    }
                                  ],
                                  "priorityClassName": "string",
                                  "schedulerName": "string",
                                  "securityContext": [
                                    "object",
                                    {
                                      "fsGroup": "number",
                                      "fsGroupChangePolicy": "string",
                                      "runAsGroup": "number",
                                      "runAsNonRoot": "bool",
                                      "runAsUser": "number",
                                      "seLinuxOptions": [
                                        "object",
                                        {
                                          "level": "string",
                                          "role": "string",
                                          "type": "string",
                                          "user": "string"
                                        }
                                      ],
                                      "seccompProfile": [
                                        "object",
                                        {
                                          "localhostProfile": "string",
                                          "type": "string"
                                        }
                                      ],
                                      "supplementalGroups": [
                                        "list",
                                        "number"
                                      ],
                                      "sysctls": [
                                        "list",
                                        [
                                          "object",
                                          {
                                            "name": "string",
                                            "value": "string"
                                          }
                                        ]
                                      ],
                                      "windowsOptions": [
                                        "object",
                                        {
                                          "gmsaCredentialSpec": "string",
                                          "gmsaCredentialSpecName": "string",
                                          "hostProcess": "bool",
                                          "runAsUserName": "string"
                                        }
                                      ]
                                    }
                                  ],
                                  "terminationGracePeriodSeconds": "number",
                                  "tmpDirSizeLimit": "string",
                                  "tolerations": [
                                    "list",
                                    [
                                      "object",
                                      {
                                        "effect": "string",
                                        "key": "string",
                                        "operator": "string",
                                        "tolerationSeconds": "number",
                                        "value": "string"
                                      }
                                    ]
                                  ],
                                  "topologySpreadConstraints": [
                                    "list",
                                    [
                                      "object",
                                      {
                                        "labelSelector": [
                                          "object",
                                          {
                                            "matchExpressions": [
                                              "list",
                                              [
                                                "object",
                                                {
                                                  "key": "string",
                                                  "operator": "string",
                                                  "values": [
                                                    "list",
                                                    "string"
                                                  ]
                                                }
                                              ]
                                            ],
                                            "matchLabels": [
                                              "map",
                                              "string"
                                            ]
                                          }
                                        ],
                                        "matchLabelKeys": [
                                          "list",
                                          "string"
                                        ],
                                        "maxSkew": "number",
                                        "minDomains": "number",
                                        "nodeAffinityPolicy": "string",
                                        "nodeTaintsPolicy": "string",
                                        "topologyKey": "string",
                                        "whenUnsatisfiable": "string"
                                      }
                                    ]
                                  ]
                                }
                              ],
                              "podDisruptionBudget": [
                                "object",
                                {
                                  "maxUnavailable": "number",
                                  "metadata": [
                                    "object",
                                    {
                                      "annotations": [
                                        "map",
                                        "string"
                                      ],
                                      "labels": [
                                        "map",
                                        "string"
                                      ]
                                    }
                                  ]
                                }
                              ],
                              "podSet": [
                                "object",
                                {
                                  "metadata": [
                                    "object",
                                    {
                                      "annotations": [
                                        "map",
                                        "string"
                                      ],
                                      "labels": [
                                        "map",
                                        "string"
                                      ]
                                    }
                                  ]
                                }
                              ],
                              "serviceAccount": [
                                "object",
                                {
                                  "metadata": [
                                    "object",
                                    {
                                      "annotations": [
                                        "map",
                                        "string"
                                      ],
                                      "labels": [
                                        "map",
                                        "string"
                                      ]
                                    }
                                  ]
                                }
                              ],
                              "statefulset": [
                                "object",
                                {
                                  "metadata": [
                                    "object",
                                    {
                                      "annotations": [
                                        "map",
                                        "string"
                                      ],
                                      "labels": [
                                        "map",
                                        "string"
                                      ]
                                    }
                                  ],
                                  "podManagementPolicy": "string"
                                }
                              ]
                            }
                          ],
                          "tieredStorage": [
                            "object",
                            {
                              "remoteStorageManager": [
                                "object",
                                {
                                  "className": "string",
                                  "classPath": "string",
                                  "config": [
                                    "map",
                                    "string"
                                  ]
                                }
                              ],
                              "type": "string"
                            }
                          ],
                          "version": "string"
                        }
                      ],
                      "kafkaExporter": [
                        "object",
                        {
                          "enableSaramaLogging": "bool",
                          "groupExcludeRegex": "string",
                          "groupRegex": "string",
                          "image": "string",
                          "livenessProbe": [
                            "object",
                            {
                              "failureThreshold": "number",
                              "initialDelaySeconds": "number",
                              "periodSeconds": "number",
                              "successThreshold": "number",
                              "timeoutSeconds": "number"
                            }
                          ],
                          "logging": "string",
                          "readinessProbe": [
                            "object",
                            {
                              "failureThreshold": "number",
                              "initialDelaySeconds": "number",
                              "periodSeconds": "number",
                              "successThreshold": "number",
                              "timeoutSeconds": "number"
                            }
                          ],
                          "resources": [
                            "object",
                            {
                              "claims": [
                                "list",
                                [
                                  "object",
                                  {
                                    "name": "string"
                                  }
                                ]
                              ],
                              "limits": "dynamic",
                              "requests": "dynamic"
                            }
                          ],
                          "showAllOffsets": "bool",
                          "template": [
                            "object",
                            {
                              "container": [
                                "object",
                                {
                                  "env": [
                                    "list",
                                    [
                                      "object",
                                      {
                                        "name": "string",
                                        "value": "string"
                                      }
                                    ]
                                  ],
                                  "securityContext": [
                                    "object",
                                    {
                                      "allowPrivilegeEscalation": "bool",
                                      "capabilities": [
                                        "object",
                                        {
                                          "add": [
                                            "list",
                                            "string"
                                          ],
                                          "drop": [
                                            "list",
                                            "string"
                                          ]
                                        }
                                      ],
                                      "privileged": "bool",
                                      "procMount": "string",
                                      "readOnlyRootFilesystem": "bool",
                                      "runAsGroup": "number",
                                      "runAsNonRoot": "bool",
                                      "runAsUser": "number",
                                      "seLinuxOptions": [
                                        "object",
                                        {
                                          "level": "string",
                                          "role": "string",
                                          "type": "string",
                                          "user": "string"
                                        }
                                      ],
                                      "seccompProfile": [
                                        "object",
                                        {
                                          "localhostProfile": "string",
                                          "type": "string"
                                        }
                                      ],
                                      "windowsOptions": [
                                        "object",
                                        {
                                          "gmsaCredentialSpec": "string",
                                          "gmsaCredentialSpecName": "string",
                                          "hostProcess": "bool",
                                          "runAsUserName": "string"
                                        }
                                      ]
                                    }
                                  ]
                                }
                              ],
                              "deployment": [
                                "object",
                                {
                                  "deploymentStrategy": "string",
                                  "metadata": [
                                    "object",
                                    {
                                      "annotations": [
                                        "map",
                                        "string"
                                      ],
                                      "labels": [
                                        "map",
                                        "string"
                                      ]
                                    }
                                  ]
                                }
                              ],
                              "pod": [
                                "object",
                                {
                                  "affinity": [
                                    "object",
                                    {
                                      "nodeAffinity": [
                                        "object",
                                        {
                                          "preferredDuringSchedulingIgnoredDuringExecution": [
                                            "list",
                                            [
                                              "object",
                                              {
                                                "preference": [
                                                  "object",
                                                  {
                                                    "matchExpressions": [
                                                      "list",
                                                      [
                                                        "object",
                                                        {
                                                          "key": "string",
                                                          "operator": "string",
                                                          "values": [
                                                            "list",
                                                            "string"
                                                          ]
                                                        }
                                                      ]
                                                    ],
                                                    "matchFields": [
                                                      "list",
                                                      [
                                                        "object",
                                                        {
                                                          "key": "string",
                                                          "operator": "string",
                                                          "values": [
                                                            "list",
                                                            "string"
                                                          ]
                                                        }
                                                      ]
                                                    ]
                                                  }
                                                ],
                                                "weight": "number"
                                              }
                                            ]
                                          ],
                                          "requiredDuringSchedulingIgnoredDuringExecution": [
                                            "object",
                                            {
                                              "nodeSelectorTerms": [
                                                "list",
                                                [
                                                  "object",
                                                  {
                                                    "matchExpressions": [
                                                      "list",
                                                      [
                                                        "object",
                                                        {
                                                          "key": "string",
                                                          "operator": "string",
                                                          "values": [
                                                            "list",
                                                            "string"
                                                          ]
                                                        }
                                                      ]
                                                    ],
                                                    "matchFields": [
                                                      "list",
                                                      [
                                                        "object",
                                                        {
                                                          "key": "string",
                                                          "operator": "string",
                                                          "values": [
                                                            "list",
                                                            "string"
                                                          ]
                                                        }
                                                      ]
                                                    ]
                                                  }
                                                ]
                                              ]
                                            }
                                          ]
                                        }
                                      ],
                                      "podAffinity": [
                                        "object",
                                        {
                                          "preferredDuringSchedulingIgnoredDuringExecution": [
                                            "list",
                                            [
                                              "object",
                                              {
                                                "podAffinityTerm": [
                                                  "object",
                                                  {
                                                    "labelSelector": [
                                                      "object",
                                                      {
                                                        "matchExpressions": [
                                                          "list",
                                                          [
                                                            "object",
                                                            {
                                                              "key": "string",
                                                              "operator": "string",
                                                              "values": [
                                                                "list",
                                                                "string"
                                                              ]
                                                            }
                                                          ]
                                                        ],
                                                        "matchLabels": [
                                                          "map",
                                                          "string"
                                                        ]
                                                      }
                                                    ],
                                                    "matchLabelKeys": [
                                                      "list",
                                                      "string"
                                                    ],
                                                    "mismatchLabelKeys": [
                                                      "list",
                                                      "string"
                                                    ],
                                                    "namespaceSelector": [
                                                      "object",
                                                      {
                                                        "matchExpressions": [
                                                          "list",
                                                          [
                                                            "object",
                                                            {
                                                              "key": "string",
                                                              "operator": "string",
                                                              "values": [
                                                                "list",
                                                                "string"
                                                              ]
                                                            }
                                                          ]
                                                        ],
                                                        "matchLabels": [
                                                          "map",
                                                          "string"
                                                        ]
                                                      }
                                                    ],
                                                    "namespaces": [
                                                      "list",
                                                      "string"
                                                    ],
                                                    "topologyKey": "string"
                                                  }
                                                ],
                                                "weight": "number"
                                              }
                                            ]
                                          ],
                                          "requiredDuringSchedulingIgnoredDuringExecution": [
                                            "list",
                                            [
                                              "object",
                                              {
                                                "labelSelector": [
                                                  "object",
                                                  {
                                                    "matchExpressions": [
                                                      "list",
                                                      [
                                                        "object",
                                                        {
                                                          "key": "string",
                                                          "operator": "string",
                                                          "values": [
                                                            "list",
                                                            "string"
                                                          ]
                                                        }
                                                      ]
                                                    ],
                                                    "matchLabels": [
                                                      "map",
                                                      "string"
                                                    ]
                                                  }
                                                ],
                                                "matchLabelKeys": [
                                                  "list",
                                                  "string"
                                                ],
                                                "mismatchLabelKeys": [
                                                  "list",
                                                  "string"
                                                ],
                                                "namespaceSelector": [
                                                  "object",
                                                  {
                                                    "matchExpressions": [
                                                      "list",
                                                      [
                                                        "object",
                                                        {
                                                          "key": "string",
                                                          "operator": "string",
                                                          "values": [
                                                            "list",
                                                            "string"
                                                          ]
                                                        }
                                                      ]
                                                    ],
                                                    "matchLabels": [
                                                      "map",
                                                      "string"
                                                    ]
                                                  }
                                                ],
                                                "namespaces": [
                                                  "list",
                                                  "string"
                                                ],
                                                "topologyKey": "string"
                                              }
                                            ]
                                          ]
                                        }
                                      ],
                                      "podAntiAffinity": [
                                        "object",
                                        {
                                          "preferredDuringSchedulingIgnoredDuringExecution": [
                                            "list",
                                            [
                                              "object",
                                              {
                                                "podAffinityTerm": [
                                                  "object",
                                                  {
                                                    "labelSelector": [
                                                      "object",
                                                      {
                                                        "matchExpressions": [
                                                          "list",
                                                          [
                                                            "object",
                                                            {
                                                              "key": "string",
                                                              "operator": "string",
                                                              "values": [
                                                                "list",
                                                                "string"
                                                              ]
                                                            }
                                                          ]
                                                        ],
                                                        "matchLabels": [
                                                          "map",
                                                          "string"
                                                        ]
                                                      }
                                                    ],
                                                    "matchLabelKeys": [
                                                      "list",
                                                      "string"
                                                    ],
                                                    "mismatchLabelKeys": [
                                                      "list",
                                                      "string"
                                                    ],
                                                    "namespaceSelector": [
                                                      "object",
                                                      {
                                                        "matchExpressions": [
                                                          "list",
                                                          [
                                                            "object",
                                                            {
                                                              "key": "string",
                                                              "operator": "string",
                                                              "values": [
                                                                "list",
                                                                "string"
                                                              ]
                                                            }
                                                          ]
                                                        ],
                                                        "matchLabels": [
                                                          "map",
                                                          "string"
                                                        ]
                                                      }
                                                    ],
                                                    "namespaces": [
                                                      "list",
                                                      "string"
                                                    ],
                                                    "topologyKey": "string"
                                                  }
                                                ],
                                                "weight": "number"
                                              }
                                            ]
                                          ],
                                          "requiredDuringSchedulingIgnoredDuringExecution": [
                                            "list",
                                            [
                                              "object",
                                              {
                                                "labelSelector": [
                                                  "object",
                                                  {
                                                    "matchExpressions": [
                                                      "list",
                                                      [
                                                        "object",
                                                        {
                                                          "key": "string",
                                                          "operator": "string",
                                                          "values": [
                                                            "list",
                                                            "string"
                                                          ]
                                                        }
                                                      ]
                                                    ],
                                                    "matchLabels": [
                                                      "map",
                                                      "string"
                                                    ]
                                                  }
                                                ],
                                                "matchLabelKeys": [
                                                  "list",
                                                  "string"
                                                ],
                                                "mismatchLabelKeys": [
                                                  "list",
                                                  "string"
                                                ],
                                                "namespaceSelector": [
                                                  "object",
                                                  {
                                                    "matchExpressions": [
                                                      "list",
                                                      [
                                                        "object",
                                                        {
                                                          "key": "string",
                                                          "operator": "string",
                                                          "values": [
                                                            "list",
                                                            "string"
                                                          ]
                                                        }
                                                      ]
                                                    ],
                                                    "matchLabels": [
                                                      "map",
                                                      "string"
                                                    ]
                                                  }
                                                ],
                                                "namespaces": [
                                                  "list",
                                                  "string"
                                                ],
                                                "topologyKey": "string"
                                              }
                                            ]
                                          ]
                                        }
                                      ]
                                    }
                                  ],
                                  "enableServiceLinks": "bool",
                                  "hostAliases": [
                                    "list",
                                    [
                                      "object",
                                      {
                                        "hostnames": [
                                          "list",
                                          "string"
                                        ],
                                        "ip": "string"
                                      }
                                    ]
                                  ],
                                  "imagePullSecrets": [
                                    "list",
                                    [
                                      "object",
                                      {
                                        "name": "string"
                                      }
                                    ]
                                  ],
                                  "metadata": [
                                    "object",
                                    {
                                      "annotations": [
                                        "map",
                                        "string"
                                      ],
                                      "labels": [
                                        "map",
                                        "string"
                                      ]
                                    }
                                  ],
                                  "priorityClassName": "string",
                                  "schedulerName": "string",
                                  "securityContext": [
                                    "object",
                                    {
                                      "fsGroup": "number",
                                      "fsGroupChangePolicy": "string",
                                      "runAsGroup": "number",
                                      "runAsNonRoot": "bool",
                                      "runAsUser": "number",
                                      "seLinuxOptions": [
                                        "object",
                                        {
                                          "level": "string",
                                          "role": "string",
                                          "type": "string",
                                          "user": "string"
                                        }
                                      ],
                                      "seccompProfile": [
                                        "object",
                                        {
                                          "localhostProfile": "string",
                                          "type": "string"
                                        }
                                      ],
                                      "supplementalGroups": [
                                        "list",
                                        "number"
                                      ],
                                      "sysctls": [
                                        "list",
                                        [
                                          "object",
                                          {
                                            "name": "string",
                                            "value": "string"
                                          }
                                        ]
                                      ],
                                      "windowsOptions": [
                                        "object",
                                        {
                                          "gmsaCredentialSpec": "string",
                                          "gmsaCredentialSpecName": "string",
                                          "hostProcess": "bool",
                                          "runAsUserName": "string"
                                        }
                                      ]
                                    }
                                  ],
                                  "terminationGracePeriodSeconds": "number",
                                  "tmpDirSizeLimit": "string",
                                  "tolerations": [
                                    "list",
                                    [
                                      "object",
                                      {
                                        "effect": "string",
                                        "key": "string",
                                        "operator": "string",
                                        "tolerationSeconds": "number",
                                        "value": "string"
                                      }
                                    ]
                                  ],
                                  "topologySpreadConstraints": [
                                    "list",
                                    [
                                      "object",
                                      {
                                        "labelSelector": [
                                          "object",
                                          {
                                            "matchExpressions": [
                                              "list",
                                              [
                                                "object",
                                                {
                                                  "key": "string",
                                                  "operator": "string",
                                                  "values": [
                                                    "list",
                                                    "string"
                                                  ]
                                                }
                                              ]
                                            ],
                                            "matchLabels": [
                                              "map",
                                              "string"
                                            ]
                                          }
                                        ],
                                        "matchLabelKeys": [
                                          "list",
                                          "string"
                                        ],
                                        "maxSkew": "number",
                                        "minDomains": "number",
                                        "nodeAffinityPolicy": "string",
                                        "nodeTaintsPolicy": "string",
                                        "topologyKey": "string",
                                        "whenUnsatisfiable": "string"
                                      }
                                    ]
                                  ]
                                }
                              ],
                              "service": [
                                "object",
                                {
                                  "metadata": [
                                    "object",
                                    {
                                      "annotations": [
                                        "map",
                                        "string"
                                      ],
                                      "labels": [
                                        "map",
                                        "string"
                                      ]
                                    }
                                  ]
                                }
                              ],
                              "serviceAccount": [
                                "object",
                                {
                                  "metadata": [
                                    "object",
                                    {
                                      "annotations": [
                                        "map",
                                        "string"
                                      ],
                                      "labels": [
                                        "map",
                                        "string"
                                      ]
                                    }
                                  ]
                                }
                              ]
                            }
                          ],
                          "topicExcludeRegex": "string",
                          "topicRegex": "string"
                        }
                      ],
                      "maintenanceTimeWindows": [
                        "list",
                        "string"
                      ],
                      "zookeeper": [
                        "object",
                        {
                          "config": "dynamic",
                          "image": "string",
                          "jmxOptions": [
                            "object",
                            {
                              "authentication": [
                                "object",
                                {
                                  "type": "string"
                                }
                              ]
                            }
                          ],
                          "jvmOptions": [
                            "object",
                            {
                              "-XX": [
                                "map",
                                "string"
                              ],
                              "-Xms": "string",
                              "-Xmx": "string",
                              "gcLoggingEnabled": "bool",
                              "javaSystemProperties": [
                                "list",
                                [
                                  "object",
                                  {
                                    "name": "string",
                                    "value": "string"
                                  }
                                ]
                              ]
                            }
                          ],
                          "livenessProbe": [
                            "object",
                            {
                              "failureThreshold": "number",
                              "initialDelaySeconds": "number",
                              "periodSeconds": "number",
                              "successThreshold": "number",
                              "timeoutSeconds": "number"
                            }
                          ],
                          "logging": [
                            "object",
                            {
                              "loggers": [
                                "map",
                                "string"
                              ],
                              "type": "string",
                              "valueFrom": [
                                "object",
                                {
                                  "configMapKeyRef": [
                                    "object",
                                    {
                                      "key": "string",
                                      "name": "string",
                                      "optional": "bool"
                                    }
                                  ]
                                }
                              ]
                            }
                          ],
                          "metricsConfig": [
                            "object",
                            {
                              "type": "string",
                              "valueFrom": [
                                "object",
                                {
                                  "configMapKeyRef": [
                                    "object",
                                    {
                                      "key": "string",
                                      "name": "string",
                                      "optional": "bool"
                                    }
                                  ]
                                }
                              ]
                            }
                          ],
                          "readinessProbe": [
                            "object",
                            {
                              "failureThreshold": "number",
                              "initialDelaySeconds": "number",
                              "periodSeconds": "number",
                              "successThreshold": "number",
                              "timeoutSeconds": "number"
                            }
                          ],
                          "replicas": "number",
                          "resources": [
                            "object",
                            {
                              "claims": [
                                "list",
                                [
                                  "object",
                                  {
                                    "name": "string"
                                  }
                                ]
                              ],
                              "limits": [
                                "object",
                                {
                                  "cpu": "string",
                                  "memory": "string"
                                }
                              ],
                              "requests": [
                                "object",
                                {
                                  "cpu": "string",
                                  "memory": "string"
                                }
                              ]
                            }
                          ],
                          "storage": [
                            "object",
                            {
                              "class": "string",
                              "deleteClaim": "bool",
                              "id": "number",
                              "overrides": [
                                "list",
                                [
                                  "object",
                                  {
                                    "broker": "number",
                                    "class": "string"
                                  }
                                ]
                              ],
                              "selector": [
                                "map",
                                "string"
                              ],
                              "size": "string",
                              "sizeLimit": "string",
                              "type": "string"
                            }
                          ],
                          "template": [
                            "object",
                            {
                              "clientService": [
                                "object",
                                {
                                  "ipFamilies": [
                                    "list",
                                    "string"
                                  ],
                                  "ipFamilyPolicy": "string",
                                  "metadata": [
                                    "object",
                                    {
                                      "annotations": [
                                        "map",
                                        "string"
                                      ],
                                      "labels": [
                                        "map",
                                        "string"
                                      ]
                                    }
                                  ]
                                }
                              ],
                              "jmxSecret": [
                                "object",
                                {
                                  "metadata": [
                                    "object",
                                    {
                                      "annotations": [
                                        "map",
                                        "string"
                                      ],
                                      "labels": [
                                        "map",
                                        "string"
                                      ]
                                    }
                                  ]
                                }
                              ],
                              "nodesService": [
                                "object",
                                {
                                  "ipFamilies": [
                                    "list",
                                    "string"
                                  ],
                                  "ipFamilyPolicy": "string",
                                  "metadata": [
                                    "object",
                                    {
                                      "annotations": [
                                        "map",
                                        "string"
                                      ],
                                      "labels": [
                                        "map",
                                        "string"
                                      ]
                                    }
                                  ]
                                }
                              ],
                              "persistentVolumeClaim": [
                                "object",
                                {
                                  "metadata": [
                                    "object",
                                    {
                                      "annotations": [
                                        "map",
                                        "string"
                                      ],
                                      "labels": [
                                        "map",
                                        "string"
                                      ]
                                    }
                                  ]
                                }
                              ],
                              "pod": [
                                "object",
                                {
                                  "affinity": [
                                    "object",
                                    {
                                      "nodeAffinity": [
                                        "object",
                                        {
                                          "preferredDuringSchedulingIgnoredDuringExecution": [
                                            "list",
                                            [
                                              "object",
                                              {
                                                "preference": [
                                                  "object",
                                                  {
                                                    "matchExpressions": [
                                                      "list",
                                                      [
                                                        "object",
                                                        {
                                                          "key": "string",
                                                          "operator": "string",
                                                          "values": [
                                                            "list",
                                                            "string"
                                                          ]
                                                        }
                                                      ]
                                                    ],
                                                    "matchFields": [
                                                      "list",
                                                      [
                                                        "object",
                                                        {
                                                          "key": "string",
                                                          "operator": "string",
                                                          "values": [
                                                            "list",
                                                            "string"
                                                          ]
                                                        }
                                                      ]
                                                    ]
                                                  }
                                                ],
                                                "weight": "number"
                                              }
                                            ]
                                          ],
                                          "requiredDuringSchedulingIgnoredDuringExecution": [
                                            "object",
                                            {
                                              "nodeSelectorTerms": [
                                                "list",
                                                [
                                                  "object",
                                                  {
                                                    "matchExpressions": [
                                                      "list",
                                                      [
                                                        "object",
                                                        {
                                                          "key": "string",
                                                          "operator": "string",
                                                          "values": [
                                                            "list",
                                                            "string"
                                                          ]
                                                        }
                                                      ]
                                                    ],
                                                    "matchFields": [
                                                      "list",
                                                      [
                                                        "object",
                                                        {
                                                          "key": "string",
                                                          "operator": "string",
                                                          "values": [
                                                            "list",
                                                            "string"
                                                          ]
                                                        }
                                                      ]
                                                    ]
                                                  }
                                                ]
                                              ]
                                            }
                                          ]
                                        }
                                      ],
                                      "podAffinity": [
                                        "object",
                                        {
                                          "preferredDuringSchedulingIgnoredDuringExecution": [
                                            "list",
                                            [
                                              "object",
                                              {
                                                "podAffinityTerm": [
                                                  "object",
                                                  {
                                                    "labelSelector": [
                                                      "object",
                                                      {
                                                        "matchExpressions": [
                                                          "list",
                                                          [
                                                            "object",
                                                            {
                                                              "key": "string",
                                                              "operator": "string",
                                                              "values": [
                                                                "list",
                                                                "string"
                                                              ]
                                                            }
                                                          ]
                                                        ],
                                                        "matchLabels": [
                                                          "map",
                                                          "string"
                                                        ]
                                                      }
                                                    ],
                                                    "matchLabelKeys": [
                                                      "list",
                                                      "string"
                                                    ],
                                                    "mismatchLabelKeys": [
                                                      "list",
                                                      "string"
                                                    ],
                                                    "namespaceSelector": [
                                                      "object",
                                                      {
                                                        "matchExpressions": [
                                                          "list",
                                                          [
                                                            "object",
                                                            {
                                                              "key": "string",
                                                              "operator": "string",
                                                              "values": [
                                                                "list",
                                                                "string"
                                                              ]
                                                            }
                                                          ]
                                                        ],
                                                        "matchLabels": [
                                                          "map",
                                                          "string"
                                                        ]
                                                      }
                                                    ],
                                                    "namespaces": [
                                                      "list",
                                                      "string"
                                                    ],
                                                    "topologyKey": "string"
                                                  }
                                                ],
                                                "weight": "number"
                                              }
                                            ]
                                          ],
                                          "requiredDuringSchedulingIgnoredDuringExecution": [
                                            "list",
                                            [
                                              "object",
                                              {
                                                "labelSelector": [
                                                  "object",
                                                  {
                                                    "matchExpressions": [
                                                      "list",
                                                      [
                                                        "object",
                                                        {
                                                          "key": "string",
                                                          "operator": "string",
                                                          "values": [
                                                            "list",
                                                            "string"
                                                          ]
                                                        }
                                                      ]
                                                    ],
                                                    "matchLabels": [
                                                      "map",
                                                      "string"
                                                    ]
                                                  }
                                                ],
                                                "matchLabelKeys": [
                                                  "list",
                                                  "string"
                                                ],
                                                "mismatchLabelKeys": [
                                                  "list",
                                                  "string"
                                                ],
                                                "namespaceSelector": [
                                                  "object",
                                                  {
                                                    "matchExpressions": [
                                                      "list",
                                                      [
                                                        "object",
                                                        {
                                                          "key": "string",
                                                          "operator": "string",
                                                          "values": [
                                                            "list",
                                                            "string"
                                                          ]
                                                        }
                                                      ]
                                                    ],
                                                    "matchLabels": [
                                                      "map",
                                                      "string"
                                                    ]
                                                  }
                                                ],
                                                "namespaces": [
                                                  "list",
                                                  "string"
                                                ],
                                                "topologyKey": "string"
                                              }
                                            ]
                                          ]
                                        }
                                      ],
                                      "podAntiAffinity": [
                                        "object",
                                        {
                                          "preferredDuringSchedulingIgnoredDuringExecution": [
                                            "list",
                                            [
                                              "object",
                                              {
                                                "podAffinityTerm": [
                                                  "object",
                                                  {
                                                    "labelSelector": [
                                                      "object",
                                                      {
                                                        "matchExpressions": [
                                                          "list",
                                                          [
                                                            "object",
                                                            {
                                                              "key": "string",
                                                              "operator": "string",
                                                              "values": [
                                                                "list",
                                                                "string"
                                                              ]
                                                            }
                                                          ]
                                                        ],
                                                        "matchLabels": [
                                                          "map",
                                                          "string"
                                                        ]
                                                      }
                                                    ],
                                                    "matchLabelKeys": [
                                                      "list",
                                                      "string"
                                                    ],
                                                    "mismatchLabelKeys": [
                                                      "list",
                                                      "string"
                                                    ],
                                                    "namespaceSelector": [
                                                      "object",
                                                      {
                                                        "matchExpressions": [
                                                          "list",
                                                          [
                                                            "object",
                                                            {
                                                              "key": "string",
                                                              "operator": "string",
                                                              "values": [
                                                                "list",
                                                                "string"
                                                              ]
                                                            }
                                                          ]
                                                        ],
                                                        "matchLabels": [
                                                          "map",
                                                          "string"
                                                        ]
                                                      }
                                                    ],
                                                    "namespaces": [
                                                      "list",
                                                      "string"
                                                    ],
                                                    "topologyKey": "string"
                                                  }
                                                ],
                                                "weight": "number"
                                              }
                                            ]
                                          ],
                                          "requiredDuringSchedulingIgnoredDuringExecution": [
                                            "list",
                                            [
                                              "object",
                                              {
                                                "labelSelector": [
                                                  "object",
                                                  {
                                                    "matchExpressions": [
                                                      "list",
                                                      [
                                                        "object",
                                                        {
                                                          "key": "string",
                                                          "operator": "string",
                                                          "values": [
                                                            "list",
                                                            "string"
                                                          ]
                                                        }
                                                      ]
                                                    ],
                                                    "matchLabels": [
                                                      "map",
                                                      "string"
                                                    ]
                                                  }
                                                ],
                                                "matchLabelKeys": [
                                                  "list",
                                                  "string"
                                                ],
                                                "mismatchLabelKeys": [
                                                  "list",
                                                  "string"
                                                ],
                                                "namespaceSelector": [
                                                  "object",
                                                  {
                                                    "matchExpressions": [
                                                      "list",
                                                      [
                                                        "object",
                                                        {
                                                          "key": "string",
                                                          "operator": "string",
                                                          "values": [
                                                            "list",
                                                            "string"
                                                          ]
                                                        }
                                                      ]
                                                    ],
                                                    "matchLabels": [
                                                      "map",
                                                      "string"
                                                    ]
                                                  }
                                                ],
                                                "namespaces": [
                                                  "list",
                                                  "string"
                                                ],
                                                "topologyKey": "string"
                                              }
                                            ]
                                          ]
                                        }
                                      ]
                                    }
                                  ],
                                  "enableServiceLinks": "bool",
                                  "hostAliases": [
                                    "list",
                                    [
                                      "object",
                                      {
                                        "hostnames": [
                                          "list",
                                          "string"
                                        ],
                                        "ip": "string"
                                      }
                                    ]
                                  ],
                                  "imagePullSecrets": [
                                    "list",
                                    [
                                      "object",
                                      {
                                        "name": "string"
                                      }
                                    ]
                                  ],
                                  "metadata": [
                                    "object",
                                    {
                                      "annotations": [
                                        "map",
                                        "string"
                                      ],
                                      "labels": [
                                        "map",
                                        "string"
                                      ]
                                    }
                                  ],
                                  "priorityClassName": "string",
                                  "schedulerName": "string",
                                  "securityContext": [
                                    "object",
                                    {
                                      "fsGroup": "number",
                                      "fsGroupChangePolicy": "string",
                                      "runAsGroup": "number",
                                      "runAsNonRoot": "bool",
                                      "runAsUser": "number",
                                      "seLinuxOptions": [
                                        "object",
                                        {
                                          "level": "string",
                                          "role": "string",
                                          "type": "string",
                                          "user": "string"
                                        }
                                      ],
                                      "seccompProfile": [
                                        "object",
                                        {
                                          "localhostProfile": "string",
                                          "type": "string"
                                        }
                                      ],
                                      "supplementalGroups": [
                                        "list",
                                        "number"
                                      ],
                                      "sysctls": [
                                        "list",
                                        [
                                          "object",
                                          {
                                            "name": "string",
                                            "value": "string"
                                          }
                                        ]
                                      ],
                                      "windowsOptions": [
                                        "object",
                                        {
                                          "gmsaCredentialSpec": "string",
                                          "gmsaCredentialSpecName": "string",
                                          "hostProcess": "bool",
                                          "runAsUserName": "string"
                                        }
                                      ]
                                    }
                                  ],
                                  "terminationGracePeriodSeconds": "number",
                                  "tmpDirSizeLimit": "string",
                                  "tolerations": [
                                    "list",
                                    [
                                      "object",
                                      {
                                        "effect": "string",
                                        "key": "string",
                                        "operator": "string",
                                        "tolerationSeconds": "number",
                                        "value": "string"
                                      }
                                    ]
                                  ],
                                  "topologySpreadConstraints": [
                                    "list",
                                    [
                                      "object",
                                      {
                                        "labelSelector": [
                                          "object",
                                          {
                                            "matchExpressions": [
                                              "list",
                                              [
                                                "object",
                                                {
                                                  "key": "string",
                                                  "operator": "string",
                                                  "values": [
                                                    "list",
                                                    "string"
                                                  ]
                                                }
                                              ]
                                            ],
                                            "matchLabels": [
                                              "map",
                                              "string"
                                            ]
                                          }
                                        ],
                                        "matchLabelKeys": [
                                          "list",
                                          "string"
                                        ],
                                        "maxSkew": "number",
                                        "minDomains": "number",
                                        "nodeAffinityPolicy": "string",
                                        "nodeTaintsPolicy": "string",
                                        "topologyKey": "string",
                                        "whenUnsatisfiable": "string"
                                      }
                                    ]
                                  ]
                                }
                              ],
                              "podDisruptionBudget": [
                                "object",
                                {
                                  "maxUnavailable": "number",
                                  "metadata": [
                                    "object",
                                    {
                                      "annotations": [
                                        "map",
                                        "string"
                                      ],
                                      "labels": [
                                        "map",
                                        "string"
                                      ]
                                    }
                                  ]
                                }
                              ],
                              "podSet": [
                                "object",
                                {
                                  "metadata": [
                                    "object",
                                    {
                                      "annotations": [
                                        "map",
                                        "string"
                                      ],
                                      "labels": [
                                        "map",
                                        "string"
                                      ]
                                    }
                                  ]
                                }
                              ],
                              "serviceAccount": [
                                "object",
                                {
                                  "metadata": [
                                    "object",
                                    {
                                      "annotations": [
                                        "map",
                                        "string"
                                      ],
                                      "labels": [
                                        "map",
                                        "string"
                                      ]
                                    }
                                  ]
                                }
                              ],
                              "statefulset": [
                                "object",
                                {
                                  "metadata": [
                                    "object",
                                    {
                                      "annotations": [
                                        "map",
                                        "string"
                                      ],
                                      "labels": [
                                        "map",
                                        "string"
                                      ]
                                    }
                                  ],
                                  "podManagementPolicy": "string"
                                }
                              ],
                              "zookeeperContainer": [
                                "object",
                                {
                                  "env": [
                                    "list",
                                    [
                                      "object",
                                      {
                                        "name": "string",
                                        "value": "string"
                                      }
                                    ]
                                  ],
                                  "securityContext": [
                                    "object",
                                    {
                                      "allowPrivilegeEscalation": "bool",
                                      "capabilities": [
                                        "object",
                                        {
                                          "add": [
                                            "list",
                                            "string"
                                          ],
                                          "drop": [
                                            "list",
                                            "string"
                                          ]
                                        }
                                      ],
                                      "privileged": "bool",
                                      "procMount": "string",
                                      "readOnlyRootFilesystem": "bool",
                                      "runAsGroup": "number",
                                      "runAsNonRoot": "bool",
                                      "runAsUser": "number",
                                      "seLinuxOptions": [
                                        "object",
                                        {
                                          "level": "string",
                                          "role": "string",
                                          "type": "string",
                                          "user": "string"
                                        }
                                      ],
                                      "seccompProfile": [
                                        "object",
                                        {
                                          "localhostProfile": "string",
                                          "type": "string"
                                        }
                                      ],
                                      "windowsOptions": [
                                        "object",
                                        {
                                          "gmsaCredentialSpec": "string",
                                          "gmsaCredentialSpecName": "string",
                                          "hostProcess": "bool",
                                          "runAsUserName": "string"
                                        }
                                      ]
                                    }
                                  ]
                                }
                              ]
                            }
                          ]
                        }
                      ]
                    }
                  ]
                }
              ]
            },
            "timeouts": [],
            "wait": [],
            "wait_for": null
          },
          "sensitive_attributes": [],
          "identity_schema_version": 1,
          "identity": {
            "api_version": "kafka.strimzi.io/v1beta2",
            "kind": "Kafka",
            "name": "payments-cluster",
            "namespace": "ingestion"
          },
          "dependencies": [
            "helm_release.strimzi_operator",
            "kubernetes_namespace.ingestion"
          ]
        }
      ]
    },
    {
      "mode": "managed",
      "type": "kubernetes_manifest",
      "name": "topic_dlq",
      "provider": "provider[\"registry.terraform.io/hashicorp/kubernetes\"]",
      "instances": [
        {
          "schema_version": 1,
          "attributes": {
            "computed_fields": null,
            "field_manager": [],
            "manifest": {
              "value": {
                "apiVersion": "kafka.strimzi.io/v1beta2",
                "kind": "KafkaTopic",
                "metadata": {
                  "labels": {
                    "strimzi.io/cluster": "payments-cluster"
                  },
                  "name": "payments-dlq",
                  "namespace": "ingestion"
                },
                "spec": {
                  "config": {
                    "cleanup.policy": "delete",
                    "retention.ms": "2592000000"
                  },
                  "partitions": 1,
                  "replicas": 1
                }
              },
              "type": [
                "object",
                {
                  "apiVersion": "string",
                  "kind": "string",
                  "metadata": [
                    "object",
                    {
                      "labels": [
                        "object",
                        {
                          "strimzi.io/cluster": "string"
                        }
                      ],
                      "name": "string",
                      "namespace": "string"
                    }
                  ],
                  "spec": [
                    "object",
                    {
                      "config": [
                        "object",
                        {
                          "cleanup.policy": "string",
                          "retention.ms": "string"
                        }
                      ],
                      "partitions": "number",
                      "replicas": "number"
                    }
                  ]
                }
              ]
            },
            "object": {
              "value": {
                "apiVersion": "kafka.strimzi.io/v1beta2",
                "kind": "KafkaTopic",
                "metadata": {
                  "annotations": null,
                  "creationTimestamp": null,
                  "deletionGracePeriodSeconds": null,
                  "deletionTimestamp": null,
                  "finalizers": null,
                  "generateName": null,
                  "generation": null,
                  "labels": {
                    "strimzi.io/cluster": "payments-cluster"
                  },
                  "managedFields": null,
                  "name": "payments-dlq",
                  "namespace": "ingestion",
                  "ownerReferences": null,
                  "resourceVersion": null,
                  "selfLink": null,
                  "uid": null
                },
                "spec": {
                  "config": {
                    "cleanup.policy": "delete",
                    "retention.ms": "2592000000"
                  },
                  "partitions": 1,
                  "replicas": 1,
                  "topicName": null
                }
              },
              "type": [
                "object",
                {
                  "apiVersion": "string",
                  "kind": "string",
                  "metadata": [
                    "object",
                    {
                      "annotations": [
                        "map",
                        "string"
                      ],
                      "creationTimestamp": "string",
                      "deletionGracePeriodSeconds": "number",
                      "deletionTimestamp": "string",
                      "finalizers": [
                        "list",
                        "string"
                      ],
                      "generateName": "string",
                      "generation": "number",
                      "labels": [
                        "map",
                        "string"
                      ],
                      "managedFields": [
                        "tuple",
                        [
                          [
                            "object",
                            {
                              "apiVersion": "string",
                              "fieldsType": "string",
                              "fieldsV1": "dynamic",
                              "manager": "string",
                              "operation": "string",
                              "subresource": "string",
                              "time": "string"
                            }
                          ]
                        ]
                      ],
                      "name": "string",
                      "namespace": "string",
                      "ownerReferences": [
                        "list",
                        [
                          "object",
                          {
                            "apiVersion": "string",
                            "blockOwnerDeletion": "bool",
                            "controller": "bool",
                            "kind": "string",
                            "name": "string",
                            "uid": "string"
                          }
                        ]
                      ],
                      "resourceVersion": "string",
                      "selfLink": "string",
                      "uid": "string"
                    }
                  ],
                  "spec": [
                    "object",
                    {
                      "config": [
                        "object",
                        {
                          "cleanup.policy": "string",
                          "retention.ms": "string"
                        }
                      ],
                      "partitions": "number",
                      "replicas": "number",
                      "topicName": "string"
                    }
                  ]
                }
              ]
            },
            "timeouts": [],
            "wait": [],
            "wait_for": null
          },
          "sensitive_attributes": [],
          "identity_schema_version": 1,
          "identity": {
            "api_version": "kafka.strimzi.io/v1beta2",
            "kind": "KafkaTopic",
            "name": "payments-dlq",
            "namespace": "ingestion"
          },
          "dependencies": [
            "helm_release.strimzi_operator",
            "kubernetes_manifest.kafka_cluster",
            "kubernetes_namespace.ingestion"
          ]
        }
      ]
    },
    {
      "mode": "managed",
      "type": "kubernetes_manifest",
      "name": "topic_payments",
      "provider": "provider[\"registry.terraform.io/hashicorp/kubernetes\"]",
      "instances": [
        {
          "schema_version": 1,
          "attributes": {
            "computed_fields": null,
            "field_manager": [],
            "manifest": {
              "value": {
                "apiVersion": "kafka.strimzi.io/v1beta2",
                "kind": "KafkaTopic",
                "metadata": {
                  "labels": {
                    "strimzi.io/cluster": "payments-cluster"
                  },
                  "name": "payments",
                  "namespace": "ingestion"
                },
                "spec": {
                  "config": {
                    "cleanup.policy": "delete",
                    "compression.type": "lz4",
                    "retention.ms": "604800000"
                  },
                  "partitions": 3,
                  "replicas": 1
                }
              },
              "type": [
                "object",
                {
                  "apiVersion": "string",
                  "kind": "string",
                  "metadata": [
                    "object",
                    {
                      "labels": [
                        "object",
                        {
                          "strimzi.io/cluster": "string"
                        }
                      ],
                      "name": "string",
                      "namespace": "string"
                    }
                  ],
                  "spec": [
                    "object",
                    {
                      "config": [
                        "object",
                        {
                          "cleanup.policy": "string",
                          "compression.type": "string",
                          "retention.ms": "string"
                        }
                      ],
                      "partitions": "number",
                      "replicas": "number"
                    }
                  ]
                }
              ]
            },
            "object": {
              "value": {
                "apiVersion": "kafka.strimzi.io/v1beta2",
                "kind": "KafkaTopic",
                "metadata": {
                  "annotations": null,
                  "creationTimestamp": null,
                  "deletionGracePeriodSeconds": null,
                  "deletionTimestamp": null,
                  "finalizers": null,
                  "generateName": null,
                  "generation": null,
                  "labels": {
                    "strimzi.io/cluster": "payments-cluster"
                  },
                  "managedFields": null,
                  "name": "payments",
                  "namespace": "ingestion",
                  "ownerReferences": null,
                  "resourceVersion": null,
                  "selfLink": null,
                  "uid": null
                },
                "spec": {
                  "config": {
                    "cleanup.policy": "delete",
                    "compression.type": "lz4",
                    "retention.ms": "604800000"
                  },
                  "partitions": 3,
                  "replicas": 1,
                  "topicName": null
                }
              },
              "type": [
                "object",
                {
                  "apiVersion": "string",
                  "kind": "string",
                  "metadata": [
                    "object",
                    {
                      "annotations": [
                        "map",
                        "string"
                      ],
                      "creationTimestamp": "string",
                      "deletionGracePeriodSeconds": "number",
                      "deletionTimestamp": "string",
                      "finalizers": [
                        "list",
                        "string"
                      ],
                      "generateName": "string",
                      "generation": "number",
                      "labels": [
                        "map",
                        "string"
                      ],
                      "managedFields": [
                        "tuple",
                        [
                          [
                            "object",
                            {
                              "apiVersion": "string",
                              "fieldsType": "string",
                              "fieldsV1": "dynamic",
                              "manager": "string",
                              "operation": "string",
                              "subresource": "string",
                              "time": "string"
                            }
                          ]
                        ]
                      ],
                      "name": "string",
                      "namespace": "string",
                      "ownerReferences": [
                        "list",
                        [
                          "object",
                          {
                            "apiVersion": "string",
                            "blockOwnerDeletion": "bool",
                            "controller": "bool",
                            "kind": "string",
                            "name": "string",
                            "uid": "string"
                          }
                        ]
                      ],
                      "resourceVersion": "string",
                      "selfLink": "string",
                      "uid": "string"
                    }
                  ],
                  "spec": [
                    "object",
                    {
                      "config": [
                        "object",
                        {
                          "cleanup.policy": "string",
                          "compression.type": "string",
                          "retention.ms": "string"
                        }
                      ],
                      "partitions": "number",
                      "replicas": "number",
                      "topicName": "string"
                    }
                  ]
                }
              ]
            },
            "timeouts": [],
            "wait": [],
            "wait_for": null
          },
          "sensitive_attributes": [],
          "identity_schema_version": 1,
          "identity": {
            "api_version": "kafka.strimzi.io/v1beta2",
            "kind": "KafkaTopic",
            "name": "payments",
            "namespace": "ingestion"
          },
          "dependencies": [
            "helm_release.strimzi_operator",
            "kubernetes_manifest.kafka_cluster",
            "kubernetes_namespace.ingestion"
          ]
        }
      ]
    },
    {
      "mode": "managed",
      "type": "kubernetes_namespace",
      "name": "ingestion",
      "provider": "provider[\"registry.terraform.io/hashicorp/kubernetes\"]",
      "instances": [
        {
          "schema_version": 0,
          "attributes": {
            "id": "ingestion",
            "metadata": [
              {
                "annotations": {},
                "generate_name": "",
                "generation": 0,
                "labels": {
                  "app.kubernetes.io/part-of": "poc-pipeline"
                },
                "name": "ingestion",
                "resource_version": "1415",
                "uid": "cbfb1890-ef85-41a8-929c-047b2d37a8e5"
              }
            ],
            "timeouts": null,
            "wait_for_default_service_account": false
          },
          "sensitive_attributes": [],
          "identity_schema_version": 1,
          "identity": {
            "api_version": "v1",
            "kind": "Namespace",
            "name": "ingestion"
          },
          "private": "eyJlMmJmYjczMC1lY2FhLTExZTYtOGY4OC0zNDM2M2JjN2M0YzAiOnsiZGVsZXRlIjozMDAwMDAwMDAwMDB9fQ=="
        }
      ]
    },
    {
      "mode": "managed",
      "type": "kubernetes_namespace",
      "name": "stockage",
      "provider": "provider[\"registry.terraform.io/hashicorp/kubernetes\"]",
      "instances": [
        {
          "schema_version": 0,
          "attributes": {
            "id": "stockage",
            "metadata": [
              {
                "annotations": {},
                "generate_name": "",
                "generation": 0,
                "labels": {
                  "app.kubernetes.io/part-of": "poc-pipeline"
                },
                "name": "stockage",
                "resource_version": "1414",
                "uid": "d3ea2ece-226b-4594-8fc1-c5079f3e62cc"
              }
            ],
            "timeouts": null,
            "wait_for_default_service_account": false
          },
          "sensitive_attributes": [],
          "identity_schema_version": 1,
          "identity": {
            "api_version": "v1",
            "kind": "Namespace",
            "name": "stockage"
          },
          "private": "eyJlMmJmYjczMC1lY2FhLTExZTYtOGY4OC0zNDM2M2JjN2M0YzAiOnsiZGVsZXRlIjozMDAwMDAwMDAwMDB9fQ=="
        }
      ]
    },
    {
      "mode": "managed",
      "type": "kubernetes_namespace",
      "name": "traitement",
      "provider": "provider[\"registry.terraform.io/hashicorp/kubernetes\"]",
      "instances": [
        {
          "schema_version": 0,
          "attributes": {
            "id": "traitement",
            "metadata": [
              {
                "annotations": {},
                "generate_name": "",
                "generation": 0,
                "labels": {
                  "app.kubernetes.io/part-of": "poc-pipeline"
                },
                "name": "traitement",
                "resource_version": "1416",
                "uid": "64b8d00d-27fe-470f-bbdf-636332e00e24"
              }
            ],
            "timeouts": null,
            "wait_for_default_service_account": false
          },
          "sensitive_attributes": [],
          "identity_schema_version": 1,
          "identity": {
            "api_version": "v1",
            "kind": "Namespace",
            "name": "traitement"
          },
          "private": "eyJlMmJmYjczMC1lY2FhLTExZTYtOGY4OC0zNDM2M2JjN2M0YzAiOnsiZGVsZXRlIjozMDAwMDAwMDAwMDB9fQ=="
        }
      ]
    },
    {
      "mode": "managed",
      "type": "kubernetes_secret",
      "name": "minio_creds",
      "provider": "provider[\"registry.terraform.io/hashicorp/kubernetes\"]",
      "instances": [
        {
          "schema_version": 0,
          "attributes": {
            "binary_data": null,
            "binary_data_wo": null,
            "binary_data_wo_revision": null,
            "data": {
              "access_key": "minioadmin",
              "secret_key": "minioadmin"
            },
            "data_wo": null,
            "data_wo_revision": null,
            "id": "stockage/minio-credentials",
            "immutable": false,
            "metadata": [
              {
                "annotations": {},
                "generate_name": "",
                "generation": 0,
                "labels": {},
                "name": "minio-credentials",
                "namespace": "stockage",
                "resource_version": "1424",
                "uid": "c088eb3d-4f07-4d74-9b79-5833df34c130"
              }
            ],
            "timeouts": null,
            "type": "Opaque",
            "wait_for_service_account_token": true
          },
          "sensitive_attributes": [
            [
              {
                "type": "get_attr",
                "value": "binary_data"
              }
            ],
            [
              {
                "type": "get_attr",
                "value": "data"
              }
            ]
          ],
          "identity_schema_version": 1,
          "identity": {
            "api_version": "v1",
            "kind": "Secret",
            "name": "minio-credentials",
            "namespace": "stockage"
          },
          "private": "eyJlMmJmYjczMC1lY2FhLTExZTYtOGY4OC0zNDM2M2JjN2M0YzAiOnsiY3JlYXRlIjo2MDAwMDAwMDAwMH19",
          "dependencies": [
            "kubernetes_namespace.stockage"
          ]
        }
      ]
    },
    {
      "mode": "managed",
      "type": "kubernetes_secret",
      "name": "minio_creds_flink",
      "provider": "provider[\"registry.terraform.io/hashicorp/kubernetes\"]",
      "instances": [
        {
          "schema_version": 0,
          "attributes": {
            "binary_data": null,
            "binary_data_wo": null,
            "binary_data_wo_revision": null,
            "data": {
              "access_key": "minioadmin",
              "secret_key": "minioadmin"
            },
            "data_wo": null,
            "data_wo_revision": null,
            "id": "traitement/minio-credentials",
            "immutable": false,
            "metadata": [
              {
                "annotations": {},
                "generate_name": "",
                "generation": 0,
                "labels": {},
                "name": "minio-credentials",
                "namespace": "traitement",
                "resource_version": "1423",
                "uid": "8ac0dc7e-0230-48ee-94fc-b7b8beb7cef6"
              }
            ],
            "timeouts": null,
            "type": "Opaque",
            "wait_for_service_account_token": true
          },
          "sensitive_attributes": [
            [
              {
                "type": "get_attr",
                "value": "binary_data"
              }
            ],
            [
              {
                "type": "get_attr",
                "value": "data"
              }
            ]
          ],
          "identity_schema_version": 1,
          "identity": {
            "api_version": "v1",
            "kind": "Secret",
            "name": "minio-credentials",
            "namespace": "traitement"
          },
          "private": "eyJlMmJmYjczMC1lY2FhLTExZTYtOGY4OC0zNDM2M2JjN2M0YzAiOnsiY3JlYXRlIjo2MDAwMDAwMDAwMH19",
          "dependencies": [
            "kubernetes_namespace.traitement"
          ]
        }
      ]
    }
  ],
  "check_results": null
}
